{
  "version": 4,
  "terraform_version": "1.15.7",
  "serial": 29,
  "lineage": "9eb0e0d4-ecfd-112f-4696-d0d04858ede4",
  "outputs": {
    "alb_dns_name": {
      "value": "petclinic-prod-alb-67299356.us-east-1.elb.amazonaws.com",
      "type": "string"
    },
    "alb_url_http": {
      "value": "http://petclinic-prod-alb-67299356.us-east-1.elb.amazonaws.com",
      "type": "string"
    },
    "alb_url_https": {
      "value": "https://petclinic-prod-alb-67299356.us-east-1.elb.amazonaws.com",
      "type": "string"
    },
    "rds_proxy_endpoint": {
      "value": "N/A - RDS Proxy not available on this account type",
      "type": "string"
    },
    "s3_bucket_name": {
      "value": "petclinic-prod-deploy-tyn34b",
      "type": "string"
    }
  },
  "resources": [
    {
      "mode": "data",
      "type": "aws_caller_identity",
      "name": "current",
      "provider": "provider[\"registry.terraform.io/hashicorp/aws\"]",
      "instances": [
        {
          "schema_version": 0,
          "attributes": {
            "account_id": "878617118606",
            "arn": "arn:aws:iam::878617118606:user/github-actions-deploy",
            "id": "878617118606",
            "user_id": "AIDA4ZENJI6HISO7ZKHKP"
          },
          "sensitive_attributes": [],
          "identity_schema_version": 0
        }
      ]
    },
    {
      "mode": "managed",
      "type": "aws_acm_certificate",
      "name": "cert",
      "provider": "provider[\"registry.terraform.io/hashicorp/aws\"]",
      "instances": [
        {
          "schema_version": 0,
          "attributes": {
            "arn": "arn:aws:acm:us-east-1:878617118606:certificate/d2dc1a04-fc44-48b9-9b2b-ba7cebe43f4c",
            "certificate_authority_arn": "",
            "certificate_body": "-----BEGIN CERTIFICATE-----\nMIIDWDCCAkCgAwIBAgIRAMqwA1TInWCQ9qUn38uq1wUwDQYJKoZIhvcNAQELBQAw\nLjESMBAGA1UEChMJSVNJIERha2FyMRgwFgYDVQQDEw9wZXRjbGluaWMubG9jYWww\nHhcNMjYwNzIzMTM0MTI5WhcNMjcwNzIzMTM0MTI5WjAuMRIwEAYDVQQKEwlJU0kg\nRGFrYXIxGDAWBgNVBAMTD3BldGNsaW5pYy5sb2NhbDCCASIwDQYJKoZIhvcNAQEB\nBQADggEPADCCAQoCggEBAKkPFcYWjZNKhn7Hs6emrnEOMQUdHQA1/DYjWET9HaYy\na9hx46RTBo2tTJgji5pAP5NvWDha0Ih4QTZ2AMOFbt+gawN+VyWcmnwAaIUPGPAy\nsmH+S49GDqQhYXzcCsXhkmiAqHESnMJ+2JsFb/HYcOk2nfAfcthLgSMxbg2La25M\nJtCZNPiYWpyrwDDoWKlF4POQCGE2aM5VaqeSjolIDh4hFY8QRv3oCa4w3bACYvam\nWpqMu9XspyFzJd8O2g/QSIbh1XMu+6N/nJGoESsqh06VLwad9V3h1QKl1Z5ixb/p\nI3NbuaSjDURt2qBbMoOIhxuIrZEBtI0ifa2CTHxpqt8CAwEAAaNxMG8wDgYDVR0P\nAQH/BAQDAgWgMBMGA1UdJQQMMAoGCCsGAQUFBwMBMAwGA1UdEwEB/wQCMAAwOgYD\nVR0RBDMwMYIJbG9jYWxob3N0gg9wZXRjbGluaWMubG9jYWyCEyouZWxiLmFtYXpv\nbmF3cy5jb20wDQYJKoZIhvcNAQELBQADggEBADKAxjfk90tooT1Fo95ad42knsMh\noR8OdVUQ+iT00BvBhLdDACKyY266hmImfJNSLNofWlqk5iMsHBerQoUW/zC0ENfQ\nZpPhruqGcrezgq5jGV1/kta4jLmo5gtYXO2eeOxxsElH/jwZyejWTROTnhD+OHyK\n6iDQahRKRjwCZzTO8M3F2MqyRiRQYYTeIk64YJWh1w5lDpZKM/S23dPtvEv2gaEQ\nm5mZyAZFcANA2gqNS9g5dgfp5j8gLnL3jng4Yv/4mv+hThpG1FBjo627xx8MnaNy\nIWdiVt8DHNfVVRzqinxL35yPJBJwywZYA7nIGkL2wkBm2TrPhGpOR/4Iyd0=\n-----END CERTIFICATE-----\n",
            "certificate_chain": null,
            "domain_name": "petclinic.local",
            "domain_validation_options": [],
            "early_renewal_duration": "",
            "id": "arn:aws:acm:us-east-1:878617118606:certificate/d2dc1a04-fc44-48b9-9b2b-ba7cebe43f4c",
            "key_algorithm": "RSA_2048",
            "not_after": "2027-07-23T13:41:29Z",
            "not_before": "2026-07-23T13:41:29Z",
            "options": [
              {
                "certificate_transparency_logging_preference": "DISABLED"
              }
            ],
            "pending_renewal": false,
            "private_key": "-----BEGIN RSA PRIVATE KEY-----\nMIIEowIBAAKCAQEAqQ8VxhaNk0qGfsezp6aucQ4xBR0dADX8NiNYRP0dpjJr2HHj\npFMGja1MmCOLmkA/k29YOFrQiHhBNnYAw4Vu36BrA35XJZyafABohQ8Y8DKyYf5L\nj0YOpCFhfNwKxeGSaICocRKcwn7YmwVv8dhw6Tad8B9y2EuBIzFuDYtrbkwm0Jk0\n+JhanKvAMOhYqUXg85AIYTZozlVqp5KOiUgOHiEVjxBG/egJrjDdsAJi9qZamoy7\n1eynIXMl3w7aD9BIhuHVcy77o3+ckagRKyqHTpUvBp31XeHVAqXVnmLFv+kjc1u5\npKMNRG3aoFsyg4iHG4itkQG0jSJ9rYJMfGmq3wIDAQABAoIBAEs9MnSRbvrBbTAZ\nUqRnczVPmpNrDJAedpvliRBTEhH4WLTgou5sIPuGyBLhpuzEcUb9g+a4zBwgYO2L\nAPYDeX+/FkFcxg4wLzTGvb2SJYgpF+iy0w/1nuh/DrMR/x1oMc+eitif7vJEn8QG\nXHbm3AF+1DWc2XDX0aZHBnKyvOI9+nkcvpun5aGdUZlRoz2/0RpSxrHMrn322Rmv\nW6KJ0aYaWCKZInp3Q+/WXuYebWqg82rub2dqlCkHE10qiYDJnRBP9/8IAGB8M4Cl\n+Nor4qn9d0widYZzriq8I5DSb7DTJLBERGMES6fh6MN+zPnQ7vqSJIyXPyFC6Q/E\nx0kQAmECgYEAw9YwU6KtgPOF/pCiIeDBDIwr2yr1kEkHgA/1MJJsiChhjay0QTHf\nMiFqlWooqcyJWH0wcZPKi7uIJ8/4mN0NUZJVJ9lirsuOfXgXX3i1X9diL3Xb9Rdl\nNH0vgORvVXH8h5+DFHTMSO54xIFnIobGX9/JsVmrpSKhwKUKOARC148CgYEA3P7t\njnNTJ3J5yS+wZwt6eV39/n7WDY4CGYb17LKM8xXqhMcT+uHCjUlUPFlt4AUdZx82\nuKzBw+B8vZSl5xTf7iKO+ZnnRLhx3P4Ugxt37dzsit6RhQmkfubQgy8AZdt/2Q11\ni/WLaz0LDLeXB8r+TdtSBGYRIvVCQHadEyC6z7ECgYBW0+NvYYQt1UsGmBfaj2zo\nZEmZjc18oHR72hdq5rDKGaVPDFCLS1JbRqecAYpv5mjK3A6bfNxj4cy3YiUlmXSr\nQwcQePig6U2O4azzPnCkQrmcs1PHsgzEHfDu49lc+AHwG9AhRLvCZkETVxBkJX9U\nyMMDJ+/LcrRm1oXWWkVMjwKBgGvjvSAtZyw78/7nXEyCSxGTdJvZWjEV4iqKO+eJ\np8xJJ8wY0MVLkEqfwRMRadXTSW59y55PIO2628tGFdSB2W0NzBVJMKHZFiWYmXUE\nZQFoOMb3L73uXjNiBev1d1FC3uCddISWpLD/BTT5MC+qx4pFB36EQdt6NxT3k2my\nMeGRAoGBAJ0PPCXIZkrLkgV3R+1OMYFwESY/hXmBSLiZ/HmJO2+amuty4PFT3F9X\n5TXWI8kMGz7sHVsRN0wzSlaHCMDClf8DJss+kp/XMKPY7mKObhIf/ab6jFvkfoir\nSqBSygg3+i6jZdzzjoxwo352xHTLXff92domwX2TIYOt1VfwGrtO\n-----END RSA PRIVATE KEY-----\n",
            "renewal_eligibility": "INELIGIBLE",
            "renewal_summary": [],
            "status": "ISSUED",
            "subject_alternative_names": [
              "*.elb.amazonaws.com",
              "localhost",
              "petclinic.local"
            ],
            "tags": {
              "Environment": "prod",
              "ManagedBy": "Terraform",
              "Name": "petclinic-prod-self-signed-cert",
              "Owner": "Binome-ISI",
              "Project": "petclinic"
            },
            "tags_all": {
              "Environment": "prod",
              "ManagedBy": "Terraform",
              "Name": "petclinic-prod-self-signed-cert",
              "Owner": "Binome-ISI",
              "Project": "petclinic"
            },
            "type": "IMPORTED",
            "validation_emails": [],
            "validation_method": "NONE",
            "validation_option": []
          },
          "sensitive_attributes": [
            [
              {
                "type": "get_attr",
                "value": "private_key"
              }
            ]
          ],
          "identity_schema_version": 0,
          "private": "bnVsbA==",
          "dependencies": [
            "tls_private_key.main",
            "tls_self_signed_cert.main"
          ]
        }
      ]
    },
    {
      "mode": "managed",
      "type": "aws_db_subnet_group",
      "name": "db",
      "provider": "provider[\"registry.terraform.io/hashicorp/aws\"]",
      "instances": [
        {
          "schema_version": 0,
          "attributes": {
            "arn": "arn:aws:rds:us-east-1:878617118606:subgrp:petclinic-prod-db-subnet-group",
            "description": "Managed by Terraform",
            "id": "petclinic-prod-db-subnet-group",
            "name": "petclinic-prod-db-subnet-group",
            "name_prefix": "",
            "subnet_ids": [
              "subnet-03269d9335dfdce11",
              "subnet-0c36f468433dad54f"
            ],
            "supported_network_types": [
              "IPV4"
            ],
            "tags": {
              "Environment": "prod",
              "ManagedBy": "Terraform",
              "Name": "petclinic-prod-db-subnet-group",
              "Owner": "Binome-ISI",
              "Project": "petclinic"
            },
            "tags_all": {
              "Environment": "prod",
              "ManagedBy": "Terraform",
              "Name": "petclinic-prod-db-subnet-group",
              "Owner": "Binome-ISI",
              "Project": "petclinic"
            },
            "vpc_id": "vpc-027b048d41b7682b1"
          },
          "sensitive_attributes": [],
          "identity_schema_version": 0,
          "private": "bnVsbA==",
          "dependencies": [
            "aws_subnet.private_db",
            "aws_vpc.main"
          ],
          "create_before_destroy": true
        }
      ]
    },
    {
      "mode": "managed",
      "type": "aws_internet_gateway",
      "name": "igw",
      "provider": "provider[\"registry.terraform.io/hashicorp/aws\"]",
      "instances": [
        {
          "schema_version": 0,
          "attributes": {
            "arn": "arn:aws:ec2:us-east-1:878617118606:internet-gateway/igw-0738bd21840bc8c71",
            "id": "igw-0738bd21840bc8c71",
            "owner_id": "878617118606",
            "tags": {
              "Environment": "prod",
              "ManagedBy": "Terraform",
              "Name": "petclinic-prod-igw",
              "Owner": "Binome-ISI",
              "Project": "petclinic"
            },
            "tags_all": {
              "Environment": "prod",
              "ManagedBy": "Terraform",
              "Name": "petclinic-prod-igw",
              "Owner": "Binome-ISI",
              "Project": "petclinic"
            },
            "timeouts": null,
            "vpc_id": "vpc-027b048d41b7682b1"
          },
          "sensitive_attributes": [],
          "identity_schema_version": 0,
          "private": "eyJlMmJmYjczMC1lY2FhLTExZTYtOGY4OC0zNDM2M2JjN2M0YzAiOnsiY3JlYXRlIjoxMjAwMDAwMDAwMDAwLCJkZWxldGUiOjEyMDAwMDAwMDAwMDAsInVwZGF0ZSI6MTIwMDAwMDAwMDAwMH19",
          "dependencies": [
            "aws_vpc.main"
          ]
        }
      ]
    },
    {
      "mode": "managed",
      "type": "aws_lb",
      "name": "main",
      "provider": "provider[\"registry.terraform.io/hashicorp/aws\"]",
      "instances": [
        {
          "schema_version": 0,
          "attributes": {
            "access_logs": [
              {
                "bucket": "",
                "enabled": false,
                "prefix": ""
              }
            ],
            "arn": "arn:aws:elasticloadbalancing:us-east-1:878617118606:loadbalancer/app/petclinic-prod-alb/06dafb7a2dd1bdcc",
            "arn_suffix": "app/petclinic-prod-alb/06dafb7a2dd1bdcc",
            "client_keep_alive": 3600,
            "connection_logs": [
              {
                "bucket": "",
                "enabled": false,
                "prefix": ""
              }
            ],
            "customer_owned_ipv4_pool": "",
            "desync_mitigation_mode": "defensive",
            "dns_name": "petclinic-prod-alb-67299356.us-east-1.elb.amazonaws.com",
            "dns_record_client_routing_policy": null,
            "drop_invalid_header_fields": false,
            "enable_cross_zone_load_balancing": true,
            "enable_deletion_protection": false,
            "enable_http2": true,
            "enable_tls_version_and_cipher_suite_headers": false,
            "enable_waf_fail_open": false,
            "enable_xff_client_port": false,
            "enable_zonal_shift": false,
            "enforce_security_group_inbound_rules_on_private_link_traffic": "",
            "id": "arn:aws:elasticloadbalancing:us-east-1:878617118606:loadbalancer/app/petclinic-prod-alb/06dafb7a2dd1bdcc",
            "idle_timeout": 60,
            "internal": false,
            "ip_address_type": "ipv4",
            "ipam_pools": [],
            "load_balancer_type": "application",
            "minimum_load_balancer_capacity": [],
            "name": "petclinic-prod-alb",
            "name_prefix": "",
            "preserve_host_header": false,
            "security_groups": [
              "sg-04c7c8877c64fef97"
            ],
            "subnet_mapping": [
              {
                "allocation_id": "",
                "ipv6_address": "",
                "outpost_id": "",
                "private_ipv4_address": "",
                "subnet_id": "subnet-004b1163bae1be19e"
              },
              {
                "allocation_id": "",
                "ipv6_address": "",
                "outpost_id": "",
                "private_ipv4_address": "",
                "subnet_id": "subnet-0acac1e4bb9a91dab"
              }
            ],
            "subnets": [
              "subnet-004b1163bae1be19e",
              "subnet-0acac1e4bb9a91dab"
            ],
            "tags": {
              "Environment": "prod",
              "ManagedBy": "Terraform",
              "Name": "petclinic-prod-alb",
              "Owner": "Binome-ISI",
              "Project": "petclinic"
            },
            "tags_all": {
              "Environment": "prod",
              "ManagedBy": "Terraform",
              "Name": "petclinic-prod-alb",
              "Owner": "Binome-ISI",
              "Project": "petclinic"
            },
            "timeouts": null,
            "vpc_id": "vpc-027b048d41b7682b1",
            "xff_header_processing_mode": "append",
            "zone_id": "Z35SXDOTRQ7X7K"
          },
          "sensitive_attributes": [],
          "identity_schema_version": 0,
          "private": "eyJlMmJmYjczMC1lY2FhLTExZTYtOGY4OC0zNDM2M2JjN2M0YzAiOnsiY3JlYXRlIjo2MDAwMDAwMDAwMDAsImRlbGV0ZSI6NjAwMDAwMDAwMDAwLCJ1cGRhdGUiOjYwMDAwMDAwMDAwMH19",
          "dependencies": [
            "aws_security_group.alb",
            "aws_subnet.public",
            "aws_vpc.main"
          ]
        }
      ]
    },
    {
      "mode": "managed",
      "type": "aws_lb_listener",
      "name": "http",
      "provider": "provider[\"registry.terraform.io/hashicorp/aws\"]",
      "instances": [
        {
          "schema_version": 0,
          "attributes": {
            "alpn_policy": null,
            "arn": "arn:aws:elasticloadbalancing:us-east-1:878617118606:listener/app/petclinic-prod-alb/06dafb7a2dd1bdcc/4e7e5070cc402639",
            "certificate_arn": null,
            "default_action": [
              {
                "authenticate_cognito": [],
                "authenticate_oidc": [],
                "fixed_response": [],
                "forward": [],
                "order": 1,
                "redirect": [
                  {
                    "host": "#{host}",
                    "path": "/#{path}",
                    "port": "443",
                    "protocol": "HTTPS",
                    "query": "#{query}",
                    "status_code": "HTTP_301"
                  }
                ],
                "target_group_arn": "",
                "type": "redirect"
              }
            ],
            "id": "arn:aws:elasticloadbalancing:us-east-1:878617118606:listener/app/petclinic-prod-alb/06dafb7a2dd1bdcc/4e7e5070cc402639",
            "load_balancer_arn": "arn:aws:elasticloadbalancing:us-east-1:878617118606:loadbalancer/app/petclinic-prod-alb/06dafb7a2dd1bdcc",
            "mutual_authentication": [],
            "port": 80,
            "protocol": "HTTP",
            "routing_http_request_x_amzn_mtls_clientcert_header_name": null,
            "routing_http_request_x_amzn_mtls_clientcert_issuer_header_name": null,
            "routing_http_request_x_amzn_mtls_clientcert_leaf_header_name": null,
            "routing_http_request_x_amzn_mtls_clientcert_serial_number_header_name": null,
            "routing_http_request_x_amzn_mtls_clientcert_subject_header_name": null,
            "routing_http_request_x_amzn_mtls_clientcert_validity_header_name": null,
            "routing_http_request_x_amzn_tls_cipher_suite_header_name": null,
            "routing_http_request_x_amzn_tls_version_header_name": null,
            "routing_http_response_access_control_allow_credentials_header_value": "",
            "routing_http_response_access_control_allow_headers_header_value": "",
            "routing_http_response_access_control_allow_methods_header_value": "",
            "routing_http_response_access_control_allow_origin_header_value": "",
            "routing_http_response_access_control_expose_headers_header_value": "",
            "routing_http_response_access_control_max_age_header_value": "",
            "routing_http_response_content_security_policy_header_value": "",
            "routing_http_response_server_enabled": true,
            "routing_http_response_strict_transport_security_header_value": "",
            "routing_http_response_x_content_type_options_header_value": "",
            "routing_http_response_x_frame_options_header_value": "",
            "ssl_policy": "",
            "tags": null,
            "tags_all": {},
            "tcp_idle_timeout_seconds": null,
            "timeouts": null
          },
          "sensitive_attributes": [],
          "identity_schema_version": 0,
          "private": "eyJlMmJmYjczMC1lY2FhLTExZTYtOGY4OC0zNDM2M2JjN2M0YzAiOnsiY3JlYXRlIjozMDAwMDAwMDAwMDAsInVwZGF0ZSI6MzAwMDAwMDAwMDAwfX0=",
          "dependencies": [
            "aws_lb.main",
            "aws_security_group.alb",
            "aws_subnet.public",
            "aws_vpc.main"
          ]
        }
      ]
    },
    {
      "mode": "managed",
      "type": "aws_route_table",
      "name": "public",
      "provider": "provider[\"registry.terraform.io/hashicorp/aws\"]",
      "instances": [
        {
          "schema_version": 0,
          "attributes": {
            "arn": "arn:aws:ec2:us-east-1:878617118606:route-table/rtb-0cb63ac40b3500d85",
            "id": "rtb-0cb63ac40b3500d85",
            "owner_id": "878617118606",
            "propagating_vgws": [],
            "route": [
              {
                "carrier_gateway_id": "",
                "cidr_block": "0.0.0.0/0",
                "core_network_arn": "",
                "destination_prefix_list_id": "",
                "egress_only_gateway_id": "",
                "gateway_id": "igw-0738bd21840bc8c71",
                "ipv6_cidr_block": "",
                "local_gateway_id": "",
                "nat_gateway_id": "",
                "network_interface_id": "",
                "transit_gateway_id": "",
                "vpc_endpoint_id": "",
                "vpc_peering_connection_id": ""
              }
            ],
            "tags": {
              "Environment": "prod",
              "ManagedBy": "Terraform",
              "Name": "petclinic-prod-public-rt",
              "Owner": "Binome-ISI",
              "Project": "petclinic"
            },
            "tags_all": {
              "Environment": "prod",
              "ManagedBy": "Terraform",
              "Name": "petclinic-prod-public-rt",
              "Owner": "Binome-ISI",
              "Project": "petclinic"
            },
            "timeouts": null,
            "vpc_id": "vpc-027b048d41b7682b1"
          },
          "sensitive_attributes": [],
          "identity_schema_version": 0,
          "private": "eyJlMmJmYjczMC1lY2FhLTExZTYtOGY4OC0zNDM2M2JjN2M0YzAiOnsiY3JlYXRlIjozMDAwMDAwMDAwMDAsImRlbGV0ZSI6MzAwMDAwMDAwMDAwLCJ1cGRhdGUiOjEyMDAwMDAwMDAwMH19",
          "dependencies": [
            "aws_internet_gateway.igw",
            "aws_vpc.main"
          ]
        }
      ]
    },
    {
      "mode": "managed",
      "type": "aws_route_table_association",
      "name": "public",
      "provider": "provider[\"registry.terraform.io/hashicorp/aws\"]",
      "instances": [
        {
          "index_key": 0,
          "schema_version": 0,
          "attributes": {
            "gateway_id": "",
            "id": "rtbassoc-0d9ced0a87710fa21",
            "route_table_id": "rtb-0cb63ac40b3500d85",
            "subnet_id": "subnet-004b1163bae1be19e",
            "timeouts": null
          },
          "sensitive_attributes": [],
          "identity_schema_version": 0,
          "private": "eyJlMmJmYjczMC1lY2FhLTExZTYtOGY4OC0zNDM2M2JjN2M0YzAiOnsiY3JlYXRlIjozMDAwMDAwMDAwMDAsImRlbGV0ZSI6MzAwMDAwMDAwMDAwLCJ1cGRhdGUiOjEyMDAwMDAwMDAwMH19",
          "dependencies": [
            "aws_internet_gateway.igw",
            "aws_route_table.public",
            "aws_subnet.public",
            "aws_vpc.main"
          ]
        },
        {
          "index_key": 1,
          "schema_version": 0,
          "attributes": {
            "gateway_id": "",
            "id": "rtbassoc-01a391df8b6b3d42d",
            "route_table_id": "rtb-0cb63ac40b3500d85",
            "subnet_id": "subnet-0acac1e4bb9a91dab",
            "timeouts": null
          },
          "sensitive_attributes": [],
          "identity_schema_version": 0,
          "private": "eyJlMmJmYjczMC1lY2FhLTExZTYtOGY4OC0zNDM2M2JjN2M0YzAiOnsiY3JlYXRlIjozMDAwMDAwMDAwMDAsImRlbGV0ZSI6MzAwMDAwMDAwMDAwLCJ1cGRhdGUiOjEyMDAwMDAwMDAwMH19",
          "dependencies": [
            "aws_internet_gateway.igw",
            "aws_route_table.public",
            "aws_subnet.public",
            "aws_vpc.main"
          ]
        }
      ]
    },
    {
      "mode": "managed",
      "type": "aws_s3_bucket",
      "name": "deploy",
      "provider": "provider[\"registry.terraform.io/hashicorp/aws\"]",
      "instances": [
        {
          "schema_version": 0,
          "attributes": {
            "acceleration_status": "",
            "acl": null,
            "arn": "arn:aws:s3:::petclinic-prod-deploy-tyn34b",
            "bucket": "petclinic-prod-deploy-tyn34b",
            "bucket_domain_name": "petclinic-prod-deploy-tyn34b.s3.amazonaws.com",
            "bucket_prefix": "",
            "bucket_regional_domain_name": "petclinic-prod-deploy-tyn34b.s3.us-east-1.amazonaws.com",
            "cors_rule": [],
            "force_destroy": true,
            "grant": [
              {
                "id": "b103077a279c0c291e9d5e745f20cde53cfec8445331d256903f69a130c9021d",
                "permissions": [
                  "FULL_CONTROL"
                ],
                "type": "CanonicalUser",
                "uri": ""
              }
            ],
            "hosted_zone_id": "Z3AQBSTGFYJSTF",
            "id": "petclinic-prod-deploy-tyn34b",
            "lifecycle_rule": [],
            "logging": [],
            "object_lock_configuration": [],
            "object_lock_enabled": false,
            "policy": "",
            "region": "us-east-1",
            "replication_configuration": [],
            "request_payer": "BucketOwner",
            "server_side_encryption_configuration": [
              {
                "rule": [
                  {
                    "apply_server_side_encryption_by_default": [
                      {
                        "kms_master_key_id": "",
                        "sse_algorithm": "AES256"
                      }
                    ],
                    "bucket_key_enabled": false
                  }
                ]
              }
            ],
            "tags": {
              "Environment": "prod",
              "ManagedBy": "Terraform",
              "Owner": "Binome-ISI",
              "Project": "petclinic"
            },
            "tags_all": {
              "Environment": "prod",
              "ManagedBy": "Terraform",
              "Owner": "Binome-ISI",
              "Project": "petclinic"
            },
            "timeouts": null,
            "versioning": [
              {
                "enabled": false,
                "mfa_delete": false
              }
            ],
            "website": [],
            "website_domain": null,
            "website_endpoint": null
          },
          "sensitive_attributes": [],
          "identity_schema_version": 0,
          "private": "eyJlMmJmYjczMC1lY2FhLTExZTYtOGY4OC0zNDM2M2JjN2M0YzAiOnsiY3JlYXRlIjoxMjAwMDAwMDAwMDAwLCJkZWxldGUiOjM2MDAwMDAwMDAwMDAsInJlYWQiOjEyMDAwMDAwMDAwMDAsInVwZGF0ZSI6MTIwMDAwMDAwMDAwMH19",
          "dependencies": [
            "random_string.suffix"
          ],
          "create_before_destroy": true
        }
      ]
    },
    {
      "mode": "managed",
      "type": "aws_s3_bucket_public_access_block",
      "name": "deploy",
      "provider": "provider[\"registry.terraform.io/hashicorp/aws\"]",
      "instances": [
        {
          "schema_version": 0,
          "attributes": {
            "block_public_acls": true,
            "block_public_policy": true,
            "bucket": "petclinic-prod-deploy-tyn34b",
            "id": "petclinic-prod-deploy-tyn34b",
            "ignore_public_acls": true,
            "restrict_public_buckets": true
          },
          "sensitive_attributes": [],
          "identity_schema_version": 0,
          "private": "bnVsbA==",
          "dependencies": [
            "aws_s3_bucket.deploy",
            "random_string.suffix"
          ]
        }
      ]
    },
    {
      "mode": "managed",
      "type": "aws_security_group",
      "name": "alb",
      "provider": "provider[\"registry.terraform.io/hashicorp/aws\"]",
      "instances": [
        {
          "schema_version": 1,
          "attributes": {
            "arn": "arn:aws:ec2:us-east-1:878617118606:security-group/sg-04c7c8877c64fef97",
            "description": "Security group for ALB allowing HTTP and HTTPS",
            "egress": [
              {
                "cidr_blocks": [
                  "0.0.0.0/0"
                ],
                "description": "Allow all outbound traffic",
                "from_port": 0,
                "ipv6_cidr_blocks": [],
                "prefix_list_ids": [],
                "protocol": "-1",
                "security_groups": [],
                "self": false,
                "to_port": 0
              }
            ],
            "id": "sg-04c7c8877c64fef97",
            "ingress": [
              {
                "cidr_blocks": [
                  "0.0.0.0/0"
                ],
                "description": "Allow HTTP",
                "from_port": 80,
                "ipv6_cidr_blocks": [],
                "prefix_list_ids": [],
                "protocol": "tcp",
                "security_groups": [],
                "self": false,
                "to_port": 80
              },
              {
                "cidr_blocks": [
                  "0.0.0.0/0"
                ],
                "description": "Allow HTTPS",
                "from_port": 443,
                "ipv6_cidr_blocks": [],
                "prefix_list_ids": [],
                "protocol": "tcp",
                "security_groups": [],
                "self": false,
                "to_port": 443
              }
            ],
            "name": "petclinic-prod-alb-sg",
            "name_prefix": "",
            "owner_id": "878617118606",
            "revoke_rules_on_delete": false,
            "tags": {
              "Environment": "prod",
              "ManagedBy": "Terraform",
              "Name": "petclinic-prod-alb-sg",
              "Owner": "Binome-ISI",
              "Project": "petclinic"
            },
            "tags_all": {
              "Environment": "prod",
              "ManagedBy": "Terraform",
              "Name": "petclinic-prod-alb-sg",
              "Owner": "Binome-ISI",
              "Project": "petclinic"
            },
            "timeouts": null,
            "vpc_id": "vpc-027b048d41b7682b1"
          },
          "sensitive_attributes": [],
          "identity_schema_version": 0,
          "private": "eyJlMmJmYjczMC1lY2FhLTExZTYtOGY4OC0zNDM2M2JjN2M0YzAiOnsiY3JlYXRlIjo2MDAwMDAwMDAwMDAsImRlbGV0ZSI6OTAwMDAwMDAwMDAwfSwic2NoZW1hX3ZlcnNpb24iOiIxIn0=",
          "dependencies": [
            "aws_vpc.main"
          ],
          "create_before_destroy": true
        }
      ]
    },
    {
      "mode": "managed",
      "type": "aws_security_group",
      "name": "app",
      "provider": "provider[\"registry.terraform.io/hashicorp/aws\"]",
      "instances": [
        {
          "schema_version": 1,
          "attributes": {
            "arn": "arn:aws:ec2:us-east-1:878617118606:security-group/sg-00acfc80c50d64da1",
            "description": "Security group for App EC2 instances",
            "egress": [
              {
                "cidr_blocks": [
                  "0.0.0.0/0"
                ],
                "description": "Allow all outbound traffic",
                "from_port": 0,
                "ipv6_cidr_blocks": [],
                "prefix_list_ids": [],
                "protocol": "-1",
                "security_groups": [],
                "self": false,
                "to_port": 0
              }
            ],
            "id": "sg-00acfc80c50d64da1",
            "ingress": [
              {
                "cidr_blocks": [],
                "description": "Allow port 8080 from ALB",
                "from_port": 8080,
                "ipv6_cidr_blocks": [],
                "prefix_list_ids": [],
                "protocol": "tcp",
                "security_groups": [
                  "sg-04c7c8877c64fef97"
                ],
                "self": false,
                "to_port": 8080
              }
            ],
            "name": "petclinic-prod-app-sg",
            "name_prefix": "",
            "owner_id": "878617118606",
            "revoke_rules_on_delete": false,
            "tags": {
              "Environment": "prod",
              "ManagedBy": "Terraform",
              "Name": "petclinic-prod-app-sg",
              "Owner": "Binome-ISI",
              "Project": "petclinic"
            },
            "tags_all": {
              "Environment": "prod",
              "ManagedBy": "Terraform",
              "Name": "petclinic-prod-app-sg",
              "Owner": "Binome-ISI",
              "Project": "petclinic"
            },
            "timeouts": null,
            "vpc_id": "vpc-027b048d41b7682b1"
          },
          "sensitive_attributes": [],
          "identity_schema_version": 0,
          "private": "eyJlMmJmYjczMC1lY2FhLTExZTYtOGY4OC0zNDM2M2JjN2M0YzAiOnsiY3JlYXRlIjo2MDAwMDAwMDAwMDAsImRlbGV0ZSI6OTAwMDAwMDAwMDAwfSwic2NoZW1hX3ZlcnNpb24iOiIxIn0=",
          "dependencies": [
            "aws_security_group.alb",
            "aws_vpc.main"
          ],
          "create_before_destroy": true
        }
      ]
    },
    {
      "mode": "managed",
      "type": "aws_security_group",
      "name": "rds_db",
      "provider": "provider[\"registry.terraform.io/hashicorp/aws\"]",
      "instances": [
        {
          "schema_version": 1,
          "attributes": {
            "arn": "arn:aws:ec2:us-east-1:878617118606:security-group/sg-06b7342a5abe21800",
            "description": "Security group for RDS MySQL",
            "egress": [
              {
                "cidr_blocks": [
                  "0.0.0.0/0"
                ],
                "description": "Allow all outbound traffic",
                "from_port": 0,
                "ipv6_cidr_blocks": [],
                "prefix_list_ids": [],
                "protocol": "-1",
                "security_groups": [],
                "self": false,
                "to_port": 0
              }
            ],
            "id": "sg-06b7342a5abe21800",
            "ingress": [
              {
                "cidr_blocks": [],
                "description": "Allow MySQL traffic directly from EC2 instances",
                "from_port": 3306,
                "ipv6_cidr_blocks": [],
                "prefix_list_ids": [],
                "protocol": "tcp",
                "security_groups": [
                  "sg-00acfc80c50d64da1"
                ],
                "self": false,
                "to_port": 3306
              }
            ],
            "name": "petclinic-prod-rds-db-sg",
            "name_prefix": "",
            "owner_id": "878617118606",
            "revoke_rules_on_delete": false,
            "tags": {
              "Environment": "prod",
              "ManagedBy": "Terraform",
              "Name": "petclinic-prod-rds-db-sg",
              "Owner": "Binome-ISI",
              "Project": "petclinic"
            },
            "tags_all": {
              "Environment": "prod",
              "ManagedBy": "Terraform",
              "Name": "petclinic-prod-rds-db-sg",
              "Owner": "Binome-ISI",
              "Project": "petclinic"
            },
            "timeouts": null,
            "vpc_id": "vpc-027b048d41b7682b1"
          },
          "sensitive_attributes": [],
          "identity_schema_version": 0,
          "private": "eyJlMmJmYjczMC1lY2FhLTExZTYtOGY4OC0zNDM2M2JjN2M0YzAiOnsiY3JlYXRlIjo2MDAwMDAwMDAwMDAsImRlbGV0ZSI6OTAwMDAwMDAwMDAwfSwic2NoZW1hX3ZlcnNpb24iOiIxIn0=",
          "dependencies": [
            "aws_security_group.alb",
            "aws_security_group.app",
            "aws_vpc.main"
          ],
          "create_before_destroy": true
        }
      ]
    },
    {
      "mode": "managed",
      "type": "aws_subnet",
      "name": "private_app",
      "provider": "provider[\"registry.terraform.io/hashicorp/aws\"]",
      "instances": [
        {
          "index_key": 0,
          "schema_version": 1,
          "attributes": {
            "arn": "arn:aws:ec2:us-east-1:878617118606:subnet/subnet-0d79912f22ffe0eb5",
            "assign_ipv6_address_on_creation": false,
            "availability_zone": "us-east-1a",
            "availability_zone_id": "use1-az1",
            "cidr_block": "10.0.10.0/24",
            "customer_owned_ipv4_pool": "",
            "enable_dns64": false,
            "enable_lni_at_device_index": 0,
            "enable_resource_name_dns_a_record_on_launch": false,
            "enable_resource_name_dns_aaaa_record_on_launch": false,
            "id": "subnet-0d79912f22ffe0eb5",
            "ipv6_cidr_block": "",
            "ipv6_cidr_block_association_id": "",
            "ipv6_native": false,
            "map_customer_owned_ip_on_launch": false,
            "map_public_ip_on_launch": false,
            "outpost_arn": "",
            "owner_id": "878617118606",
            "private_dns_hostname_type_on_launch": "ip-name",
            "tags": {
              "Environment": "prod",
              "ManagedBy": "Terraform",
              "Name": "petclinic-prod-private-app-us-east-1a",
              "Owner": "Binome-ISI",
              "Project": "petclinic"
            },
            "tags_all": {
              "Environment": "prod",
              "ManagedBy": "Terraform",
              "Name": "petclinic-prod-private-app-us-east-1a",
              "Owner": "Binome-ISI",
              "Project": "petclinic"
            },
            "timeouts": null,
            "vpc_id": "vpc-027b048d41b7682b1"
          },
          "sensitive_attributes": [],
          "identity_schema_version": 0,
          "private": "eyJlMmJmYjczMC1lY2FhLTExZTYtOGY4OC0zNDM2M2JjN2M0YzAiOnsiY3JlYXRlIjo2MDAwMDAwMDAwMDAsImRlbGV0ZSI6MTIwMDAwMDAwMDAwMH0sInNjaGVtYV92ZXJzaW9uIjoiMSJ9",
          "dependencies": [
            "aws_vpc.main"
          ]
        },
        {
          "index_key": 1,
          "schema_version": 1,
          "attributes": {
            "arn": "arn:aws:ec2:us-east-1:878617118606:subnet/subnet-05a9f03b3aad32afd",
            "assign_ipv6_address_on_creation": false,
            "availability_zone": "us-east-1b",
            "availability_zone_id": "use1-az2",
            "cidr_block": "10.0.11.0/24",
            "customer_owned_ipv4_pool": "",
            "enable_dns64": false,
            "enable_lni_at_device_index": 0,
            "enable_resource_name_dns_a_record_on_launch": false,
            "enable_resource_name_dns_aaaa_record_on_launch": false,
            "id": "subnet-05a9f03b3aad32afd",
            "ipv6_cidr_block": "",
            "ipv6_cidr_block_association_id": "",
            "ipv6_native": false,
            "map_customer_owned_ip_on_launch": false,
            "map_public_ip_on_launch": false,
            "outpost_arn": "",
            "owner_id": "878617118606",
            "private_dns_hostname_type_on_launch": "ip-name",
            "tags": {
              "Environment": "prod",
              "ManagedBy": "Terraform",
              "Name": "petclinic-prod-private-app-us-east-1b",
              "Owner": "Binome-ISI",
              "Project": "petclinic"
            },
            "tags_all": {
              "Environment": "prod",
              "ManagedBy": "Terraform",
              "Name": "petclinic-prod-private-app-us-east-1b",
              "Owner": "Binome-ISI",
              "Project": "petclinic"
            },
            "timeouts": null,
            "vpc_id": "vpc-027b048d41b7682b1"
          },
          "sensitive_attributes": [],
          "identity_schema_version": 0,
          "private": "eyJlMmJmYjczMC1lY2FhLTExZTYtOGY4OC0zNDM2M2JjN2M0YzAiOnsiY3JlYXRlIjo2MDAwMDAwMDAwMDAsImRlbGV0ZSI6MTIwMDAwMDAwMDAwMH0sInNjaGVtYV92ZXJzaW9uIjoiMSJ9",
          "dependencies": [
            "aws_vpc.main"
          ]
        }
      ]
    },
    {
      "mode": "managed",
      "type": "aws_subnet",
      "name": "private_db",
      "provider": "provider[\"registry.terraform.io/hashicorp/aws\"]",
      "instances": [
        {
          "index_key": 0,
          "schema_version": 1,
          "attributes": {
            "arn": "arn:aws:ec2:us-east-1:878617118606:subnet/subnet-0c36f468433dad54f",
            "assign_ipv6_address_on_creation": false,
            "availability_zone": "us-east-1a",
            "availability_zone_id": "use1-az1",
            "cidr_block": "10.0.20.0/24",
            "customer_owned_ipv4_pool": "",
            "enable_dns64": false,
            "enable_lni_at_device_index": 0,
            "enable_resource_name_dns_a_record_on_launch": false,
            "enable_resource_name_dns_aaaa_record_on_launch": false,
            "id": "subnet-0c36f468433dad54f",
            "ipv6_cidr_block": "",
            "ipv6_cidr_block_association_id": "",
            "ipv6_native": false,
            "map_customer_owned_ip_on_launch": false,
            "map_public_ip_on_launch": false,
            "outpost_arn": "",
            "owner_id": "878617118606",
            "private_dns_hostname_type_on_launch": "ip-name",
            "tags": {
              "Environment": "prod",
              "ManagedBy": "Terraform",
              "Name": "petclinic-prod-private-db-us-east-1a",
              "Owner": "Binome-ISI",
              "Project": "petclinic"
            },
            "tags_all": {
              "Environment": "prod",
              "ManagedBy": "Terraform",
              "Name": "petclinic-prod-private-db-us-east-1a",
              "Owner": "Binome-ISI",
              "Project": "petclinic"
            },
            "timeouts": null,
            "vpc_id": "vpc-027b048d41b7682b1"
          },
          "sensitive_attributes": [],
          "identity_schema_version": 0,
          "private": "eyJlMmJmYjczMC1lY2FhLTExZTYtOGY4OC0zNDM2M2JjN2M0YzAiOnsiY3JlYXRlIjo2MDAwMDAwMDAwMDAsImRlbGV0ZSI6MTIwMDAwMDAwMDAwMH0sInNjaGVtYV92ZXJzaW9uIjoiMSJ9",
          "dependencies": [
            "aws_vpc.main"
          ],
          "create_before_destroy": true
        },
        {
          "index_key": 1,
          "schema_version": 1,
          "attributes": {
            "arn": "arn:aws:ec2:us-east-1:878617118606:subnet/subnet-03269d9335dfdce11",
            "assign_ipv6_address_on_creation": false,
            "availability_zone": "us-east-1b",
            "availability_zone_id": "use1-az2",
            "cidr_block": "10.0.21.0/24",
            "customer_owned_ipv4_pool": "",
            "enable_dns64": false,
            "enable_lni_at_device_index": 0,
            "enable_resource_name_dns_a_record_on_launch": false,
            "enable_resource_name_dns_aaaa_record_on_launch": false,
            "id": "subnet-03269d9335dfdce11",
            "ipv6_cidr_block": "",
            "ipv6_cidr_block_association_id": "",
            "ipv6_native": false,
            "map_customer_owned_ip_on_launch": false,
            "map_public_ip_on_launch": false,
            "outpost_arn": "",
            "owner_id": "878617118606",
            "private_dns_hostname_type_on_launch": "ip-name",
            "tags": {
              "Environment": "prod",
              "ManagedBy": "Terraform",
              "Name": "petclinic-prod-private-db-us-east-1b",
              "Owner": "Binome-ISI",
              "Project": "petclinic"
            },
            "tags_all": {
              "Environment": "prod",
              "ManagedBy": "Terraform",
              "Name": "petclinic-prod-private-db-us-east-1b",
              "Owner": "Binome-ISI",
              "Project": "petclinic"
            },
            "timeouts": null,
            "vpc_id": "vpc-027b048d41b7682b1"
          },
          "sensitive_attributes": [],
          "identity_schema_version": 0,
          "private": "eyJlMmJmYjczMC1lY2FhLTExZTYtOGY4OC0zNDM2M2JjN2M0YzAiOnsiY3JlYXRlIjo2MDAwMDAwMDAwMDAsImRlbGV0ZSI6MTIwMDAwMDAwMDAwMH0sInNjaGVtYV92ZXJzaW9uIjoiMSJ9",
          "dependencies": [
            "aws_vpc.main"
          ],
          "create_before_destroy": true
        }
      ]
    },
    {
      "mode": "managed",
      "type": "aws_subnet",
      "name": "public",
      "provider": "provider[\"registry.terraform.io/hashicorp/aws\"]",
      "instances": [
        {
          "index_key": 0,
          "schema_version": 1,
          "attributes": {
            "arn": "arn:aws:ec2:us-east-1:878617118606:subnet/subnet-004b1163bae1be19e",
            "assign_ipv6_address_on_creation": false,
            "availability_zone": "us-east-1a",
            "availability_zone_id": "use1-az1",
            "cidr_block": "10.0.0.0/24",
            "customer_owned_ipv4_pool": "",
            "enable_dns64": false,
            "enable_lni_at_device_index": 0,
            "enable_resource_name_dns_a_record_on_launch": false,
            "enable_resource_name_dns_aaaa_record_on_launch": false,
            "id": "subnet-004b1163bae1be19e",
            "ipv6_cidr_block": "",
            "ipv6_cidr_block_association_id": "",
            "ipv6_native": false,
            "map_customer_owned_ip_on_launch": false,
            "map_public_ip_on_launch": true,
            "outpost_arn": "",
            "owner_id": "878617118606",
            "private_dns_hostname_type_on_launch": "ip-name",
            "tags": {
              "Environment": "prod",
              "ManagedBy": "Terraform",
              "Name": "petclinic-prod-public-us-east-1a",
              "Owner": "Binome-ISI",
              "Project": "petclinic"
            },
            "tags_all": {
              "Environment": "prod",
              "ManagedBy": "Terraform",
              "Name": "petclinic-prod-public-us-east-1a",
              "Owner": "Binome-ISI",
              "Project": "petclinic"
            },
            "timeouts": null,
            "vpc_id": "vpc-027b048d41b7682b1"
          },
          "sensitive_attributes": [],
          "identity_schema_version": 0,
          "private": "eyJlMmJmYjczMC1lY2FhLTExZTYtOGY4OC0zNDM2M2JjN2M0YzAiOnsiY3JlYXRlIjo2MDAwMDAwMDAwMDAsImRlbGV0ZSI6MTIwMDAwMDAwMDAwMH0sInNjaGVtYV92ZXJzaW9uIjoiMSJ9",
          "dependencies": [
            "aws_vpc.main"
          ]
        },
        {
          "index_key": 1,
          "schema_version": 1,
          "attributes": {
            "arn": "arn:aws:ec2:us-east-1:878617118606:subnet/subnet-0acac1e4bb9a91dab",
            "assign_ipv6_address_on_creation": false,
            "availability_zone": "us-east-1b",
            "availability_zone_id": "use1-az2",
            "cidr_block": "10.0.1.0/24",
            "customer_owned_ipv4_pool": "",
            "enable_dns64": false,
            "enable_lni_at_device_index": 0,
            "enable_resource_name_dns_a_record_on_launch": false,
            "enable_resource_name_dns_aaaa_record_on_launch": false,
            "id": "subnet-0acac1e4bb9a91dab",
            "ipv6_cidr_block": "",
            "ipv6_cidr_block_association_id": "",
            "ipv6_native": false,
            "map_customer_owned_ip_on_launch": false,
            "map_public_ip_on_launch": true,
            "outpost_arn": "",
            "owner_id": "878617118606",
            "private_dns_hostname_type_on_launch": "ip-name",
            "tags": {
              "Environment": "prod",
              "ManagedBy": "Terraform",
              "Name": "petclinic-prod-public-us-east-1b",
              "Owner": "Binome-ISI",
              "Project": "petclinic"
            },
            "tags_all": {
              "Environment": "prod",
              "ManagedBy": "Terraform",
              "Name": "petclinic-prod-public-us-east-1b",
              "Owner": "Binome-ISI",
              "Project": "petclinic"
            },
            "timeouts": null,
            "vpc_id": "vpc-027b048d41b7682b1"
          },
          "sensitive_attributes": [],
          "identity_schema_version": 0,
          "private": "eyJlMmJmYjczMC1lY2FhLTExZTYtOGY4OC0zNDM2M2JjN2M0YzAiOnsiY3JlYXRlIjo2MDAwMDAwMDAwMDAsImRlbGV0ZSI6MTIwMDAwMDAwMDAwMH0sInNjaGVtYV92ZXJzaW9uIjoiMSJ9",
          "dependencies": [
            "aws_vpc.main"
          ]
        }
      ]
    },
    {
      "mode": "managed",
      "type": "aws_vpc",
      "name": "main",
      "provider": "provider[\"registry.terraform.io/hashicorp/aws\"]",
      "instances": [
        {
          "schema_version": 1,
          "attributes": {
            "arn": "arn:aws:ec2:us-east-1:878617118606:vpc/vpc-027b048d41b7682b1",
            "assign_generated_ipv6_cidr_block": false,
            "cidr_block": "10.0.0.0/16",
            "default_network_acl_id": "acl-05bb840cb06cc90ec",
            "default_route_table_id": "rtb-08e51ee5dab7170cc",
            "default_security_group_id": "sg-0b1dde166279e4efc",
            "dhcp_options_id": "dopt-036ae36ebe171eb79",
            "enable_dns_hostnames": true,
            "enable_dns_support": true,
            "enable_network_address_usage_metrics": false,
            "id": "vpc-027b048d41b7682b1",
            "instance_tenancy": "default",
            "ipv4_ipam_pool_id": null,
            "ipv4_netmask_length": null,
            "ipv6_association_id": "",
            "ipv6_cidr_block": "",
            "ipv6_cidr_block_network_border_group": "",
            "ipv6_ipam_pool_id": "",
            "ipv6_netmask_length": 0,
            "main_route_table_id": "rtb-08e51ee5dab7170cc",
            "owner_id": "878617118606",
            "tags": {
              "Environment": "prod",
              "ManagedBy": "Terraform",
              "Name": "petclinic-prod-vpc",
              "Owner": "Binome-ISI",
              "Project": "petclinic"
            },
            "tags_all": {
              "Environment": "prod",
              "ManagedBy": "Terraform",
              "Name": "petclinic-prod-vpc",
              "Owner": "Binome-ISI",
              "Project": "petclinic"
            }
          },
          "sensitive_attributes": [],
          "identity_schema_version": 0,
          "private": "eyJzY2hlbWFfdmVyc2lvbiI6IjEifQ==",
          "create_before_destroy": true
        }
      ]
    },
    {
      "mode": "managed",
      "type": "random_password",
      "name": "db_password",
      "provider": "provider[\"registry.terraform.io/hashicorp/random\"]",
      "instances": [
        {
          "schema_version": 3,
          "attributes": {
            "bcrypt_hash": "$2a$10$Htkie0zQOsK6DL4wdxQSeu3MbeZvkvr4N3V.NgqzUTAOcvCnUpfGG",
            "id": "none",
            "keepers": null,
            "length": 16,
            "lower": true,
            "min_lower": 0,
            "min_numeric": 0,
            "min_special": 0,
            "min_upper": 0,
            "number": true,
            "numeric": true,
            "override_special": "!#$%\u0026*()-_=+[]{}\u003c\u003e:?",
            "result": "nA3E{j-qMwR\u0026Ov_V",
            "special": true,
            "upper": true
          },
          "sensitive_attributes": [
            [
              {
                "type": "get_attr",
                "value": "bcrypt_hash"
              }
            ],
            [
              {
                "type": "get_attr",
                "value": "result"
              }
            ]
          ],
          "identity_schema_version": 0,
          "create_before_destroy": true
        }
      ]
    },
    {
      "mode": "managed",
      "type": "random_string",
      "name": "suffix",
      "provider": "provider[\"registry.terraform.io/hashicorp/random\"]",
      "instances": [
        {
          "schema_version": 2,
          "attributes": {
            "id": "tyn34b",
            "keepers": null,
            "length": 6,
            "lower": true,
            "min_lower": 0,
            "min_numeric": 0,
            "min_special": 0,
            "min_upper": 0,
            "number": true,
            "numeric": true,
            "override_special": null,
            "result": "tyn34b",
            "special": false,
            "upper": false
          },
          "sensitive_attributes": [],
          "identity_schema_version": 0,
          "create_before_destroy": true
        }
      ]
    },
    {
      "mode": "managed",
      "type": "tls_private_key",
      "name": "main",
      "provider": "provider[\"registry.terraform.io/hashicorp/tls\"]",
      "instances": [
        {
          "schema_version": 1,
          "attributes": {
            "algorithm": "RSA",
            "ecdsa_curve": "P224",
            "id": "3c1d336815b72fb06a14513fc0a184b51f939ae8",
            "private_key_openssh": "-----BEGIN OPENSSH PRIVATE KEY-----\nb3BlbnNzaC1rZXktdjEAAAAABG5vbmUAAAAEbm9uZQAAAAAAAAABAAABFwAAAAdz\nc2gtcnNhAAAAAwEAAQAAAQEAqQ8VxhaNk0qGfsezp6aucQ4xBR0dADX8NiNYRP0d\npjJr2HHjpFMGja1MmCOLmkA/k29YOFrQiHhBNnYAw4Vu36BrA35XJZyafABohQ8Y\n8DKyYf5Lj0YOpCFhfNwKxeGSaICocRKcwn7YmwVv8dhw6Tad8B9y2EuBIzFuDYtr\nbkwm0Jk0+JhanKvAMOhYqUXg85AIYTZozlVqp5KOiUgOHiEVjxBG/egJrjDdsAJi\n9qZamoy71eynIXMl3w7aD9BIhuHVcy77o3+ckagRKyqHTpUvBp31XeHVAqXVnmLF\nv+kjc1u5pKMNRG3aoFsyg4iHG4itkQG0jSJ9rYJMfGmq3wAAA7jJdX4YyXV+GAAA\nAAdzc2gtcnNhAAABAQCpDxXGFo2TSoZ+x7Onpq5xDjEFHR0ANfw2I1hE/R2mMmvY\nceOkUwaNrUyYI4uaQD+Tb1g4WtCIeEE2dgDDhW7foGsDflclnJp8AGiFDxjwMrJh\n/kuPRg6kIWF83ArF4ZJogKhxEpzCftibBW/x2HDpNp3wH3LYS4EjMW4Ni2tuTCbQ\nmTT4mFqcq8Aw6FipReDzkAhhNmjOVWqnko6JSA4eIRWPEEb96AmuMN2wAmL2plqa\njLvV7KchcyXfDtoP0EiG4dVzLvujf5yRqBErKodOlS8GnfVd4dUCpdWeYsW/6SNz\nW7mkow1EbdqgWzKDiIcbiK2RAbSNIn2tgkx8aarfAAAAAwEAAQAAAQBLPTJ0kW76\nwW0wGVKkZ3M1T5qTawyQHnab5YkQUxIR+Fi04KLubCD7hsgS4absxHFG/YPmuMwc\nIGDtiwD2A3l/vxZBXMYOMC80xr29kiWIKRfostMP9Z7ofw6zEf8daDHPnorYn+7y\nRJ/EBlx25twBftQ1nNlw19GmRwZysrziPfp5HL6bp+WhnVGZUaM9v9EaUsaxzK59\n9tkZr1uiidGmGlgimSJ6d0Pv1l7mHm1qoPNq7m9napQpBxNdKomAyZ0QT/f/CABg\nfDOApfjaK+Kp/XdMInWGc64qvCOQ0m+w0ySwRERjBEun4ejDfsz50O76kiSMlz8h\nQukPxMdJEAJhAAAAgQCdDzwlyGZKy5IFd0ftTjGBcBEmP4V5gUi4mfx5iTtvmprr\ncuDxU9xfV+U11iPJDBs+7B1bETdMM0pWhwjAwpX/AybLPpKf1zCj2O5ijm4SH/2m\n+oxb5H6Iq0qgUsoIN/ouo2Xc846McKN+dsR0y133/dnaJsF9kyGDrdVX8Bq7TgAA\nAIEAw9YwU6KtgPOF/pCiIeDBDIwr2yr1kEkHgA/1MJJsiChhjay0QTHfMiFqlWoo\nqcyJWH0wcZPKi7uIJ8/4mN0NUZJVJ9lirsuOfXgXX3i1X9diL3Xb9RdlNH0vgORv\nVXH8h5+DFHTMSO54xIFnIobGX9/JsVmrpSKhwKUKOARC148AAACBANz+7Y5zUydy\neckvsGcLenld/f5+1g2OAhmG9eyyjPMV6oTHE/rhwo1JVDxZbeAFHWcfNriswcPg\nfL2UpecU3+4ijvmZ50S4cdz+FIMbd+3c7IrekYUJpH7m0IMvAGXbf9kNdYv1i2s9\nCwy3lwfK/k3bUgRmESL1QkB2nRMgus+xAAAAAAEC\n-----END OPENSSH PRIVATE KEY-----\n",
            "private_key_pem": "-----BEGIN RSA PRIVATE KEY-----\nMIIEowIBAAKCAQEAqQ8VxhaNk0qGfsezp6aucQ4xBR0dADX8NiNYRP0dpjJr2HHj\npFMGja1MmCOLmkA/k29YOFrQiHhBNnYAw4Vu36BrA35XJZyafABohQ8Y8DKyYf5L\nj0YOpCFhfNwKxeGSaICocRKcwn7YmwVv8dhw6Tad8B9y2EuBIzFuDYtrbkwm0Jk0\n+JhanKvAMOhYqUXg85AIYTZozlVqp5KOiUgOHiEVjxBG/egJrjDdsAJi9qZamoy7\n1eynIXMl3w7aD9BIhuHVcy77o3+ckagRKyqHTpUvBp31XeHVAqXVnmLFv+kjc1u5\npKMNRG3aoFsyg4iHG4itkQG0jSJ9rYJMfGmq3wIDAQABAoIBAEs9MnSRbvrBbTAZ\nUqRnczVPmpNrDJAedpvliRBTEhH4WLTgou5sIPuGyBLhpuzEcUb9g+a4zBwgYO2L\nAPYDeX+/FkFcxg4wLzTGvb2SJYgpF+iy0w/1nuh/DrMR/x1oMc+eitif7vJEn8QG\nXHbm3AF+1DWc2XDX0aZHBnKyvOI9+nkcvpun5aGdUZlRoz2/0RpSxrHMrn322Rmv\nW6KJ0aYaWCKZInp3Q+/WXuYebWqg82rub2dqlCkHE10qiYDJnRBP9/8IAGB8M4Cl\n+Nor4qn9d0widYZzriq8I5DSb7DTJLBERGMES6fh6MN+zPnQ7vqSJIyXPyFC6Q/E\nx0kQAmECgYEAw9YwU6KtgPOF/pCiIeDBDIwr2yr1kEkHgA/1MJJsiChhjay0QTHf\nMiFqlWooqcyJWH0wcZPKi7uIJ8/4mN0NUZJVJ9lirsuOfXgXX3i1X9diL3Xb9Rdl\nNH0vgORvVXH8h5+DFHTMSO54xIFnIobGX9/JsVmrpSKhwKUKOARC148CgYEA3P7t\njnNTJ3J5yS+wZwt6eV39/n7WDY4CGYb17LKM8xXqhMcT+uHCjUlUPFlt4AUdZx82\nuKzBw+B8vZSl5xTf7iKO+ZnnRLhx3P4Ugxt37dzsit6RhQmkfubQgy8AZdt/2Q11\ni/WLaz0LDLeXB8r+TdtSBGYRIvVCQHadEyC6z7ECgYBW0+NvYYQt1UsGmBfaj2zo\nZEmZjc18oHR72hdq5rDKGaVPDFCLS1JbRqecAYpv5mjK3A6bfNxj4cy3YiUlmXSr\nQwcQePig6U2O4azzPnCkQrmcs1PHsgzEHfDu49lc+AHwG9AhRLvCZkETVxBkJX9U\nyMMDJ+/LcrRm1oXWWkVMjwKBgGvjvSAtZyw78/7nXEyCSxGTdJvZWjEV4iqKO+eJ\np8xJJ8wY0MVLkEqfwRMRadXTSW59y55PIO2628tGFdSB2W0NzBVJMKHZFiWYmXUE\nZQFoOMb3L73uXjNiBev1d1FC3uCddISWpLD/BTT5MC+qx4pFB36EQdt6NxT3k2my\nMeGRAoGBAJ0PPCXIZkrLkgV3R+1OMYFwESY/hXmBSLiZ/HmJO2+amuty4PFT3F9X\n5TXWI8kMGz7sHVsRN0wzSlaHCMDClf8DJss+kp/XMKPY7mKObhIf/ab6jFvkfoir\nSqBSygg3+i6jZdzzjoxwo352xHTLXff92domwX2TIYOt1VfwGrtO\n-----END RSA PRIVATE KEY-----\n",
            "private_key_pem_pkcs8": "-----BEGIN PRIVATE KEY-----\nMIIEvQIBADANBgkqhkiG9w0BAQEFAASCBKcwggSjAgEAAoIBAQCpDxXGFo2TSoZ+\nx7Onpq5xDjEFHR0ANfw2I1hE/R2mMmvYceOkUwaNrUyYI4uaQD+Tb1g4WtCIeEE2\ndgDDhW7foGsDflclnJp8AGiFDxjwMrJh/kuPRg6kIWF83ArF4ZJogKhxEpzCftib\nBW/x2HDpNp3wH3LYS4EjMW4Ni2tuTCbQmTT4mFqcq8Aw6FipReDzkAhhNmjOVWqn\nko6JSA4eIRWPEEb96AmuMN2wAmL2plqajLvV7KchcyXfDtoP0EiG4dVzLvujf5yR\nqBErKodOlS8GnfVd4dUCpdWeYsW/6SNzW7mkow1EbdqgWzKDiIcbiK2RAbSNIn2t\ngkx8aarfAgMBAAECggEASz0ydJFu+sFtMBlSpGdzNU+ak2sMkB52m+WJEFMSEfhY\ntOCi7mwg+4bIEuGm7MRxRv2D5rjMHCBg7YsA9gN5f78WQVzGDjAvNMa9vZIliCkX\n6LLTD/We6H8OsxH/HWgxz56K2J/u8kSfxAZcdubcAX7UNZzZcNfRpkcGcrK84j36\neRy+m6floZ1RmVGjPb/RGlLGscyuffbZGa9boonRphpYIpkiendD79Ze5h5taqDz\nau5vZ2qUKQcTXSqJgMmdEE/3/wgAYHwzgKX42iviqf13TCJ1hnOuKrwjkNJvsNMk\nsEREYwRLp+How37M+dDu+pIkjJc/IULpD8THSRACYQKBgQDD1jBToq2A84X+kKIh\n4MEMjCvbKvWQSQeAD/UwkmyIKGGNrLRBMd8yIWqVaiipzIlYfTBxk8qLu4gnz/iY\n3Q1RklUn2WKuy459eBdfeLVf12Ivddv1F2U0fS+A5G9VcfyHn4MUdMxI7njEgWci\nhsZf38mxWaulIqHApQo4BELXjwKBgQDc/u2Oc1MncnnJL7BnC3p5Xf3+ftYNjgIZ\nhvXssozzFeqExxP64cKNSVQ8WW3gBR1nHza4rMHD4Hy9lKXnFN/uIo75medEuHHc\n/hSDG3ft3OyK3pGFCaR+5tCDLwBl23/ZDXWL9YtrPQsMt5cHyv5N21IEZhEi9UJA\ndp0TILrPsQKBgFbT429hhC3VSwaYF9qPbOhkSZmNzXygdHvaF2rmsMoZpU8MUItL\nUltGp5wBim/maMrcDpt83GPhzLdiJSWZdKtDBxB4+KDpTY7hrPM+cKRCuZyzU8ey\nDMQd8O7j2Vz4AfAb0CFEu8JmQRNXEGQlf1TIwwMn78tytGbWhdZaRUyPAoGAa+O9\nIC1nLDvz/udcTIJLEZN0m9laMRXiKoo754mnzEknzBjQxUuQSp/BExFp1dNJbn3L\nnk8g7brby0YV1IHZbQ3MFUkwodkWJZiZdQRlAWg4xvcvve5eM2IF6/V3UULe4J10\nhJaksP8FNPkwL6rHikUHfoRB23o3FPeTabIx4ZECgYEAnQ88JchmSsuSBXdH7U4x\ngXARJj+FeYFIuJn8eYk7b5qa63Lg8VPcX1flNdYjyQwbPuwdWxE3TDNKVocIwMKV\n/wMmyz6Sn9cwo9juYo5uEh/9pvqMW+R+iKtKoFLKCDf6LqNl3POOjHCjfnbEdMtd\n9/3Z2ibBfZMhg63VV/Aau04=\n-----END PRIVATE KEY-----\n",
            "public_key_fingerprint_md5": "6d:a1:59:65:a8:ae:84:51:95:18:08:77:a4:ff:ae:d7",
            "public_key_fingerprint_sha256": "SHA256:hjtUCCJcrqu9dS22EcfUNjF3DTJNWg1kpP9NfKrG+ww",
            "public_key_openssh": "ssh-rsa AAAAB3NzaC1yc2EAAAADAQABAAABAQCpDxXGFo2TSoZ+x7Onpq5xDjEFHR0ANfw2I1hE/R2mMmvYceOkUwaNrUyYI4uaQD+Tb1g4WtCIeEE2dgDDhW7foGsDflclnJp8AGiFDxjwMrJh/kuPRg6kIWF83ArF4ZJogKhxEpzCftibBW/x2HDpNp3wH3LYS4EjMW4Ni2tuTCbQmTT4mFqcq8Aw6FipReDzkAhhNmjOVWqnko6JSA4eIRWPEEb96AmuMN2wAmL2plqajLvV7KchcyXfDtoP0EiG4dVzLvujf5yRqBErKodOlS8GnfVd4dUCpdWeYsW/6SNzW7mkow1EbdqgWzKDiIcbiK2RAbSNIn2tgkx8aarf\n",
            "public_key_pem": "-----BEGIN PUBLIC KEY-----\nMIIBIjANBgkqhkiG9w0BAQEFAAOCAQ8AMIIBCgKCAQEAqQ8VxhaNk0qGfsezp6au\ncQ4xBR0dADX8NiNYRP0dpjJr2HHjpFMGja1MmCOLmkA/k29YOFrQiHhBNnYAw4Vu\n36BrA35XJZyafABohQ8Y8DKyYf5Lj0YOpCFhfNwKxeGSaICocRKcwn7YmwVv8dhw\n6Tad8B9y2EuBIzFuDYtrbkwm0Jk0+JhanKvAMOhYqUXg85AIYTZozlVqp5KOiUgO\nHiEVjxBG/egJrjDdsAJi9qZamoy71eynIXMl3w7aD9BIhuHVcy77o3+ckagRKyqH\nTpUvBp31XeHVAqXVnmLFv+kjc1u5pKMNRG3aoFsyg4iHG4itkQG0jSJ9rYJMfGmq\n3wIDAQAB\n-----END PUBLIC KEY-----\n",
            "rsa_bits": 2048
          },
          "sensitive_attributes": [
            [
              {
                "type": "get_attr",
                "value": "private_key_openssh"
              }
            ],
            [
              {
                "type": "get_attr",
                "value": "private_key_pem"
              }
            ],
            [
              {
                "type": "get_attr",
                "value": "private_key_pem_pkcs8"
              }
            ]
          ],
          "identity_schema_version": 0
        }
      ]
    },
    {
      "mode": "managed",
      "type": "tls_self_signed_cert",
      "name": "main",
      "provider": "provider[\"registry.terraform.io/hashicorp/tls\"]",
      "instances": [
        {
          "schema_version": 0,
          "attributes": {
            "allowed_uses": [
              "key_encipherment",
              "digital_signature",
              "server_auth"
            ],
            "cert_pem": "-----BEGIN CERTIFICATE-----\nMIIDWDCCAkCgAwIBAgIRAMqwA1TInWCQ9qUn38uq1wUwDQYJKoZIhvcNAQELBQAw\nLjESMBAGA1UEChMJSVNJIERha2FyMRgwFgYDVQQDEw9wZXRjbGluaWMubG9jYWww\nHhcNMjYwNzIzMTM0MTI5WhcNMjcwNzIzMTM0MTI5WjAuMRIwEAYDVQQKEwlJU0kg\nRGFrYXIxGDAWBgNVBAMTD3BldGNsaW5pYy5sb2NhbDCCASIwDQYJKoZIhvcNAQEB\nBQADggEPADCCAQoCggEBAKkPFcYWjZNKhn7Hs6emrnEOMQUdHQA1/DYjWET9HaYy\na9hx46RTBo2tTJgji5pAP5NvWDha0Ih4QTZ2AMOFbt+gawN+VyWcmnwAaIUPGPAy\nsmH+S49GDqQhYXzcCsXhkmiAqHESnMJ+2JsFb/HYcOk2nfAfcthLgSMxbg2La25M\nJtCZNPiYWpyrwDDoWKlF4POQCGE2aM5VaqeSjolIDh4hFY8QRv3oCa4w3bACYvam\nWpqMu9XspyFzJd8O2g/QSIbh1XMu+6N/nJGoESsqh06VLwad9V3h1QKl1Z5ixb/p\nI3NbuaSjDURt2qBbMoOIhxuIrZEBtI0ifa2CTHxpqt8CAwEAAaNxMG8wDgYDVR0P\nAQH/BAQDAgWgMBMGA1UdJQQMMAoGCCsGAQUFBwMBMAwGA1UdEwEB/wQCMAAwOgYD\nVR0RBDMwMYIJbG9jYWxob3N0gg9wZXRjbGluaWMubG9jYWyCEyouZWxiLmFtYXpv\nbmF3cy5jb20wDQYJKoZIhvcNAQELBQADggEBADKAxjfk90tooT1Fo95ad42knsMh\noR8OdVUQ+iT00BvBhLdDACKyY266hmImfJNSLNofWlqk5iMsHBerQoUW/zC0ENfQ\nZpPhruqGcrezgq5jGV1/kta4jLmo5gtYXO2eeOxxsElH/jwZyejWTROTnhD+OHyK\n6iDQahRKRjwCZzTO8M3F2MqyRiRQYYTeIk64YJWh1w5lDpZKM/S23dPtvEv2gaEQ\nm5mZyAZFcANA2gqNS9g5dgfp5j8gLnL3jng4Yv/4mv+hThpG1FBjo627xx8MnaNy\nIWdiVt8DHNfVVRzqinxL35yPJBJwywZYA7nIGkL2wkBm2TrPhGpOR/4Iyd0=\n-----END CERTIFICATE-----\n",
            "dns_names": [
              "localhost",
              "petclinic.local",
              "*.elb.amazonaws.com"
            ],
            "early_renewal_hours": 0,
            "id": "269417966960136857481640691202154747653",
            "ip_addresses": null,
            "is_ca_certificate": false,
            "key_algorithm": "RSA",
            "max_path_length": null,
            "private_key_pem": "-----BEGIN RSA PRIVATE KEY-----\nMIIEowIBAAKCAQEAqQ8VxhaNk0qGfsezp6aucQ4xBR0dADX8NiNYRP0dpjJr2HHj\npFMGja1MmCOLmkA/k29YOFrQiHhBNnYAw4Vu36BrA35XJZyafABohQ8Y8DKyYf5L\nj0YOpCFhfNwKxeGSaICocRKcwn7YmwVv8dhw6Tad8B9y2EuBIzFuDYtrbkwm0Jk0\n+JhanKvAMOhYqUXg85AIYTZozlVqp5KOiUgOHiEVjxBG/egJrjDdsAJi9qZamoy7\n1eynIXMl3w7aD9BIhuHVcy77o3+ckagRKyqHTpUvBp31XeHVAqXVnmLFv+kjc1u5\npKMNRG3aoFsyg4iHG4itkQG0jSJ9rYJMfGmq3wIDAQABAoIBAEs9MnSRbvrBbTAZ\nUqRnczVPmpNrDJAedpvliRBTEhH4WLTgou5sIPuGyBLhpuzEcUb9g+a4zBwgYO2L\nAPYDeX+/FkFcxg4wLzTGvb2SJYgpF+iy0w/1nuh/DrMR/x1oMc+eitif7vJEn8QG\nXHbm3AF+1DWc2XDX0aZHBnKyvOI9+nkcvpun5aGdUZlRoz2/0RpSxrHMrn322Rmv\nW6KJ0aYaWCKZInp3Q+/WXuYebWqg82rub2dqlCkHE10qiYDJnRBP9/8IAGB8M4Cl\n+Nor4qn9d0widYZzriq8I5DSb7DTJLBERGMES6fh6MN+zPnQ7vqSJIyXPyFC6Q/E\nx0kQAmECgYEAw9YwU6KtgPOF/pCiIeDBDIwr2yr1kEkHgA/1MJJsiChhjay0QTHf\nMiFqlWooqcyJWH0wcZPKi7uIJ8/4mN0NUZJVJ9lirsuOfXgXX3i1X9diL3Xb9Rdl\nNH0vgORvVXH8h5+DFHTMSO54xIFnIobGX9/JsVmrpSKhwKUKOARC148CgYEA3P7t\njnNTJ3J5yS+wZwt6eV39/n7WDY4CGYb17LKM8xXqhMcT+uHCjUlUPFlt4AUdZx82\nuKzBw+B8vZSl5xTf7iKO+ZnnRLhx3P4Ugxt37dzsit6RhQmkfubQgy8AZdt/2Q11\ni/WLaz0LDLeXB8r+TdtSBGYRIvVCQHadEyC6z7ECgYBW0+NvYYQt1UsGmBfaj2zo\nZEmZjc18oHR72hdq5rDKGaVPDFCLS1JbRqecAYpv5mjK3A6bfNxj4cy3YiUlmXSr\nQwcQePig6U2O4azzPnCkQrmcs1PHsgzEHfDu49lc+AHwG9AhRLvCZkETVxBkJX9U\nyMMDJ+/LcrRm1oXWWkVMjwKBgGvjvSAtZyw78/7nXEyCSxGTdJvZWjEV4iqKO+eJ\np8xJJ8wY0MVLkEqfwRMRadXTSW59y55PIO2628tGFdSB2W0NzBVJMKHZFiWYmXUE\nZQFoOMb3L73uXjNiBev1d1FC3uCddISWpLD/BTT5MC+qx4pFB36EQdt6NxT3k2my\nMeGRAoGBAJ0PPCXIZkrLkgV3R+1OMYFwESY/hXmBSLiZ/HmJO2+amuty4PFT3F9X\n5TXWI8kMGz7sHVsRN0wzSlaHCMDClf8DJss+kp/XMKPY7mKObhIf/ab6jFvkfoir\nSqBSygg3+i6jZdzzjoxwo352xHTLXff92domwX2TIYOt1VfwGrtO\n-----END RSA PRIVATE KEY-----\n",
            "ready_for_renewal": false,
            "set_authority_key_id": false,
            "set_subject_key_id": false,
            "subject": [
              {
                "common_name": "petclinic.local",
                "country": null,
                "email_address": null,
                "locality": null,
                "organization": "ISI Dakar",
                "organizational_unit": null,
                "postal_code": null,
                "province": null,
                "serial_number": null,
                "street_address": null
              }
            ],
            "uris": null,
            "validity_end_time": "2027-07-23T13:41:29.706642Z",
            "validity_period_hours": 8760,
            "validity_start_time": "2026-07-23T13:41:29.706642Z"
          },
          "sensitive_attributes": [
            [
              {
                "type": "get_attr",
                "value": "private_key_pem"
              }
            ]
          ],
          "identity_schema_version": 0,
          "dependencies": [
            "tls_private_key.main"
          ]
        }
      ]
    }
  ],
  "check_results": null
}
