{
  "version": 4,
  "terraform_version": "1.5.7",
  "serial": 37,
  "lineage": "7fc56259-1ff9-2597-3c66-0e3ec243bb7b",
  "outputs": {
    "rds_proxy_endpoint": {
      "value": "N/A - RDS Proxy not available on this account type",
      "type": "string"
    },
    "s3_bucket_name": {
      "value": "petclinic-prod-deploy-gx0sbm",
      "type": "string"
    }
  },
  "resources": [
    {
      "mode": "data",
      "type": "aws_caller_identity",
      "name": "current",
      "provider": "provider[\"registry.terraform.io/hashicorp/aws\"]",
      "instances": [
        {
          "schema_version": 0,
          "attributes": {
            "account_id": "878617118606",
            "arn": "arn:aws:iam::878617118606:user/github-actions-deploy",
            "id": "878617118606",
            "user_id": "AIDA4ZENJI6HISO7ZKHKP"
          },
          "sensitive_attributes": []
        }
      ]
    },
    {
      "mode": "managed",
      "type": "aws_acm_certificate",
      "name": "cert",
      "provider": "provider[\"registry.terraform.io/hashicorp/aws\"]",
      "instances": [
        {
          "schema_version": 0,
          "attributes": {
            "arn": "arn:aws:acm:us-east-1:878617118606:certificate/b74d38e0-0409-40f2-b887-ee2d2a739957",
            "certificate_authority_arn": "",
            "certificate_body": "-----BEGIN CERTIFICATE-----\nMIIDVzCCAj+gAwIBAgIQYWwBnxfxSYez+SA9sI7lrTANBgkqhkiG9w0BAQsFADAu\nMRIwEAYDVQQKEwlJU0kgRGFrYXIxGDAWBgNVBAMTD3BldGNsaW5pYy5sb2NhbDAe\nFw0yNjA3MjMwMjIzMTRaFw0yNzA3MjMwMjIzMTRaMC4xEjAQBgNVBAoTCUlTSSBE\nYWthcjEYMBYGA1UEAxMPcGV0Y2xpbmljLmxvY2FsMIIBIjANBgkqhkiG9w0BAQEF\nAAOCAQ8AMIIBCgKCAQEAtjq/VMu5aCL13/wJVzpK41HE6+9KW+ej1SZPhXqM2b0G\nwPTsD0l/fbG1IfHSPFiNvdK0BetsQOnceG6XGQraIEDZFA9w1+QluUtM1pO2ZxX0\njy+xyIZOZFq8rr6YIT7c+fMEg4I3aT9f1CYdHY2goeAEngNx1fOf4Vb6gCZaHTzK\nB63J80YB058/LC2EG3PtMJzJfgSxjVgsZVPLqmz7mixOIMFzT33PijTgGPkgX7R2\nwFRAj37iYqZtNKseQm9vQT3uEGOkTUFA6NAZtnM1QdWvWFzRRnpbqdt6sxpvqLvL\nAs6crFWOoaQjOSe5M5aSROWQlGJWP7rlX/9UiXtoZwIDAQABo3EwbzAOBgNVHQ8B\nAf8EBAMCBaAwEwYDVR0lBAwwCgYIKwYBBQUHAwEwDAYDVR0TAQH/BAIwADA6BgNV\nHREEMzAxgglsb2NhbGhvc3SCD3BldGNsaW5pYy5sb2NhbIITKi5lbGIuYW1hem9u\nYXdzLmNvbTANBgkqhkiG9w0BAQsFAAOCAQEAemRZNp5IGA8NLfXWUWTRMhqNgTFL\nqI7eCViQ/ICJ1cwzqqQYpD+WxwUdXDjHqG50dN5Qy+vWJcOUFPkM2Bow4mYzigIT\ng74cytceT+H/7qkMBQWKqrQfeRvG+c0XSgFnfUBBxNA3TRd5AF8CmLGlE6Iw/onR\nenvtBHxlkmy5sHKo7GPhfW/75xweW2iO5ATpvQCx75MlnTri1shDIcS27NLcnjLY\n5OXcpI8P6cHkltiQUhDowyv6Ta+y9x2P2YF6FFNl1aceJngIx/fvjWUs4821SCYV\nnUi0w9ZL8B3UfMeXiAMvBBwcX6n3UQp/M6vdubne357cNQ6Dgj+Nls+lrw==\n-----END CERTIFICATE-----\n",
            "certificate_chain": null,
            "domain_name": "petclinic.local",
            "domain_validation_options": [],
            "early_renewal_duration": "",
            "id": "arn:aws:acm:us-east-1:878617118606:certificate/b74d38e0-0409-40f2-b887-ee2d2a739957",
            "key_algorithm": "RSA_2048",
            "not_after": "2027-07-23T02:23:14Z",
            "not_before": "2026-07-23T02:23:14Z",
            "options": [
              {
                "certificate_transparency_logging_preference": "DISABLED"
              }
            ],
            "pending_renewal": false,
            "private_key": "-----BEGIN RSA PRIVATE KEY-----\nMIIEpAIBAAKCAQEAtjq/VMu5aCL13/wJVzpK41HE6+9KW+ej1SZPhXqM2b0GwPTs\nD0l/fbG1IfHSPFiNvdK0BetsQOnceG6XGQraIEDZFA9w1+QluUtM1pO2ZxX0jy+x\nyIZOZFq8rr6YIT7c+fMEg4I3aT9f1CYdHY2goeAEngNx1fOf4Vb6gCZaHTzKB63J\n80YB058/LC2EG3PtMJzJfgSxjVgsZVPLqmz7mixOIMFzT33PijTgGPkgX7R2wFRA\nj37iYqZtNKseQm9vQT3uEGOkTUFA6NAZtnM1QdWvWFzRRnpbqdt6sxpvqLvLAs6c\nrFWOoaQjOSe5M5aSROWQlGJWP7rlX/9UiXtoZwIDAQABAoIBAAiKe68+FoQ3/Jgx\nQurQs56F6u83+Z88cyRUCwQcOKp36UTKoJ8deG6WvAD0SZXvJ0Lks5qswcJ6c409\nebLVxwrIn06zuTvqgzjKZmE5mSH/GHBMRvk5ZPE1Li9uhXOBc8VPS5XdA5CDmjqM\n8sO7gJzgWAxj6EZOiIl86c7EfWgYqJ2D76nuyFuX46mltkLFy4ptIBS3DpxcXZdX\ne9+YctgMPtzvKZdlT4Cl6RSjx18G8kms+2Gboi+TJBOzpjig1z23Ilsy3phGt7xw\nB2izuFShsJgdm1Jk/kukMH4ZJcm9bVPYe3S5+YA1Ehy/t5sJm9So5iEhm36iG+jC\n3UqWfJkCgYEA7nnATvL2u40hF0FPPosr76d3p4sm+LA40pKqcG1xf1XTI4u/f/rV\nWvln54GDvJSeKpcJKkrk3LLVUARGxydzp27a5ftSh987TAYDKtzyIRENnv28H3Jq\nyOK4hLHMl/xhaHZOtYvk8aKy3dYev17MuPSi/2ylh6Sbd5bN7tj/8bMCgYEAw57i\nL8ED/fx21AfBv56qwLSCy4IXpUyNnekE0hPsXSOPPDU3on9kn4SnYOPzZw9RaqP6\nhJeGrRqwqtQggYgEmRNyKofPe3SqI9muIwtcJ81hT8s03mN+nHndlMawVbldRL6+\nPt5stHu2xA306pmY9zYHmyBCNrxv6490n1MaDH0CgYB3k/lIHTB3Lvcu0ALKW8K2\nMwUer/nkrYhwnjZ0lYxZy1FJ+6MUq1Qcf/8H6LuD7gm5VW61FETaHZo0u1A6QKAP\njtiYhYMGunrjTgh8j7mhtwlbdePE6Px+qqDXeMgcVeMKHHivM+yi9XA3KEzWrNR+\n0byB05rU/0ctmiK853a/XQKBgQC98YFoov8QWFq9SIbdW+Aq21uA5WG2VF3R7ZeL\nsGK6kTOcX4QU2aPHrFOlpdEKyfnhFTXEFyli3d6bEPw7KeplBFe/aj2Rf1dRFiWa\ny4YA89BAXWyJX4xpvX7k3gQMSL+CZ79sZiahHNr7BR5ByUCZEbJS8wC4C0KVNKcl\nqNhLNQKBgQDFNEigM6t83WJhg+8UbAUjW0mL59J232zdQmPhk30mzQfdFcs0HjtJ\n//NYiC4X0hGoW6H/KiicLlbSFFaNwc56c6InbU270iy9nSMhIQmcrhbumX0wD9n+\nLW5bLfTgCC7gTFRjS8Kdg3BhKRwngiZOzFb3GVQyuOOMJg1fW1Ll8g==\n-----END RSA PRIVATE KEY-----\n",
            "renewal_eligibility": "INELIGIBLE",
            "renewal_summary": [],
            "status": "ISSUED",
            "subject_alternative_names": [
              "*.elb.amazonaws.com",
              "localhost",
              "petclinic.local"
            ],
            "tags": {
              "Environment": "prod",
              "ManagedBy": "Terraform",
              "Name": "petclinic-prod-self-signed-cert",
              "Owner": "Binome-ISI",
              "Project": "petclinic"
            },
            "tags_all": {
              "Environment": "prod",
              "ManagedBy": "Terraform",
              "Name": "petclinic-prod-self-signed-cert",
              "Owner": "Binome-ISI",
              "Project": "petclinic"
            },
            "type": "IMPORTED",
            "validation_emails": [],
            "validation_method": "NONE",
            "validation_option": []
          },
          "sensitive_attributes": [
            [
              {
                "type": "get_attr",
                "value": "private_key"
              }
            ]
          ],
          "private": "bnVsbA==",
          "dependencies": [
            "tls_private_key.main",
            "tls_self_signed_cert.main"
          ]
        }
      ]
    },
    {
      "mode": "managed",
      "type": "aws_autoscaling_group",
      "name": "app",
      "provider": "provider[\"registry.terraform.io/hashicorp/aws\"]",
      "instances": []
    },
    {
      "mode": "managed",
      "type": "aws_autoscaling_policy",
      "name": "cpu_scaling",
      "provider": "provider[\"registry.terraform.io/hashicorp/aws\"]",
      "instances": []
    },
    {
      "mode": "managed",
      "type": "aws_db_instance",
      "name": "db",
      "provider": "provider[\"registry.terraform.io/hashicorp/aws\"]",
      "instances": []
    },
    {
      "mode": "managed",
      "type": "aws_eip",
      "name": "nat",
      "provider": "provider[\"registry.terraform.io/hashicorp/aws\"]",
      "instances": [
        {
          "index_key": 0,
          "schema_version": 0,
          "attributes": {
            "address": null,
            "allocation_id": "eipalloc-07a8bbf7cdefabf58",
            "arn": "arn:aws:ec2:us-east-1:878617118606:elastic-ip/eipalloc-07a8bbf7cdefabf58",
            "associate_with_private_ip": null,
            "association_id": "",
            "carrier_ip": "",
            "customer_owned_ip": "",
            "customer_owned_ipv4_pool": "",
            "domain": "vpc",
            "id": "eipalloc-07a8bbf7cdefabf58",
            "instance": "",
            "ipam_pool_id": null,
            "network_border_group": "us-east-1",
            "network_interface": "",
            "private_dns": null,
            "private_ip": "",
            "ptr_record": "",
            "public_dns": "ec2-54-174-99-247.compute-1.amazonaws.com",
            "public_ip": "54.174.99.247",
            "public_ipv4_pool": "amazon",
            "tags": {
              "Environment": "prod",
              "ManagedBy": "Terraform",
              "Name": "petclinic-prod-nat-eip-us-east-1a",
              "Owner": "Binome-ISI",
              "Project": "petclinic"
            },
            "tags_all": {
              "Environment": "prod",
              "ManagedBy": "Terraform",
              "Name": "petclinic-prod-nat-eip-us-east-1a",
              "Owner": "Binome-ISI",
              "Project": "petclinic"
            },
            "timeouts": null,
            "vpc": true
          },
          "sensitive_attributes": [],
          "private": "eyJlMmJmYjczMC1lY2FhLTExZTYtOGY4OC0zNDM2M2JjN2M0YzAiOnsiZGVsZXRlIjoxODAwMDAwMDAwMDAsInJlYWQiOjkwMDAwMDAwMDAwMCwidXBkYXRlIjozMDAwMDAwMDAwMDB9fQ=="
        },
        {
          "index_key": 1,
          "schema_version": 0,
          "attributes": {
            "address": null,
            "allocation_id": "eipalloc-0f5183ab87abd35ca",
            "arn": "arn:aws:ec2:us-east-1:878617118606:elastic-ip/eipalloc-0f5183ab87abd35ca",
            "associate_with_private_ip": null,
            "association_id": "",
            "carrier_ip": "",
            "customer_owned_ip": "",
            "customer_owned_ipv4_pool": "",
            "domain": "vpc",
            "id": "eipalloc-0f5183ab87abd35ca",
            "instance": "",
            "ipam_pool_id": null,
            "network_border_group": "us-east-1",
            "network_interface": "",
            "private_dns": null,
            "private_ip": "",
            "ptr_record": "",
            "public_dns": "ec2-34-238-79-97.compute-1.amazonaws.com",
            "public_ip": "34.238.79.97",
            "public_ipv4_pool": "amazon",
            "tags": {
              "Environment": "prod",
              "ManagedBy": "Terraform",
              "Name": "petclinic-prod-nat-eip-us-east-1b",
              "Owner": "Binome-ISI",
              "Project": "petclinic"
            },
            "tags_all": {
              "Environment": "prod",
              "ManagedBy": "Terraform",
              "Name": "petclinic-prod-nat-eip-us-east-1b",
              "Owner": "Binome-ISI",
              "Project": "petclinic"
            },
            "timeouts": null,
            "vpc": true
          },
          "sensitive_attributes": [],
          "private": "eyJlMmJmYjczMC1lY2FhLTExZTYtOGY4OC0zNDM2M2JjN2M0YzAiOnsiZGVsZXRlIjoxODAwMDAwMDAwMDAsInJlYWQiOjkwMDAwMDAwMDAwMCwidXBkYXRlIjozMDAwMDAwMDAwMDB9fQ=="
        }
      ]
    },
    {
      "mode": "managed",
      "type": "aws_iam_instance_profile",
      "name": "ec2_profile",
      "provider": "provider[\"registry.terraform.io/hashicorp/aws\"]",
      "instances": []
    },
    {
      "mode": "managed",
      "type": "aws_iam_policy",
      "name": "ec2_custom_policy",
      "provider": "provider[\"registry.terraform.io/hashicorp/aws\"]",
      "instances": []
    },
    {
      "mode": "managed",
      "type": "aws_iam_role_policy_attachment",
      "name": "ec2_custom",
      "provider": "provider[\"registry.terraform.io/hashicorp/aws\"]",
      "instances": []
    },
    {
      "mode": "managed",
      "type": "aws_iam_role_policy_attachment",
      "name": "ssm",
      "provider": "provider[\"registry.terraform.io/hashicorp/aws\"]",
      "instances": []
    },
    {
      "mode": "managed",
      "type": "aws_internet_gateway",
      "name": "igw",
      "provider": "provider[\"registry.terraform.io/hashicorp/aws\"]",
      "instances": [
        {
          "schema_version": 0,
          "attributes": {
            "arn": "arn:aws:ec2:us-east-1:878617118606:internet-gateway/igw-03f24127842ae14bc",
            "id": "igw-03f24127842ae14bc",
            "owner_id": "878617118606",
            "tags": {
              "Environment": "prod",
              "ManagedBy": "Terraform",
              "Name": "petclinic-prod-igw",
              "Owner": "Binome-ISI",
              "Project": "petclinic"
            },
            "tags_all": {
              "Environment": "prod",
              "ManagedBy": "Terraform",
              "Name": "petclinic-prod-igw",
              "Owner": "Binome-ISI",
              "Project": "petclinic"
            },
            "timeouts": null,
            "vpc_id": "vpc-04addd499cea975e3"
          },
          "sensitive_attributes": [],
          "private": "eyJlMmJmYjczMC1lY2FhLTExZTYtOGY4OC0zNDM2M2JjN2M0YzAiOnsiY3JlYXRlIjoxMjAwMDAwMDAwMDAwLCJkZWxldGUiOjEyMDAwMDAwMDAwMDAsInVwZGF0ZSI6MTIwMDAwMDAwMDAwMH19",
          "dependencies": [
            "aws_vpc.main"
          ]
        }
      ]
    },
    {
      "mode": "managed",
      "type": "aws_kms_alias",
      "name": "main",
      "provider": "provider[\"registry.terraform.io/hashicorp/aws\"]",
      "instances": []
    },
    {
      "mode": "managed",
      "type": "aws_kms_key",
      "name": "main",
      "provider": "provider[\"registry.terraform.io/hashicorp/aws\"]",
      "instances": []
    },
    {
      "mode": "managed",
      "type": "aws_launch_template",
      "name": "app",
      "provider": "provider[\"registry.terraform.io/hashicorp/aws\"]",
      "instances": []
    },
    {
      "mode": "managed",
      "type": "aws_lb_listener",
      "name": "http",
      "provider": "provider[\"registry.terraform.io/hashicorp/aws\"]",
      "instances": []
    },
    {
      "mode": "managed",
      "type": "aws_lb_listener",
      "name": "https",
      "provider": "provider[\"registry.terraform.io/hashicorp/aws\"]",
      "instances": []
    },
    {
      "mode": "managed",
      "type": "aws_nat_gateway",
      "name": "nat",
      "provider": "provider[\"registry.terraform.io/hashicorp/aws\"]",
      "instances": [
        {
          "index_key": 0,
          "schema_version": 0,
          "attributes": {
            "allocation_id": "eipalloc-07a8bbf7cdefabf58",
            "association_id": "eipassoc-04e8280e843194d9c",
            "connectivity_type": "public",
            "id": "nat-07385e4abc131f570",
            "network_interface_id": "eni-086f62934cb0e591a",
            "private_ip": "10.0.0.16",
            "public_ip": "54.174.99.247",
            "secondary_allocation_ids": null,
            "secondary_private_ip_address_count": 0,
            "secondary_private_ip_addresses": [],
            "subnet_id": "subnet-05b8ab731fd2c9165",
            "tags": {
              "Environment": "prod",
              "ManagedBy": "Terraform",
              "Name": "petclinic-prod-nat-gw-us-east-1a",
              "Owner": "Binome-ISI",
              "Project": "petclinic"
            },
            "tags_all": {
              "Environment": "prod",
              "ManagedBy": "Terraform",
              "Name": "petclinic-prod-nat-gw-us-east-1a",
              "Owner": "Binome-ISI",
              "Project": "petclinic"
            },
            "timeouts": null
          },
          "sensitive_attributes": [],
          "private": "eyJlMmJmYjczMC1lY2FhLTExZTYtOGY4OC0zNDM2M2JjN2M0YzAiOnsiY3JlYXRlIjo2MDAwMDAwMDAwMDAsImRlbGV0ZSI6MTgwMDAwMDAwMDAwMCwidXBkYXRlIjo2MDAwMDAwMDAwMDB9fQ==",
          "dependencies": [
            "aws_eip.nat",
            "aws_internet_gateway.igw",
            "aws_subnet.public",
            "aws_vpc.main"
          ]
        },
        {
          "index_key": 1,
          "schema_version": 0,
          "attributes": {
            "allocation_id": "eipalloc-0f5183ab87abd35ca",
            "association_id": "eipassoc-00a0078b754cbfe13",
            "connectivity_type": "public",
            "id": "nat-0e4375f7f88203c86",
            "network_interface_id": "eni-0435a3c83f14a7cf2",
            "private_ip": "10.0.1.156",
            "public_ip": "34.238.79.97",
            "secondary_allocation_ids": null,
            "secondary_private_ip_address_count": 0,
            "secondary_private_ip_addresses": [],
            "subnet_id": "subnet-014ac25ef2595e7b0",
            "tags": {
              "Environment": "prod",
              "ManagedBy": "Terraform",
              "Name": "petclinic-prod-nat-gw-us-east-1b",
              "Owner": "Binome-ISI",
              "Project": "petclinic"
            },
            "tags_all": {
              "Environment": "prod",
              "ManagedBy": "Terraform",
              "Name": "petclinic-prod-nat-gw-us-east-1b",
              "Owner": "Binome-ISI",
              "Project": "petclinic"
            },
            "timeouts": null
          },
          "sensitive_attributes": [],
          "private": "eyJlMmJmYjczMC1lY2FhLTExZTYtOGY4OC0zNDM2M2JjN2M0YzAiOnsiY3JlYXRlIjo2MDAwMDAwMDAwMDAsImRlbGV0ZSI6MTgwMDAwMDAwMDAwMCwidXBkYXRlIjo2MDAwMDAwMDAwMDB9fQ==",
          "dependencies": [
            "aws_eip.nat",
            "aws_internet_gateway.igw",
            "aws_subnet.public",
            "aws_vpc.main"
          ]
        }
      ]
    },
    {
      "mode": "managed",
      "type": "aws_route_table",
      "name": "private",
      "provider": "provider[\"registry.terraform.io/hashicorp/aws\"]",
      "instances": [
        {
          "index_key": 0,
          "schema_version": 0,
          "attributes": {
            "arn": "arn:aws:ec2:us-east-1:878617118606:route-table/rtb-0604d27efba6491df",
            "id": "rtb-0604d27efba6491df",
            "owner_id": "878617118606",
            "propagating_vgws": [],
            "route": [
              {
                "carrier_gateway_id": "",
                "cidr_block": "0.0.0.0/0",
                "core_network_arn": "",
                "destination_prefix_list_id": "",
                "egress_only_gateway_id": "",
                "gateway_id": "",
                "ipv6_cidr_block": "",
                "local_gateway_id": "",
                "nat_gateway_id": "nat-07385e4abc131f570",
                "network_interface_id": "",
                "transit_gateway_id": "",
                "vpc_endpoint_id": "",
                "vpc_peering_connection_id": ""
              }
            ],
            "tags": {
              "Environment": "prod",
              "ManagedBy": "Terraform",
              "Name": "petclinic-prod-private-rt-us-east-1a",
              "Owner": "Binome-ISI",
              "Project": "petclinic"
            },
            "tags_all": {
              "Environment": "prod",
              "ManagedBy": "Terraform",
              "Name": "petclinic-prod-private-rt-us-east-1a",
              "Owner": "Binome-ISI",
              "Project": "petclinic"
            },
            "timeouts": null,
            "vpc_id": "vpc-04addd499cea975e3"
          },
          "sensitive_attributes": [],
          "private": "eyJlMmJmYjczMC1lY2FhLTExZTYtOGY4OC0zNDM2M2JjN2M0YzAiOnsiY3JlYXRlIjozMDAwMDAwMDAwMDAsImRlbGV0ZSI6MzAwMDAwMDAwMDAwLCJ1cGRhdGUiOjEyMDAwMDAwMDAwMH19",
          "dependencies": [
            "aws_eip.nat",
            "aws_internet_gateway.igw",
            "aws_nat_gateway.nat",
            "aws_subnet.public",
            "aws_vpc.main"
          ]
        },
        {
          "index_key": 1,
          "schema_version": 0,
          "attributes": {
            "arn": "arn:aws:ec2:us-east-1:878617118606:route-table/rtb-018c4059392bc4f79",
            "id": "rtb-018c4059392bc4f79",
            "owner_id": "878617118606",
            "propagating_vgws": [],
            "route": [
              {
                "carrier_gateway_id": "",
                "cidr_block": "0.0.0.0/0",
                "core_network_arn": "",
                "destination_prefix_list_id": "",
                "egress_only_gateway_id": "",
                "gateway_id": "",
                "ipv6_cidr_block": "",
                "local_gateway_id": "",
                "nat_gateway_id": "nat-0e4375f7f88203c86",
                "network_interface_id": "",
                "transit_gateway_id": "",
                "vpc_endpoint_id": "",
                "vpc_peering_connection_id": ""
              }
            ],
            "tags": {
              "Environment": "prod",
              "ManagedBy": "Terraform",
              "Name": "petclinic-prod-private-rt-us-east-1b",
              "Owner": "Binome-ISI",
              "Project": "petclinic"
            },
            "tags_all": {
              "Environment": "prod",
              "ManagedBy": "Terraform",
              "Name": "petclinic-prod-private-rt-us-east-1b",
              "Owner": "Binome-ISI",
              "Project": "petclinic"
            },
            "timeouts": null,
            "vpc_id": "vpc-04addd499cea975e3"
          },
          "sensitive_attributes": [],
          "private": "eyJlMmJmYjczMC1lY2FhLTExZTYtOGY4OC0zNDM2M2JjN2M0YzAiOnsiY3JlYXRlIjozMDAwMDAwMDAwMDAsImRlbGV0ZSI6MzAwMDAwMDAwMDAwLCJ1cGRhdGUiOjEyMDAwMDAwMDAwMH19",
          "dependencies": [
            "aws_eip.nat",
            "aws_internet_gateway.igw",
            "aws_nat_gateway.nat",
            "aws_subnet.public",
            "aws_vpc.main"
          ]
        }
      ]
    },
    {
      "mode": "managed",
      "type": "aws_route_table",
      "name": "public",
      "provider": "provider[\"registry.terraform.io/hashicorp/aws\"]",
      "instances": [
        {
          "schema_version": 0,
          "attributes": {
            "arn": "arn:aws:ec2:us-east-1:878617118606:route-table/rtb-07fd8cc9d14546d38",
            "id": "rtb-07fd8cc9d14546d38",
            "owner_id": "878617118606",
            "propagating_vgws": [],
            "route": [
              {
                "carrier_gateway_id": "",
                "cidr_block": "0.0.0.0/0",
                "core_network_arn": "",
                "destination_prefix_list_id": "",
                "egress_only_gateway_id": "",
                "gateway_id": "igw-03f24127842ae14bc",
                "ipv6_cidr_block": "",
                "local_gateway_id": "",
                "nat_gateway_id": "",
                "network_interface_id": "",
                "transit_gateway_id": "",
                "vpc_endpoint_id": "",
                "vpc_peering_connection_id": ""
              }
            ],
            "tags": {
              "Environment": "prod",
              "ManagedBy": "Terraform",
              "Name": "petclinic-prod-public-rt",
              "Owner": "Binome-ISI",
              "Project": "petclinic"
            },
            "tags_all": {
              "Environment": "prod",
              "ManagedBy": "Terraform",
              "Name": "petclinic-prod-public-rt",
              "Owner": "Binome-ISI",
              "Project": "petclinic"
            },
            "timeouts": null,
            "vpc_id": "vpc-04addd499cea975e3"
          },
          "sensitive_attributes": [],
          "private": "eyJlMmJmYjczMC1lY2FhLTExZTYtOGY4OC0zNDM2M2JjN2M0YzAiOnsiY3JlYXRlIjozMDAwMDAwMDAwMDAsImRlbGV0ZSI6MzAwMDAwMDAwMDAwLCJ1cGRhdGUiOjEyMDAwMDAwMDAwMH19",
          "dependencies": [
            "aws_internet_gateway.igw",
            "aws_vpc.main"
          ]
        }
      ]
    },
    {
      "mode": "managed",
      "type": "aws_route_table_association",
      "name": "private_app",
      "provider": "provider[\"registry.terraform.io/hashicorp/aws\"]",
      "instances": [
        {
          "index_key": 0,
          "schema_version": 0,
          "attributes": {
            "gateway_id": "",
            "id": "rtbassoc-032c1bce374ca8e65",
            "route_table_id": "rtb-0604d27efba6491df",
            "subnet_id": "subnet-0df6f0c960d678f8a",
            "timeouts": null
          },
          "sensitive_attributes": [],
          "private": "eyJlMmJmYjczMC1lY2FhLTExZTYtOGY4OC0zNDM2M2JjN2M0YzAiOnsiY3JlYXRlIjozMDAwMDAwMDAwMDAsImRlbGV0ZSI6MzAwMDAwMDAwMDAwLCJ1cGRhdGUiOjEyMDAwMDAwMDAwMH19",
          "dependencies": [
            "aws_eip.nat",
            "aws_internet_gateway.igw",
            "aws_nat_gateway.nat",
            "aws_route_table.private",
            "aws_subnet.private_app",
            "aws_subnet.public",
            "aws_vpc.main"
          ]
        },
        {
          "index_key": 1,
          "schema_version": 0,
          "attributes": {
            "gateway_id": "",
            "id": "rtbassoc-06459a817baa37d88",
            "route_table_id": "rtb-018c4059392bc4f79",
            "subnet_id": "subnet-0e11f2a4f6ed78b1c",
            "timeouts": null
          },
          "sensitive_attributes": [],
          "private": "eyJlMmJmYjczMC1lY2FhLTExZTYtOGY4OC0zNDM2M2JjN2M0YzAiOnsiY3JlYXRlIjozMDAwMDAwMDAwMDAsImRlbGV0ZSI6MzAwMDAwMDAwMDAwLCJ1cGRhdGUiOjEyMDAwMDAwMDAwMH19",
          "dependencies": [
            "aws_eip.nat",
            "aws_internet_gateway.igw",
            "aws_nat_gateway.nat",
            "aws_route_table.private",
            "aws_subnet.private_app",
            "aws_subnet.public",
            "aws_vpc.main"
          ]
        }
      ]
    },
    {
      "mode": "managed",
      "type": "aws_route_table_association",
      "name": "private_db",
      "provider": "provider[\"registry.terraform.io/hashicorp/aws\"]",
      "instances": [
        {
          "index_key": 0,
          "schema_version": 0,
          "attributes": {
            "gateway_id": "",
            "id": "rtbassoc-0d1bd570651cdb1eb",
            "route_table_id": "rtb-0604d27efba6491df",
            "subnet_id": "subnet-0b8ad68ce30a0b796",
            "timeouts": null
          },
          "sensitive_attributes": [],
          "private": "eyJlMmJmYjczMC1lY2FhLTExZTYtOGY4OC0zNDM2M2JjN2M0YzAiOnsiY3JlYXRlIjozMDAwMDAwMDAwMDAsImRlbGV0ZSI6MzAwMDAwMDAwMDAwLCJ1cGRhdGUiOjEyMDAwMDAwMDAwMH19",
          "dependencies": [
            "aws_eip.nat",
            "aws_internet_gateway.igw",
            "aws_nat_gateway.nat",
            "aws_route_table.private",
            "aws_subnet.private_db",
            "aws_subnet.public",
            "aws_vpc.main"
          ]
        },
        {
          "index_key": 1,
          "schema_version": 0,
          "attributes": {
            "gateway_id": "",
            "id": "rtbassoc-053b7334cf943fb26",
            "route_table_id": "rtb-018c4059392bc4f79",
            "subnet_id": "subnet-02297b192a2093447",
            "timeouts": null
          },
          "sensitive_attributes": [],
          "private": "eyJlMmJmYjczMC1lY2FhLTExZTYtOGY4OC0zNDM2M2JjN2M0YzAiOnsiY3JlYXRlIjozMDAwMDAwMDAwMDAsImRlbGV0ZSI6MzAwMDAwMDAwMDAwLCJ1cGRhdGUiOjEyMDAwMDAwMDAwMH19",
          "dependencies": [
            "aws_eip.nat",
            "aws_internet_gateway.igw",
            "aws_nat_gateway.nat",
            "aws_route_table.private",
            "aws_subnet.private_db",
            "aws_subnet.public",
            "aws_vpc.main"
          ]
        }
      ]
    },
    {
      "mode": "managed",
      "type": "aws_route_table_association",
      "name": "public",
      "provider": "provider[\"registry.terraform.io/hashicorp/aws\"]",
      "instances": [
        {
          "index_key": 0,
          "schema_version": 0,
          "attributes": {
            "gateway_id": "",
            "id": "rtbassoc-0314438012297e16c",
            "route_table_id": "rtb-07fd8cc9d14546d38",
            "subnet_id": "subnet-05b8ab731fd2c9165",
            "timeouts": null
          },
          "sensitive_attributes": [],
          "private": "eyJlMmJmYjczMC1lY2FhLTExZTYtOGY4OC0zNDM2M2JjN2M0YzAiOnsiY3JlYXRlIjozMDAwMDAwMDAwMDAsImRlbGV0ZSI6MzAwMDAwMDAwMDAwLCJ1cGRhdGUiOjEyMDAwMDAwMDAwMH19",
          "dependencies": [
            "aws_internet_gateway.igw",
            "aws_route_table.public",
            "aws_subnet.public",
            "aws_vpc.main"
          ]
        },
        {
          "index_key": 1,
          "schema_version": 0,
          "attributes": {
            "gateway_id": "",
            "id": "rtbassoc-06be9414b48d76ddb",
            "route_table_id": "rtb-07fd8cc9d14546d38",
            "subnet_id": "subnet-014ac25ef2595e7b0",
            "timeouts": null
          },
          "sensitive_attributes": [],
          "private": "eyJlMmJmYjczMC1lY2FhLTExZTYtOGY4OC0zNDM2M2JjN2M0YzAiOnsiY3JlYXRlIjozMDAwMDAwMDAwMDAsImRlbGV0ZSI6MzAwMDAwMDAwMDAwLCJ1cGRhdGUiOjEyMDAwMDAwMDAwMH19",
          "dependencies": [
            "aws_internet_gateway.igw",
            "aws_route_table.public",
            "aws_subnet.public",
            "aws_vpc.main"
          ]
        }
      ]
    },
    {
      "mode": "managed",
      "type": "aws_s3_bucket",
      "name": "deploy",
      "provider": "provider[\"registry.terraform.io/hashicorp/aws\"]",
      "instances": [
        {
          "schema_version": 0,
          "attributes": {
            "acceleration_status": "",
            "acl": null,
            "arn": "arn:aws:s3:::petclinic-prod-deploy-gx0sbm",
            "bucket": "petclinic-prod-deploy-gx0sbm",
            "bucket_domain_name": "petclinic-prod-deploy-gx0sbm.s3.amazonaws.com",
            "bucket_prefix": "",
            "bucket_regional_domain_name": "petclinic-prod-deploy-gx0sbm.s3.us-east-1.amazonaws.com",
            "cors_rule": [],
            "force_destroy": true,
            "grant": [
              {
                "id": "b103077a279c0c291e9d5e745f20cde53cfec8445331d256903f69a130c9021d",
                "permissions": [
                  "FULL_CONTROL"
                ],
                "type": "CanonicalUser",
                "uri": ""
              }
            ],
            "hosted_zone_id": "Z3AQBSTGFYJSTF",
            "id": "petclinic-prod-deploy-gx0sbm",
            "lifecycle_rule": [],
            "logging": [],
            "object_lock_configuration": [],
            "object_lock_enabled": false,
            "policy": "",
            "region": "us-east-1",
            "replication_configuration": [],
            "request_payer": "BucketOwner",
            "server_side_encryption_configuration": [
              {
                "rule": [
                  {
                    "apply_server_side_encryption_by_default": [
                      {
                        "kms_master_key_id": "",
                        "sse_algorithm": "AES256"
                      }
                    ],
                    "bucket_key_enabled": false
                  }
                ]
              }
            ],
            "tags": {
              "Environment": "prod",
              "ManagedBy": "Terraform",
              "Owner": "Binome-ISI",
              "Project": "petclinic"
            },
            "tags_all": {
              "Environment": "prod",
              "ManagedBy": "Terraform",
              "Owner": "Binome-ISI",
              "Project": "petclinic"
            },
            "timeouts": null,
            "versioning": [
              {
                "enabled": false,
                "mfa_delete": false
              }
            ],
            "website": [],
            "website_domain": null,
            "website_endpoint": null
          },
          "sensitive_attributes": [],
          "private": "eyJlMmJmYjczMC1lY2FhLTExZTYtOGY4OC0zNDM2M2JjN2M0YzAiOnsiY3JlYXRlIjoxMjAwMDAwMDAwMDAwLCJkZWxldGUiOjM2MDAwMDAwMDAwMDAsInJlYWQiOjEyMDAwMDAwMDAwMDAsInVwZGF0ZSI6MTIwMDAwMDAwMDAwMH19",
          "dependencies": [
            "random_string.suffix"
          ],
          "create_before_destroy": true
        }
      ]
    },
    {
      "mode": "managed",
      "type": "aws_s3_bucket_public_access_block",
      "name": "deploy",
      "provider": "provider[\"registry.terraform.io/hashicorp/aws\"]",
      "instances": [
        {
          "schema_version": 0,
          "attributes": {
            "block_public_acls": true,
            "block_public_policy": true,
            "bucket": "petclinic-prod-deploy-gx0sbm",
            "id": "petclinic-prod-deploy-gx0sbm",
            "ignore_public_acls": true,
            "restrict_public_buckets": true
          },
          "sensitive_attributes": [],
          "private": "bnVsbA==",
          "dependencies": [
            "aws_s3_bucket.deploy",
            "random_string.suffix"
          ]
        }
      ]
    },
    {
      "mode": "managed",
      "type": "aws_s3_bucket_server_side_encryption_configuration",
      "name": "deploy",
      "provider": "provider[\"registry.terraform.io/hashicorp/aws\"]",
      "instances": []
    },
    {
      "mode": "managed",
      "type": "aws_s3_object",
      "name": "app_jar",
      "provider": "provider[\"registry.terraform.io/hashicorp/aws\"]",
      "instances": []
    },
    {
      "mode": "managed",
      "type": "aws_secretsmanager_secret",
      "name": "db_secret",
      "provider": "provider[\"registry.terraform.io/hashicorp/aws\"]",
      "instances": []
    },
    {
      "mode": "managed",
      "type": "aws_secretsmanager_secret_version",
      "name": "db_secret_val",
      "provider": "provider[\"registry.terraform.io/hashicorp/aws\"]",
      "instances": []
    },
    {
      "mode": "managed",
      "type": "aws_security_group",
      "name": "alb",
      "provider": "provider[\"registry.terraform.io/hashicorp/aws\"]",
      "instances": [
        {
          "schema_version": 1,
          "attributes": {
            "arn": "arn:aws:ec2:us-east-1:878617118606:security-group/sg-0c0a2e4ef88041298",
            "description": "Security group for ALB allowing HTTP and HTTPS",
            "egress": [
              {
                "cidr_blocks": [
                  "0.0.0.0/0"
                ],
                "description": "Allow all outbound traffic",
                "from_port": 0,
                "ipv6_cidr_blocks": [],
                "prefix_list_ids": [],
                "protocol": "-1",
                "security_groups": [],
                "self": false,
                "to_port": 0
              }
            ],
            "id": "sg-0c0a2e4ef88041298",
            "ingress": [
              {
                "cidr_blocks": [
                  "0.0.0.0/0"
                ],
                "description": "Allow HTTP",
                "from_port": 80,
                "ipv6_cidr_blocks": [],
                "prefix_list_ids": [],
                "protocol": "tcp",
                "security_groups": [],
                "self": false,
                "to_port": 80
              },
              {
                "cidr_blocks": [
                  "0.0.0.0/0"
                ],
                "description": "Allow HTTPS",
                "from_port": 443,
                "ipv6_cidr_blocks": [],
                "prefix_list_ids": [],
                "protocol": "tcp",
                "security_groups": [],
                "self": false,
                "to_port": 443
              }
            ],
            "name": "petclinic-prod-alb-sg",
            "name_prefix": "",
            "owner_id": "878617118606",
            "revoke_rules_on_delete": false,
            "tags": {
              "Environment": "prod",
              "ManagedBy": "Terraform",
              "Name": "petclinic-prod-alb-sg",
              "Owner": "Binome-ISI",
              "Project": "petclinic"
            },
            "tags_all": {
              "Environment": "prod",
              "ManagedBy": "Terraform",
              "Name": "petclinic-prod-alb-sg",
              "Owner": "Binome-ISI",
              "Project": "petclinic"
            },
            "timeouts": null,
            "vpc_id": "vpc-04addd499cea975e3"
          },
          "sensitive_attributes": [],
          "private": "eyJlMmJmYjczMC1lY2FhLTExZTYtOGY4OC0zNDM2M2JjN2M0YzAiOnsiY3JlYXRlIjo2MDAwMDAwMDAwMDAsImRlbGV0ZSI6OTAwMDAwMDAwMDAwfSwic2NoZW1hX3ZlcnNpb24iOiIxIn0=",
          "dependencies": [
            "aws_vpc.main"
          ],
          "create_before_destroy": true
        }
      ]
    },
    {
      "mode": "managed",
      "type": "aws_security_group",
      "name": "app",
      "provider": "provider[\"registry.terraform.io/hashicorp/aws\"]",
      "instances": [
        {
          "schema_version": 1,
          "attributes": {
            "arn": "arn:aws:ec2:us-east-1:878617118606:security-group/sg-0bd324f6a606f119d",
            "description": "Security group for App EC2 instances",
            "egress": [
              {
                "cidr_blocks": [
                  "0.0.0.0/0"
                ],
                "description": "Allow all outbound traffic",
                "from_port": 0,
                "ipv6_cidr_blocks": [],
                "prefix_list_ids": [],
                "protocol": "-1",
                "security_groups": [],
                "self": false,
                "to_port": 0
              }
            ],
            "id": "sg-0bd324f6a606f119d",
            "ingress": [
              {
                "cidr_blocks": [],
                "description": "Allow port 8080 from ALB",
                "from_port": 8080,
                "ipv6_cidr_blocks": [],
                "prefix_list_ids": [],
                "protocol": "tcp",
                "security_groups": [
                  "sg-0c0a2e4ef88041298"
                ],
                "self": false,
                "to_port": 8080
              }
            ],
            "name": "petclinic-prod-app-sg",
            "name_prefix": "",
            "owner_id": "878617118606",
            "revoke_rules_on_delete": false,
            "tags": {
              "Environment": "prod",
              "ManagedBy": "Terraform",
              "Name": "petclinic-prod-app-sg",
              "Owner": "Binome-ISI",
              "Project": "petclinic"
            },
            "tags_all": {
              "Environment": "prod",
              "ManagedBy": "Terraform",
              "Name": "petclinic-prod-app-sg",
              "Owner": "Binome-ISI",
              "Project": "petclinic"
            },
            "timeouts": null,
            "vpc_id": "vpc-04addd499cea975e3"
          },
          "sensitive_attributes": [],
          "private": "eyJlMmJmYjczMC1lY2FhLTExZTYtOGY4OC0zNDM2M2JjN2M0YzAiOnsiY3JlYXRlIjo2MDAwMDAwMDAwMDAsImRlbGV0ZSI6OTAwMDAwMDAwMDAwfSwic2NoZW1hX3ZlcnNpb24iOiIxIn0=",
          "dependencies": [
            "aws_security_group.alb",
            "aws_vpc.main"
          ],
          "create_before_destroy": true
        }
      ]
    },
    {
      "mode": "managed",
      "type": "aws_security_group",
      "name": "rds_db",
      "provider": "provider[\"registry.terraform.io/hashicorp/aws\"]",
      "instances": [
        {
          "schema_version": 1,
          "attributes": {
            "arn": "arn:aws:ec2:us-east-1:878617118606:security-group/sg-08b172103e76707e4",
            "description": "Security group for RDS MySQL",
            "egress": [
              {
                "cidr_blocks": [
                  "0.0.0.0/0"
                ],
                "description": "Allow all outbound traffic",
                "from_port": 0,
                "ipv6_cidr_blocks": [],
                "prefix_list_ids": [],
                "protocol": "-1",
                "security_groups": [],
                "self": false,
                "to_port": 0
              }
            ],
            "id": "sg-08b172103e76707e4",
            "ingress": [
              {
                "cidr_blocks": [],
                "description": "Allow MySQL traffic directly from EC2 instances",
                "from_port": 3306,
                "ipv6_cidr_blocks": [],
                "prefix_list_ids": [],
                "protocol": "tcp",
                "security_groups": [
                  "sg-0bd324f6a606f119d"
                ],
                "self": false,
                "to_port": 3306
              }
            ],
            "name": "petclinic-prod-rds-db-sg",
            "name_prefix": "",
            "owner_id": "878617118606",
            "revoke_rules_on_delete": false,
            "tags": {
              "Environment": "prod",
              "ManagedBy": "Terraform",
              "Name": "petclinic-prod-rds-db-sg",
              "Owner": "Binome-ISI",
              "Project": "petclinic"
            },
            "tags_all": {
              "Environment": "prod",
              "ManagedBy": "Terraform",
              "Name": "petclinic-prod-rds-db-sg",
              "Owner": "Binome-ISI",
              "Project": "petclinic"
            },
            "timeouts": null,
            "vpc_id": "vpc-04addd499cea975e3"
          },
          "sensitive_attributes": [],
          "private": "eyJlMmJmYjczMC1lY2FhLTExZTYtOGY4OC0zNDM2M2JjN2M0YzAiOnsiY3JlYXRlIjo2MDAwMDAwMDAwMDAsImRlbGV0ZSI6OTAwMDAwMDAwMDAwfSwic2NoZW1hX3ZlcnNpb24iOiIxIn0=",
          "dependencies": [
            "aws_security_group.alb",
            "aws_security_group.app",
            "aws_vpc.main"
          ],
          "create_before_destroy": true
        }
      ]
    },
    {
      "mode": "managed",
      "type": "aws_subnet",
      "name": "private_app",
      "provider": "provider[\"registry.terraform.io/hashicorp/aws\"]",
      "instances": [
        {
          "index_key": 0,
          "schema_version": 1,
          "attributes": {
            "arn": "arn:aws:ec2:us-east-1:878617118606:subnet/subnet-0df6f0c960d678f8a",
            "assign_ipv6_address_on_creation": false,
            "availability_zone": "us-east-1a",
            "availability_zone_id": "use1-az1",
            "cidr_block": "10.0.10.0/24",
            "customer_owned_ipv4_pool": "",
            "enable_dns64": false,
            "enable_lni_at_device_index": 0,
            "enable_resource_name_dns_a_record_on_launch": false,
            "enable_resource_name_dns_aaaa_record_on_launch": false,
            "id": "subnet-0df6f0c960d678f8a",
            "ipv6_cidr_block": "",
            "ipv6_cidr_block_association_id": "",
            "ipv6_native": false,
            "map_customer_owned_ip_on_launch": false,
            "map_public_ip_on_launch": false,
            "outpost_arn": "",
            "owner_id": "878617118606",
            "private_dns_hostname_type_on_launch": "ip-name",
            "tags": {
              "Environment": "prod",
              "ManagedBy": "Terraform",
              "Name": "petclinic-prod-private-app-us-east-1a",
              "Owner": "Binome-ISI",
              "Project": "petclinic"
            },
            "tags_all": {
              "Environment": "prod",
              "ManagedBy": "Terraform",
              "Name": "petclinic-prod-private-app-us-east-1a",
              "Owner": "Binome-ISI",
              "Project": "petclinic"
            },
            "timeouts": null,
            "vpc_id": "vpc-04addd499cea975e3"
          },
          "sensitive_attributes": [],
          "private": "eyJlMmJmYjczMC1lY2FhLTExZTYtOGY4OC0zNDM2M2JjN2M0YzAiOnsiY3JlYXRlIjo2MDAwMDAwMDAwMDAsImRlbGV0ZSI6MTIwMDAwMDAwMDAwMH0sInNjaGVtYV92ZXJzaW9uIjoiMSJ9",
          "dependencies": [
            "aws_vpc.main"
          ]
        },
        {
          "index_key": 1,
          "schema_version": 1,
          "attributes": {
            "arn": "arn:aws:ec2:us-east-1:878617118606:subnet/subnet-0e11f2a4f6ed78b1c",
            "assign_ipv6_address_on_creation": false,
            "availability_zone": "us-east-1b",
            "availability_zone_id": "use1-az2",
            "cidr_block": "10.0.11.0/24",
            "customer_owned_ipv4_pool": "",
            "enable_dns64": false,
            "enable_lni_at_device_index": 0,
            "enable_resource_name_dns_a_record_on_launch": false,
            "enable_resource_name_dns_aaaa_record_on_launch": false,
            "id": "subnet-0e11f2a4f6ed78b1c",
            "ipv6_cidr_block": "",
            "ipv6_cidr_block_association_id": "",
            "ipv6_native": false,
            "map_customer_owned_ip_on_launch": false,
            "map_public_ip_on_launch": false,
            "outpost_arn": "",
            "owner_id": "878617118606",
            "private_dns_hostname_type_on_launch": "ip-name",
            "tags": {
              "Environment": "prod",
              "ManagedBy": "Terraform",
              "Name": "petclinic-prod-private-app-us-east-1b",
              "Owner": "Binome-ISI",
              "Project": "petclinic"
            },
            "tags_all": {
              "Environment": "prod",
              "ManagedBy": "Terraform",
              "Name": "petclinic-prod-private-app-us-east-1b",
              "Owner": "Binome-ISI",
              "Project": "petclinic"
            },
            "timeouts": null,
            "vpc_id": "vpc-04addd499cea975e3"
          },
          "sensitive_attributes": [],
          "private": "eyJlMmJmYjczMC1lY2FhLTExZTYtOGY4OC0zNDM2M2JjN2M0YzAiOnsiY3JlYXRlIjo2MDAwMDAwMDAwMDAsImRlbGV0ZSI6MTIwMDAwMDAwMDAwMH0sInNjaGVtYV92ZXJzaW9uIjoiMSJ9",
          "dependencies": [
            "aws_vpc.main"
          ]
        }
      ]
    },
    {
      "mode": "managed",
      "type": "aws_subnet",
      "name": "private_db",
      "provider": "provider[\"registry.terraform.io/hashicorp/aws\"]",
      "instances": [
        {
          "index_key": 0,
          "schema_version": 1,
          "attributes": {
            "arn": "arn:aws:ec2:us-east-1:878617118606:subnet/subnet-0b8ad68ce30a0b796",
            "assign_ipv6_address_on_creation": false,
            "availability_zone": "us-east-1a",
            "availability_zone_id": "use1-az1",
            "cidr_block": "10.0.20.0/24",
            "customer_owned_ipv4_pool": "",
            "enable_dns64": false,
            "enable_lni_at_device_index": 0,
            "enable_resource_name_dns_a_record_on_launch": false,
            "enable_resource_name_dns_aaaa_record_on_launch": false,
            "id": "subnet-0b8ad68ce30a0b796",
            "ipv6_cidr_block": "",
            "ipv6_cidr_block_association_id": "",
            "ipv6_native": false,
            "map_customer_owned_ip_on_launch": false,
            "map_public_ip_on_launch": false,
            "outpost_arn": "",
            "owner_id": "878617118606",
            "private_dns_hostname_type_on_launch": "ip-name",
            "tags": {
              "Environment": "prod",
              "ManagedBy": "Terraform",
              "Name": "petclinic-prod-private-db-us-east-1a",
              "Owner": "Binome-ISI",
              "Project": "petclinic"
            },
            "tags_all": {
              "Environment": "prod",
              "ManagedBy": "Terraform",
              "Name": "petclinic-prod-private-db-us-east-1a",
              "Owner": "Binome-ISI",
              "Project": "petclinic"
            },
            "timeouts": null,
            "vpc_id": "vpc-04addd499cea975e3"
          },
          "sensitive_attributes": [],
          "private": "eyJlMmJmYjczMC1lY2FhLTExZTYtOGY4OC0zNDM2M2JjN2M0YzAiOnsiY3JlYXRlIjo2MDAwMDAwMDAwMDAsImRlbGV0ZSI6MTIwMDAwMDAwMDAwMH0sInNjaGVtYV92ZXJzaW9uIjoiMSJ9",
          "dependencies": [
            "aws_vpc.main"
          ],
          "create_before_destroy": true
        },
        {
          "index_key": 1,
          "schema_version": 1,
          "attributes": {
            "arn": "arn:aws:ec2:us-east-1:878617118606:subnet/subnet-02297b192a2093447",
            "assign_ipv6_address_on_creation": false,
            "availability_zone": "us-east-1b",
            "availability_zone_id": "use1-az2",
            "cidr_block": "10.0.21.0/24",
            "customer_owned_ipv4_pool": "",
            "enable_dns64": false,
            "enable_lni_at_device_index": 0,
            "enable_resource_name_dns_a_record_on_launch": false,
            "enable_resource_name_dns_aaaa_record_on_launch": false,
            "id": "subnet-02297b192a2093447",
            "ipv6_cidr_block": "",
            "ipv6_cidr_block_association_id": "",
            "ipv6_native": false,
            "map_customer_owned_ip_on_launch": false,
            "map_public_ip_on_launch": false,
            "outpost_arn": "",
            "owner_id": "878617118606",
            "private_dns_hostname_type_on_launch": "ip-name",
            "tags": {
              "Environment": "prod",
              "ManagedBy": "Terraform",
              "Name": "petclinic-prod-private-db-us-east-1b",
              "Owner": "Binome-ISI",
              "Project": "petclinic"
            },
            "tags_all": {
              "Environment": "prod",
              "ManagedBy": "Terraform",
              "Name": "petclinic-prod-private-db-us-east-1b",
              "Owner": "Binome-ISI",
              "Project": "petclinic"
            },
            "timeouts": null,
            "vpc_id": "vpc-04addd499cea975e3"
          },
          "sensitive_attributes": [],
          "private": "eyJlMmJmYjczMC1lY2FhLTExZTYtOGY4OC0zNDM2M2JjN2M0YzAiOnsiY3JlYXRlIjo2MDAwMDAwMDAwMDAsImRlbGV0ZSI6MTIwMDAwMDAwMDAwMH0sInNjaGVtYV92ZXJzaW9uIjoiMSJ9",
          "dependencies": [
            "aws_vpc.main"
          ],
          "create_before_destroy": true
        }
      ]
    },
    {
      "mode": "managed",
      "type": "aws_subnet",
      "name": "public",
      "provider": "provider[\"registry.terraform.io/hashicorp/aws\"]",
      "instances": [
        {
          "index_key": 0,
          "schema_version": 1,
          "attributes": {
            "arn": "arn:aws:ec2:us-east-1:878617118606:subnet/subnet-05b8ab731fd2c9165",
            "assign_ipv6_address_on_creation": false,
            "availability_zone": "us-east-1a",
            "availability_zone_id": "use1-az1",
            "cidr_block": "10.0.0.0/24",
            "customer_owned_ipv4_pool": "",
            "enable_dns64": false,
            "enable_lni_at_device_index": 0,
            "enable_resource_name_dns_a_record_on_launch": false,
            "enable_resource_name_dns_aaaa_record_on_launch": false,
            "id": "subnet-05b8ab731fd2c9165",
            "ipv6_cidr_block": "",
            "ipv6_cidr_block_association_id": "",
            "ipv6_native": false,
            "map_customer_owned_ip_on_launch": false,
            "map_public_ip_on_launch": true,
            "outpost_arn": "",
            "owner_id": "878617118606",
            "private_dns_hostname_type_on_launch": "ip-name",
            "tags": {
              "Environment": "prod",
              "ManagedBy": "Terraform",
              "Name": "petclinic-prod-public-us-east-1a",
              "Owner": "Binome-ISI",
              "Project": "petclinic"
            },
            "tags_all": {
              "Environment": "prod",
              "ManagedBy": "Terraform",
              "Name": "petclinic-prod-public-us-east-1a",
              "Owner": "Binome-ISI",
              "Project": "petclinic"
            },
            "timeouts": null,
            "vpc_id": "vpc-04addd499cea975e3"
          },
          "sensitive_attributes": [],
          "private": "eyJlMmJmYjczMC1lY2FhLTExZTYtOGY4OC0zNDM2M2JjN2M0YzAiOnsiY3JlYXRlIjo2MDAwMDAwMDAwMDAsImRlbGV0ZSI6MTIwMDAwMDAwMDAwMH0sInNjaGVtYV92ZXJzaW9uIjoiMSJ9",
          "dependencies": [
            "aws_vpc.main"
          ]
        },
        {
          "index_key": 1,
          "schema_version": 1,
          "attributes": {
            "arn": "arn:aws:ec2:us-east-1:878617118606:subnet/subnet-014ac25ef2595e7b0",
            "assign_ipv6_address_on_creation": false,
            "availability_zone": "us-east-1b",
            "availability_zone_id": "use1-az2",
            "cidr_block": "10.0.1.0/24",
            "customer_owned_ipv4_pool": "",
            "enable_dns64": false,
            "enable_lni_at_device_index": 0,
            "enable_resource_name_dns_a_record_on_launch": false,
            "enable_resource_name_dns_aaaa_record_on_launch": false,
            "id": "subnet-014ac25ef2595e7b0",
            "ipv6_cidr_block": "",
            "ipv6_cidr_block_association_id": "",
            "ipv6_native": false,
            "map_customer_owned_ip_on_launch": false,
            "map_public_ip_on_launch": true,
            "outpost_arn": "",
            "owner_id": "878617118606",
            "private_dns_hostname_type_on_launch": "ip-name",
            "tags": {
              "Environment": "prod",
              "ManagedBy": "Terraform",
              "Name": "petclinic-prod-public-us-east-1b",
              "Owner": "Binome-ISI",
              "Project": "petclinic"
            },
            "tags_all": {
              "Environment": "prod",
              "ManagedBy": "Terraform",
              "Name": "petclinic-prod-public-us-east-1b",
              "Owner": "Binome-ISI",
              "Project": "petclinic"
            },
            "timeouts": null,
            "vpc_id": "vpc-04addd499cea975e3"
          },
          "sensitive_attributes": [],
          "private": "eyJlMmJmYjczMC1lY2FhLTExZTYtOGY4OC0zNDM2M2JjN2M0YzAiOnsiY3JlYXRlIjo2MDAwMDAwMDAwMDAsImRlbGV0ZSI6MTIwMDAwMDAwMDAwMH0sInNjaGVtYV92ZXJzaW9uIjoiMSJ9",
          "dependencies": [
            "aws_vpc.main"
          ]
        }
      ]
    },
    {
      "mode": "managed",
      "type": "aws_vpc",
      "name": "main",
      "provider": "provider[\"registry.terraform.io/hashicorp/aws\"]",
      "instances": [
        {
          "schema_version": 1,
          "attributes": {
            "arn": "arn:aws:ec2:us-east-1:878617118606:vpc/vpc-04addd499cea975e3",
            "assign_generated_ipv6_cidr_block": false,
            "cidr_block": "10.0.0.0/16",
            "default_network_acl_id": "acl-0ee9ee86ce787a186",
            "default_route_table_id": "rtb-0b9ef8c243b6c9936",
            "default_security_group_id": "sg-02167a1a584f50ce3",
            "dhcp_options_id": "dopt-036ae36ebe171eb79",
            "enable_dns_hostnames": true,
            "enable_dns_support": true,
            "enable_network_address_usage_metrics": false,
            "id": "vpc-04addd499cea975e3",
            "instance_tenancy": "default",
            "ipv4_ipam_pool_id": null,
            "ipv4_netmask_length": null,
            "ipv6_association_id": "",
            "ipv6_cidr_block": "",
            "ipv6_cidr_block_network_border_group": "",
            "ipv6_ipam_pool_id": "",
            "ipv6_netmask_length": 0,
            "main_route_table_id": "rtb-0b9ef8c243b6c9936",
            "owner_id": "878617118606",
            "tags": {
              "Environment": "prod",
              "ManagedBy": "Terraform",
              "Name": "petclinic-prod-vpc",
              "Owner": "Binome-ISI",
              "Project": "petclinic"
            },
            "tags_all": {
              "Environment": "prod",
              "ManagedBy": "Terraform",
              "Name": "petclinic-prod-vpc",
              "Owner": "Binome-ISI",
              "Project": "petclinic"
            }
          },
          "sensitive_attributes": [],
          "private": "eyJzY2hlbWFfdmVyc2lvbiI6IjEifQ==",
          "create_before_destroy": true
        }
      ]
    },
    {
      "mode": "managed",
      "type": "aws_vpc_endpoint",
      "name": "s3",
      "provider": "provider[\"registry.terraform.io/hashicorp/aws\"]",
      "instances": [
        {
          "schema_version": 0,
          "attributes": {
            "arn": "arn:aws:ec2:us-east-1:878617118606:vpc-endpoint/vpce-0a689d909df88ea4f",
            "auto_accept": null,
            "cidr_blocks": [
              "16.15.176.0/20",
              "16.182.0.0/16",
              "18.34.0.0/19",
              "52.216.0.0/15",
              "54.231.0.0/16",
              "3.5.0.0/19",
              "18.34.232.0/21",
              "16.15.192.0/18"
            ],
            "dns_entry": [],
            "dns_options": [
              {
                "dns_record_ip_type": "service-defined",
                "private_dns_only_for_inbound_resolver_endpoint": false
              }
            ],
            "id": "vpce-0a689d909df88ea4f",
            "ip_address_type": "ipv4",
            "network_interface_ids": [],
            "owner_id": "878617118606",
            "policy": "{\"Statement\":[{\"Action\":\"*\",\"Effect\":\"Allow\",\"Principal\":\"*\",\"Resource\":\"*\"}],\"Version\":\"2008-10-17\"}",
            "prefix_list_id": "pl-63a5400a",
            "private_dns_enabled": false,
            "requester_managed": false,
            "resource_configuration_arn": "",
            "route_table_ids": [
              "rtb-018c4059392bc4f79",
              "rtb-0604d27efba6491df",
              "rtb-07fd8cc9d14546d38"
            ],
            "security_group_ids": [],
            "service_name": "com.amazonaws.us-east-1.s3",
            "service_network_arn": "",
            "service_region": "us-east-1",
            "state": "available",
            "subnet_configuration": [],
            "subnet_ids": [],
            "tags": {
              "Environment": "prod",
              "ManagedBy": "Terraform",
              "Name": "petclinic-prod-s3-vpce",
              "Owner": "Binome-ISI",
              "Project": "petclinic"
            },
            "tags_all": {
              "Environment": "prod",
              "ManagedBy": "Terraform",
              "Name": "petclinic-prod-s3-vpce",
              "Owner": "Binome-ISI",
              "Project": "petclinic"
            },
            "timeouts": null,
            "vpc_endpoint_type": "Gateway",
            "vpc_id": "vpc-04addd499cea975e3"
          },
          "sensitive_attributes": [],
          "private": "eyJlMmJmYjczMC1lY2FhLTExZTYtOGY4OC0zNDM2M2JjN2M0YzAiOnsiY3JlYXRlIjo2MDAwMDAwMDAwMDAsImRlbGV0ZSI6NjAwMDAwMDAwMDAwLCJ1cGRhdGUiOjYwMDAwMDAwMDAwMH19",
          "dependencies": [
            "aws_eip.nat",
            "aws_internet_gateway.igw",
            "aws_nat_gateway.nat",
            "aws_route_table.private",
            "aws_route_table.public",
            "aws_subnet.public",
            "aws_vpc.main"
          ]
        }
      ]
    },
    {
      "mode": "managed",
      "type": "random_password",
      "name": "db_password",
      "provider": "provider[\"registry.terraform.io/hashicorp/random\"]",
      "instances": [
        {
          "schema_version": 3,
          "attributes": {
            "bcrypt_hash": "$2a$10$yF09fBpN/7nNIchTl7V.oOfZPAVuzGRqdz8OXRmz3FTb1MAkxR9fm",
            "id": "none",
            "keepers": null,
            "length": 16,
            "lower": true,
            "min_lower": 0,
            "min_numeric": 0,
            "min_special": 0,
            "min_upper": 0,
            "number": true,
            "numeric": true,
            "override_special": "!#$%\u0026*()-_=+[]{}\u003c\u003e:?",
            "result": "ih\u003e}sN#FQaMVOIF+",
            "special": true,
            "upper": true
          },
          "sensitive_attributes": [],
          "create_before_destroy": true
        }
      ]
    },
    {
      "mode": "managed",
      "type": "random_string",
      "name": "suffix",
      "provider": "provider[\"registry.terraform.io/hashicorp/random\"]",
      "instances": [
        {
          "schema_version": 2,
          "attributes": {
            "id": "gx0sbm",
            "keepers": null,
            "length": 6,
            "lower": true,
            "min_lower": 0,
            "min_numeric": 0,
            "min_special": 0,
            "min_upper": 0,
            "number": true,
            "numeric": true,
            "override_special": null,
            "result": "gx0sbm",
            "special": false,
            "upper": false
          },
          "sensitive_attributes": [],
          "create_before_destroy": true
        }
      ]
    },
    {
      "mode": "managed",
      "type": "tls_private_key",
      "name": "main",
      "provider": "provider[\"registry.terraform.io/hashicorp/tls\"]",
      "instances": [
        {
          "schema_version": 1,
          "attributes": {
            "algorithm": "RSA",
            "ecdsa_curve": "P224",
            "id": "8650fa8de2e3f5b913c01ce86825fb6fd4b22a5b",
            "private_key_openssh": "-----BEGIN OPENSSH PRIVATE KEY-----\nb3BlbnNzaC1rZXktdjEAAAAABG5vbmUAAAAEbm9uZQAAAAAAAAABAAABFwAAAAdz\nc2gtcnNhAAAAAwEAAQAAAQEAtjq/VMu5aCL13/wJVzpK41HE6+9KW+ej1SZPhXqM\n2b0GwPTsD0l/fbG1IfHSPFiNvdK0BetsQOnceG6XGQraIEDZFA9w1+QluUtM1pO2\nZxX0jy+xyIZOZFq8rr6YIT7c+fMEg4I3aT9f1CYdHY2goeAEngNx1fOf4Vb6gCZa\nHTzKB63J80YB058/LC2EG3PtMJzJfgSxjVgsZVPLqmz7mixOIMFzT33PijTgGPkg\nX7R2wFRAj37iYqZtNKseQm9vQT3uEGOkTUFA6NAZtnM1QdWvWFzRRnpbqdt6sxpv\nqLvLAs6crFWOoaQjOSe5M5aSROWQlGJWP7rlX/9UiXtoZwAAA7hj7xRKY+8USgAA\nAAdzc2gtcnNhAAABAQC2Or9Uy7loIvXf/AlXOkrjUcTr70pb56PVJk+FeozZvQbA\n9OwPSX99sbUh8dI8WI290rQF62xA6dx4bpcZCtogQNkUD3DX5CW5S0zWk7ZnFfSP\nL7HIhk5kWryuvpghPtz58wSDgjdpP1/UJh0djaCh4ASeA3HV85/hVvqAJlodPMoH\nrcnzRgHTnz8sLYQbc+0wnMl+BLGNWCxlU8uqbPuaLE4gwXNPfc+KNOAY+SBftHbA\nVECPfuJipm00qx5Cb29BPe4QY6RNQUDo0Bm2czVB1a9YXNFGelup23qzGm+ou8sC\nzpysVY6hpCM5J7kzlpJE5ZCUYlY/uuVf/1SJe2hnAAAAAwEAAQAAAQAIinuvPhaE\nN/yYMULq0LOehervN/mfPHMkVAsEHDiqd+lEyqCfHXhulrwA9EmV7ydC5LOarMHC\nenONPXmy1ccKyJ9Os7k76oM4ymZhOZkh/xhwTEb5OWTxNS4vboVzgXPFT0uV3QOQ\ng5o6jPLDu4Cc4FgMY+hGToiJfOnOxH1oGKidg++p7shbl+OppbZCxcuKbSAUtw6c\nXF2XV3vfmHLYDD7c7ymXZU+ApekUo8dfBvJJrPthm6IvkyQTs6Y4oNc9tyJbMt6Y\nRre8cAdos7hUobCYHZtSZP5LpDB+GSXJvW1T2Ht0ufmANRIcv7ebCZvUqOYhIZt+\nohvowt1KlnyZAAAAgQDFNEigM6t83WJhg+8UbAUjW0mL59J232zdQmPhk30mzQfd\nFcs0HjtJ//NYiC4X0hGoW6H/KiicLlbSFFaNwc56c6InbU270iy9nSMhIQmcrhbu\nmX0wD9n+LW5bLfTgCC7gTFRjS8Kdg3BhKRwngiZOzFb3GVQyuOOMJg1fW1Ll8gAA\nAIEA7nnATvL2u40hF0FPPosr76d3p4sm+LA40pKqcG1xf1XTI4u/f/rVWvln54GD\nvJSeKpcJKkrk3LLVUARGxydzp27a5ftSh987TAYDKtzyIRENnv28H3JqyOK4hLHM\nl/xhaHZOtYvk8aKy3dYev17MuPSi/2ylh6Sbd5bN7tj/8bMAAACBAMOe4i/BA/38\ndtQHwb+eqsC0gsuCF6VMjZ3pBNIT7F0jjzw1N6J/ZJ+Ep2Dj82cPUWqj+oSXhq0a\nsKrUIIGIBJkTciqHz3t0qiPZriMLXCfNYU/LNN5jfpx53ZTGsFW5XUS+vj7ebLR7\ntsQN9OqZmPc2B5sgQja8b+uPdJ9TGgx9AAAAAAEC\n-----END OPENSSH PRIVATE KEY-----\n",
            "private_key_pem": "-----BEGIN RSA PRIVATE KEY-----\nMIIEpAIBAAKCAQEAtjq/VMu5aCL13/wJVzpK41HE6+9KW+ej1SZPhXqM2b0GwPTs\nD0l/fbG1IfHSPFiNvdK0BetsQOnceG6XGQraIEDZFA9w1+QluUtM1pO2ZxX0jy+x\nyIZOZFq8rr6YIT7c+fMEg4I3aT9f1CYdHY2goeAEngNx1fOf4Vb6gCZaHTzKB63J\n80YB058/LC2EG3PtMJzJfgSxjVgsZVPLqmz7mixOIMFzT33PijTgGPkgX7R2wFRA\nj37iYqZtNKseQm9vQT3uEGOkTUFA6NAZtnM1QdWvWFzRRnpbqdt6sxpvqLvLAs6c\nrFWOoaQjOSe5M5aSROWQlGJWP7rlX/9UiXtoZwIDAQABAoIBAAiKe68+FoQ3/Jgx\nQurQs56F6u83+Z88cyRUCwQcOKp36UTKoJ8deG6WvAD0SZXvJ0Lks5qswcJ6c409\nebLVxwrIn06zuTvqgzjKZmE5mSH/GHBMRvk5ZPE1Li9uhXOBc8VPS5XdA5CDmjqM\n8sO7gJzgWAxj6EZOiIl86c7EfWgYqJ2D76nuyFuX46mltkLFy4ptIBS3DpxcXZdX\ne9+YctgMPtzvKZdlT4Cl6RSjx18G8kms+2Gboi+TJBOzpjig1z23Ilsy3phGt7xw\nB2izuFShsJgdm1Jk/kukMH4ZJcm9bVPYe3S5+YA1Ehy/t5sJm9So5iEhm36iG+jC\n3UqWfJkCgYEA7nnATvL2u40hF0FPPosr76d3p4sm+LA40pKqcG1xf1XTI4u/f/rV\nWvln54GDvJSeKpcJKkrk3LLVUARGxydzp27a5ftSh987TAYDKtzyIRENnv28H3Jq\nyOK4hLHMl/xhaHZOtYvk8aKy3dYev17MuPSi/2ylh6Sbd5bN7tj/8bMCgYEAw57i\nL8ED/fx21AfBv56qwLSCy4IXpUyNnekE0hPsXSOPPDU3on9kn4SnYOPzZw9RaqP6\nhJeGrRqwqtQggYgEmRNyKofPe3SqI9muIwtcJ81hT8s03mN+nHndlMawVbldRL6+\nPt5stHu2xA306pmY9zYHmyBCNrxv6490n1MaDH0CgYB3k/lIHTB3Lvcu0ALKW8K2\nMwUer/nkrYhwnjZ0lYxZy1FJ+6MUq1Qcf/8H6LuD7gm5VW61FETaHZo0u1A6QKAP\njtiYhYMGunrjTgh8j7mhtwlbdePE6Px+qqDXeMgcVeMKHHivM+yi9XA3KEzWrNR+\n0byB05rU/0ctmiK853a/XQKBgQC98YFoov8QWFq9SIbdW+Aq21uA5WG2VF3R7ZeL\nsGK6kTOcX4QU2aPHrFOlpdEKyfnhFTXEFyli3d6bEPw7KeplBFe/aj2Rf1dRFiWa\ny4YA89BAXWyJX4xpvX7k3gQMSL+CZ79sZiahHNr7BR5ByUCZEbJS8wC4C0KVNKcl\nqNhLNQKBgQDFNEigM6t83WJhg+8UbAUjW0mL59J232zdQmPhk30mzQfdFcs0HjtJ\n//NYiC4X0hGoW6H/KiicLlbSFFaNwc56c6InbU270iy9nSMhIQmcrhbumX0wD9n+\nLW5bLfTgCC7gTFRjS8Kdg3BhKRwngiZOzFb3GVQyuOOMJg1fW1Ll8g==\n-----END RSA PRIVATE KEY-----\n",
            "private_key_pem_pkcs8": "-----BEGIN PRIVATE KEY-----\nMIIEvgIBADANBgkqhkiG9w0BAQEFAASCBKgwggSkAgEAAoIBAQC2Or9Uy7loIvXf\n/AlXOkrjUcTr70pb56PVJk+FeozZvQbA9OwPSX99sbUh8dI8WI290rQF62xA6dx4\nbpcZCtogQNkUD3DX5CW5S0zWk7ZnFfSPL7HIhk5kWryuvpghPtz58wSDgjdpP1/U\nJh0djaCh4ASeA3HV85/hVvqAJlodPMoHrcnzRgHTnz8sLYQbc+0wnMl+BLGNWCxl\nU8uqbPuaLE4gwXNPfc+KNOAY+SBftHbAVECPfuJipm00qx5Cb29BPe4QY6RNQUDo\n0Bm2czVB1a9YXNFGelup23qzGm+ou8sCzpysVY6hpCM5J7kzlpJE5ZCUYlY/uuVf\n/1SJe2hnAgMBAAECggEACIp7rz4WhDf8mDFC6tCznoXq7zf5nzxzJFQLBBw4qnfp\nRMqgnx14bpa8APRJle8nQuSzmqzBwnpzjT15stXHCsifTrO5O+qDOMpmYTmZIf8Y\ncExG+Tlk8TUuL26Fc4FzxU9Lld0DkIOaOozyw7uAnOBYDGPoRk6IiXzpzsR9aBio\nnYPvqe7IW5fjqaW2QsXLim0gFLcOnFxdl1d735hy2Aw+3O8pl2VPgKXpFKPHXwby\nSaz7YZuiL5MkE7OmOKDXPbciWzLemEa3vHAHaLO4VKGwmB2bUmT+S6Qwfhklyb1t\nU9h7dLn5gDUSHL+3mwmb1KjmISGbfqIb6MLdSpZ8mQKBgQDuecBO8va7jSEXQU8+\niyvvp3eniyb4sDjSkqpwbXF/VdMji79/+tVa+WfngYO8lJ4qlwkqSuTcstVQBEbH\nJ3Onbtrl+1KH3ztMBgMq3PIhEQ2e/bwfcmrI4riEscyX/GFodk61i+TxorLd1h6/\nXsy49KL/bKWHpJt3ls3u2P/xswKBgQDDnuIvwQP9/HbUB8G/nqrAtILLghelTI2d\n6QTSE+xdI488NTeif2SfhKdg4/NnD1Fqo/qEl4atGrCq1CCBiASZE3Iqh897dKoj\n2a4jC1wnzWFPyzTeY36ced2UxrBVuV1Evr4+3my0e7bEDfTqmZj3NgebIEI2vG/r\nj3SfUxoMfQKBgHeT+UgdMHcu9y7QAspbwrYzBR6v+eStiHCeNnSVjFnLUUn7oxSr\nVBx//wfou4PuCblVbrUURNodmjS7UDpAoA+O2JiFgwa6euNOCHyPuaG3CVt148To\n/H6qoNd4yBxV4woceK8z7KL1cDcoTNas1H7RvIHTmtT/Ry2aIrzndr9dAoGBAL3x\ngWii/xBYWr1Iht1b4CrbW4DlYbZUXdHtl4uwYrqRM5xfhBTZo8esU6Wl0QrJ+eEV\nNcQXKWLd3psQ/Dsp6mUEV79qPZF/V1EWJZrLhgDz0EBdbIlfjGm9fuTeBAxIv4Jn\nv2xmJqEc2vsFHkHJQJkRslLzALgLQpU0pyWo2Es1AoGBAMU0SKAzq3zdYmGD7xRs\nBSNbSYvn0nbfbN1CY+GTfSbNB90VyzQeO0n/81iILhfSEahbof8qKJwuVtIUVo3B\nznpzoidtTbvSLL2dIyEhCZyuFu6ZfTAP2f4tblst9OAILuBMVGNLwp2DcGEpHCeC\nJk7MVvcZVDK444wmDV9bUuXy\n-----END PRIVATE KEY-----\n",
            "public_key_fingerprint_md5": "ec:35:e5:9f:f8:21:ef:7f:07:02:80:9d:a6:bd:e3:28",
            "public_key_fingerprint_sha256": "SHA256:Ezy3NfTp4dqpXhgedcq6I3BGApiJD0qCSLfPe6h7QHk",
            "public_key_openssh": "ssh-rsa AAAAB3NzaC1yc2EAAAADAQABAAABAQC2Or9Uy7loIvXf/AlXOkrjUcTr70pb56PVJk+FeozZvQbA9OwPSX99sbUh8dI8WI290rQF62xA6dx4bpcZCtogQNkUD3DX5CW5S0zWk7ZnFfSPL7HIhk5kWryuvpghPtz58wSDgjdpP1/UJh0djaCh4ASeA3HV85/hVvqAJlodPMoHrcnzRgHTnz8sLYQbc+0wnMl+BLGNWCxlU8uqbPuaLE4gwXNPfc+KNOAY+SBftHbAVECPfuJipm00qx5Cb29BPe4QY6RNQUDo0Bm2czVB1a9YXNFGelup23qzGm+ou8sCzpysVY6hpCM5J7kzlpJE5ZCUYlY/uuVf/1SJe2hn\n",
            "public_key_pem": "-----BEGIN PUBLIC KEY-----\nMIIBIjANBgkqhkiG9w0BAQEFAAOCAQ8AMIIBCgKCAQEAtjq/VMu5aCL13/wJVzpK\n41HE6+9KW+ej1SZPhXqM2b0GwPTsD0l/fbG1IfHSPFiNvdK0BetsQOnceG6XGQra\nIEDZFA9w1+QluUtM1pO2ZxX0jy+xyIZOZFq8rr6YIT7c+fMEg4I3aT9f1CYdHY2g\noeAEngNx1fOf4Vb6gCZaHTzKB63J80YB058/LC2EG3PtMJzJfgSxjVgsZVPLqmz7\nmixOIMFzT33PijTgGPkgX7R2wFRAj37iYqZtNKseQm9vQT3uEGOkTUFA6NAZtnM1\nQdWvWFzRRnpbqdt6sxpvqLvLAs6crFWOoaQjOSe5M5aSROWQlGJWP7rlX/9UiXto\nZwIDAQAB\n-----END PUBLIC KEY-----\n",
            "rsa_bits": 2048
          },
          "sensitive_attributes": []
        }
      ]
    },
    {
      "mode": "managed",
      "type": "tls_self_signed_cert",
      "name": "main",
      "provider": "provider[\"registry.terraform.io/hashicorp/tls\"]",
      "instances": [
        {
          "schema_version": 0,
          "attributes": {
            "allowed_uses": [
              "key_encipherment",
              "digital_signature",
              "server_auth"
            ],
            "cert_pem": "-----BEGIN CERTIFICATE-----\nMIIDVzCCAj+gAwIBAgIQYWwBnxfxSYez+SA9sI7lrTANBgkqhkiG9w0BAQsFADAu\nMRIwEAYDVQQKEwlJU0kgRGFrYXIxGDAWBgNVBAMTD3BldGNsaW5pYy5sb2NhbDAe\nFw0yNjA3MjMwMjIzMTRaFw0yNzA3MjMwMjIzMTRaMC4xEjAQBgNVBAoTCUlTSSBE\nYWthcjEYMBYGA1UEAxMPcGV0Y2xpbmljLmxvY2FsMIIBIjANBgkqhkiG9w0BAQEF\nAAOCAQ8AMIIBCgKCAQEAtjq/VMu5aCL13/wJVzpK41HE6+9KW+ej1SZPhXqM2b0G\nwPTsD0l/fbG1IfHSPFiNvdK0BetsQOnceG6XGQraIEDZFA9w1+QluUtM1pO2ZxX0\njy+xyIZOZFq8rr6YIT7c+fMEg4I3aT9f1CYdHY2goeAEngNx1fOf4Vb6gCZaHTzK\nB63J80YB058/LC2EG3PtMJzJfgSxjVgsZVPLqmz7mixOIMFzT33PijTgGPkgX7R2\nwFRAj37iYqZtNKseQm9vQT3uEGOkTUFA6NAZtnM1QdWvWFzRRnpbqdt6sxpvqLvL\nAs6crFWOoaQjOSe5M5aSROWQlGJWP7rlX/9UiXtoZwIDAQABo3EwbzAOBgNVHQ8B\nAf8EBAMCBaAwEwYDVR0lBAwwCgYIKwYBBQUHAwEwDAYDVR0TAQH/BAIwADA6BgNV\nHREEMzAxgglsb2NhbGhvc3SCD3BldGNsaW5pYy5sb2NhbIITKi5lbGIuYW1hem9u\nYXdzLmNvbTANBgkqhkiG9w0BAQsFAAOCAQEAemRZNp5IGA8NLfXWUWTRMhqNgTFL\nqI7eCViQ/ICJ1cwzqqQYpD+WxwUdXDjHqG50dN5Qy+vWJcOUFPkM2Bow4mYzigIT\ng74cytceT+H/7qkMBQWKqrQfeRvG+c0XSgFnfUBBxNA3TRd5AF8CmLGlE6Iw/onR\nenvtBHxlkmy5sHKo7GPhfW/75xweW2iO5ATpvQCx75MlnTri1shDIcS27NLcnjLY\n5OXcpI8P6cHkltiQUhDowyv6Ta+y9x2P2YF6FFNl1aceJngIx/fvjWUs4821SCYV\nnUi0w9ZL8B3UfMeXiAMvBBwcX6n3UQp/M6vdubne357cNQ6Dgj+Nls+lrw==\n-----END CERTIFICATE-----\n",
            "dns_names": [
              "localhost",
              "petclinic.local",
              "*.elb.amazonaws.com"
            ],
            "early_renewal_hours": 0,
            "id": "129495916538955898059700873469470107053",
            "ip_addresses": null,
            "is_ca_certificate": false,
            "key_algorithm": "RSA",
            "max_path_length": null,
            "private_key_pem": "-----BEGIN RSA PRIVATE KEY-----\nMIIEpAIBAAKCAQEAtjq/VMu5aCL13/wJVzpK41HE6+9KW+ej1SZPhXqM2b0GwPTs\nD0l/fbG1IfHSPFiNvdK0BetsQOnceG6XGQraIEDZFA9w1+QluUtM1pO2ZxX0jy+x\nyIZOZFq8rr6YIT7c+fMEg4I3aT9f1CYdHY2goeAEngNx1fOf4Vb6gCZaHTzKB63J\n80YB058/LC2EG3PtMJzJfgSxjVgsZVPLqmz7mixOIMFzT33PijTgGPkgX7R2wFRA\nj37iYqZtNKseQm9vQT3uEGOkTUFA6NAZtnM1QdWvWFzRRnpbqdt6sxpvqLvLAs6c\nrFWOoaQjOSe5M5aSROWQlGJWP7rlX/9UiXtoZwIDAQABAoIBAAiKe68+FoQ3/Jgx\nQurQs56F6u83+Z88cyRUCwQcOKp36UTKoJ8deG6WvAD0SZXvJ0Lks5qswcJ6c409\nebLVxwrIn06zuTvqgzjKZmE5mSH/GHBMRvk5ZPE1Li9uhXOBc8VPS5XdA5CDmjqM\n8sO7gJzgWAxj6EZOiIl86c7EfWgYqJ2D76nuyFuX46mltkLFy4ptIBS3DpxcXZdX\ne9+YctgMPtzvKZdlT4Cl6RSjx18G8kms+2Gboi+TJBOzpjig1z23Ilsy3phGt7xw\nB2izuFShsJgdm1Jk/kukMH4ZJcm9bVPYe3S5+YA1Ehy/t5sJm9So5iEhm36iG+jC\n3UqWfJkCgYEA7nnATvL2u40hF0FPPosr76d3p4sm+LA40pKqcG1xf1XTI4u/f/rV\nWvln54GDvJSeKpcJKkrk3LLVUARGxydzp27a5ftSh987TAYDKtzyIRENnv28H3Jq\nyOK4hLHMl/xhaHZOtYvk8aKy3dYev17MuPSi/2ylh6Sbd5bN7tj/8bMCgYEAw57i\nL8ED/fx21AfBv56qwLSCy4IXpUyNnekE0hPsXSOPPDU3on9kn4SnYOPzZw9RaqP6\nhJeGrRqwqtQggYgEmRNyKofPe3SqI9muIwtcJ81hT8s03mN+nHndlMawVbldRL6+\nPt5stHu2xA306pmY9zYHmyBCNrxv6490n1MaDH0CgYB3k/lIHTB3Lvcu0ALKW8K2\nMwUer/nkrYhwnjZ0lYxZy1FJ+6MUq1Qcf/8H6LuD7gm5VW61FETaHZo0u1A6QKAP\njtiYhYMGunrjTgh8j7mhtwlbdePE6Px+qqDXeMgcVeMKHHivM+yi9XA3KEzWrNR+\n0byB05rU/0ctmiK853a/XQKBgQC98YFoov8QWFq9SIbdW+Aq21uA5WG2VF3R7ZeL\nsGK6kTOcX4QU2aPHrFOlpdEKyfnhFTXEFyli3d6bEPw7KeplBFe/aj2Rf1dRFiWa\ny4YA89BAXWyJX4xpvX7k3gQMSL+CZ79sZiahHNr7BR5ByUCZEbJS8wC4C0KVNKcl\nqNhLNQKBgQDFNEigM6t83WJhg+8UbAUjW0mL59J232zdQmPhk30mzQfdFcs0HjtJ\n//NYiC4X0hGoW6H/KiicLlbSFFaNwc56c6InbU270iy9nSMhIQmcrhbumX0wD9n+\nLW5bLfTgCC7gTFRjS8Kdg3BhKRwngiZOzFb3GVQyuOOMJg1fW1Ll8g==\n-----END RSA PRIVATE KEY-----\n",
            "ready_for_renewal": false,
            "set_authority_key_id": false,
            "set_subject_key_id": false,
            "subject": [
              {
                "common_name": "petclinic.local",
                "country": null,
                "email_address": null,
                "locality": null,
                "organization": "ISI Dakar",
                "organizational_unit": null,
                "postal_code": null,
                "province": null,
                "serial_number": null,
                "street_address": null
              }
            ],
            "uris": null,
            "validity_end_time": "2027-07-23T02:23:14.7639779Z",
            "validity_period_hours": 8760,
            "validity_start_time": "2026-07-23T02:23:14.7639779Z"
          },
          "sensitive_attributes": [
            [
              {
                "type": "get_attr",
                "value": "private_key_pem"
              }
            ]
          ],
          "dependencies": [
            "tls_private_key.main"
          ]
        }
      ]
    }
  ],
  "check_results": null
}
