{
  "version": 4,
  "terraform_version": "1.5.7",
  "serial": 37,
  "lineage": "2964e60d-52fe-c0c3-e9a2-58ec9d18f089",
  "outputs": {
    "rds_proxy_endpoint": {
      "value": "N/A - RDS Proxy not available on this account type",
      "type": "string"
    },
    "s3_bucket_name": {
      "value": "petclinic-prod-deploy-igatk5",
      "type": "string"
    }
  },
  "resources": [
    {
      "mode": "data",
      "type": "aws_caller_identity",
      "name": "current",
      "provider": "provider[\"registry.terraform.io/hashicorp/aws\"]",
      "instances": [
        {
          "schema_version": 0,
          "attributes": {
            "account_id": "878617118606",
            "arn": "arn:aws:iam::878617118606:user/github-actions-deploy",
            "id": "878617118606",
            "user_id": "AIDA4ZENJI6HISO7ZKHKP"
          },
          "sensitive_attributes": []
        }
      ]
    },
    {
      "mode": "managed",
      "type": "aws_acm_certificate",
      "name": "cert",
      "provider": "provider[\"registry.terraform.io/hashicorp/aws\"]",
      "instances": [
        {
          "schema_version": 0,
          "attributes": {
            "arn": "arn:aws:acm:us-east-1:878617118606:certificate/0b0e362d-cf73-44c2-a734-9dfadf7e6cc5",
            "certificate_authority_arn": "",
            "certificate_body": "-----BEGIN CERTIFICATE-----\nMIIDVzCCAj+gAwIBAgIQMcD7APR0KBTT376uVk8BhTANBgkqhkiG9w0BAQsFADAu\nMRIwEAYDVQQKEwlJU0kgRGFrYXIxGDAWBgNVBAMTD3BldGNsaW5pYy5sb2NhbDAe\nFw0yNjA3MjMxMjI1MTFaFw0yNzA3MjMxMjI1MTFaMC4xEjAQBgNVBAoTCUlTSSBE\nYWthcjEYMBYGA1UEAxMPcGV0Y2xpbmljLmxvY2FsMIIBIjANBgkqhkiG9w0BAQEF\nAAOCAQ8AMIIBCgKCAQEAoPiYLSMZ6UR6QXJPeqMIDSFTZIaZGmH/t56Ve5a1nw35\nAofqYHhPPbtbEZbJEgSMd2tgbcQc84QPmnZzb9e4lmu8uWA6pTjyv7hYTfH2S/jW\nI0zr4QaWGdzOo74/bAbsnx8BkBzg4MuqWRh/EgXTqdfLemVgYAzK/PhcXlQiXNt6\nW01wZ3/pCUmcX6J+K4/Dd+4S38pd6EIhrmJcRO9HItSDS6q8/bHW/q4AIySn+Vyn\n+dRozJ+iGilYyIwylLAs68IE1MatGzad7RAYgehc+QCQvMeW1iQdUHOo47Jw3aaO\n2gmQ6eYo76vRse6cJ1qKVaCJwHNqPyerBGpfYaF9RQIDAQABo3EwbzAOBgNVHQ8B\nAf8EBAMCBaAwEwYDVR0lBAwwCgYIKwYBBQUHAwEwDAYDVR0TAQH/BAIwADA6BgNV\nHREEMzAxgglsb2NhbGhvc3SCD3BldGNsaW5pYy5sb2NhbIITKi5lbGIuYW1hem9u\nYXdzLmNvbTANBgkqhkiG9w0BAQsFAAOCAQEAJYeHkZT6MeOd7eK9cRCz8gZ5cfAH\nSfTajzAZm4NEsTajDvZj8H6aFVh0/accHCo0O2KfFZK9pBilNTCb1z/OawCXmZPZ\n6Q6SwbDVmGIIOXDYx0PEP/NHhZ/Lk89YLb9Njhk5cF4+cElLXeydM7rTPhVtdQmN\nnZE4MXsOvWbeaVNuc6yVx1UEp2OKVq867o+GInK4PXjJbjHzUD4nfqdCgG+2dKXx\niel1GorU9mw1lkcEnnj2muN2ausrfBbIOl27f7s5KPTxrq6rwx1/JO1A7XmzUMJY\nv1TiFq1TW4YnP/ivIOtXq6wW2UpmevAP7ipjs34CDau1oTou3SPvJHDncA==\n-----END CERTIFICATE-----\n",
            "certificate_chain": null,
            "domain_name": "petclinic.local",
            "domain_validation_options": [],
            "early_renewal_duration": "",
            "id": "arn:aws:acm:us-east-1:878617118606:certificate/0b0e362d-cf73-44c2-a734-9dfadf7e6cc5",
            "key_algorithm": "RSA_2048",
            "not_after": "2027-07-23T12:25:11Z",
            "not_before": "2026-07-23T12:25:11Z",
            "options": [
              {
                "certificate_transparency_logging_preference": "DISABLED"
              }
            ],
            "pending_renewal": false,
            "private_key": "-----BEGIN RSA PRIVATE KEY-----\nMIIEoQIBAAKCAQEAoPiYLSMZ6UR6QXJPeqMIDSFTZIaZGmH/t56Ve5a1nw35Aofq\nYHhPPbtbEZbJEgSMd2tgbcQc84QPmnZzb9e4lmu8uWA6pTjyv7hYTfH2S/jWI0zr\n4QaWGdzOo74/bAbsnx8BkBzg4MuqWRh/EgXTqdfLemVgYAzK/PhcXlQiXNt6W01w\nZ3/pCUmcX6J+K4/Dd+4S38pd6EIhrmJcRO9HItSDS6q8/bHW/q4AIySn+Vyn+dRo\nzJ+iGilYyIwylLAs68IE1MatGzad7RAYgehc+QCQvMeW1iQdUHOo47Jw3aaO2gmQ\n6eYo76vRse6cJ1qKVaCJwHNqPyerBGpfYaF9RQIDAQABAoH/JWmh9NuzqgPAZnWr\nA1XhCSw1taeS7g7Y4FR7ab4deFpHBc+RKdrMkAx7nhrtoMJt41ORlfF+yRpohf4B\n1nzM6ikgM/Wpq70Qrn6qB3O1SvMK0imOqT5epKQtYuFU3Ea/uDv8oQIVQioT7aFD\n52xzRYZiRJBLVgejJiiTT1k+o1YBLyCf8vy6sqFz+4/bpIJInuelI60TIDqBDbVx\nq5nBBkW+ueQLOMY3IsJ8RGhX40cl02owwLdX1uIzO1BL+XnG711942heWc3osjQN\nKs3ZjAWYS6T0ovJFR6sRboJRsR4vYzrO7s7wpo60uCtLG3o8uKZwAWuxhX7if0VU\nNt4RAoGBANIU5aWbtzJAUuNbyfOuTbUgkR+OuQoTVZR5y45tWgqC3rAYXvWwrgGg\nzKgbKxGBe3F9RVTL2Cu6QKmzquXXanWUBxdVyRu8HraPOqRHJRT/8yjLsbjbaI/x\nxAYtrov0y1iFJ4uTEG8flep/HPF/hvFLxtT/InOKmIt3v354X1fdAoGBAMQnuDYH\niY9EMChklomb8sbKuE+hbw/X6/4CMbSMGMoR3QBiChRDCo7DGMFTurnEzbLQMFpG\nBW+uh7UKEIFH7pVOg09dAMPjukgr3yUwoMmwdjUY7hBmt6Y2Ez9Suawcwe0qOWEk\n2pNEQ7JgiHf8tiYqmqLgC0RmTNZwCCGDTdiJAoGALtU9xMeL9YXldI333X0UEbbq\n41Ab7CUXRPxJ5rx2ADXgkv073iW/BNnmBevYlBR7gndcx2SSEl15INvO02JMd13C\nnu8e4DH13tjbR9gcaiwM9yFBw2YWT1CkVIRGjyjJVDiK8lCcr0kpUJd5ylSVrqEn\n+D/QXFWfYCgX5ofLKXkCgYEAofcyEdrTaOqi4Rd9fY65Pg/xdD8WF3zwrcJeDHiJ\nl4B8fW52aBibRRou/KMIUZABUR66bi/XGUqBX6k5y6X7iGlV31gp45XMIP+ot2qZ\nuS/tyxYUrJJEHggUiHrkOQtdzVjKHD50BJmfVFCFHp4aQRV4rfhVFVtrIr1K2XEz\n/BECgYAN8KiE1oVsuqXkVUGZPKkalt1xKrHfNAcTOswloWKCM+3d1GStvs4eKEhw\n2WAi+QY+TmHwtPluFQIzQ0zaZz42HKBeIdMxNy9OEk4MWDE0ThVw4aYk1LiDt4wf\nodPPfsu8JcZsN+REXNzG/G0O6H/Wwq1tn6j49CuAoNhlSEbZqg==\n-----END RSA PRIVATE KEY-----\n",
            "renewal_eligibility": "INELIGIBLE",
            "renewal_summary": [],
            "status": "ISSUED",
            "subject_alternative_names": [
              "*.elb.amazonaws.com",
              "localhost",
              "petclinic.local"
            ],
            "tags": {
              "Environment": "prod",
              "ManagedBy": "Terraform",
              "Name": "petclinic-prod-self-signed-cert",
              "Owner": "Binome-ISI",
              "Project": "petclinic"
            },
            "tags_all": {
              "Environment": "prod",
              "ManagedBy": "Terraform",
              "Name": "petclinic-prod-self-signed-cert",
              "Owner": "Binome-ISI",
              "Project": "petclinic"
            },
            "type": "IMPORTED",
            "validation_emails": [],
            "validation_method": "NONE",
            "validation_option": []
          },
          "sensitive_attributes": [
            [
              {
                "type": "get_attr",
                "value": "private_key"
              }
            ]
          ],
          "private": "bnVsbA==",
          "dependencies": [
            "tls_private_key.main",
            "tls_self_signed_cert.main"
          ]
        }
      ]
    },
    {
      "mode": "managed",
      "type": "aws_autoscaling_group",
      "name": "app",
      "provider": "provider[\"registry.terraform.io/hashicorp/aws\"]",
      "instances": []
    },
    {
      "mode": "managed",
      "type": "aws_autoscaling_policy",
      "name": "cpu_scaling",
      "provider": "provider[\"registry.terraform.io/hashicorp/aws\"]",
      "instances": []
    },
    {
      "mode": "managed",
      "type": "aws_db_instance",
      "name": "db",
      "provider": "provider[\"registry.terraform.io/hashicorp/aws\"]",
      "instances": []
    },
    {
      "mode": "managed",
      "type": "aws_eip",
      "name": "nat",
      "provider": "provider[\"registry.terraform.io/hashicorp/aws\"]",
      "instances": [
        {
          "index_key": 0,
          "schema_version": 0,
          "attributes": {
            "address": null,
            "allocation_id": "eipalloc-0bfecec8aae689ec8",
            "arn": "arn:aws:ec2:us-east-1:878617118606:elastic-ip/eipalloc-0bfecec8aae689ec8",
            "associate_with_private_ip": null,
            "association_id": "",
            "carrier_ip": "",
            "customer_owned_ip": "",
            "customer_owned_ipv4_pool": "",
            "domain": "vpc",
            "id": "eipalloc-0bfecec8aae689ec8",
            "instance": "",
            "ipam_pool_id": null,
            "network_border_group": "us-east-1",
            "network_interface": "",
            "private_dns": null,
            "private_ip": "",
            "ptr_record": "",
            "public_dns": "ec2-52-7-139-222.compute-1.amazonaws.com",
            "public_ip": "52.7.139.222",
            "public_ipv4_pool": "amazon",
            "tags": {
              "Environment": "prod",
              "ManagedBy": "Terraform",
              "Name": "petclinic-prod-nat-eip-us-east-1a",
              "Owner": "Binome-ISI",
              "Project": "petclinic"
            },
            "tags_all": {
              "Environment": "prod",
              "ManagedBy": "Terraform",
              "Name": "petclinic-prod-nat-eip-us-east-1a",
              "Owner": "Binome-ISI",
              "Project": "petclinic"
            },
            "timeouts": null,
            "vpc": true
          },
          "sensitive_attributes": [],
          "private": "eyJlMmJmYjczMC1lY2FhLTExZTYtOGY4OC0zNDM2M2JjN2M0YzAiOnsiZGVsZXRlIjoxODAwMDAwMDAwMDAsInJlYWQiOjkwMDAwMDAwMDAwMCwidXBkYXRlIjozMDAwMDAwMDAwMDB9fQ=="
        },
        {
          "index_key": 1,
          "schema_version": 0,
          "attributes": {
            "address": null,
            "allocation_id": "eipalloc-0155fa9a6a1cffe88",
            "arn": "arn:aws:ec2:us-east-1:878617118606:elastic-ip/eipalloc-0155fa9a6a1cffe88",
            "associate_with_private_ip": null,
            "association_id": "",
            "carrier_ip": "",
            "customer_owned_ip": "",
            "customer_owned_ipv4_pool": "",
            "domain": "vpc",
            "id": "eipalloc-0155fa9a6a1cffe88",
            "instance": "",
            "ipam_pool_id": null,
            "network_border_group": "us-east-1",
            "network_interface": "",
            "private_dns": null,
            "private_ip": "",
            "ptr_record": "",
            "public_dns": "ec2-18-233-35-212.compute-1.amazonaws.com",
            "public_ip": "18.233.35.212",
            "public_ipv4_pool": "amazon",
            "tags": {
              "Environment": "prod",
              "ManagedBy": "Terraform",
              "Name": "petclinic-prod-nat-eip-us-east-1b",
              "Owner": "Binome-ISI",
              "Project": "petclinic"
            },
            "tags_all": {
              "Environment": "prod",
              "ManagedBy": "Terraform",
              "Name": "petclinic-prod-nat-eip-us-east-1b",
              "Owner": "Binome-ISI",
              "Project": "petclinic"
            },
            "timeouts": null,
            "vpc": true
          },
          "sensitive_attributes": [],
          "private": "eyJlMmJmYjczMC1lY2FhLTExZTYtOGY4OC0zNDM2M2JjN2M0YzAiOnsiZGVsZXRlIjoxODAwMDAwMDAwMDAsInJlYWQiOjkwMDAwMDAwMDAwMCwidXBkYXRlIjozMDAwMDAwMDAwMDB9fQ=="
        }
      ]
    },
    {
      "mode": "managed",
      "type": "aws_iam_instance_profile",
      "name": "ec2_profile",
      "provider": "provider[\"registry.terraform.io/hashicorp/aws\"]",
      "instances": []
    },
    {
      "mode": "managed",
      "type": "aws_iam_policy",
      "name": "ec2_custom_policy",
      "provider": "provider[\"registry.terraform.io/hashicorp/aws\"]",
      "instances": []
    },
    {
      "mode": "managed",
      "type": "aws_iam_role_policy_attachment",
      "name": "ec2_custom",
      "provider": "provider[\"registry.terraform.io/hashicorp/aws\"]",
      "instances": []
    },
    {
      "mode": "managed",
      "type": "aws_iam_role_policy_attachment",
      "name": "ssm",
      "provider": "provider[\"registry.terraform.io/hashicorp/aws\"]",
      "instances": []
    },
    {
      "mode": "managed",
      "type": "aws_internet_gateway",
      "name": "igw",
      "provider": "provider[\"registry.terraform.io/hashicorp/aws\"]",
      "instances": [
        {
          "schema_version": 0,
          "attributes": {
            "arn": "arn:aws:ec2:us-east-1:878617118606:internet-gateway/igw-061be9981c2ba80d6",
            "id": "igw-061be9981c2ba80d6",
            "owner_id": "878617118606",
            "tags": {
              "Environment": "prod",
              "ManagedBy": "Terraform",
              "Name": "petclinic-prod-igw",
              "Owner": "Binome-ISI",
              "Project": "petclinic"
            },
            "tags_all": {
              "Environment": "prod",
              "ManagedBy": "Terraform",
              "Name": "petclinic-prod-igw",
              "Owner": "Binome-ISI",
              "Project": "petclinic"
            },
            "timeouts": null,
            "vpc_id": "vpc-04b613f575a07bbb5"
          },
          "sensitive_attributes": [],
          "private": "eyJlMmJmYjczMC1lY2FhLTExZTYtOGY4OC0zNDM2M2JjN2M0YzAiOnsiY3JlYXRlIjoxMjAwMDAwMDAwMDAwLCJkZWxldGUiOjEyMDAwMDAwMDAwMDAsInVwZGF0ZSI6MTIwMDAwMDAwMDAwMH19",
          "dependencies": [
            "aws_vpc.main"
          ]
        }
      ]
    },
    {
      "mode": "managed",
      "type": "aws_kms_alias",
      "name": "main",
      "provider": "provider[\"registry.terraform.io/hashicorp/aws\"]",
      "instances": []
    },
    {
      "mode": "managed",
      "type": "aws_kms_key",
      "name": "main",
      "provider": "provider[\"registry.terraform.io/hashicorp/aws\"]",
      "instances": []
    },
    {
      "mode": "managed",
      "type": "aws_launch_template",
      "name": "app",
      "provider": "provider[\"registry.terraform.io/hashicorp/aws\"]",
      "instances": []
    },
    {
      "mode": "managed",
      "type": "aws_lb_listener",
      "name": "http",
      "provider": "provider[\"registry.terraform.io/hashicorp/aws\"]",
      "instances": []
    },
    {
      "mode": "managed",
      "type": "aws_lb_listener",
      "name": "https",
      "provider": "provider[\"registry.terraform.io/hashicorp/aws\"]",
      "instances": []
    },
    {
      "mode": "managed",
      "type": "aws_nat_gateway",
      "name": "nat",
      "provider": "provider[\"registry.terraform.io/hashicorp/aws\"]",
      "instances": [
        {
          "index_key": 0,
          "schema_version": 0,
          "attributes": {
            "allocation_id": "eipalloc-0bfecec8aae689ec8",
            "association_id": "eipassoc-0fe6913a9e23626f8",
            "connectivity_type": "public",
            "id": "nat-08c83f866464f295f",
            "network_interface_id": "eni-0e2946be5f716e4bf",
            "private_ip": "10.0.0.161",
            "public_ip": "52.7.139.222",
            "secondary_allocation_ids": null,
            "secondary_private_ip_address_count": 0,
            "secondary_private_ip_addresses": [],
            "subnet_id": "subnet-0152a17685b26e616",
            "tags": {
              "Environment": "prod",
              "ManagedBy": "Terraform",
              "Name": "petclinic-prod-nat-gw-us-east-1a",
              "Owner": "Binome-ISI",
              "Project": "petclinic"
            },
            "tags_all": {
              "Environment": "prod",
              "ManagedBy": "Terraform",
              "Name": "petclinic-prod-nat-gw-us-east-1a",
              "Owner": "Binome-ISI",
              "Project": "petclinic"
            },
            "timeouts": null
          },
          "sensitive_attributes": [],
          "private": "eyJlMmJmYjczMC1lY2FhLTExZTYtOGY4OC0zNDM2M2JjN2M0YzAiOnsiY3JlYXRlIjo2MDAwMDAwMDAwMDAsImRlbGV0ZSI6MTgwMDAwMDAwMDAwMCwidXBkYXRlIjo2MDAwMDAwMDAwMDB9fQ==",
          "dependencies": [
            "aws_eip.nat",
            "aws_internet_gateway.igw",
            "aws_subnet.public",
            "aws_vpc.main"
          ]
        },
        {
          "index_key": 1,
          "schema_version": 0,
          "attributes": {
            "allocation_id": "eipalloc-0155fa9a6a1cffe88",
            "association_id": "eipassoc-07e5844baee52f874",
            "connectivity_type": "public",
            "id": "nat-05c8e8d635bee7a23",
            "network_interface_id": "eni-0b8395aa5480ab07c",
            "private_ip": "10.0.1.196",
            "public_ip": "18.233.35.212",
            "secondary_allocation_ids": null,
            "secondary_private_ip_address_count": 0,
            "secondary_private_ip_addresses": [],
            "subnet_id": "subnet-01d1dcf34ce5ba6ee",
            "tags": {
              "Environment": "prod",
              "ManagedBy": "Terraform",
              "Name": "petclinic-prod-nat-gw-us-east-1b",
              "Owner": "Binome-ISI",
              "Project": "petclinic"
            },
            "tags_all": {
              "Environment": "prod",
              "ManagedBy": "Terraform",
              "Name": "petclinic-prod-nat-gw-us-east-1b",
              "Owner": "Binome-ISI",
              "Project": "petclinic"
            },
            "timeouts": null
          },
          "sensitive_attributes": [],
          "private": "eyJlMmJmYjczMC1lY2FhLTExZTYtOGY4OC0zNDM2M2JjN2M0YzAiOnsiY3JlYXRlIjo2MDAwMDAwMDAwMDAsImRlbGV0ZSI6MTgwMDAwMDAwMDAwMCwidXBkYXRlIjo2MDAwMDAwMDAwMDB9fQ==",
          "dependencies": [
            "aws_eip.nat",
            "aws_internet_gateway.igw",
            "aws_subnet.public",
            "aws_vpc.main"
          ]
        }
      ]
    },
    {
      "mode": "managed",
      "type": "aws_route_table",
      "name": "private",
      "provider": "provider[\"registry.terraform.io/hashicorp/aws\"]",
      "instances": [
        {
          "index_key": 0,
          "schema_version": 0,
          "attributes": {
            "arn": "arn:aws:ec2:us-east-1:878617118606:route-table/rtb-0544f5e805b5e9940",
            "id": "rtb-0544f5e805b5e9940",
            "owner_id": "878617118606",
            "propagating_vgws": [],
            "route": [
              {
                "carrier_gateway_id": "",
                "cidr_block": "0.0.0.0/0",
                "core_network_arn": "",
                "destination_prefix_list_id": "",
                "egress_only_gateway_id": "",
                "gateway_id": "",
                "ipv6_cidr_block": "",
                "local_gateway_id": "",
                "nat_gateway_id": "nat-08c83f866464f295f",
                "network_interface_id": "",
                "transit_gateway_id": "",
                "vpc_endpoint_id": "",
                "vpc_peering_connection_id": ""
              }
            ],
            "tags": {
              "Environment": "prod",
              "ManagedBy": "Terraform",
              "Name": "petclinic-prod-private-rt-us-east-1a",
              "Owner": "Binome-ISI",
              "Project": "petclinic"
            },
            "tags_all": {
              "Environment": "prod",
              "ManagedBy": "Terraform",
              "Name": "petclinic-prod-private-rt-us-east-1a",
              "Owner": "Binome-ISI",
              "Project": "petclinic"
            },
            "timeouts": null,
            "vpc_id": "vpc-04b613f575a07bbb5"
          },
          "sensitive_attributes": [],
          "private": "eyJlMmJmYjczMC1lY2FhLTExZTYtOGY4OC0zNDM2M2JjN2M0YzAiOnsiY3JlYXRlIjozMDAwMDAwMDAwMDAsImRlbGV0ZSI6MzAwMDAwMDAwMDAwLCJ1cGRhdGUiOjEyMDAwMDAwMDAwMH19",
          "dependencies": [
            "aws_eip.nat",
            "aws_internet_gateway.igw",
            "aws_nat_gateway.nat",
            "aws_subnet.public",
            "aws_vpc.main"
          ]
        },
        {
          "index_key": 1,
          "schema_version": 0,
          "attributes": {
            "arn": "arn:aws:ec2:us-east-1:878617118606:route-table/rtb-02dd63cd35ca073b8",
            "id": "rtb-02dd63cd35ca073b8",
            "owner_id": "878617118606",
            "propagating_vgws": [],
            "route": [
              {
                "carrier_gateway_id": "",
                "cidr_block": "0.0.0.0/0",
                "core_network_arn": "",
                "destination_prefix_list_id": "",
                "egress_only_gateway_id": "",
                "gateway_id": "",
                "ipv6_cidr_block": "",
                "local_gateway_id": "",
                "nat_gateway_id": "nat-05c8e8d635bee7a23",
                "network_interface_id": "",
                "transit_gateway_id": "",
                "vpc_endpoint_id": "",
                "vpc_peering_connection_id": ""
              }
            ],
            "tags": {
              "Environment": "prod",
              "ManagedBy": "Terraform",
              "Name": "petclinic-prod-private-rt-us-east-1b",
              "Owner": "Binome-ISI",
              "Project": "petclinic"
            },
            "tags_all": {
              "Environment": "prod",
              "ManagedBy": "Terraform",
              "Name": "petclinic-prod-private-rt-us-east-1b",
              "Owner": "Binome-ISI",
              "Project": "petclinic"
            },
            "timeouts": null,
            "vpc_id": "vpc-04b613f575a07bbb5"
          },
          "sensitive_attributes": [],
          "private": "eyJlMmJmYjczMC1lY2FhLTExZTYtOGY4OC0zNDM2M2JjN2M0YzAiOnsiY3JlYXRlIjozMDAwMDAwMDAwMDAsImRlbGV0ZSI6MzAwMDAwMDAwMDAwLCJ1cGRhdGUiOjEyMDAwMDAwMDAwMH19",
          "dependencies": [
            "aws_eip.nat",
            "aws_internet_gateway.igw",
            "aws_nat_gateway.nat",
            "aws_subnet.public",
            "aws_vpc.main"
          ]
        }
      ]
    },
    {
      "mode": "managed",
      "type": "aws_route_table",
      "name": "public",
      "provider": "provider[\"registry.terraform.io/hashicorp/aws\"]",
      "instances": [
        {
          "schema_version": 0,
          "attributes": {
            "arn": "arn:aws:ec2:us-east-1:878617118606:route-table/rtb-0c06cd6f5654eb489",
            "id": "rtb-0c06cd6f5654eb489",
            "owner_id": "878617118606",
            "propagating_vgws": [],
            "route": [
              {
                "carrier_gateway_id": "",
                "cidr_block": "0.0.0.0/0",
                "core_network_arn": "",
                "destination_prefix_list_id": "",
                "egress_only_gateway_id": "",
                "gateway_id": "igw-061be9981c2ba80d6",
                "ipv6_cidr_block": "",
                "local_gateway_id": "",
                "nat_gateway_id": "",
                "network_interface_id": "",
                "transit_gateway_id": "",
                "vpc_endpoint_id": "",
                "vpc_peering_connection_id": ""
              }
            ],
            "tags": {
              "Environment": "prod",
              "ManagedBy": "Terraform",
              "Name": "petclinic-prod-public-rt",
              "Owner": "Binome-ISI",
              "Project": "petclinic"
            },
            "tags_all": {
              "Environment": "prod",
              "ManagedBy": "Terraform",
              "Name": "petclinic-prod-public-rt",
              "Owner": "Binome-ISI",
              "Project": "petclinic"
            },
            "timeouts": null,
            "vpc_id": "vpc-04b613f575a07bbb5"
          },
          "sensitive_attributes": [],
          "private": "eyJlMmJmYjczMC1lY2FhLTExZTYtOGY4OC0zNDM2M2JjN2M0YzAiOnsiY3JlYXRlIjozMDAwMDAwMDAwMDAsImRlbGV0ZSI6MzAwMDAwMDAwMDAwLCJ1cGRhdGUiOjEyMDAwMDAwMDAwMH19",
          "dependencies": [
            "aws_internet_gateway.igw",
            "aws_vpc.main"
          ]
        }
      ]
    },
    {
      "mode": "managed",
      "type": "aws_route_table_association",
      "name": "private_app",
      "provider": "provider[\"registry.terraform.io/hashicorp/aws\"]",
      "instances": [
        {
          "index_key": 0,
          "schema_version": 0,
          "attributes": {
            "gateway_id": "",
            "id": "rtbassoc-0249bec94975cfdbc",
            "route_table_id": "rtb-0544f5e805b5e9940",
            "subnet_id": "subnet-0ad76ba29f706143f",
            "timeouts": null
          },
          "sensitive_attributes": [],
          "private": "eyJlMmJmYjczMC1lY2FhLTExZTYtOGY4OC0zNDM2M2JjN2M0YzAiOnsiY3JlYXRlIjozMDAwMDAwMDAwMDAsImRlbGV0ZSI6MzAwMDAwMDAwMDAwLCJ1cGRhdGUiOjEyMDAwMDAwMDAwMH19",
          "dependencies": [
            "aws_eip.nat",
            "aws_internet_gateway.igw",
            "aws_nat_gateway.nat",
            "aws_route_table.private",
            "aws_subnet.private_app",
            "aws_subnet.public",
            "aws_vpc.main"
          ]
        },
        {
          "index_key": 1,
          "schema_version": 0,
          "attributes": {
            "gateway_id": "",
            "id": "rtbassoc-0d445690bb528fee0",
            "route_table_id": "rtb-02dd63cd35ca073b8",
            "subnet_id": "subnet-0c56df1669504f3d5",
            "timeouts": null
          },
          "sensitive_attributes": [],
          "private": "eyJlMmJmYjczMC1lY2FhLTExZTYtOGY4OC0zNDM2M2JjN2M0YzAiOnsiY3JlYXRlIjozMDAwMDAwMDAwMDAsImRlbGV0ZSI6MzAwMDAwMDAwMDAwLCJ1cGRhdGUiOjEyMDAwMDAwMDAwMH19",
          "dependencies": [
            "aws_eip.nat",
            "aws_internet_gateway.igw",
            "aws_nat_gateway.nat",
            "aws_route_table.private",
            "aws_subnet.private_app",
            "aws_subnet.public",
            "aws_vpc.main"
          ]
        }
      ]
    },
    {
      "mode": "managed",
      "type": "aws_route_table_association",
      "name": "private_db",
      "provider": "provider[\"registry.terraform.io/hashicorp/aws\"]",
      "instances": [
        {
          "index_key": 0,
          "schema_version": 0,
          "attributes": {
            "gateway_id": "",
            "id": "rtbassoc-0290c5aaad76bbbf9",
            "route_table_id": "rtb-0544f5e805b5e9940",
            "subnet_id": "subnet-0bbcc5e32abe017ca",
            "timeouts": null
          },
          "sensitive_attributes": [],
          "private": "eyJlMmJmYjczMC1lY2FhLTExZTYtOGY4OC0zNDM2M2JjN2M0YzAiOnsiY3JlYXRlIjozMDAwMDAwMDAwMDAsImRlbGV0ZSI6MzAwMDAwMDAwMDAwLCJ1cGRhdGUiOjEyMDAwMDAwMDAwMH19",
          "dependencies": [
            "aws_eip.nat",
            "aws_internet_gateway.igw",
            "aws_nat_gateway.nat",
            "aws_route_table.private",
            "aws_subnet.private_db",
            "aws_subnet.public",
            "aws_vpc.main"
          ]
        },
        {
          "index_key": 1,
          "schema_version": 0,
          "attributes": {
            "gateway_id": "",
            "id": "rtbassoc-028c47380465d1a0d",
            "route_table_id": "rtb-02dd63cd35ca073b8",
            "subnet_id": "subnet-084f5e026ab068535",
            "timeouts": null
          },
          "sensitive_attributes": [],
          "private": "eyJlMmJmYjczMC1lY2FhLTExZTYtOGY4OC0zNDM2M2JjN2M0YzAiOnsiY3JlYXRlIjozMDAwMDAwMDAwMDAsImRlbGV0ZSI6MzAwMDAwMDAwMDAwLCJ1cGRhdGUiOjEyMDAwMDAwMDAwMH19",
          "dependencies": [
            "aws_eip.nat",
            "aws_internet_gateway.igw",
            "aws_nat_gateway.nat",
            "aws_route_table.private",
            "aws_subnet.private_db",
            "aws_subnet.public",
            "aws_vpc.main"
          ]
        }
      ]
    },
    {
      "mode": "managed",
      "type": "aws_route_table_association",
      "name": "public",
      "provider": "provider[\"registry.terraform.io/hashicorp/aws\"]",
      "instances": [
        {
          "index_key": 0,
          "schema_version": 0,
          "attributes": {
            "gateway_id": "",
            "id": "rtbassoc-0c858aede821375e5",
            "route_table_id": "rtb-0c06cd6f5654eb489",
            "subnet_id": "subnet-0152a17685b26e616",
            "timeouts": null
          },
          "sensitive_attributes": [],
          "private": "eyJlMmJmYjczMC1lY2FhLTExZTYtOGY4OC0zNDM2M2JjN2M0YzAiOnsiY3JlYXRlIjozMDAwMDAwMDAwMDAsImRlbGV0ZSI6MzAwMDAwMDAwMDAwLCJ1cGRhdGUiOjEyMDAwMDAwMDAwMH19",
          "dependencies": [
            "aws_internet_gateway.igw",
            "aws_route_table.public",
            "aws_subnet.public",
            "aws_vpc.main"
          ]
        },
        {
          "index_key": 1,
          "schema_version": 0,
          "attributes": {
            "gateway_id": "",
            "id": "rtbassoc-0087f2b557fcc3ddd",
            "route_table_id": "rtb-0c06cd6f5654eb489",
            "subnet_id": "subnet-01d1dcf34ce5ba6ee",
            "timeouts": null
          },
          "sensitive_attributes": [],
          "private": "eyJlMmJmYjczMC1lY2FhLTExZTYtOGY4OC0zNDM2M2JjN2M0YzAiOnsiY3JlYXRlIjozMDAwMDAwMDAwMDAsImRlbGV0ZSI6MzAwMDAwMDAwMDAwLCJ1cGRhdGUiOjEyMDAwMDAwMDAwMH19",
          "dependencies": [
            "aws_internet_gateway.igw",
            "aws_route_table.public",
            "aws_subnet.public",
            "aws_vpc.main"
          ]
        }
      ]
    },
    {
      "mode": "managed",
      "type": "aws_s3_bucket",
      "name": "deploy",
      "provider": "provider[\"registry.terraform.io/hashicorp/aws\"]",
      "instances": [
        {
          "schema_version": 0,
          "attributes": {
            "acceleration_status": "",
            "acl": null,
            "arn": "arn:aws:s3:::petclinic-prod-deploy-igatk5",
            "bucket": "petclinic-prod-deploy-igatk5",
            "bucket_domain_name": "petclinic-prod-deploy-igatk5.s3.amazonaws.com",
            "bucket_prefix": "",
            "bucket_regional_domain_name": "petclinic-prod-deploy-igatk5.s3.us-east-1.amazonaws.com",
            "cors_rule": [],
            "force_destroy": true,
            "grant": [
              {
                "id": "b103077a279c0c291e9d5e745f20cde53cfec8445331d256903f69a130c9021d",
                "permissions": [
                  "FULL_CONTROL"
                ],
                "type": "CanonicalUser",
                "uri": ""
              }
            ],
            "hosted_zone_id": "Z3AQBSTGFYJSTF",
            "id": "petclinic-prod-deploy-igatk5",
            "lifecycle_rule": [],
            "logging": [],
            "object_lock_configuration": [],
            "object_lock_enabled": false,
            "policy": "",
            "region": "us-east-1",
            "replication_configuration": [],
            "request_payer": "BucketOwner",
            "server_side_encryption_configuration": [
              {
                "rule": [
                  {
                    "apply_server_side_encryption_by_default": [
                      {
                        "kms_master_key_id": "",
                        "sse_algorithm": "AES256"
                      }
                    ],
                    "bucket_key_enabled": false
                  }
                ]
              }
            ],
            "tags": {
              "Environment": "prod",
              "ManagedBy": "Terraform",
              "Owner": "Binome-ISI",
              "Project": "petclinic"
            },
            "tags_all": {
              "Environment": "prod",
              "ManagedBy": "Terraform",
              "Owner": "Binome-ISI",
              "Project": "petclinic"
            },
            "timeouts": null,
            "versioning": [
              {
                "enabled": false,
                "mfa_delete": false
              }
            ],
            "website": [],
            "website_domain": null,
            "website_endpoint": null
          },
          "sensitive_attributes": [],
          "private": "eyJlMmJmYjczMC1lY2FhLTExZTYtOGY4OC0zNDM2M2JjN2M0YzAiOnsiY3JlYXRlIjoxMjAwMDAwMDAwMDAwLCJkZWxldGUiOjM2MDAwMDAwMDAwMDAsInJlYWQiOjEyMDAwMDAwMDAwMDAsInVwZGF0ZSI6MTIwMDAwMDAwMDAwMH19",
          "dependencies": [
            "random_string.suffix"
          ],
          "create_before_destroy": true
        }
      ]
    },
    {
      "mode": "managed",
      "type": "aws_s3_bucket_public_access_block",
      "name": "deploy",
      "provider": "provider[\"registry.terraform.io/hashicorp/aws\"]",
      "instances": [
        {
          "schema_version": 0,
          "attributes": {
            "block_public_acls": true,
            "block_public_policy": true,
            "bucket": "petclinic-prod-deploy-igatk5",
            "id": "petclinic-prod-deploy-igatk5",
            "ignore_public_acls": true,
            "restrict_public_buckets": true
          },
          "sensitive_attributes": [],
          "private": "bnVsbA==",
          "dependencies": [
            "aws_s3_bucket.deploy",
            "random_string.suffix"
          ]
        }
      ]
    },
    {
      "mode": "managed",
      "type": "aws_s3_bucket_server_side_encryption_configuration",
      "name": "deploy",
      "provider": "provider[\"registry.terraform.io/hashicorp/aws\"]",
      "instances": []
    },
    {
      "mode": "managed",
      "type": "aws_s3_object",
      "name": "app_jar",
      "provider": "provider[\"registry.terraform.io/hashicorp/aws\"]",
      "instances": []
    },
    {
      "mode": "managed",
      "type": "aws_secretsmanager_secret",
      "name": "db_secret",
      "provider": "provider[\"registry.terraform.io/hashicorp/aws\"]",
      "instances": []
    },
    {
      "mode": "managed",
      "type": "aws_secretsmanager_secret_version",
      "name": "db_secret_val",
      "provider": "provider[\"registry.terraform.io/hashicorp/aws\"]",
      "instances": []
    },
    {
      "mode": "managed",
      "type": "aws_security_group",
      "name": "alb",
      "provider": "provider[\"registry.terraform.io/hashicorp/aws\"]",
      "instances": [
        {
          "schema_version": 1,
          "attributes": {
            "arn": "arn:aws:ec2:us-east-1:878617118606:security-group/sg-01ff9b6f74bbc5c36",
            "description": "Security group for ALB allowing HTTP and HTTPS",
            "egress": [
              {
                "cidr_blocks": [
                  "0.0.0.0/0"
                ],
                "description": "Allow all outbound traffic",
                "from_port": 0,
                "ipv6_cidr_blocks": [],
                "prefix_list_ids": [],
                "protocol": "-1",
                "security_groups": [],
                "self": false,
                "to_port": 0
              }
            ],
            "id": "sg-01ff9b6f74bbc5c36",
            "ingress": [
              {
                "cidr_blocks": [
                  "0.0.0.0/0"
                ],
                "description": "Allow HTTP",
                "from_port": 80,
                "ipv6_cidr_blocks": [],
                "prefix_list_ids": [],
                "protocol": "tcp",
                "security_groups": [],
                "self": false,
                "to_port": 80
              },
              {
                "cidr_blocks": [
                  "0.0.0.0/0"
                ],
                "description": "Allow HTTPS",
                "from_port": 443,
                "ipv6_cidr_blocks": [],
                "prefix_list_ids": [],
                "protocol": "tcp",
                "security_groups": [],
                "self": false,
                "to_port": 443
              }
            ],
            "name": "petclinic-prod-alb-sg",
            "name_prefix": "",
            "owner_id": "878617118606",
            "revoke_rules_on_delete": false,
            "tags": {
              "Environment": "prod",
              "ManagedBy": "Terraform",
              "Name": "petclinic-prod-alb-sg",
              "Owner": "Binome-ISI",
              "Project": "petclinic"
            },
            "tags_all": {
              "Environment": "prod",
              "ManagedBy": "Terraform",
              "Name": "petclinic-prod-alb-sg",
              "Owner": "Binome-ISI",
              "Project": "petclinic"
            },
            "timeouts": null,
            "vpc_id": "vpc-04b613f575a07bbb5"
          },
          "sensitive_attributes": [],
          "private": "eyJlMmJmYjczMC1lY2FhLTExZTYtOGY4OC0zNDM2M2JjN2M0YzAiOnsiY3JlYXRlIjo2MDAwMDAwMDAwMDAsImRlbGV0ZSI6OTAwMDAwMDAwMDAwfSwic2NoZW1hX3ZlcnNpb24iOiIxIn0=",
          "dependencies": [
            "aws_vpc.main"
          ],
          "create_before_destroy": true
        }
      ]
    },
    {
      "mode": "managed",
      "type": "aws_security_group",
      "name": "app",
      "provider": "provider[\"registry.terraform.io/hashicorp/aws\"]",
      "instances": [
        {
          "schema_version": 1,
          "attributes": {
            "arn": "arn:aws:ec2:us-east-1:878617118606:security-group/sg-0f3781b6fdab0ff5e",
            "description": "Security group for App EC2 instances",
            "egress": [
              {
                "cidr_blocks": [
                  "0.0.0.0/0"
                ],
                "description": "Allow all outbound traffic",
                "from_port": 0,
                "ipv6_cidr_blocks": [],
                "prefix_list_ids": [],
                "protocol": "-1",
                "security_groups": [],
                "self": false,
                "to_port": 0
              }
            ],
            "id": "sg-0f3781b6fdab0ff5e",
            "ingress": [
              {
                "cidr_blocks": [],
                "description": "Allow port 8080 from ALB",
                "from_port": 8080,
                "ipv6_cidr_blocks": [],
                "prefix_list_ids": [],
                "protocol": "tcp",
                "security_groups": [
                  "sg-01ff9b6f74bbc5c36"
                ],
                "self": false,
                "to_port": 8080
              }
            ],
            "name": "petclinic-prod-app-sg",
            "name_prefix": "",
            "owner_id": "878617118606",
            "revoke_rules_on_delete": false,
            "tags": {
              "Environment": "prod",
              "ManagedBy": "Terraform",
              "Name": "petclinic-prod-app-sg",
              "Owner": "Binome-ISI",
              "Project": "petclinic"
            },
            "tags_all": {
              "Environment": "prod",
              "ManagedBy": "Terraform",
              "Name": "petclinic-prod-app-sg",
              "Owner": "Binome-ISI",
              "Project": "petclinic"
            },
            "timeouts": null,
            "vpc_id": "vpc-04b613f575a07bbb5"
          },
          "sensitive_attributes": [],
          "private": "eyJlMmJmYjczMC1lY2FhLTExZTYtOGY4OC0zNDM2M2JjN2M0YzAiOnsiY3JlYXRlIjo2MDAwMDAwMDAwMDAsImRlbGV0ZSI6OTAwMDAwMDAwMDAwfSwic2NoZW1hX3ZlcnNpb24iOiIxIn0=",
          "dependencies": [
            "aws_security_group.alb",
            "aws_vpc.main"
          ],
          "create_before_destroy": true
        }
      ]
    },
    {
      "mode": "managed",
      "type": "aws_security_group",
      "name": "rds_db",
      "provider": "provider[\"registry.terraform.io/hashicorp/aws\"]",
      "instances": [
        {
          "schema_version": 1,
          "attributes": {
            "arn": "arn:aws:ec2:us-east-1:878617118606:security-group/sg-07847177e02e398f9",
            "description": "Security group for RDS MySQL",
            "egress": [
              {
                "cidr_blocks": [
                  "0.0.0.0/0"
                ],
                "description": "Allow all outbound traffic",
                "from_port": 0,
                "ipv6_cidr_blocks": [],
                "prefix_list_ids": [],
                "protocol": "-1",
                "security_groups": [],
                "self": false,
                "to_port": 0
              }
            ],
            "id": "sg-07847177e02e398f9",
            "ingress": [
              {
                "cidr_blocks": [],
                "description": "Allow MySQL traffic directly from EC2 instances",
                "from_port": 3306,
                "ipv6_cidr_blocks": [],
                "prefix_list_ids": [],
                "protocol": "tcp",
                "security_groups": [
                  "sg-0f3781b6fdab0ff5e"
                ],
                "self": false,
                "to_port": 3306
              }
            ],
            "name": "petclinic-prod-rds-db-sg",
            "name_prefix": "",
            "owner_id": "878617118606",
            "revoke_rules_on_delete": false,
            "tags": {
              "Environment": "prod",
              "ManagedBy": "Terraform",
              "Name": "petclinic-prod-rds-db-sg",
              "Owner": "Binome-ISI",
              "Project": "petclinic"
            },
            "tags_all": {
              "Environment": "prod",
              "ManagedBy": "Terraform",
              "Name": "petclinic-prod-rds-db-sg",
              "Owner": "Binome-ISI",
              "Project": "petclinic"
            },
            "timeouts": null,
            "vpc_id": "vpc-04b613f575a07bbb5"
          },
          "sensitive_attributes": [],
          "private": "eyJlMmJmYjczMC1lY2FhLTExZTYtOGY4OC0zNDM2M2JjN2M0YzAiOnsiY3JlYXRlIjo2MDAwMDAwMDAwMDAsImRlbGV0ZSI6OTAwMDAwMDAwMDAwfSwic2NoZW1hX3ZlcnNpb24iOiIxIn0=",
          "dependencies": [
            "aws_security_group.alb",
            "aws_security_group.app",
            "aws_vpc.main"
          ],
          "create_before_destroy": true
        }
      ]
    },
    {
      "mode": "managed",
      "type": "aws_subnet",
      "name": "private_app",
      "provider": "provider[\"registry.terraform.io/hashicorp/aws\"]",
      "instances": [
        {
          "index_key": 0,
          "schema_version": 1,
          "attributes": {
            "arn": "arn:aws:ec2:us-east-1:878617118606:subnet/subnet-0ad76ba29f706143f",
            "assign_ipv6_address_on_creation": false,
            "availability_zone": "us-east-1a",
            "availability_zone_id": "use1-az1",
            "cidr_block": "10.0.10.0/24",
            "customer_owned_ipv4_pool": "",
            "enable_dns64": false,
            "enable_lni_at_device_index": 0,
            "enable_resource_name_dns_a_record_on_launch": false,
            "enable_resource_name_dns_aaaa_record_on_launch": false,
            "id": "subnet-0ad76ba29f706143f",
            "ipv6_cidr_block": "",
            "ipv6_cidr_block_association_id": "",
            "ipv6_native": false,
            "map_customer_owned_ip_on_launch": false,
            "map_public_ip_on_launch": false,
            "outpost_arn": "",
            "owner_id": "878617118606",
            "private_dns_hostname_type_on_launch": "ip-name",
            "tags": {
              "Environment": "prod",
              "ManagedBy": "Terraform",
              "Name": "petclinic-prod-private-app-us-east-1a",
              "Owner": "Binome-ISI",
              "Project": "petclinic"
            },
            "tags_all": {
              "Environment": "prod",
              "ManagedBy": "Terraform",
              "Name": "petclinic-prod-private-app-us-east-1a",
              "Owner": "Binome-ISI",
              "Project": "petclinic"
            },
            "timeouts": null,
            "vpc_id": "vpc-04b613f575a07bbb5"
          },
          "sensitive_attributes": [],
          "private": "eyJlMmJmYjczMC1lY2FhLTExZTYtOGY4OC0zNDM2M2JjN2M0YzAiOnsiY3JlYXRlIjo2MDAwMDAwMDAwMDAsImRlbGV0ZSI6MTIwMDAwMDAwMDAwMH0sInNjaGVtYV92ZXJzaW9uIjoiMSJ9",
          "dependencies": [
            "aws_vpc.main"
          ]
        },
        {
          "index_key": 1,
          "schema_version": 1,
          "attributes": {
            "arn": "arn:aws:ec2:us-east-1:878617118606:subnet/subnet-0c56df1669504f3d5",
            "assign_ipv6_address_on_creation": false,
            "availability_zone": "us-east-1b",
            "availability_zone_id": "use1-az2",
            "cidr_block": "10.0.11.0/24",
            "customer_owned_ipv4_pool": "",
            "enable_dns64": false,
            "enable_lni_at_device_index": 0,
            "enable_resource_name_dns_a_record_on_launch": false,
            "enable_resource_name_dns_aaaa_record_on_launch": false,
            "id": "subnet-0c56df1669504f3d5",
            "ipv6_cidr_block": "",
            "ipv6_cidr_block_association_id": "",
            "ipv6_native": false,
            "map_customer_owned_ip_on_launch": false,
            "map_public_ip_on_launch": false,
            "outpost_arn": "",
            "owner_id": "878617118606",
            "private_dns_hostname_type_on_launch": "ip-name",
            "tags": {
              "Environment": "prod",
              "ManagedBy": "Terraform",
              "Name": "petclinic-prod-private-app-us-east-1b",
              "Owner": "Binome-ISI",
              "Project": "petclinic"
            },
            "tags_all": {
              "Environment": "prod",
              "ManagedBy": "Terraform",
              "Name": "petclinic-prod-private-app-us-east-1b",
              "Owner": "Binome-ISI",
              "Project": "petclinic"
            },
            "timeouts": null,
            "vpc_id": "vpc-04b613f575a07bbb5"
          },
          "sensitive_attributes": [],
          "private": "eyJlMmJmYjczMC1lY2FhLTExZTYtOGY4OC0zNDM2M2JjN2M0YzAiOnsiY3JlYXRlIjo2MDAwMDAwMDAwMDAsImRlbGV0ZSI6MTIwMDAwMDAwMDAwMH0sInNjaGVtYV92ZXJzaW9uIjoiMSJ9",
          "dependencies": [
            "aws_vpc.main"
          ]
        }
      ]
    },
    {
      "mode": "managed",
      "type": "aws_subnet",
      "name": "private_db",
      "provider": "provider[\"registry.terraform.io/hashicorp/aws\"]",
      "instances": [
        {
          "index_key": 0,
          "schema_version": 1,
          "attributes": {
            "arn": "arn:aws:ec2:us-east-1:878617118606:subnet/subnet-0bbcc5e32abe017ca",
            "assign_ipv6_address_on_creation": false,
            "availability_zone": "us-east-1a",
            "availability_zone_id": "use1-az1",
            "cidr_block": "10.0.20.0/24",
            "customer_owned_ipv4_pool": "",
            "enable_dns64": false,
            "enable_lni_at_device_index": 0,
            "enable_resource_name_dns_a_record_on_launch": false,
            "enable_resource_name_dns_aaaa_record_on_launch": false,
            "id": "subnet-0bbcc5e32abe017ca",
            "ipv6_cidr_block": "",
            "ipv6_cidr_block_association_id": "",
            "ipv6_native": false,
            "map_customer_owned_ip_on_launch": false,
            "map_public_ip_on_launch": false,
            "outpost_arn": "",
            "owner_id": "878617118606",
            "private_dns_hostname_type_on_launch": "ip-name",
            "tags": {
              "Environment": "prod",
              "ManagedBy": "Terraform",
              "Name": "petclinic-prod-private-db-us-east-1a",
              "Owner": "Binome-ISI",
              "Project": "petclinic"
            },
            "tags_all": {
              "Environment": "prod",
              "ManagedBy": "Terraform",
              "Name": "petclinic-prod-private-db-us-east-1a",
              "Owner": "Binome-ISI",
              "Project": "petclinic"
            },
            "timeouts": null,
            "vpc_id": "vpc-04b613f575a07bbb5"
          },
          "sensitive_attributes": [],
          "private": "eyJlMmJmYjczMC1lY2FhLTExZTYtOGY4OC0zNDM2M2JjN2M0YzAiOnsiY3JlYXRlIjo2MDAwMDAwMDAwMDAsImRlbGV0ZSI6MTIwMDAwMDAwMDAwMH0sInNjaGVtYV92ZXJzaW9uIjoiMSJ9",
          "dependencies": [
            "aws_vpc.main"
          ],
          "create_before_destroy": true
        },
        {
          "index_key": 1,
          "schema_version": 1,
          "attributes": {
            "arn": "arn:aws:ec2:us-east-1:878617118606:subnet/subnet-084f5e026ab068535",
            "assign_ipv6_address_on_creation": false,
            "availability_zone": "us-east-1b",
            "availability_zone_id": "use1-az2",
            "cidr_block": "10.0.21.0/24",
            "customer_owned_ipv4_pool": "",
            "enable_dns64": false,
            "enable_lni_at_device_index": 0,
            "enable_resource_name_dns_a_record_on_launch": false,
            "enable_resource_name_dns_aaaa_record_on_launch": false,
            "id": "subnet-084f5e026ab068535",
            "ipv6_cidr_block": "",
            "ipv6_cidr_block_association_id": "",
            "ipv6_native": false,
            "map_customer_owned_ip_on_launch": false,
            "map_public_ip_on_launch": false,
            "outpost_arn": "",
            "owner_id": "878617118606",
            "private_dns_hostname_type_on_launch": "ip-name",
            "tags": {
              "Environment": "prod",
              "ManagedBy": "Terraform",
              "Name": "petclinic-prod-private-db-us-east-1b",
              "Owner": "Binome-ISI",
              "Project": "petclinic"
            },
            "tags_all": {
              "Environment": "prod",
              "ManagedBy": "Terraform",
              "Name": "petclinic-prod-private-db-us-east-1b",
              "Owner": "Binome-ISI",
              "Project": "petclinic"
            },
            "timeouts": null,
            "vpc_id": "vpc-04b613f575a07bbb5"
          },
          "sensitive_attributes": [],
          "private": "eyJlMmJmYjczMC1lY2FhLTExZTYtOGY4OC0zNDM2M2JjN2M0YzAiOnsiY3JlYXRlIjo2MDAwMDAwMDAwMDAsImRlbGV0ZSI6MTIwMDAwMDAwMDAwMH0sInNjaGVtYV92ZXJzaW9uIjoiMSJ9",
          "dependencies": [
            "aws_vpc.main"
          ],
          "create_before_destroy": true
        }
      ]
    },
    {
      "mode": "managed",
      "type": "aws_subnet",
      "name": "public",
      "provider": "provider[\"registry.terraform.io/hashicorp/aws\"]",
      "instances": [
        {
          "index_key": 0,
          "schema_version": 1,
          "attributes": {
            "arn": "arn:aws:ec2:us-east-1:878617118606:subnet/subnet-0152a17685b26e616",
            "assign_ipv6_address_on_creation": false,
            "availability_zone": "us-east-1a",
            "availability_zone_id": "use1-az1",
            "cidr_block": "10.0.0.0/24",
            "customer_owned_ipv4_pool": "",
            "enable_dns64": false,
            "enable_lni_at_device_index": 0,
            "enable_resource_name_dns_a_record_on_launch": false,
            "enable_resource_name_dns_aaaa_record_on_launch": false,
            "id": "subnet-0152a17685b26e616",
            "ipv6_cidr_block": "",
            "ipv6_cidr_block_association_id": "",
            "ipv6_native": false,
            "map_customer_owned_ip_on_launch": false,
            "map_public_ip_on_launch": true,
            "outpost_arn": "",
            "owner_id": "878617118606",
            "private_dns_hostname_type_on_launch": "ip-name",
            "tags": {
              "Environment": "prod",
              "ManagedBy": "Terraform",
              "Name": "petclinic-prod-public-us-east-1a",
              "Owner": "Binome-ISI",
              "Project": "petclinic"
            },
            "tags_all": {
              "Environment": "prod",
              "ManagedBy": "Terraform",
              "Name": "petclinic-prod-public-us-east-1a",
              "Owner": "Binome-ISI",
              "Project": "petclinic"
            },
            "timeouts": null,
            "vpc_id": "vpc-04b613f575a07bbb5"
          },
          "sensitive_attributes": [],
          "private": "eyJlMmJmYjczMC1lY2FhLTExZTYtOGY4OC0zNDM2M2JjN2M0YzAiOnsiY3JlYXRlIjo2MDAwMDAwMDAwMDAsImRlbGV0ZSI6MTIwMDAwMDAwMDAwMH0sInNjaGVtYV92ZXJzaW9uIjoiMSJ9",
          "dependencies": [
            "aws_vpc.main"
          ]
        },
        {
          "index_key": 1,
          "schema_version": 1,
          "attributes": {
            "arn": "arn:aws:ec2:us-east-1:878617118606:subnet/subnet-01d1dcf34ce5ba6ee",
            "assign_ipv6_address_on_creation": false,
            "availability_zone": "us-east-1b",
            "availability_zone_id": "use1-az2",
            "cidr_block": "10.0.1.0/24",
            "customer_owned_ipv4_pool": "",
            "enable_dns64": false,
            "enable_lni_at_device_index": 0,
            "enable_resource_name_dns_a_record_on_launch": false,
            "enable_resource_name_dns_aaaa_record_on_launch": false,
            "id": "subnet-01d1dcf34ce5ba6ee",
            "ipv6_cidr_block": "",
            "ipv6_cidr_block_association_id": "",
            "ipv6_native": false,
            "map_customer_owned_ip_on_launch": false,
            "map_public_ip_on_launch": true,
            "outpost_arn": "",
            "owner_id": "878617118606",
            "private_dns_hostname_type_on_launch": "ip-name",
            "tags": {
              "Environment": "prod",
              "ManagedBy": "Terraform",
              "Name": "petclinic-prod-public-us-east-1b",
              "Owner": "Binome-ISI",
              "Project": "petclinic"
            },
            "tags_all": {
              "Environment": "prod",
              "ManagedBy": "Terraform",
              "Name": "petclinic-prod-public-us-east-1b",
              "Owner": "Binome-ISI",
              "Project": "petclinic"
            },
            "timeouts": null,
            "vpc_id": "vpc-04b613f575a07bbb5"
          },
          "sensitive_attributes": [],
          "private": "eyJlMmJmYjczMC1lY2FhLTExZTYtOGY4OC0zNDM2M2JjN2M0YzAiOnsiY3JlYXRlIjo2MDAwMDAwMDAwMDAsImRlbGV0ZSI6MTIwMDAwMDAwMDAwMH0sInNjaGVtYV92ZXJzaW9uIjoiMSJ9",
          "dependencies": [
            "aws_vpc.main"
          ]
        }
      ]
    },
    {
      "mode": "managed",
      "type": "aws_vpc",
      "name": "main",
      "provider": "provider[\"registry.terraform.io/hashicorp/aws\"]",
      "instances": [
        {
          "schema_version": 1,
          "attributes": {
            "arn": "arn:aws:ec2:us-east-1:878617118606:vpc/vpc-04b613f575a07bbb5",
            "assign_generated_ipv6_cidr_block": false,
            "cidr_block": "10.0.0.0/16",
            "default_network_acl_id": "acl-098146683651c7e9b",
            "default_route_table_id": "rtb-01a7e9a2916a1fc7c",
            "default_security_group_id": "sg-0ee0ee2480592478d",
            "dhcp_options_id": "dopt-036ae36ebe171eb79",
            "enable_dns_hostnames": true,
            "enable_dns_support": true,
            "enable_network_address_usage_metrics": false,
            "id": "vpc-04b613f575a07bbb5",
            "instance_tenancy": "default",
            "ipv4_ipam_pool_id": null,
            "ipv4_netmask_length": null,
            "ipv6_association_id": "",
            "ipv6_cidr_block": "",
            "ipv6_cidr_block_network_border_group": "",
            "ipv6_ipam_pool_id": "",
            "ipv6_netmask_length": 0,
            "main_route_table_id": "rtb-01a7e9a2916a1fc7c",
            "owner_id": "878617118606",
            "tags": {
              "Environment": "prod",
              "ManagedBy": "Terraform",
              "Name": "petclinic-prod-vpc",
              "Owner": "Binome-ISI",
              "Project": "petclinic"
            },
            "tags_all": {
              "Environment": "prod",
              "ManagedBy": "Terraform",
              "Name": "petclinic-prod-vpc",
              "Owner": "Binome-ISI",
              "Project": "petclinic"
            }
          },
          "sensitive_attributes": [],
          "private": "eyJzY2hlbWFfdmVyc2lvbiI6IjEifQ==",
          "create_before_destroy": true
        }
      ]
    },
    {
      "mode": "managed",
      "type": "aws_vpc_endpoint",
      "name": "s3",
      "provider": "provider[\"registry.terraform.io/hashicorp/aws\"]",
      "instances": [
        {
          "schema_version": 0,
          "attributes": {
            "arn": "arn:aws:ec2:us-east-1:878617118606:vpc-endpoint/vpce-088914f1a203f645c",
            "auto_accept": null,
            "cidr_blocks": [
              "16.15.176.0/20",
              "16.182.0.0/16",
              "18.34.0.0/19",
              "52.216.0.0/15",
              "54.231.0.0/16",
              "3.5.0.0/19",
              "18.34.232.0/21",
              "16.15.192.0/18"
            ],
            "dns_entry": [],
            "dns_options": [
              {
                "dns_record_ip_type": "service-defined",
                "private_dns_only_for_inbound_resolver_endpoint": false
              }
            ],
            "id": "vpce-088914f1a203f645c",
            "ip_address_type": "ipv4",
            "network_interface_ids": [],
            "owner_id": "878617118606",
            "policy": "{\"Statement\":[{\"Action\":\"*\",\"Effect\":\"Allow\",\"Principal\":\"*\",\"Resource\":\"*\"}],\"Version\":\"2008-10-17\"}",
            "prefix_list_id": "pl-63a5400a",
            "private_dns_enabled": false,
            "requester_managed": false,
            "resource_configuration_arn": "",
            "route_table_ids": [
              "rtb-02dd63cd35ca073b8",
              "rtb-0544f5e805b5e9940",
              "rtb-0c06cd6f5654eb489"
            ],
            "security_group_ids": [],
            "service_name": "com.amazonaws.us-east-1.s3",
            "service_network_arn": "",
            "service_region": "us-east-1",
            "state": "available",
            "subnet_configuration": [],
            "subnet_ids": [],
            "tags": {
              "Environment": "prod",
              "ManagedBy": "Terraform",
              "Name": "petclinic-prod-s3-vpce",
              "Owner": "Binome-ISI",
              "Project": "petclinic"
            },
            "tags_all": {
              "Environment": "prod",
              "ManagedBy": "Terraform",
              "Name": "petclinic-prod-s3-vpce",
              "Owner": "Binome-ISI",
              "Project": "petclinic"
            },
            "timeouts": null,
            "vpc_endpoint_type": "Gateway",
            "vpc_id": "vpc-04b613f575a07bbb5"
          },
          "sensitive_attributes": [],
          "private": "eyJlMmJmYjczMC1lY2FhLTExZTYtOGY4OC0zNDM2M2JjN2M0YzAiOnsiY3JlYXRlIjo2MDAwMDAwMDAwMDAsImRlbGV0ZSI6NjAwMDAwMDAwMDAwLCJ1cGRhdGUiOjYwMDAwMDAwMDAwMH19",
          "dependencies": [
            "aws_eip.nat",
            "aws_internet_gateway.igw",
            "aws_nat_gateway.nat",
            "aws_route_table.private",
            "aws_route_table.public",
            "aws_subnet.public",
            "aws_vpc.main"
          ]
        }
      ]
    },
    {
      "mode": "managed",
      "type": "random_password",
      "name": "db_password",
      "provider": "provider[\"registry.terraform.io/hashicorp/random\"]",
      "instances": [
        {
          "schema_version": 3,
          "attributes": {
            "bcrypt_hash": "$2a$10$tG/1JrqoW1MUrc7vNMWKb.oTrK89adqoxrTSeo.r0VK6xLgKhEpRu",
            "id": "none",
            "keepers": null,
            "length": 16,
            "lower": true,
            "min_lower": 0,
            "min_numeric": 0,
            "min_special": 0,
            "min_upper": 0,
            "number": true,
            "numeric": true,
            "override_special": "!#$%\u0026*()-_=+[]{}\u003c\u003e:?",
            "result": "laKHcmC1bC:sEoHF",
            "special": true,
            "upper": true
          },
          "sensitive_attributes": [],
          "create_before_destroy": true
        }
      ]
    },
    {
      "mode": "managed",
      "type": "random_string",
      "name": "suffix",
      "provider": "provider[\"registry.terraform.io/hashicorp/random\"]",
      "instances": [
        {
          "schema_version": 2,
          "attributes": {
            "id": "igatk5",
            "keepers": null,
            "length": 6,
            "lower": true,
            "min_lower": 0,
            "min_numeric": 0,
            "min_special": 0,
            "min_upper": 0,
            "number": true,
            "numeric": true,
            "override_special": null,
            "result": "igatk5",
            "special": false,
            "upper": false
          },
          "sensitive_attributes": [],
          "create_before_destroy": true
        }
      ]
    },
    {
      "mode": "managed",
      "type": "tls_private_key",
      "name": "main",
      "provider": "provider[\"registry.terraform.io/hashicorp/tls\"]",
      "instances": [
        {
          "schema_version": 1,
          "attributes": {
            "algorithm": "RSA",
            "ecdsa_curve": "P224",
            "id": "1139c4eefa4405616256d98dbd014b80a00e90db",
            "private_key_openssh": "-----BEGIN OPENSSH PRIVATE KEY-----\nb3BlbnNzaC1rZXktdjEAAAAABG5vbmUAAAAEbm9uZQAAAAAAAAABAAABFwAAAAdz\nc2gtcnNhAAAAAwEAAQAAAQEAoPiYLSMZ6UR6QXJPeqMIDSFTZIaZGmH/t56Ve5a1\nnw35AofqYHhPPbtbEZbJEgSMd2tgbcQc84QPmnZzb9e4lmu8uWA6pTjyv7hYTfH2\nS/jWI0zr4QaWGdzOo74/bAbsnx8BkBzg4MuqWRh/EgXTqdfLemVgYAzK/PhcXlQi\nXNt6W01wZ3/pCUmcX6J+K4/Dd+4S38pd6EIhrmJcRO9HItSDS6q8/bHW/q4AIySn\n+Vyn+dRozJ+iGilYyIwylLAs68IE1MatGzad7RAYgehc+QCQvMeW1iQdUHOo47Jw\n3aaO2gmQ6eYo76vRse6cJ1qKVaCJwHNqPyerBGpfYaF9RQAAA7iD/eocg/3qHAAA\nAAdzc2gtcnNhAAABAQCg+JgtIxnpRHpBck96owgNIVNkhpkaYf+3npV7lrWfDfkC\nh+pgeE89u1sRlskSBIx3a2BtxBzzhA+adnNv17iWa7y5YDqlOPK/uFhN8fZL+NYj\nTOvhBpYZ3M6jvj9sBuyfHwGQHODgy6pZGH8SBdOp18t6ZWBgDMr8+FxeVCJc23pb\nTXBnf+kJSZxfon4rj8N37hLfyl3oQiGuYlxE70ci1INLqrz9sdb+rgAjJKf5XKf5\n1GjMn6IaKVjIjDKUsCzrwgTUxq0bNp3tEBiB6Fz5AJC8x5bWJB1Qc6jjsnDdpo7a\nCZDp5ijvq9Gx7pwnWopVoInAc2o/J6sEal9hoX1FAAAAAwEAAQAAAP8laaH027Oq\nA8BmdasDVeEJLDW1p5LuDtjgVHtpvh14WkcFz5Ep2syQDHueGu2gwm3jU5GV8X7J\nGmiF/gHWfMzqKSAz9amrvRCufqoHc7VK8wrSKY6pPl6kpC1i4VTcRr+4O/yhAhVC\nKhPtoUPnbHNFhmJEkEtWB6MmKJNPWT6jVgEvIJ/y/LqyoXP7j9ukgkie56UjrRMg\nOoENtXGrmcEGRb655As4xjciwnxEaFfjRyXTajDAt1fW4jM7UEv5ecbvXX3jaF5Z\nzeiyNA0qzdmMBZhLpPSi8kVHqxFuglGxHi9jOs7uzvCmjrS4K0sbejy4pnABa7GF\nfuJ/RVQ23hEAAACADfCohNaFbLql5FVBmTypGpbdcSqx3zQHEzrMJaFigjPt3dRk\nrb7OHihIcNlgIvkGPk5h8LT5bhUCM0NM2mc+NhygXiHTMTcvThJODFgxNE4VcOGm\nJNS4g7eMH6HTz37LvCXGbDfkRFzcxvxtDuh/1sKtbZ+o+PQrgKDYZUhG2aoAAACB\nANIU5aWbtzJAUuNbyfOuTbUgkR+OuQoTVZR5y45tWgqC3rAYXvWwrgGgzKgbKxGB\ne3F9RVTL2Cu6QKmzquXXanWUBxdVyRu8HraPOqRHJRT/8yjLsbjbaI/xxAYtrov0\ny1iFJ4uTEG8flep/HPF/hvFLxtT/InOKmIt3v354X1fdAAAAgQDEJ7g2B4mPRDAo\nZJaJm/LGyrhPoW8P1+v+AjG0jBjKEd0AYgoUQwqOwxjBU7q5xM2y0DBaRgVvroe1\nChCBR+6VToNPXQDD47pIK98lMKDJsHY1GO4QZremNhM/UrmsHMHtKjlhJNqTREOy\nYIh3/LYmKpqi4AtEZkzWcAghg03YiQAAAAABAgME\n-----END OPENSSH PRIVATE KEY-----\n",
            "private_key_pem": "-----BEGIN RSA PRIVATE KEY-----\nMIIEoQIBAAKCAQEAoPiYLSMZ6UR6QXJPeqMIDSFTZIaZGmH/t56Ve5a1nw35Aofq\nYHhPPbtbEZbJEgSMd2tgbcQc84QPmnZzb9e4lmu8uWA6pTjyv7hYTfH2S/jWI0zr\n4QaWGdzOo74/bAbsnx8BkBzg4MuqWRh/EgXTqdfLemVgYAzK/PhcXlQiXNt6W01w\nZ3/pCUmcX6J+K4/Dd+4S38pd6EIhrmJcRO9HItSDS6q8/bHW/q4AIySn+Vyn+dRo\nzJ+iGilYyIwylLAs68IE1MatGzad7RAYgehc+QCQvMeW1iQdUHOo47Jw3aaO2gmQ\n6eYo76vRse6cJ1qKVaCJwHNqPyerBGpfYaF9RQIDAQABAoH/JWmh9NuzqgPAZnWr\nA1XhCSw1taeS7g7Y4FR7ab4deFpHBc+RKdrMkAx7nhrtoMJt41ORlfF+yRpohf4B\n1nzM6ikgM/Wpq70Qrn6qB3O1SvMK0imOqT5epKQtYuFU3Ea/uDv8oQIVQioT7aFD\n52xzRYZiRJBLVgejJiiTT1k+o1YBLyCf8vy6sqFz+4/bpIJInuelI60TIDqBDbVx\nq5nBBkW+ueQLOMY3IsJ8RGhX40cl02owwLdX1uIzO1BL+XnG711942heWc3osjQN\nKs3ZjAWYS6T0ovJFR6sRboJRsR4vYzrO7s7wpo60uCtLG3o8uKZwAWuxhX7if0VU\nNt4RAoGBANIU5aWbtzJAUuNbyfOuTbUgkR+OuQoTVZR5y45tWgqC3rAYXvWwrgGg\nzKgbKxGBe3F9RVTL2Cu6QKmzquXXanWUBxdVyRu8HraPOqRHJRT/8yjLsbjbaI/x\nxAYtrov0y1iFJ4uTEG8flep/HPF/hvFLxtT/InOKmIt3v354X1fdAoGBAMQnuDYH\niY9EMChklomb8sbKuE+hbw/X6/4CMbSMGMoR3QBiChRDCo7DGMFTurnEzbLQMFpG\nBW+uh7UKEIFH7pVOg09dAMPjukgr3yUwoMmwdjUY7hBmt6Y2Ez9Suawcwe0qOWEk\n2pNEQ7JgiHf8tiYqmqLgC0RmTNZwCCGDTdiJAoGALtU9xMeL9YXldI333X0UEbbq\n41Ab7CUXRPxJ5rx2ADXgkv073iW/BNnmBevYlBR7gndcx2SSEl15INvO02JMd13C\nnu8e4DH13tjbR9gcaiwM9yFBw2YWT1CkVIRGjyjJVDiK8lCcr0kpUJd5ylSVrqEn\n+D/QXFWfYCgX5ofLKXkCgYEAofcyEdrTaOqi4Rd9fY65Pg/xdD8WF3zwrcJeDHiJ\nl4B8fW52aBibRRou/KMIUZABUR66bi/XGUqBX6k5y6X7iGlV31gp45XMIP+ot2qZ\nuS/tyxYUrJJEHggUiHrkOQtdzVjKHD50BJmfVFCFHp4aQRV4rfhVFVtrIr1K2XEz\n/BECgYAN8KiE1oVsuqXkVUGZPKkalt1xKrHfNAcTOswloWKCM+3d1GStvs4eKEhw\n2WAi+QY+TmHwtPluFQIzQ0zaZz42HKBeIdMxNy9OEk4MWDE0ThVw4aYk1LiDt4wf\nodPPfsu8JcZsN+REXNzG/G0O6H/Wwq1tn6j49CuAoNhlSEbZqg==\n-----END RSA PRIVATE KEY-----\n",
            "private_key_pem_pkcs8": "-----BEGIN PRIVATE KEY-----\nMIIEuwIBADANBgkqhkiG9w0BAQEFAASCBKUwggShAgEAAoIBAQCg+JgtIxnpRHpB\nck96owgNIVNkhpkaYf+3npV7lrWfDfkCh+pgeE89u1sRlskSBIx3a2BtxBzzhA+a\ndnNv17iWa7y5YDqlOPK/uFhN8fZL+NYjTOvhBpYZ3M6jvj9sBuyfHwGQHODgy6pZ\nGH8SBdOp18t6ZWBgDMr8+FxeVCJc23pbTXBnf+kJSZxfon4rj8N37hLfyl3oQiGu\nYlxE70ci1INLqrz9sdb+rgAjJKf5XKf51GjMn6IaKVjIjDKUsCzrwgTUxq0bNp3t\nEBiB6Fz5AJC8x5bWJB1Qc6jjsnDdpo7aCZDp5ijvq9Gx7pwnWopVoInAc2o/J6sE\nal9hoX1FAgMBAAECgf8laaH027OqA8BmdasDVeEJLDW1p5LuDtjgVHtpvh14WkcF\nz5Ep2syQDHueGu2gwm3jU5GV8X7JGmiF/gHWfMzqKSAz9amrvRCufqoHc7VK8wrS\nKY6pPl6kpC1i4VTcRr+4O/yhAhVCKhPtoUPnbHNFhmJEkEtWB6MmKJNPWT6jVgEv\nIJ/y/LqyoXP7j9ukgkie56UjrRMgOoENtXGrmcEGRb655As4xjciwnxEaFfjRyXT\najDAt1fW4jM7UEv5ecbvXX3jaF5ZzeiyNA0qzdmMBZhLpPSi8kVHqxFuglGxHi9j\nOs7uzvCmjrS4K0sbejy4pnABa7GFfuJ/RVQ23hECgYEA0hTlpZu3MkBS41vJ865N\ntSCRH465ChNVlHnLjm1aCoLesBhe9bCuAaDMqBsrEYF7cX1FVMvYK7pAqbOq5ddq\ndZQHF1XJG7weto86pEclFP/zKMuxuNtoj/HEBi2ui/TLWIUni5MQbx+V6n8c8X+G\n8UvG1P8ic4qYi3e/fnhfV90CgYEAxCe4NgeJj0QwKGSWiZvyxsq4T6FvD9fr/gIx\ntIwYyhHdAGIKFEMKjsMYwVO6ucTNstAwWkYFb66HtQoQgUfulU6DT10Aw+O6SCvf\nJTCgybB2NRjuEGa3pjYTP1K5rBzB7So5YSTak0RDsmCId/y2JiqaouALRGZM1nAI\nIYNN2IkCgYAu1T3Ex4v1heV0jffdfRQRturjUBvsJRdE/EnmvHYANeCS/TveJb8E\n2eYF69iUFHuCd1zHZJISXXkg287TYkx3XcKe7x7gMfXe2NtH2BxqLAz3IUHDZhZP\nUKRUhEaPKMlUOIryUJyvSSlQl3nKVJWuoSf4P9BcVZ9gKBfmh8speQKBgQCh9zIR\n2tNo6qLhF319jrk+D/F0PxYXfPCtwl4MeImXgHx9bnZoGJtFGi78owhRkAFRHrpu\nL9cZSoFfqTnLpfuIaVXfWCnjlcwg/6i3apm5L+3LFhSskkQeCBSIeuQ5C13NWMoc\nPnQEmZ9UUIUenhpBFXit+FUVW2sivUrZcTP8EQKBgA3wqITWhWy6peRVQZk8qRqW\n3XEqsd80BxM6zCWhYoIz7d3UZK2+zh4oSHDZYCL5Bj5OYfC0+W4VAjNDTNpnPjYc\noF4h0zE3L04STgxYMTROFXDhpiTUuIO3jB+h089+y7wlxmw35ERc3Mb8bQ7of9bC\nrW2fqPj0K4Cg2GVIRtmq\n-----END PRIVATE KEY-----\n",
            "public_key_fingerprint_md5": "c2:44:79:af:40:ec:54:41:e9:be:d3:29:94:af:0e:1e",
            "public_key_fingerprint_sha256": "SHA256:eaFW1BrqSPFalSa6nta91G6QadwTcRE7dNIYmNNzuxQ",
            "public_key_openssh": "ssh-rsa AAAAB3NzaC1yc2EAAAADAQABAAABAQCg+JgtIxnpRHpBck96owgNIVNkhpkaYf+3npV7lrWfDfkCh+pgeE89u1sRlskSBIx3a2BtxBzzhA+adnNv17iWa7y5YDqlOPK/uFhN8fZL+NYjTOvhBpYZ3M6jvj9sBuyfHwGQHODgy6pZGH8SBdOp18t6ZWBgDMr8+FxeVCJc23pbTXBnf+kJSZxfon4rj8N37hLfyl3oQiGuYlxE70ci1INLqrz9sdb+rgAjJKf5XKf51GjMn6IaKVjIjDKUsCzrwgTUxq0bNp3tEBiB6Fz5AJC8x5bWJB1Qc6jjsnDdpo7aCZDp5ijvq9Gx7pwnWopVoInAc2o/J6sEal9hoX1F\n",
            "public_key_pem": "-----BEGIN PUBLIC KEY-----\nMIIBIjANBgkqhkiG9w0BAQEFAAOCAQ8AMIIBCgKCAQEAoPiYLSMZ6UR6QXJPeqMI\nDSFTZIaZGmH/t56Ve5a1nw35AofqYHhPPbtbEZbJEgSMd2tgbcQc84QPmnZzb9e4\nlmu8uWA6pTjyv7hYTfH2S/jWI0zr4QaWGdzOo74/bAbsnx8BkBzg4MuqWRh/EgXT\nqdfLemVgYAzK/PhcXlQiXNt6W01wZ3/pCUmcX6J+K4/Dd+4S38pd6EIhrmJcRO9H\nItSDS6q8/bHW/q4AIySn+Vyn+dRozJ+iGilYyIwylLAs68IE1MatGzad7RAYgehc\n+QCQvMeW1iQdUHOo47Jw3aaO2gmQ6eYo76vRse6cJ1qKVaCJwHNqPyerBGpfYaF9\nRQIDAQAB\n-----END PUBLIC KEY-----\n",
            "rsa_bits": 2048
          },
          "sensitive_attributes": []
        }
      ]
    },
    {
      "mode": "managed",
      "type": "tls_self_signed_cert",
      "name": "main",
      "provider": "provider[\"registry.terraform.io/hashicorp/tls\"]",
      "instances": [
        {
          "schema_version": 0,
          "attributes": {
            "allowed_uses": [
              "key_encipherment",
              "digital_signature",
              "server_auth"
            ],
            "cert_pem": "-----BEGIN CERTIFICATE-----\nMIIDVzCCAj+gAwIBAgIQMcD7APR0KBTT376uVk8BhTANBgkqhkiG9w0BAQsFADAu\nMRIwEAYDVQQKEwlJU0kgRGFrYXIxGDAWBgNVBAMTD3BldGNsaW5pYy5sb2NhbDAe\nFw0yNjA3MjMxMjI1MTFaFw0yNzA3MjMxMjI1MTFaMC4xEjAQBgNVBAoTCUlTSSBE\nYWthcjEYMBYGA1UEAxMPcGV0Y2xpbmljLmxvY2FsMIIBIjANBgkqhkiG9w0BAQEF\nAAOCAQ8AMIIBCgKCAQEAoPiYLSMZ6UR6QXJPeqMIDSFTZIaZGmH/t56Ve5a1nw35\nAofqYHhPPbtbEZbJEgSMd2tgbcQc84QPmnZzb9e4lmu8uWA6pTjyv7hYTfH2S/jW\nI0zr4QaWGdzOo74/bAbsnx8BkBzg4MuqWRh/EgXTqdfLemVgYAzK/PhcXlQiXNt6\nW01wZ3/pCUmcX6J+K4/Dd+4S38pd6EIhrmJcRO9HItSDS6q8/bHW/q4AIySn+Vyn\n+dRozJ+iGilYyIwylLAs68IE1MatGzad7RAYgehc+QCQvMeW1iQdUHOo47Jw3aaO\n2gmQ6eYo76vRse6cJ1qKVaCJwHNqPyerBGpfYaF9RQIDAQABo3EwbzAOBgNVHQ8B\nAf8EBAMCBaAwEwYDVR0lBAwwCgYIKwYBBQUHAwEwDAYDVR0TAQH/BAIwADA6BgNV\nHREEMzAxgglsb2NhbGhvc3SCD3BldGNsaW5pYy5sb2NhbIITKi5lbGIuYW1hem9u\nYXdzLmNvbTANBgkqhkiG9w0BAQsFAAOCAQEAJYeHkZT6MeOd7eK9cRCz8gZ5cfAH\nSfTajzAZm4NEsTajDvZj8H6aFVh0/accHCo0O2KfFZK9pBilNTCb1z/OawCXmZPZ\n6Q6SwbDVmGIIOXDYx0PEP/NHhZ/Lk89YLb9Njhk5cF4+cElLXeydM7rTPhVtdQmN\nnZE4MXsOvWbeaVNuc6yVx1UEp2OKVq867o+GInK4PXjJbjHzUD4nfqdCgG+2dKXx\niel1GorU9mw1lkcEnnj2muN2ausrfBbIOl27f7s5KPTxrq6rwx1/JO1A7XmzUMJY\nv1TiFq1TW4YnP/ivIOtXq6wW2UpmevAP7ipjs34CDau1oTou3SPvJHDncA==\n-----END CERTIFICATE-----\n",
            "dns_names": [
              "localhost",
              "petclinic.local",
              "*.elb.amazonaws.com"
            ],
            "early_renewal_hours": 0,
            "id": "66134183750764848316585632939922882949",
            "ip_addresses": null,
            "is_ca_certificate": false,
            "key_algorithm": "RSA",
            "max_path_length": null,
            "private_key_pem": "-----BEGIN RSA PRIVATE KEY-----\nMIIEoQIBAAKCAQEAoPiYLSMZ6UR6QXJPeqMIDSFTZIaZGmH/t56Ve5a1nw35Aofq\nYHhPPbtbEZbJEgSMd2tgbcQc84QPmnZzb9e4lmu8uWA6pTjyv7hYTfH2S/jWI0zr\n4QaWGdzOo74/bAbsnx8BkBzg4MuqWRh/EgXTqdfLemVgYAzK/PhcXlQiXNt6W01w\nZ3/pCUmcX6J+K4/Dd+4S38pd6EIhrmJcRO9HItSDS6q8/bHW/q4AIySn+Vyn+dRo\nzJ+iGilYyIwylLAs68IE1MatGzad7RAYgehc+QCQvMeW1iQdUHOo47Jw3aaO2gmQ\n6eYo76vRse6cJ1qKVaCJwHNqPyerBGpfYaF9RQIDAQABAoH/JWmh9NuzqgPAZnWr\nA1XhCSw1taeS7g7Y4FR7ab4deFpHBc+RKdrMkAx7nhrtoMJt41ORlfF+yRpohf4B\n1nzM6ikgM/Wpq70Qrn6qB3O1SvMK0imOqT5epKQtYuFU3Ea/uDv8oQIVQioT7aFD\n52xzRYZiRJBLVgejJiiTT1k+o1YBLyCf8vy6sqFz+4/bpIJInuelI60TIDqBDbVx\nq5nBBkW+ueQLOMY3IsJ8RGhX40cl02owwLdX1uIzO1BL+XnG711942heWc3osjQN\nKs3ZjAWYS6T0ovJFR6sRboJRsR4vYzrO7s7wpo60uCtLG3o8uKZwAWuxhX7if0VU\nNt4RAoGBANIU5aWbtzJAUuNbyfOuTbUgkR+OuQoTVZR5y45tWgqC3rAYXvWwrgGg\nzKgbKxGBe3F9RVTL2Cu6QKmzquXXanWUBxdVyRu8HraPOqRHJRT/8yjLsbjbaI/x\nxAYtrov0y1iFJ4uTEG8flep/HPF/hvFLxtT/InOKmIt3v354X1fdAoGBAMQnuDYH\niY9EMChklomb8sbKuE+hbw/X6/4CMbSMGMoR3QBiChRDCo7DGMFTurnEzbLQMFpG\nBW+uh7UKEIFH7pVOg09dAMPjukgr3yUwoMmwdjUY7hBmt6Y2Ez9Suawcwe0qOWEk\n2pNEQ7JgiHf8tiYqmqLgC0RmTNZwCCGDTdiJAoGALtU9xMeL9YXldI333X0UEbbq\n41Ab7CUXRPxJ5rx2ADXgkv073iW/BNnmBevYlBR7gndcx2SSEl15INvO02JMd13C\nnu8e4DH13tjbR9gcaiwM9yFBw2YWT1CkVIRGjyjJVDiK8lCcr0kpUJd5ylSVrqEn\n+D/QXFWfYCgX5ofLKXkCgYEAofcyEdrTaOqi4Rd9fY65Pg/xdD8WF3zwrcJeDHiJ\nl4B8fW52aBibRRou/KMIUZABUR66bi/XGUqBX6k5y6X7iGlV31gp45XMIP+ot2qZ\nuS/tyxYUrJJEHggUiHrkOQtdzVjKHD50BJmfVFCFHp4aQRV4rfhVFVtrIr1K2XEz\n/BECgYAN8KiE1oVsuqXkVUGZPKkalt1xKrHfNAcTOswloWKCM+3d1GStvs4eKEhw\n2WAi+QY+TmHwtPluFQIzQ0zaZz42HKBeIdMxNy9OEk4MWDE0ThVw4aYk1LiDt4wf\nodPPfsu8JcZsN+REXNzG/G0O6H/Wwq1tn6j49CuAoNhlSEbZqg==\n-----END RSA PRIVATE KEY-----\n",
            "ready_for_renewal": false,
            "set_authority_key_id": false,
            "set_subject_key_id": false,
            "subject": [
              {
                "common_name": "petclinic.local",
                "country": null,
                "email_address": null,
                "locality": null,
                "organization": "ISI Dakar",
                "organizational_unit": null,
                "postal_code": null,
                "province": null,
                "serial_number": null,
                "street_address": null
              }
            ],
            "uris": null,
            "validity_end_time": "2027-07-23T12:25:11.668137522Z",
            "validity_period_hours": 8760,
            "validity_start_time": "2026-07-23T12:25:11.668137522Z"
          },
          "sensitive_attributes": [
            [
              {
                "type": "get_attr",
                "value": "private_key_pem"
              }
            ]
          ],
          "dependencies": [
            "tls_private_key.main"
          ]
        }
      ]
    }
  ],
  "check_results": null
}
