{
  "version": 4,
  "terraform_version": "1.5.7",
  "serial": 30,
  "lineage": "",
  "outputs": {
    "alb_dns_name": {
      "value": "petclinic-prod-alb-223156585.us-east-1.elb.amazonaws.com",
      "type": "string"
    },
    "alb_url_http": {
      "value": "http://petclinic-prod-alb-223156585.us-east-1.elb.amazonaws.com",
      "type": "string"
    },
    "alb_url_https": {
      "value": "https://petclinic-prod-alb-223156585.us-east-1.elb.amazonaws.com",
      "type": "string"
    },
    "rds_proxy_endpoint": {
      "value": "N/A - RDS Proxy not available on this account type",
      "type": "string"
    },
    "s3_bucket_name": {
      "value": "petclinic-prod-deploy-yfm3t5",
      "type": "string"
    }
  },
  "resources": [
    {
      "mode": "data",
      "type": "aws_caller_identity",
      "name": "current",
      "provider": "provider[\"registry.terraform.io/hashicorp/aws\"]",
      "instances": [
        {
          "schema_version": 0,
          "attributes": {
            "account_id": "878617118606",
            "arn": "arn:aws:iam::878617118606:user/github-actions-deploy",
            "id": "878617118606",
            "user_id": "AIDA4ZENJI6HISO7ZKHKP"
          },
          "sensitive_attributes": []
        }
      ]
    },
    {
      "mode": "managed",
      "type": "aws_acm_certificate",
      "name": "cert",
      "provider": "provider[\"registry.terraform.io/hashicorp/aws\"]",
      "instances": [
        {
          "schema_version": 0,
          "attributes": {
            "arn": "arn:aws:acm:us-east-1:878617118606:certificate/7691ac0f-6ce6-4ff4-961a-82c36bfe82cd",
            "certificate_authority_arn": "",
            "certificate_body": "-----BEGIN CERTIFICATE-----\nMIIDWDCCAkCgAwIBAgIRAMifsthuZJFtzPOsik6a878wDQYJKoZIhvcNAQELBQAw\nLjESMBAGA1UEChMJSVNJIERha2FyMRgwFgYDVQQDEw9wZXRjbGluaWMubG9jYWww\nHhcNMjYwNzIzMTMyNjQ5WhcNMjcwNzIzMTMyNjQ5WjAuMRIwEAYDVQQKEwlJU0kg\nRGFrYXIxGDAWBgNVBAMTD3BldGNsaW5pYy5sb2NhbDCCASIwDQYJKoZIhvcNAQEB\nBQADggEPADCCAQoCggEBAMXAbMIxCIOU9zzOLBMyBtXD4NmEpP/+LYb9Il3FmznU\nLmab6OkYzf5ZiO4V/4Wk7RBa9tLYBmXvg8YzP0joxmyp6GP0zymiQJKW1eK2zlHL\nOAElGP9CBpwTiMwFGvH/NEq/0inkSBIqN8pNrSR/TAlxPnnlpddwro4kSnJ++b/g\n3tAbXgP/KfxYtpGeh61L4ajvKfFlLYUYOZixuh3CervvXS8pfB8sO2HEJNjq6+EP\n53KsrzVj7pATFDXqP9UFQ78NVPTnLewce7JVqOpY+U6jM9fof0v67fs2YjZafHHq\nPdXDlyh++KHjRxNhU7Qf53cUgQ1igTZlCk8AhZRVMAkCAwEAAaNxMG8wDgYDVR0P\nAQH/BAQDAgWgMBMGA1UdJQQMMAoGCCsGAQUFBwMBMAwGA1UdEwEB/wQCMAAwOgYD\nVR0RBDMwMYIJbG9jYWxob3N0gg9wZXRjbGluaWMubG9jYWyCEyouZWxiLmFtYXpv\nbmF3cy5jb20wDQYJKoZIhvcNAQELBQADggEBAMTBSGGCqYRxKT55tLsu26Scp6aF\nUMpH4No9+Lsi1Y5bncHAVe09en2NaSma9hjPJJ+vEog4guOKtjIlKQwVjB+dl1N9\n1pyEIFQjR31hN9DzKRzzjhDOLs80W+bILw9MJq63p9O2vlqajfa+nh7pjuUjX+fm\nLzZiu8Bn5xche8I9LMd/hncLfY/qWnrY+SAG0rwx4FHSse1A8ZZD7UQZXjcPRI80\nuVju6lZ8m5sRGs4RPt/ZrqMGPFLlZ9pEP4kj8LMquaMaID8SD2W1SvrIQQ2M+7C6\nlKG4+RUxTA+b5gBkCHeaVkn6zj6V3W0I+n97GXxnZq6HECB9IR7LEXtTmoU=\n-----END CERTIFICATE-----\n",
            "certificate_chain": null,
            "domain_name": "petclinic.local",
            "domain_validation_options": [],
            "early_renewal_duration": "",
            "id": "arn:aws:acm:us-east-1:878617118606:certificate/7691ac0f-6ce6-4ff4-961a-82c36bfe82cd",
            "key_algorithm": "RSA_2048",
            "not_after": "2027-07-23T13:26:49Z",
            "not_before": "2026-07-23T13:26:49Z",
            "options": [
              {
                "certificate_transparency_logging_preference": "DISABLED"
              }
            ],
            "pending_renewal": false,
            "private_key": "-----BEGIN RSA PRIVATE KEY-----\nMIIEogIBAAKCAQEAxcBswjEIg5T3PM4sEzIG1cPg2YSk//4thv0iXcWbOdQuZpvo\n6RjN/lmI7hX/haTtEFr20tgGZe+DxjM/SOjGbKnoY/TPKaJAkpbV4rbOUcs4ASUY\n/0IGnBOIzAUa8f80Sr/SKeRIEio3yk2tJH9MCXE+eeWl13CujiRKcn75v+De0Bte\nA/8p/Fi2kZ6HrUvhqO8p8WUthRg5mLG6HcJ6u+9dLyl8Hyw7YcQk2Orr4Q/ncqyv\nNWPukBMUNeo/1QVDvw1U9Oct7Bx7slWo6lj5TqMz1+h/S/rt+zZiNlp8ceo91cOX\nKH74oeNHE2FTtB/ndxSBDWKBNmUKTwCFlFUwCQIDAQABAoIBAA3qsbIQPv/6SFSu\n/Rq+ubdqiRTrHleRB5rejqrDFjOsKIslFsTsxMvNI53/I1Pq8ZoQj2/y2a8We5Nu\na4TnM4EAi2/EEfOP98kOihqMm0QrWpN4t7kjEucCAu26FZWJTHX5k5dKJFOkRU0x\n8+jud9Hu9ngf/sYE0pat8Xqm+qQ+VeNDFEJ/B105CFu//B9eTZCZrTRYxEXidfdb\nGGxP7RX51O2CKO7CoO7olwt4hVuh9Hcah+uZY0PPEeeXmwahVsCncC/7NyBAPz5w\nTLcxMJI9cdCT8War7n/pcSrojWHlPpZ0fgJN8lreUpQP5saAVAy1IgEIyKETUr3e\nTOlOGUcCgYEA2AZGpH/NjhdhoWFwG3kRK1Vv7ckvAT6cLeqd9n9YqJ2TQP2U1Col\nKVsc4zgr2WbvkI2wnzezGOJS+OzZAgrpJEbEsxmoKkXeXT1BkDhSj30hitLWZ3TW\nakrWJwY0M+mJvBlHqV9JANnVE/UkIaB6zZkXHZbo4WmI9rbqHAW2DNsCgYEA6liC\nY/gcJ5ZicbMxI+g8xQWea9zWQMayvsTb1hRXxycIT8a6XbIFHfLFmhTjQK+dutjd\nvJigStlQE13tc803ZqykdyZGu5iWDIvqongs2s2vW0rkMPy6oz5ClkDAf4OBA+54\ns8jvjOzms4lDheLQHWiDBkKPxWKbRmFPh8PCGesCgYBwGRGfWxJ3oXpwG/foybI3\nImaqpbNWmf7BdPXza7G+DcbT+sK4NgaCp10eK4/ViKzX/i6g8G5ng0o7EeyqOq8w\nu+hmZ/Hzvb3d9GOJSzDMdMprF21a0i5RifQG3BlKtu1aRmQBaAiiAGepq5PMP1J6\nTe7I0/6Uugbwv4pMcEo/8QKBgCnVQPl9ifEbLFmlpkkFpQt6tEwG8QxBLBlX5PJz\nUTQQ6K/tBsnBBJ7S/qlBv0uFzf9TxUlsaXjTEDNU2hWI9bHTccx/PbMxSt/Ufj8g\neslYXExMsy13gA2yCIrv5i0dGYPNJyjY3sJma8xy3WXiFkqZpIISkb2nm5ZVuq++\np0CfAoGAPtkzkTqYb/6O2vL3LVj/gt5MJmGvqUzo7KQr29hBD0OW7fFXkcAWg90F\nkmCpqm0B0aLmiHPzrGmSDAJ7BoyKhdc7NFddCwU9y8Da1xosv6rvwh5BgBaAaJY1\nuNolqHLylz2fWoPDGzZ6anMgjvFkBIi37JExYy55pRlD/XnoYr4=\n-----END RSA PRIVATE KEY-----\n",
            "renewal_eligibility": "INELIGIBLE",
            "renewal_summary": [],
            "status": "ISSUED",
            "subject_alternative_names": [
              "*.elb.amazonaws.com",
              "localhost",
              "petclinic.local"
            ],
            "tags": {
              "Environment": "prod",
              "ManagedBy": "Terraform",
              "Name": "petclinic-prod-self-signed-cert",
              "Owner": "Binome-ISI",
              "Project": "petclinic"
            },
            "tags_all": {
              "Environment": "prod",
              "ManagedBy": "Terraform",
              "Name": "petclinic-prod-self-signed-cert",
              "Owner": "Binome-ISI",
              "Project": "petclinic"
            },
            "type": "IMPORTED",
            "validation_emails": [],
            "validation_method": "NONE",
            "validation_option": []
          },
          "sensitive_attributes": [
            [
              {
                "type": "get_attr",
                "value": "private_key"
              }
            ]
          ],
          "private": "bnVsbA==",
          "dependencies": [
            "tls_private_key.main",
            "tls_self_signed_cert.main"
          ]
        }
      ]
    },
    {
      "mode": "managed",
      "type": "aws_autoscaling_group",
      "name": "app",
      "provider": "provider[\"registry.terraform.io/hashicorp/aws\"]",
      "instances": []
    },
    {
      "mode": "managed",
      "type": "aws_autoscaling_policy",
      "name": "cpu_scaling",
      "provider": "provider[\"registry.terraform.io/hashicorp/aws\"]",
      "instances": []
    },
    {
      "mode": "managed",
      "type": "aws_db_instance",
      "name": "db",
      "provider": "provider[\"registry.terraform.io/hashicorp/aws\"]",
      "instances": []
    },
    {
      "mode": "managed",
      "type": "aws_db_subnet_group",
      "name": "db",
      "provider": "provider[\"registry.terraform.io/hashicorp/aws\"]",
      "instances": [
        {
          "schema_version": 0,
          "attributes": {
            "arn": "arn:aws:rds:us-east-1:878617118606:subgrp:petclinic-prod-db-subnet-group",
            "description": "Managed by Terraform",
            "id": "petclinic-prod-db-subnet-group",
            "name": "petclinic-prod-db-subnet-group",
            "name_prefix": "",
            "subnet_ids": [
              "subnet-081c713b16f1e2780",
              "subnet-0e0b2b760cef657b9"
            ],
            "supported_network_types": [
              "IPV4"
            ],
            "tags": {
              "Environment": "prod",
              "ManagedBy": "Terraform",
              "Name": "petclinic-prod-db-subnet-group",
              "Owner": "Binome-ISI",
              "Project": "petclinic"
            },
            "tags_all": {
              "Environment": "prod",
              "ManagedBy": "Terraform",
              "Name": "petclinic-prod-db-subnet-group",
              "Owner": "Binome-ISI",
              "Project": "petclinic"
            },
            "vpc_id": "vpc-09f7f926b158ae006"
          },
          "sensitive_attributes": [],
          "private": "bnVsbA==",
          "dependencies": [
            "aws_subnet.private_db",
            "aws_vpc.main"
          ],
          "create_before_destroy": true
        }
      ]
    },
    {
      "mode": "managed",
      "type": "aws_iam_instance_profile",
      "name": "ec2_profile",
      "provider": "provider[\"registry.terraform.io/hashicorp/aws\"]",
      "instances": []
    },
    {
      "mode": "managed",
      "type": "aws_iam_policy",
      "name": "ec2_custom_policy",
      "provider": "provider[\"registry.terraform.io/hashicorp/aws\"]",
      "instances": []
    },
    {
      "mode": "managed",
      "type": "aws_iam_role_policy_attachment",
      "name": "ec2_custom",
      "provider": "provider[\"registry.terraform.io/hashicorp/aws\"]",
      "instances": []
    },
    {
      "mode": "managed",
      "type": "aws_iam_role_policy_attachment",
      "name": "ssm",
      "provider": "provider[\"registry.terraform.io/hashicorp/aws\"]",
      "instances": []
    },
    {
      "mode": "managed",
      "type": "aws_internet_gateway",
      "name": "igw",
      "provider": "provider[\"registry.terraform.io/hashicorp/aws\"]",
      "instances": [
        {
          "schema_version": 0,
          "attributes": {
            "arn": "arn:aws:ec2:us-east-1:878617118606:internet-gateway/igw-0fc8c53697f54d92c",
            "id": "igw-0fc8c53697f54d92c",
            "owner_id": "878617118606",
            "tags": {
              "Environment": "prod",
              "ManagedBy": "Terraform",
              "Name": "petclinic-prod-igw",
              "Owner": "Binome-ISI",
              "Project": "petclinic"
            },
            "tags_all": {
              "Environment": "prod",
              "ManagedBy": "Terraform",
              "Name": "petclinic-prod-igw",
              "Owner": "Binome-ISI",
              "Project": "petclinic"
            },
            "timeouts": null,
            "vpc_id": "vpc-09f7f926b158ae006"
          },
          "sensitive_attributes": [],
          "private": "eyJlMmJmYjczMC1lY2FhLTExZTYtOGY4OC0zNDM2M2JjN2M0YzAiOnsiY3JlYXRlIjoxMjAwMDAwMDAwMDAwLCJkZWxldGUiOjEyMDAwMDAwMDAwMDAsInVwZGF0ZSI6MTIwMDAwMDAwMDAwMH19",
          "dependencies": [
            "aws_vpc.main"
          ]
        }
      ]
    },
    {
      "mode": "managed",
      "type": "aws_kms_alias",
      "name": "main",
      "provider": "provider[\"registry.terraform.io/hashicorp/aws\"]",
      "instances": []
    },
    {
      "mode": "managed",
      "type": "aws_kms_key",
      "name": "main",
      "provider": "provider[\"registry.terraform.io/hashicorp/aws\"]",
      "instances": []
    },
    {
      "mode": "managed",
      "type": "aws_launch_template",
      "name": "app",
      "provider": "provider[\"registry.terraform.io/hashicorp/aws\"]",
      "instances": []
    },
    {
      "mode": "managed",
      "type": "aws_lb",
      "name": "main",
      "provider": "provider[\"registry.terraform.io/hashicorp/aws\"]",
      "instances": [
        {
          "schema_version": 0,
          "attributes": {
            "access_logs": [
              {
                "bucket": "",
                "enabled": false,
                "prefix": ""
              }
            ],
            "arn": "arn:aws:elasticloadbalancing:us-east-1:878617118606:loadbalancer/app/petclinic-prod-alb/927d2cd8b8ae977e",
            "arn_suffix": "app/petclinic-prod-alb/927d2cd8b8ae977e",
            "client_keep_alive": 3600,
            "connection_logs": [
              {
                "bucket": "",
                "enabled": false,
                "prefix": ""
              }
            ],
            "customer_owned_ipv4_pool": "",
            "desync_mitigation_mode": "defensive",
            "dns_name": "petclinic-prod-alb-223156585.us-east-1.elb.amazonaws.com",
            "dns_record_client_routing_policy": null,
            "drop_invalid_header_fields": false,
            "enable_cross_zone_load_balancing": true,
            "enable_deletion_protection": false,
            "enable_http2": true,
            "enable_tls_version_and_cipher_suite_headers": false,
            "enable_waf_fail_open": false,
            "enable_xff_client_port": false,
            "enable_zonal_shift": false,
            "enforce_security_group_inbound_rules_on_private_link_traffic": "",
            "id": "arn:aws:elasticloadbalancing:us-east-1:878617118606:loadbalancer/app/petclinic-prod-alb/927d2cd8b8ae977e",
            "idle_timeout": 60,
            "internal": false,
            "ip_address_type": "ipv4",
            "ipam_pools": [],
            "load_balancer_type": "application",
            "minimum_load_balancer_capacity": [],
            "name": "petclinic-prod-alb",
            "name_prefix": "",
            "preserve_host_header": false,
            "security_groups": [
              "sg-01d8765fd5434fb88"
            ],
            "subnet_mapping": [
              {
                "allocation_id": "",
                "ipv6_address": "",
                "outpost_id": "",
                "private_ipv4_address": "",
                "subnet_id": "subnet-020e79e2bb7f83105"
              },
              {
                "allocation_id": "",
                "ipv6_address": "",
                "outpost_id": "",
                "private_ipv4_address": "",
                "subnet_id": "subnet-02fb73d3ffca2ff7e"
              }
            ],
            "subnets": [
              "subnet-020e79e2bb7f83105",
              "subnet-02fb73d3ffca2ff7e"
            ],
            "tags": {
              "Environment": "prod",
              "ManagedBy": "Terraform",
              "Name": "petclinic-prod-alb",
              "Owner": "Binome-ISI",
              "Project": "petclinic"
            },
            "tags_all": {
              "Environment": "prod",
              "ManagedBy": "Terraform",
              "Name": "petclinic-prod-alb",
              "Owner": "Binome-ISI",
              "Project": "petclinic"
            },
            "timeouts": null,
            "vpc_id": "vpc-09f7f926b158ae006",
            "xff_header_processing_mode": "append",
            "zone_id": "Z35SXDOTRQ7X7K"
          },
          "sensitive_attributes": [],
          "private": "eyJlMmJmYjczMC1lY2FhLTExZTYtOGY4OC0zNDM2M2JjN2M0YzAiOnsiY3JlYXRlIjo2MDAwMDAwMDAwMDAsImRlbGV0ZSI6NjAwMDAwMDAwMDAwLCJ1cGRhdGUiOjYwMDAwMDAwMDAwMH19",
          "dependencies": [
            "aws_security_group.alb",
            "aws_subnet.public",
            "aws_vpc.main"
          ]
        }
      ]
    },
    {
      "mode": "managed",
      "type": "aws_lb_listener",
      "name": "http",
      "provider": "provider[\"registry.terraform.io/hashicorp/aws\"]",
      "instances": [
        {
          "schema_version": 0,
          "attributes": {
            "alpn_policy": null,
            "arn": "arn:aws:elasticloadbalancing:us-east-1:878617118606:listener/app/petclinic-prod-alb/927d2cd8b8ae977e/e06f88a6784c784a",
            "certificate_arn": null,
            "default_action": [
              {
                "authenticate_cognito": [],
                "authenticate_oidc": [],
                "fixed_response": [],
                "forward": [],
                "order": 1,
                "redirect": [
                  {
                    "host": "#{host}",
                    "path": "/#{path}",
                    "port": "443",
                    "protocol": "HTTPS",
                    "query": "#{query}",
                    "status_code": "HTTP_301"
                  }
                ],
                "target_group_arn": "",
                "type": "redirect"
              }
            ],
            "id": "arn:aws:elasticloadbalancing:us-east-1:878617118606:listener/app/petclinic-prod-alb/927d2cd8b8ae977e/e06f88a6784c784a",
            "load_balancer_arn": "arn:aws:elasticloadbalancing:us-east-1:878617118606:loadbalancer/app/petclinic-prod-alb/927d2cd8b8ae977e",
            "mutual_authentication": [],
            "port": 80,
            "protocol": "HTTP",
            "routing_http_request_x_amzn_mtls_clientcert_header_name": null,
            "routing_http_request_x_amzn_mtls_clientcert_issuer_header_name": null,
            "routing_http_request_x_amzn_mtls_clientcert_leaf_header_name": null,
            "routing_http_request_x_amzn_mtls_clientcert_serial_number_header_name": null,
            "routing_http_request_x_amzn_mtls_clientcert_subject_header_name": null,
            "routing_http_request_x_amzn_mtls_clientcert_validity_header_name": null,
            "routing_http_request_x_amzn_tls_cipher_suite_header_name": null,
            "routing_http_request_x_amzn_tls_version_header_name": null,
            "routing_http_response_access_control_allow_credentials_header_value": "",
            "routing_http_response_access_control_allow_headers_header_value": "",
            "routing_http_response_access_control_allow_methods_header_value": "",
            "routing_http_response_access_control_allow_origin_header_value": "",
            "routing_http_response_access_control_expose_headers_header_value": "",
            "routing_http_response_access_control_max_age_header_value": "",
            "routing_http_response_content_security_policy_header_value": "",
            "routing_http_response_server_enabled": true,
            "routing_http_response_strict_transport_security_header_value": "",
            "routing_http_response_x_content_type_options_header_value": "",
            "routing_http_response_x_frame_options_header_value": "",
            "ssl_policy": "",
            "tags": null,
            "tags_all": {},
            "tcp_idle_timeout_seconds": null,
            "timeouts": null
          },
          "sensitive_attributes": [],
          "private": "eyJlMmJmYjczMC1lY2FhLTExZTYtOGY4OC0zNDM2M2JjN2M0YzAiOnsiY3JlYXRlIjozMDAwMDAwMDAwMDAsInVwZGF0ZSI6MzAwMDAwMDAwMDAwfX0=",
          "dependencies": [
            "aws_lb.main",
            "aws_security_group.alb",
            "aws_subnet.public",
            "aws_vpc.main"
          ]
        }
      ]
    },
    {
      "mode": "managed",
      "type": "aws_lb_listener",
      "name": "https",
      "provider": "provider[\"registry.terraform.io/hashicorp/aws\"]",
      "instances": []
    },
    {
      "mode": "managed",
      "type": "aws_nat_gateway",
      "name": "nat",
      "provider": "provider[\"registry.terraform.io/hashicorp/aws\"]",
      "instances": []
    },
    {
      "mode": "managed",
      "type": "aws_route_table",
      "name": "private",
      "provider": "provider[\"registry.terraform.io/hashicorp/aws\"]",
      "instances": []
    },
    {
      "mode": "managed",
      "type": "aws_route_table",
      "name": "public",
      "provider": "provider[\"registry.terraform.io/hashicorp/aws\"]",
      "instances": [
        {
          "schema_version": 0,
          "attributes": {
            "arn": "arn:aws:ec2:us-east-1:878617118606:route-table/rtb-0c3f73e89e1ba76b2",
            "id": "rtb-0c3f73e89e1ba76b2",
            "owner_id": "878617118606",
            "propagating_vgws": [],
            "route": [
              {
                "carrier_gateway_id": "",
                "cidr_block": "0.0.0.0/0",
                "core_network_arn": "",
                "destination_prefix_list_id": "",
                "egress_only_gateway_id": "",
                "gateway_id": "igw-0fc8c53697f54d92c",
                "ipv6_cidr_block": "",
                "local_gateway_id": "",
                "nat_gateway_id": "",
                "network_interface_id": "",
                "transit_gateway_id": "",
                "vpc_endpoint_id": "",
                "vpc_peering_connection_id": ""
              }
            ],
            "tags": {
              "Environment": "prod",
              "ManagedBy": "Terraform",
              "Name": "petclinic-prod-public-rt",
              "Owner": "Binome-ISI",
              "Project": "petclinic"
            },
            "tags_all": {
              "Environment": "prod",
              "ManagedBy": "Terraform",
              "Name": "petclinic-prod-public-rt",
              "Owner": "Binome-ISI",
              "Project": "petclinic"
            },
            "timeouts": null,
            "vpc_id": "vpc-09f7f926b158ae006"
          },
          "sensitive_attributes": [],
          "private": "eyJlMmJmYjczMC1lY2FhLTExZTYtOGY4OC0zNDM2M2JjN2M0YzAiOnsiY3JlYXRlIjozMDAwMDAwMDAwMDAsImRlbGV0ZSI6MzAwMDAwMDAwMDAwLCJ1cGRhdGUiOjEyMDAwMDAwMDAwMH19",
          "dependencies": [
            "aws_internet_gateway.igw",
            "aws_vpc.main"
          ]
        }
      ]
    },
    {
      "mode": "managed",
      "type": "aws_route_table_association",
      "name": "private_app",
      "provider": "provider[\"registry.terraform.io/hashicorp/aws\"]",
      "instances": []
    },
    {
      "mode": "managed",
      "type": "aws_route_table_association",
      "name": "private_db",
      "provider": "provider[\"registry.terraform.io/hashicorp/aws\"]",
      "instances": []
    },
    {
      "mode": "managed",
      "type": "aws_route_table_association",
      "name": "public",
      "provider": "provider[\"registry.terraform.io/hashicorp/aws\"]",
      "instances": [
        {
          "index_key": 0,
          "schema_version": 0,
          "attributes": {
            "gateway_id": "",
            "id": "rtbassoc-0b8e0610f7944bdec",
            "route_table_id": "rtb-0c3f73e89e1ba76b2",
            "subnet_id": "subnet-020e79e2bb7f83105",
            "timeouts": null
          },
          "sensitive_attributes": [],
          "private": "eyJlMmJmYjczMC1lY2FhLTExZTYtOGY4OC0zNDM2M2JjN2M0YzAiOnsiY3JlYXRlIjozMDAwMDAwMDAwMDAsImRlbGV0ZSI6MzAwMDAwMDAwMDAwLCJ1cGRhdGUiOjEyMDAwMDAwMDAwMH19",
          "dependencies": [
            "aws_internet_gateway.igw",
            "aws_route_table.public",
            "aws_subnet.public",
            "aws_vpc.main"
          ]
        },
        {
          "index_key": 1,
          "schema_version": 0,
          "attributes": {
            "gateway_id": "",
            "id": "rtbassoc-0b3fd0a86520ec8f7",
            "route_table_id": "rtb-0c3f73e89e1ba76b2",
            "subnet_id": "subnet-02fb73d3ffca2ff7e",
            "timeouts": null
          },
          "sensitive_attributes": [],
          "private": "eyJlMmJmYjczMC1lY2FhLTExZTYtOGY4OC0zNDM2M2JjN2M0YzAiOnsiY3JlYXRlIjozMDAwMDAwMDAwMDAsImRlbGV0ZSI6MzAwMDAwMDAwMDAwLCJ1cGRhdGUiOjEyMDAwMDAwMDAwMH19",
          "dependencies": [
            "aws_internet_gateway.igw",
            "aws_route_table.public",
            "aws_subnet.public",
            "aws_vpc.main"
          ]
        }
      ]
    },
    {
      "mode": "managed",
      "type": "aws_s3_bucket",
      "name": "deploy",
      "provider": "provider[\"registry.terraform.io/hashicorp/aws\"]",
      "instances": [
        {
          "schema_version": 0,
          "attributes": {
            "acceleration_status": "",
            "acl": null,
            "arn": "arn:aws:s3:::petclinic-prod-deploy-yfm3t5",
            "bucket": "petclinic-prod-deploy-yfm3t5",
            "bucket_domain_name": "petclinic-prod-deploy-yfm3t5.s3.amazonaws.com",
            "bucket_prefix": "",
            "bucket_regional_domain_name": "petclinic-prod-deploy-yfm3t5.s3.us-east-1.amazonaws.com",
            "cors_rule": [],
            "force_destroy": true,
            "grant": [
              {
                "id": "b103077a279c0c291e9d5e745f20cde53cfec8445331d256903f69a130c9021d",
                "permissions": [
                  "FULL_CONTROL"
                ],
                "type": "CanonicalUser",
                "uri": ""
              }
            ],
            "hosted_zone_id": "Z3AQBSTGFYJSTF",
            "id": "petclinic-prod-deploy-yfm3t5",
            "lifecycle_rule": [],
            "logging": [],
            "object_lock_configuration": [],
            "object_lock_enabled": false,
            "policy": "",
            "region": "us-east-1",
            "replication_configuration": [],
            "request_payer": "BucketOwner",
            "server_side_encryption_configuration": [
              {
                "rule": [
                  {
                    "apply_server_side_encryption_by_default": [
                      {
                        "kms_master_key_id": "",
                        "sse_algorithm": "AES256"
                      }
                    ],
                    "bucket_key_enabled": false
                  }
                ]
              }
            ],
            "tags": {
              "Environment": "prod",
              "ManagedBy": "Terraform",
              "Owner": "Binome-ISI",
              "Project": "petclinic"
            },
            "tags_all": {
              "Environment": "prod",
              "ManagedBy": "Terraform",
              "Owner": "Binome-ISI",
              "Project": "petclinic"
            },
            "timeouts": null,
            "versioning": [
              {
                "enabled": false,
                "mfa_delete": false
              }
            ],
            "website": [],
            "website_domain": null,
            "website_endpoint": null
          },
          "sensitive_attributes": [],
          "private": "eyJlMmJmYjczMC1lY2FhLTExZTYtOGY4OC0zNDM2M2JjN2M0YzAiOnsiY3JlYXRlIjoxMjAwMDAwMDAwMDAwLCJkZWxldGUiOjM2MDAwMDAwMDAwMDAsInJlYWQiOjEyMDAwMDAwMDAwMDAsInVwZGF0ZSI6MTIwMDAwMDAwMDAwMH19",
          "dependencies": [
            "random_string.suffix"
          ],
          "create_before_destroy": true
        }
      ]
    },
    {
      "mode": "managed",
      "type": "aws_s3_bucket_public_access_block",
      "name": "deploy",
      "provider": "provider[\"registry.terraform.io/hashicorp/aws\"]",
      "instances": [
        {
          "schema_version": 0,
          "attributes": {
            "block_public_acls": true,
            "block_public_policy": true,
            "bucket": "petclinic-prod-deploy-yfm3t5",
            "id": "petclinic-prod-deploy-yfm3t5",
            "ignore_public_acls": true,
            "restrict_public_buckets": true
          },
          "sensitive_attributes": [],
          "private": "bnVsbA==",
          "dependencies": [
            "aws_s3_bucket.deploy",
            "random_string.suffix"
          ]
        }
      ]
    },
    {
      "mode": "managed",
      "type": "aws_s3_bucket_server_side_encryption_configuration",
      "name": "deploy",
      "provider": "provider[\"registry.terraform.io/hashicorp/aws\"]",
      "instances": []
    },
    {
      "mode": "managed",
      "type": "aws_s3_object",
      "name": "app_jar",
      "provider": "provider[\"registry.terraform.io/hashicorp/aws\"]",
      "instances": []
    },
    {
      "mode": "managed",
      "type": "aws_secretsmanager_secret",
      "name": "db_secret",
      "provider": "provider[\"registry.terraform.io/hashicorp/aws\"]",
      "instances": []
    },
    {
      "mode": "managed",
      "type": "aws_secretsmanager_secret_version",
      "name": "db_secret_val",
      "provider": "provider[\"registry.terraform.io/hashicorp/aws\"]",
      "instances": []
    },
    {
      "mode": "managed",
      "type": "aws_security_group",
      "name": "alb",
      "provider": "provider[\"registry.terraform.io/hashicorp/aws\"]",
      "instances": [
        {
          "schema_version": 1,
          "attributes": {
            "arn": "arn:aws:ec2:us-east-1:878617118606:security-group/sg-01d8765fd5434fb88",
            "description": "Security group for ALB allowing HTTP and HTTPS",
            "egress": [
              {
                "cidr_blocks": [
                  "0.0.0.0/0"
                ],
                "description": "Allow all outbound traffic",
                "from_port": 0,
                "ipv6_cidr_blocks": [],
                "prefix_list_ids": [],
                "protocol": "-1",
                "security_groups": [],
                "self": false,
                "to_port": 0
              }
            ],
            "id": "sg-01d8765fd5434fb88",
            "ingress": [
              {
                "cidr_blocks": [
                  "0.0.0.0/0"
                ],
                "description": "Allow HTTP",
                "from_port": 80,
                "ipv6_cidr_blocks": [],
                "prefix_list_ids": [],
                "protocol": "tcp",
                "security_groups": [],
                "self": false,
                "to_port": 80
              },
              {
                "cidr_blocks": [
                  "0.0.0.0/0"
                ],
                "description": "Allow HTTPS",
                "from_port": 443,
                "ipv6_cidr_blocks": [],
                "prefix_list_ids": [],
                "protocol": "tcp",
                "security_groups": [],
                "self": false,
                "to_port": 443
              }
            ],
            "name": "petclinic-prod-alb-sg",
            "name_prefix": "",
            "owner_id": "878617118606",
            "revoke_rules_on_delete": false,
            "tags": {
              "Environment": "prod",
              "ManagedBy": "Terraform",
              "Name": "petclinic-prod-alb-sg",
              "Owner": "Binome-ISI",
              "Project": "petclinic"
            },
            "tags_all": {
              "Environment": "prod",
              "ManagedBy": "Terraform",
              "Name": "petclinic-prod-alb-sg",
              "Owner": "Binome-ISI",
              "Project": "petclinic"
            },
            "timeouts": null,
            "vpc_id": "vpc-09f7f926b158ae006"
          },
          "sensitive_attributes": [],
          "private": "eyJlMmJmYjczMC1lY2FhLTExZTYtOGY4OC0zNDM2M2JjN2M0YzAiOnsiY3JlYXRlIjo2MDAwMDAwMDAwMDAsImRlbGV0ZSI6OTAwMDAwMDAwMDAwfSwic2NoZW1hX3ZlcnNpb24iOiIxIn0=",
          "dependencies": [
            "aws_vpc.main"
          ],
          "create_before_destroy": true
        }
      ]
    },
    {
      "mode": "managed",
      "type": "aws_security_group",
      "name": "app",
      "provider": "provider[\"registry.terraform.io/hashicorp/aws\"]",
      "instances": [
        {
          "schema_version": 1,
          "attributes": {
            "arn": "arn:aws:ec2:us-east-1:878617118606:security-group/sg-07011bc6295fa9deb",
            "description": "Security group for App EC2 instances",
            "egress": [
              {
                "cidr_blocks": [
                  "0.0.0.0/0"
                ],
                "description": "Allow all outbound traffic",
                "from_port": 0,
                "ipv6_cidr_blocks": [],
                "prefix_list_ids": [],
                "protocol": "-1",
                "security_groups": [],
                "self": false,
                "to_port": 0
              }
            ],
            "id": "sg-07011bc6295fa9deb",
            "ingress": [
              {
                "cidr_blocks": [],
                "description": "Allow port 8080 from ALB",
                "from_port": 8080,
                "ipv6_cidr_blocks": [],
                "prefix_list_ids": [],
                "protocol": "tcp",
                "security_groups": [
                  "sg-01d8765fd5434fb88"
                ],
                "self": false,
                "to_port": 8080
              }
            ],
            "name": "petclinic-prod-app-sg",
            "name_prefix": "",
            "owner_id": "878617118606",
            "revoke_rules_on_delete": false,
            "tags": {
              "Environment": "prod",
              "ManagedBy": "Terraform",
              "Name": "petclinic-prod-app-sg",
              "Owner": "Binome-ISI",
              "Project": "petclinic"
            },
            "tags_all": {
              "Environment": "prod",
              "ManagedBy": "Terraform",
              "Name": "petclinic-prod-app-sg",
              "Owner": "Binome-ISI",
              "Project": "petclinic"
            },
            "timeouts": null,
            "vpc_id": "vpc-09f7f926b158ae006"
          },
          "sensitive_attributes": [],
          "private": "eyJlMmJmYjczMC1lY2FhLTExZTYtOGY4OC0zNDM2M2JjN2M0YzAiOnsiY3JlYXRlIjo2MDAwMDAwMDAwMDAsImRlbGV0ZSI6OTAwMDAwMDAwMDAwfSwic2NoZW1hX3ZlcnNpb24iOiIxIn0=",
          "dependencies": [
            "aws_security_group.alb",
            "aws_vpc.main"
          ],
          "create_before_destroy": true
        }
      ]
    },
    {
      "mode": "managed",
      "type": "aws_security_group",
      "name": "rds_db",
      "provider": "provider[\"registry.terraform.io/hashicorp/aws\"]",
      "instances": [
        {
          "schema_version": 1,
          "attributes": {
            "arn": "arn:aws:ec2:us-east-1:878617118606:security-group/sg-08252c200cd7a8033",
            "description": "Security group for RDS MySQL",
            "egress": [
              {
                "cidr_blocks": [
                  "0.0.0.0/0"
                ],
                "description": "Allow all outbound traffic",
                "from_port": 0,
                "ipv6_cidr_blocks": [],
                "prefix_list_ids": [],
                "protocol": "-1",
                "security_groups": [],
                "self": false,
                "to_port": 0
              }
            ],
            "id": "sg-08252c200cd7a8033",
            "ingress": [
              {
                "cidr_blocks": [],
                "description": "Allow MySQL traffic directly from EC2 instances",
                "from_port": 3306,
                "ipv6_cidr_blocks": [],
                "prefix_list_ids": [],
                "protocol": "tcp",
                "security_groups": [
                  "sg-07011bc6295fa9deb"
                ],
                "self": false,
                "to_port": 3306
              }
            ],
            "name": "petclinic-prod-rds-db-sg",
            "name_prefix": "",
            "owner_id": "878617118606",
            "revoke_rules_on_delete": false,
            "tags": {
              "Environment": "prod",
              "ManagedBy": "Terraform",
              "Name": "petclinic-prod-rds-db-sg",
              "Owner": "Binome-ISI",
              "Project": "petclinic"
            },
            "tags_all": {
              "Environment": "prod",
              "ManagedBy": "Terraform",
              "Name": "petclinic-prod-rds-db-sg",
              "Owner": "Binome-ISI",
              "Project": "petclinic"
            },
            "timeouts": null,
            "vpc_id": "vpc-09f7f926b158ae006"
          },
          "sensitive_attributes": [],
          "private": "eyJlMmJmYjczMC1lY2FhLTExZTYtOGY4OC0zNDM2M2JjN2M0YzAiOnsiY3JlYXRlIjo2MDAwMDAwMDAwMDAsImRlbGV0ZSI6OTAwMDAwMDAwMDAwfSwic2NoZW1hX3ZlcnNpb24iOiIxIn0=",
          "dependencies": [
            "aws_security_group.alb",
            "aws_security_group.app",
            "aws_vpc.main"
          ],
          "create_before_destroy": true
        }
      ]
    },
    {
      "mode": "managed",
      "type": "aws_subnet",
      "name": "private_app",
      "provider": "provider[\"registry.terraform.io/hashicorp/aws\"]",
      "instances": [
        {
          "index_key": 0,
          "schema_version": 1,
          "attributes": {
            "arn": "arn:aws:ec2:us-east-1:878617118606:subnet/subnet-061df0bd2a6cb37f0",
            "assign_ipv6_address_on_creation": false,
            "availability_zone": "us-east-1a",
            "availability_zone_id": "use1-az1",
            "cidr_block": "10.0.10.0/24",
            "customer_owned_ipv4_pool": "",
            "enable_dns64": false,
            "enable_lni_at_device_index": 0,
            "enable_resource_name_dns_a_record_on_launch": false,
            "enable_resource_name_dns_aaaa_record_on_launch": false,
            "id": "subnet-061df0bd2a6cb37f0",
            "ipv6_cidr_block": "",
            "ipv6_cidr_block_association_id": "",
            "ipv6_native": false,
            "map_customer_owned_ip_on_launch": false,
            "map_public_ip_on_launch": false,
            "outpost_arn": "",
            "owner_id": "878617118606",
            "private_dns_hostname_type_on_launch": "ip-name",
            "tags": {
              "Environment": "prod",
              "ManagedBy": "Terraform",
              "Name": "petclinic-prod-private-app-us-east-1a",
              "Owner": "Binome-ISI",
              "Project": "petclinic"
            },
            "tags_all": {
              "Environment": "prod",
              "ManagedBy": "Terraform",
              "Name": "petclinic-prod-private-app-us-east-1a",
              "Owner": "Binome-ISI",
              "Project": "petclinic"
            },
            "timeouts": null,
            "vpc_id": "vpc-09f7f926b158ae006"
          },
          "sensitive_attributes": [],
          "private": "eyJlMmJmYjczMC1lY2FhLTExZTYtOGY4OC0zNDM2M2JjN2M0YzAiOnsiY3JlYXRlIjo2MDAwMDAwMDAwMDAsImRlbGV0ZSI6MTIwMDAwMDAwMDAwMH0sInNjaGVtYV92ZXJzaW9uIjoiMSJ9",
          "dependencies": [
            "aws_vpc.main"
          ]
        },
        {
          "index_key": 1,
          "schema_version": 1,
          "attributes": {
            "arn": "arn:aws:ec2:us-east-1:878617118606:subnet/subnet-049f4e68c725396b2",
            "assign_ipv6_address_on_creation": false,
            "availability_zone": "us-east-1b",
            "availability_zone_id": "use1-az2",
            "cidr_block": "10.0.11.0/24",
            "customer_owned_ipv4_pool": "",
            "enable_dns64": false,
            "enable_lni_at_device_index": 0,
            "enable_resource_name_dns_a_record_on_launch": false,
            "enable_resource_name_dns_aaaa_record_on_launch": false,
            "id": "subnet-049f4e68c725396b2",
            "ipv6_cidr_block": "",
            "ipv6_cidr_block_association_id": "",
            "ipv6_native": false,
            "map_customer_owned_ip_on_launch": false,
            "map_public_ip_on_launch": false,
            "outpost_arn": "",
            "owner_id": "878617118606",
            "private_dns_hostname_type_on_launch": "ip-name",
            "tags": {
              "Environment": "prod",
              "ManagedBy": "Terraform",
              "Name": "petclinic-prod-private-app-us-east-1b",
              "Owner": "Binome-ISI",
              "Project": "petclinic"
            },
            "tags_all": {
              "Environment": "prod",
              "ManagedBy": "Terraform",
              "Name": "petclinic-prod-private-app-us-east-1b",
              "Owner": "Binome-ISI",
              "Project": "petclinic"
            },
            "timeouts": null,
            "vpc_id": "vpc-09f7f926b158ae006"
          },
          "sensitive_attributes": [],
          "private": "eyJlMmJmYjczMC1lY2FhLTExZTYtOGY4OC0zNDM2M2JjN2M0YzAiOnsiY3JlYXRlIjo2MDAwMDAwMDAwMDAsImRlbGV0ZSI6MTIwMDAwMDAwMDAwMH0sInNjaGVtYV92ZXJzaW9uIjoiMSJ9",
          "dependencies": [
            "aws_vpc.main"
          ]
        }
      ]
    },
    {
      "mode": "managed",
      "type": "aws_subnet",
      "name": "private_db",
      "provider": "provider[\"registry.terraform.io/hashicorp/aws\"]",
      "instances": [
        {
          "index_key": 0,
          "schema_version": 1,
          "attributes": {
            "arn": "arn:aws:ec2:us-east-1:878617118606:subnet/subnet-0e0b2b760cef657b9",
            "assign_ipv6_address_on_creation": false,
            "availability_zone": "us-east-1a",
            "availability_zone_id": "use1-az1",
            "cidr_block": "10.0.20.0/24",
            "customer_owned_ipv4_pool": "",
            "enable_dns64": false,
            "enable_lni_at_device_index": 0,
            "enable_resource_name_dns_a_record_on_launch": false,
            "enable_resource_name_dns_aaaa_record_on_launch": false,
            "id": "subnet-0e0b2b760cef657b9",
            "ipv6_cidr_block": "",
            "ipv6_cidr_block_association_id": "",
            "ipv6_native": false,
            "map_customer_owned_ip_on_launch": false,
            "map_public_ip_on_launch": false,
            "outpost_arn": "",
            "owner_id": "878617118606",
            "private_dns_hostname_type_on_launch": "ip-name",
            "tags": {
              "Environment": "prod",
              "ManagedBy": "Terraform",
              "Name": "petclinic-prod-private-db-us-east-1a",
              "Owner": "Binome-ISI",
              "Project": "petclinic"
            },
            "tags_all": {
              "Environment": "prod",
              "ManagedBy": "Terraform",
              "Name": "petclinic-prod-private-db-us-east-1a",
              "Owner": "Binome-ISI",
              "Project": "petclinic"
            },
            "timeouts": null,
            "vpc_id": "vpc-09f7f926b158ae006"
          },
          "sensitive_attributes": [],
          "private": "eyJlMmJmYjczMC1lY2FhLTExZTYtOGY4OC0zNDM2M2JjN2M0YzAiOnsiY3JlYXRlIjo2MDAwMDAwMDAwMDAsImRlbGV0ZSI6MTIwMDAwMDAwMDAwMH0sInNjaGVtYV92ZXJzaW9uIjoiMSJ9",
          "dependencies": [
            "aws_vpc.main"
          ],
          "create_before_destroy": true
        },
        {
          "index_key": 1,
          "schema_version": 1,
          "attributes": {
            "arn": "arn:aws:ec2:us-east-1:878617118606:subnet/subnet-081c713b16f1e2780",
            "assign_ipv6_address_on_creation": false,
            "availability_zone": "us-east-1b",
            "availability_zone_id": "use1-az2",
            "cidr_block": "10.0.21.0/24",
            "customer_owned_ipv4_pool": "",
            "enable_dns64": false,
            "enable_lni_at_device_index": 0,
            "enable_resource_name_dns_a_record_on_launch": false,
            "enable_resource_name_dns_aaaa_record_on_launch": false,
            "id": "subnet-081c713b16f1e2780",
            "ipv6_cidr_block": "",
            "ipv6_cidr_block_association_id": "",
            "ipv6_native": false,
            "map_customer_owned_ip_on_launch": false,
            "map_public_ip_on_launch": false,
            "outpost_arn": "",
            "owner_id": "878617118606",
            "private_dns_hostname_type_on_launch": "ip-name",
            "tags": {
              "Environment": "prod",
              "ManagedBy": "Terraform",
              "Name": "petclinic-prod-private-db-us-east-1b",
              "Owner": "Binome-ISI",
              "Project": "petclinic"
            },
            "tags_all": {
              "Environment": "prod",
              "ManagedBy": "Terraform",
              "Name": "petclinic-prod-private-db-us-east-1b",
              "Owner": "Binome-ISI",
              "Project": "petclinic"
            },
            "timeouts": null,
            "vpc_id": "vpc-09f7f926b158ae006"
          },
          "sensitive_attributes": [],
          "private": "eyJlMmJmYjczMC1lY2FhLTExZTYtOGY4OC0zNDM2M2JjN2M0YzAiOnsiY3JlYXRlIjo2MDAwMDAwMDAwMDAsImRlbGV0ZSI6MTIwMDAwMDAwMDAwMH0sInNjaGVtYV92ZXJzaW9uIjoiMSJ9",
          "dependencies": [
            "aws_vpc.main"
          ],
          "create_before_destroy": true
        }
      ]
    },
    {
      "mode": "managed",
      "type": "aws_subnet",
      "name": "public",
      "provider": "provider[\"registry.terraform.io/hashicorp/aws\"]",
      "instances": [
        {
          "index_key": 0,
          "schema_version": 1,
          "attributes": {
            "arn": "arn:aws:ec2:us-east-1:878617118606:subnet/subnet-020e79e2bb7f83105",
            "assign_ipv6_address_on_creation": false,
            "availability_zone": "us-east-1a",
            "availability_zone_id": "use1-az1",
            "cidr_block": "10.0.0.0/24",
            "customer_owned_ipv4_pool": "",
            "enable_dns64": false,
            "enable_lni_at_device_index": 0,
            "enable_resource_name_dns_a_record_on_launch": false,
            "enable_resource_name_dns_aaaa_record_on_launch": false,
            "id": "subnet-020e79e2bb7f83105",
            "ipv6_cidr_block": "",
            "ipv6_cidr_block_association_id": "",
            "ipv6_native": false,
            "map_customer_owned_ip_on_launch": false,
            "map_public_ip_on_launch": true,
            "outpost_arn": "",
            "owner_id": "878617118606",
            "private_dns_hostname_type_on_launch": "ip-name",
            "tags": {
              "Environment": "prod",
              "ManagedBy": "Terraform",
              "Name": "petclinic-prod-public-us-east-1a",
              "Owner": "Binome-ISI",
              "Project": "petclinic"
            },
            "tags_all": {
              "Environment": "prod",
              "ManagedBy": "Terraform",
              "Name": "petclinic-prod-public-us-east-1a",
              "Owner": "Binome-ISI",
              "Project": "petclinic"
            },
            "timeouts": null,
            "vpc_id": "vpc-09f7f926b158ae006"
          },
          "sensitive_attributes": [],
          "private": "eyJlMmJmYjczMC1lY2FhLTExZTYtOGY4OC0zNDM2M2JjN2M0YzAiOnsiY3JlYXRlIjo2MDAwMDAwMDAwMDAsImRlbGV0ZSI6MTIwMDAwMDAwMDAwMH0sInNjaGVtYV92ZXJzaW9uIjoiMSJ9",
          "dependencies": [
            "aws_vpc.main"
          ]
        },
        {
          "index_key": 1,
          "schema_version": 1,
          "attributes": {
            "arn": "arn:aws:ec2:us-east-1:878617118606:subnet/subnet-02fb73d3ffca2ff7e",
            "assign_ipv6_address_on_creation": false,
            "availability_zone": "us-east-1b",
            "availability_zone_id": "use1-az2",
            "cidr_block": "10.0.1.0/24",
            "customer_owned_ipv4_pool": "",
            "enable_dns64": false,
            "enable_lni_at_device_index": 0,
            "enable_resource_name_dns_a_record_on_launch": false,
            "enable_resource_name_dns_aaaa_record_on_launch": false,
            "id": "subnet-02fb73d3ffca2ff7e",
            "ipv6_cidr_block": "",
            "ipv6_cidr_block_association_id": "",
            "ipv6_native": false,
            "map_customer_owned_ip_on_launch": false,
            "map_public_ip_on_launch": true,
            "outpost_arn": "",
            "owner_id": "878617118606",
            "private_dns_hostname_type_on_launch": "ip-name",
            "tags": {
              "Environment": "prod",
              "ManagedBy": "Terraform",
              "Name": "petclinic-prod-public-us-east-1b",
              "Owner": "Binome-ISI",
              "Project": "petclinic"
            },
            "tags_all": {
              "Environment": "prod",
              "ManagedBy": "Terraform",
              "Name": "petclinic-prod-public-us-east-1b",
              "Owner": "Binome-ISI",
              "Project": "petclinic"
            },
            "timeouts": null,
            "vpc_id": "vpc-09f7f926b158ae006"
          },
          "sensitive_attributes": [],
          "private": "eyJlMmJmYjczMC1lY2FhLTExZTYtOGY4OC0zNDM2M2JjN2M0YzAiOnsiY3JlYXRlIjo2MDAwMDAwMDAwMDAsImRlbGV0ZSI6MTIwMDAwMDAwMDAwMH0sInNjaGVtYV92ZXJzaW9uIjoiMSJ9",
          "dependencies": [
            "aws_vpc.main"
          ]
        }
      ]
    },
    {
      "mode": "managed",
      "type": "aws_vpc",
      "name": "main",
      "provider": "provider[\"registry.terraform.io/hashicorp/aws\"]",
      "instances": [
        {
          "schema_version": 1,
          "attributes": {
            "arn": "arn:aws:ec2:us-east-1:878617118606:vpc/vpc-09f7f926b158ae006",
            "assign_generated_ipv6_cidr_block": false,
            "cidr_block": "10.0.0.0/16",
            "default_network_acl_id": "acl-02c6e71393ec0c4c6",
            "default_route_table_id": "rtb-026844216101ddb05",
            "default_security_group_id": "sg-05fc5f3c3edefabb7",
            "dhcp_options_id": "dopt-036ae36ebe171eb79",
            "enable_dns_hostnames": true,
            "enable_dns_support": true,
            "enable_network_address_usage_metrics": false,
            "id": "vpc-09f7f926b158ae006",
            "instance_tenancy": "default",
            "ipv4_ipam_pool_id": null,
            "ipv4_netmask_length": null,
            "ipv6_association_id": "",
            "ipv6_cidr_block": "",
            "ipv6_cidr_block_network_border_group": "",
            "ipv6_ipam_pool_id": "",
            "ipv6_netmask_length": 0,
            "main_route_table_id": "rtb-026844216101ddb05",
            "owner_id": "878617118606",
            "tags": {
              "Environment": "prod",
              "ManagedBy": "Terraform",
              "Name": "petclinic-prod-vpc",
              "Owner": "Binome-ISI",
              "Project": "petclinic"
            },
            "tags_all": {
              "Environment": "prod",
              "ManagedBy": "Terraform",
              "Name": "petclinic-prod-vpc",
              "Owner": "Binome-ISI",
              "Project": "petclinic"
            }
          },
          "sensitive_attributes": [],
          "private": "eyJzY2hlbWFfdmVyc2lvbiI6IjEifQ==",
          "create_before_destroy": true
        }
      ]
    },
    {
      "mode": "managed",
      "type": "aws_vpc_endpoint",
      "name": "s3",
      "provider": "provider[\"registry.terraform.io/hashicorp/aws\"]",
      "instances": []
    },
    {
      "mode": "managed",
      "type": "random_password",
      "name": "db_password",
      "provider": "provider[\"registry.terraform.io/hashicorp/random\"]",
      "instances": [
        {
          "schema_version": 3,
          "attributes": {
            "bcrypt_hash": "$2a$10$qtGbz/QLaoNKesy1lsMgfuC9XxmKuSy/7y5P0hYJbxT4zb99AnNeq",
            "id": "none",
            "keepers": null,
            "length": 16,
            "lower": true,
            "min_lower": 0,
            "min_numeric": 0,
            "min_special": 0,
            "min_upper": 0,
            "number": true,
            "numeric": true,
            "override_special": "!#$%\u0026*()-_=+[]{}\u003c\u003e:?",
            "result": "Un!un-y0+-9e?l0p",
            "special": true,
            "upper": true
          },
          "sensitive_attributes": [],
          "create_before_destroy": true
        }
      ]
    },
    {
      "mode": "managed",
      "type": "random_string",
      "name": "suffix",
      "provider": "provider[\"registry.terraform.io/hashicorp/random\"]",
      "instances": [
        {
          "schema_version": 2,
          "attributes": {
            "id": "yfm3t5",
            "keepers": null,
            "length": 6,
            "lower": true,
            "min_lower": 0,
            "min_numeric": 0,
            "min_special": 0,
            "min_upper": 0,
            "number": true,
            "numeric": true,
            "override_special": null,
            "result": "yfm3t5",
            "special": false,
            "upper": false
          },
          "sensitive_attributes": [],
          "create_before_destroy": true
        }
      ]
    },
    {
      "mode": "managed",
      "type": "tls_private_key",
      "name": "main",
      "provider": "provider[\"registry.terraform.io/hashicorp/tls\"]",
      "instances": [
        {
          "schema_version": 1,
          "attributes": {
            "algorithm": "RSA",
            "ecdsa_curve": "P224",
            "id": "5205c4002e8c80568c7780b87a40b0782c17ea3a",
            "private_key_openssh": "-----BEGIN OPENSSH PRIVATE KEY-----\nb3BlbnNzaC1rZXktdjEAAAAABG5vbmUAAAAEbm9uZQAAAAAAAAABAAABFwAAAAdz\nc2gtcnNhAAAAAwEAAQAAAQEAxcBswjEIg5T3PM4sEzIG1cPg2YSk//4thv0iXcWb\nOdQuZpvo6RjN/lmI7hX/haTtEFr20tgGZe+DxjM/SOjGbKnoY/TPKaJAkpbV4rbO\nUcs4ASUY/0IGnBOIzAUa8f80Sr/SKeRIEio3yk2tJH9MCXE+eeWl13CujiRKcn75\nv+De0BteA/8p/Fi2kZ6HrUvhqO8p8WUthRg5mLG6HcJ6u+9dLyl8Hyw7YcQk2Orr\n4Q/ncqyvNWPukBMUNeo/1QVDvw1U9Oct7Bx7slWo6lj5TqMz1+h/S/rt+zZiNlp8\nceo91cOXKH74oeNHE2FTtB/ndxSBDWKBNmUKTwCFlFUwCQAAA7jtdJ1e7XSdXgAA\nAAdzc2gtcnNhAAABAQDFwGzCMQiDlPc8ziwTMgbVw+DZhKT//i2G/SJdxZs51C5m\nm+jpGM3+WYjuFf+FpO0QWvbS2AZl74PGMz9I6MZsqehj9M8pokCSltXits5RyzgB\nJRj/QgacE4jMBRrx/zRKv9Ip5EgSKjfKTa0kf0wJcT555aXXcK6OJEpyfvm/4N7Q\nG14D/yn8WLaRnoetS+Go7ynxZS2FGDmYsbodwnq7710vKXwfLDthxCTY6uvhD+dy\nrK81Y+6QExQ16j/VBUO/DVT05y3sHHuyVajqWPlOozPX6H9L+u37NmI2Wnxx6j3V\nw5cofvih40cTYVO0H+d3FIENYoE2ZQpPAIWUVTAJAAAAAwEAAQAAAQAN6rGyED7/\n+khUrv0avrm3aokU6x5XkQea3o6qwxYzrCiLJRbE7MTLzSOd/yNT6vGaEI9v8tmv\nFnuTbmuE5zOBAItvxBHzj/fJDooajJtEK1qTeLe5IxLnAgLtuhWViUx1+ZOXSiRT\npEVNMfPo7nfR7vZ4H/7GBNKWrfF6pvqkPlXjQxRCfwddOQhbv/wfXk2Qma00WMRF\n4nX3WxhsT+0V+dTtgijuwqDu6JcLeIVbofR3GofrmWNDzxHnl5sGoVbAp3Av+zcg\nQD8+cEy3MTCSPXHQk/Fmq+5/6XEq6I1h5T6WdH4CTfJa3lKUD+bGgFQMtSIBCMih\nE1K93kzpThlHAAAAgD7ZM5E6mG/+jtry9y1Y/4LeTCZhr6lM6OykK9vYQQ9Dlu3x\nV5HAFoPdBZJgqaptAdGi5ohz86xpkgwCewaMioXXOzRXXQsFPcvA2tcaLL+q78Ie\nQYAWgGiWNbjaJahy8pc9n1qDwxs2empzII7xZASIt+yRMWMueaUZQ/156GK+AAAA\ngQDYBkakf82OF2GhYXAbeRErVW/tyS8BPpwt6p32f1ionZNA/ZTUKiUpWxzjOCvZ\nZu+QjbCfN7MY4lL47NkCCukkRsSzGagqRd5dPUGQOFKPfSGK0tZndNZqStYnBjQz\n6Ym8GUepX0kA2dUT9SQhoHrNmRcdlujhaYj2tuocBbYM2wAAAIEA6liCY/gcJ5Zi\ncbMxI+g8xQWea9zWQMayvsTb1hRXxycIT8a6XbIFHfLFmhTjQK+dutjdvJigStlQ\nE13tc803ZqykdyZGu5iWDIvqongs2s2vW0rkMPy6oz5ClkDAf4OBA+54s8jvjOzm\ns4lDheLQHWiDBkKPxWKbRmFPh8PCGesAAAAAAQID\n-----END OPENSSH PRIVATE KEY-----\n",
            "private_key_pem": "-----BEGIN RSA PRIVATE KEY-----\nMIIEogIBAAKCAQEAxcBswjEIg5T3PM4sEzIG1cPg2YSk//4thv0iXcWbOdQuZpvo\n6RjN/lmI7hX/haTtEFr20tgGZe+DxjM/SOjGbKnoY/TPKaJAkpbV4rbOUcs4ASUY\n/0IGnBOIzAUa8f80Sr/SKeRIEio3yk2tJH9MCXE+eeWl13CujiRKcn75v+De0Bte\nA/8p/Fi2kZ6HrUvhqO8p8WUthRg5mLG6HcJ6u+9dLyl8Hyw7YcQk2Orr4Q/ncqyv\nNWPukBMUNeo/1QVDvw1U9Oct7Bx7slWo6lj5TqMz1+h/S/rt+zZiNlp8ceo91cOX\nKH74oeNHE2FTtB/ndxSBDWKBNmUKTwCFlFUwCQIDAQABAoIBAA3qsbIQPv/6SFSu\n/Rq+ubdqiRTrHleRB5rejqrDFjOsKIslFsTsxMvNI53/I1Pq8ZoQj2/y2a8We5Nu\na4TnM4EAi2/EEfOP98kOihqMm0QrWpN4t7kjEucCAu26FZWJTHX5k5dKJFOkRU0x\n8+jud9Hu9ngf/sYE0pat8Xqm+qQ+VeNDFEJ/B105CFu//B9eTZCZrTRYxEXidfdb\nGGxP7RX51O2CKO7CoO7olwt4hVuh9Hcah+uZY0PPEeeXmwahVsCncC/7NyBAPz5w\nTLcxMJI9cdCT8War7n/pcSrojWHlPpZ0fgJN8lreUpQP5saAVAy1IgEIyKETUr3e\nTOlOGUcCgYEA2AZGpH/NjhdhoWFwG3kRK1Vv7ckvAT6cLeqd9n9YqJ2TQP2U1Col\nKVsc4zgr2WbvkI2wnzezGOJS+OzZAgrpJEbEsxmoKkXeXT1BkDhSj30hitLWZ3TW\nakrWJwY0M+mJvBlHqV9JANnVE/UkIaB6zZkXHZbo4WmI9rbqHAW2DNsCgYEA6liC\nY/gcJ5ZicbMxI+g8xQWea9zWQMayvsTb1hRXxycIT8a6XbIFHfLFmhTjQK+dutjd\nvJigStlQE13tc803ZqykdyZGu5iWDIvqongs2s2vW0rkMPy6oz5ClkDAf4OBA+54\ns8jvjOzms4lDheLQHWiDBkKPxWKbRmFPh8PCGesCgYBwGRGfWxJ3oXpwG/foybI3\nImaqpbNWmf7BdPXza7G+DcbT+sK4NgaCp10eK4/ViKzX/i6g8G5ng0o7EeyqOq8w\nu+hmZ/Hzvb3d9GOJSzDMdMprF21a0i5RifQG3BlKtu1aRmQBaAiiAGepq5PMP1J6\nTe7I0/6Uugbwv4pMcEo/8QKBgCnVQPl9ifEbLFmlpkkFpQt6tEwG8QxBLBlX5PJz\nUTQQ6K/tBsnBBJ7S/qlBv0uFzf9TxUlsaXjTEDNU2hWI9bHTccx/PbMxSt/Ufj8g\neslYXExMsy13gA2yCIrv5i0dGYPNJyjY3sJma8xy3WXiFkqZpIISkb2nm5ZVuq++\np0CfAoGAPtkzkTqYb/6O2vL3LVj/gt5MJmGvqUzo7KQr29hBD0OW7fFXkcAWg90F\nkmCpqm0B0aLmiHPzrGmSDAJ7BoyKhdc7NFddCwU9y8Da1xosv6rvwh5BgBaAaJY1\nuNolqHLylz2fWoPDGzZ6anMgjvFkBIi37JExYy55pRlD/XnoYr4=\n-----END RSA PRIVATE KEY-----\n",
            "private_key_pem_pkcs8": "-----BEGIN PRIVATE KEY-----\nMIIEvAIBADANBgkqhkiG9w0BAQEFAASCBKYwggSiAgEAAoIBAQDFwGzCMQiDlPc8\nziwTMgbVw+DZhKT//i2G/SJdxZs51C5mm+jpGM3+WYjuFf+FpO0QWvbS2AZl74PG\nMz9I6MZsqehj9M8pokCSltXits5RyzgBJRj/QgacE4jMBRrx/zRKv9Ip5EgSKjfK\nTa0kf0wJcT555aXXcK6OJEpyfvm/4N7QG14D/yn8WLaRnoetS+Go7ynxZS2FGDmY\nsbodwnq7710vKXwfLDthxCTY6uvhD+dyrK81Y+6QExQ16j/VBUO/DVT05y3sHHuy\nVajqWPlOozPX6H9L+u37NmI2Wnxx6j3Vw5cofvih40cTYVO0H+d3FIENYoE2ZQpP\nAIWUVTAJAgMBAAECggEADeqxshA+//pIVK79Gr65t2qJFOseV5EHmt6OqsMWM6wo\niyUWxOzEy80jnf8jU+rxmhCPb/LZrxZ7k25rhOczgQCLb8QR84/3yQ6KGoybRCta\nk3i3uSMS5wIC7boVlYlMdfmTl0okU6RFTTHz6O530e72eB/+xgTSlq3xeqb6pD5V\n40MUQn8HXTkIW7/8H15NkJmtNFjEReJ191sYbE/tFfnU7YIo7sKg7uiXC3iFW6H0\ndxqH65ljQ88R55ebBqFWwKdwL/s3IEA/PnBMtzEwkj1x0JPxZqvuf+lxKuiNYeU+\nlnR+Ak3yWt5SlA/mxoBUDLUiAQjIoRNSvd5M6U4ZRwKBgQDYBkakf82OF2GhYXAb\neRErVW/tyS8BPpwt6p32f1ionZNA/ZTUKiUpWxzjOCvZZu+QjbCfN7MY4lL47NkC\nCukkRsSzGagqRd5dPUGQOFKPfSGK0tZndNZqStYnBjQz6Ym8GUepX0kA2dUT9SQh\noHrNmRcdlujhaYj2tuocBbYM2wKBgQDqWIJj+BwnlmJxszEj6DzFBZ5r3NZAxrK+\nxNvWFFfHJwhPxrpdsgUd8sWaFONAr5262N28mKBK2VATXe1zzTdmrKR3Jka7mJYM\ni+qieCzaza9bSuQw/LqjPkKWQMB/g4ED7nizyO+M7OaziUOF4tAdaIMGQo/FYptG\nYU+Hw8IZ6wKBgHAZEZ9bEnehenAb9+jJsjciZqqls1aZ/sF09fNrsb4NxtP6wrg2\nBoKnXR4rj9WIrNf+LqDwbmeDSjsR7Ko6rzC76GZn8fO9vd30Y4lLMMx0ymsXbVrS\nLlGJ9AbcGUq27VpGZAFoCKIAZ6mrk8w/UnpN7sjT/pS6BvC/ikxwSj/xAoGAKdVA\n+X2J8RssWaWmSQWlC3q0TAbxDEEsGVfk8nNRNBDor+0GycEEntL+qUG/S4XN/1PF\nSWxpeNMQM1TaFYj1sdNxzH89szFK39R+PyB6yVhcTEyzLXeADbIIiu/mLR0Zg80n\nKNjewmZrzHLdZeIWSpmkghKRvaebllW6r76nQJ8CgYA+2TOROphv/o7a8vctWP+C\n3kwmYa+pTOjspCvb2EEPQ5bt8VeRwBaD3QWSYKmqbQHRouaIc/OsaZIMAnsGjIqF\n1zs0V10LBT3LwNrXGiy/qu/CHkGAFoBoljW42iWocvKXPZ9ag8MbNnpqcyCO8WQE\niLfskTFjLnmlGUP9eehivg==\n-----END PRIVATE KEY-----\n",
            "public_key_fingerprint_md5": "c6:26:6f:83:f0:d4:a2:f3:d3:d4:ad:f4:ac:4c:2a:6d",
            "public_key_fingerprint_sha256": "SHA256:qusRFuUn4cOpeZne4HUjWX/MTtFFNDHryVsAqJJ1KU0",
            "public_key_openssh": "ssh-rsa AAAAB3NzaC1yc2EAAAADAQABAAABAQDFwGzCMQiDlPc8ziwTMgbVw+DZhKT//i2G/SJdxZs51C5mm+jpGM3+WYjuFf+FpO0QWvbS2AZl74PGMz9I6MZsqehj9M8pokCSltXits5RyzgBJRj/QgacE4jMBRrx/zRKv9Ip5EgSKjfKTa0kf0wJcT555aXXcK6OJEpyfvm/4N7QG14D/yn8WLaRnoetS+Go7ynxZS2FGDmYsbodwnq7710vKXwfLDthxCTY6uvhD+dyrK81Y+6QExQ16j/VBUO/DVT05y3sHHuyVajqWPlOozPX6H9L+u37NmI2Wnxx6j3Vw5cofvih40cTYVO0H+d3FIENYoE2ZQpPAIWUVTAJ\n",
            "public_key_pem": "-----BEGIN PUBLIC KEY-----\nMIIBIjANBgkqhkiG9w0BAQEFAAOCAQ8AMIIBCgKCAQEAxcBswjEIg5T3PM4sEzIG\n1cPg2YSk//4thv0iXcWbOdQuZpvo6RjN/lmI7hX/haTtEFr20tgGZe+DxjM/SOjG\nbKnoY/TPKaJAkpbV4rbOUcs4ASUY/0IGnBOIzAUa8f80Sr/SKeRIEio3yk2tJH9M\nCXE+eeWl13CujiRKcn75v+De0BteA/8p/Fi2kZ6HrUvhqO8p8WUthRg5mLG6HcJ6\nu+9dLyl8Hyw7YcQk2Orr4Q/ncqyvNWPukBMUNeo/1QVDvw1U9Oct7Bx7slWo6lj5\nTqMz1+h/S/rt+zZiNlp8ceo91cOXKH74oeNHE2FTtB/ndxSBDWKBNmUKTwCFlFUw\nCQIDAQAB\n-----END PUBLIC KEY-----\n",
            "rsa_bits": 2048
          },
          "sensitive_attributes": []
        }
      ]
    },
    {
      "mode": "managed",
      "type": "tls_self_signed_cert",
      "name": "main",
      "provider": "provider[\"registry.terraform.io/hashicorp/tls\"]",
      "instances": [
        {
          "schema_version": 0,
          "attributes": {
            "allowed_uses": [
              "key_encipherment",
              "digital_signature",
              "server_auth"
            ],
            "cert_pem": "-----BEGIN CERTIFICATE-----\nMIIDWDCCAkCgAwIBAgIRAMifsthuZJFtzPOsik6a878wDQYJKoZIhvcNAQELBQAw\nLjESMBAGA1UEChMJSVNJIERha2FyMRgwFgYDVQQDEw9wZXRjbGluaWMubG9jYWww\nHhcNMjYwNzIzMTMyNjQ5WhcNMjcwNzIzMTMyNjQ5WjAuMRIwEAYDVQQKEwlJU0kg\nRGFrYXIxGDAWBgNVBAMTD3BldGNsaW5pYy5sb2NhbDCCASIwDQYJKoZIhvcNAQEB\nBQADggEPADCCAQoCggEBAMXAbMIxCIOU9zzOLBMyBtXD4NmEpP/+LYb9Il3FmznU\nLmab6OkYzf5ZiO4V/4Wk7RBa9tLYBmXvg8YzP0joxmyp6GP0zymiQJKW1eK2zlHL\nOAElGP9CBpwTiMwFGvH/NEq/0inkSBIqN8pNrSR/TAlxPnnlpddwro4kSnJ++b/g\n3tAbXgP/KfxYtpGeh61L4ajvKfFlLYUYOZixuh3CervvXS8pfB8sO2HEJNjq6+EP\n53KsrzVj7pATFDXqP9UFQ78NVPTnLewce7JVqOpY+U6jM9fof0v67fs2YjZafHHq\nPdXDlyh++KHjRxNhU7Qf53cUgQ1igTZlCk8AhZRVMAkCAwEAAaNxMG8wDgYDVR0P\nAQH/BAQDAgWgMBMGA1UdJQQMMAoGCCsGAQUFBwMBMAwGA1UdEwEB/wQCMAAwOgYD\nVR0RBDMwMYIJbG9jYWxob3N0gg9wZXRjbGluaWMubG9jYWyCEyouZWxiLmFtYXpv\nbmF3cy5jb20wDQYJKoZIhvcNAQELBQADggEBAMTBSGGCqYRxKT55tLsu26Scp6aF\nUMpH4No9+Lsi1Y5bncHAVe09en2NaSma9hjPJJ+vEog4guOKtjIlKQwVjB+dl1N9\n1pyEIFQjR31hN9DzKRzzjhDOLs80W+bILw9MJq63p9O2vlqajfa+nh7pjuUjX+fm\nLzZiu8Bn5xche8I9LMd/hncLfY/qWnrY+SAG0rwx4FHSse1A8ZZD7UQZXjcPRI80\nuVju6lZ8m5sRGs4RPt/ZrqMGPFLlZ9pEP4kj8LMquaMaID8SD2W1SvrIQQ2M+7C6\nlKG4+RUxTA+b5gBkCHeaVkn6zj6V3W0I+n97GXxnZq6HECB9IR7LEXtTmoU=\n-----END CERTIFICATE-----\n",
            "dns_names": [
              "localhost",
              "petclinic.local",
              "*.elb.amazonaws.com"
            ],
            "early_renewal_hours": 0,
            "id": "266674801773847695683043021711832970175",
            "ip_addresses": null,
            "is_ca_certificate": false,
            "key_algorithm": "RSA",
            "max_path_length": null,
            "private_key_pem": "-----BEGIN RSA PRIVATE KEY-----\nMIIEogIBAAKCAQEAxcBswjEIg5T3PM4sEzIG1cPg2YSk//4thv0iXcWbOdQuZpvo\n6RjN/lmI7hX/haTtEFr20tgGZe+DxjM/SOjGbKnoY/TPKaJAkpbV4rbOUcs4ASUY\n/0IGnBOIzAUa8f80Sr/SKeRIEio3yk2tJH9MCXE+eeWl13CujiRKcn75v+De0Bte\nA/8p/Fi2kZ6HrUvhqO8p8WUthRg5mLG6HcJ6u+9dLyl8Hyw7YcQk2Orr4Q/ncqyv\nNWPukBMUNeo/1QVDvw1U9Oct7Bx7slWo6lj5TqMz1+h/S/rt+zZiNlp8ceo91cOX\nKH74oeNHE2FTtB/ndxSBDWKBNmUKTwCFlFUwCQIDAQABAoIBAA3qsbIQPv/6SFSu\n/Rq+ubdqiRTrHleRB5rejqrDFjOsKIslFsTsxMvNI53/I1Pq8ZoQj2/y2a8We5Nu\na4TnM4EAi2/EEfOP98kOihqMm0QrWpN4t7kjEucCAu26FZWJTHX5k5dKJFOkRU0x\n8+jud9Hu9ngf/sYE0pat8Xqm+qQ+VeNDFEJ/B105CFu//B9eTZCZrTRYxEXidfdb\nGGxP7RX51O2CKO7CoO7olwt4hVuh9Hcah+uZY0PPEeeXmwahVsCncC/7NyBAPz5w\nTLcxMJI9cdCT8War7n/pcSrojWHlPpZ0fgJN8lreUpQP5saAVAy1IgEIyKETUr3e\nTOlOGUcCgYEA2AZGpH/NjhdhoWFwG3kRK1Vv7ckvAT6cLeqd9n9YqJ2TQP2U1Col\nKVsc4zgr2WbvkI2wnzezGOJS+OzZAgrpJEbEsxmoKkXeXT1BkDhSj30hitLWZ3TW\nakrWJwY0M+mJvBlHqV9JANnVE/UkIaB6zZkXHZbo4WmI9rbqHAW2DNsCgYEA6liC\nY/gcJ5ZicbMxI+g8xQWea9zWQMayvsTb1hRXxycIT8a6XbIFHfLFmhTjQK+dutjd\nvJigStlQE13tc803ZqykdyZGu5iWDIvqongs2s2vW0rkMPy6oz5ClkDAf4OBA+54\ns8jvjOzms4lDheLQHWiDBkKPxWKbRmFPh8PCGesCgYBwGRGfWxJ3oXpwG/foybI3\nImaqpbNWmf7BdPXza7G+DcbT+sK4NgaCp10eK4/ViKzX/i6g8G5ng0o7EeyqOq8w\nu+hmZ/Hzvb3d9GOJSzDMdMprF21a0i5RifQG3BlKtu1aRmQBaAiiAGepq5PMP1J6\nTe7I0/6Uugbwv4pMcEo/8QKBgCnVQPl9ifEbLFmlpkkFpQt6tEwG8QxBLBlX5PJz\nUTQQ6K/tBsnBBJ7S/qlBv0uFzf9TxUlsaXjTEDNU2hWI9bHTccx/PbMxSt/Ufj8g\neslYXExMsy13gA2yCIrv5i0dGYPNJyjY3sJma8xy3WXiFkqZpIISkb2nm5ZVuq++\np0CfAoGAPtkzkTqYb/6O2vL3LVj/gt5MJmGvqUzo7KQr29hBD0OW7fFXkcAWg90F\nkmCpqm0B0aLmiHPzrGmSDAJ7BoyKhdc7NFddCwU9y8Da1xosv6rvwh5BgBaAaJY1\nuNolqHLylz2fWoPDGzZ6anMgjvFkBIi37JExYy55pRlD/XnoYr4=\n-----END RSA PRIVATE KEY-----\n",
            "ready_for_renewal": false,
            "set_authority_key_id": false,
            "set_subject_key_id": false,
            "subject": [
              {
                "common_name": "petclinic.local",
                "country": null,
                "email_address": null,
                "locality": null,
                "organization": "ISI Dakar",
                "organizational_unit": null,
                "postal_code": null,
                "province": null,
                "serial_number": null,
                "street_address": null
              }
            ],
            "uris": null,
            "validity_end_time": "2027-07-23T13:26:49.19699725Z",
            "validity_period_hours": 8760,
            "validity_start_time": "2026-07-23T13:26:49.19699725Z"
          },
          "sensitive_attributes": [
            [
              {
                "type": "get_attr",
                "value": "private_key_pem"
              }
            ]
          ],
          "dependencies": [
            "tls_private_key.main"
          ]
        }
      ]
    }
  ],
  "check_results": null
}
