{
  "version": 4,
  "terraform_version": "1.15.7",
  "serial": 78,
  "lineage": "9eb0e0d4-ecfd-112f-4696-d0d04858ede4",
  "outputs": {
    "alb_dns_name": {
      "value": "petclinic-prod-alb-284502967.us-east-1.elb.amazonaws.com",
      "type": "string"
    },
    "alb_url_http": {
      "value": "http://petclinic-prod-alb-284502967.us-east-1.elb.amazonaws.com",
      "type": "string"
    },
    "alb_url_https": {
      "value": "https://petclinic-prod-alb-284502967.us-east-1.elb.amazonaws.com",
      "type": "string"
    },
    "rds_endpoint": {
      "value": "petclinic-prod-mysql-db.cipy4s8cydl1.us-east-1.rds.amazonaws.com:3306",
      "type": "string"
    },
    "rds_proxy_endpoint": {
      "value": "N/A - RDS Proxy not available on this account type",
      "type": "string"
    },
    "s3_bucket_name": {
      "value": "petclinic-prod-deploy-tyn34b",
      "type": "string"
    },
    "secrets_manager_secret_name": {
      "value": "petclinic-prod-db-secret-tyn34b",
      "type": "string"
    }
  },
  "resources": [
    {
      "mode": "data",
      "type": "aws_caller_identity",
      "name": "current",
      "provider": "provider[\"registry.terraform.io/hashicorp/aws\"]",
      "instances": [
        {
          "schema_version": 0,
          "attributes": {
            "account_id": "878617118606",
            "arn": "arn:aws:iam::878617118606:user/github-actions-deploy",
            "id": "878617118606",
            "user_id": "AIDA4ZENJI6HISO7ZKHKP"
          },
          "sensitive_attributes": [],
          "identity_schema_version": 0
        }
      ]
    },
    {
      "mode": "managed",
      "type": "aws_acm_certificate",
      "name": "cert",
      "provider": "provider[\"registry.terraform.io/hashicorp/aws\"]",
      "instances": [
        {
          "schema_version": 0,
          "attributes": {
            "arn": "arn:aws:acm:us-east-1:878617118606:certificate/c8256c71-4a92-41d0-bbdb-9aba3bedb197",
            "certificate_authority_arn": "",
            "certificate_body": "-----BEGIN CERTIFICATE-----\nMIIDWDCCAkCgAwIBAgIRAMqwA1TInWCQ9qUn38uq1wUwDQYJKoZIhvcNAQELBQAw\nLjESMBAGA1UEChMJSVNJIERha2FyMRgwFgYDVQQDEw9wZXRjbGluaWMubG9jYWww\nHhcNMjYwNzIzMTM0MTI5WhcNMjcwNzIzMTM0MTI5WjAuMRIwEAYDVQQKEwlJU0kg\nRGFrYXIxGDAWBgNVBAMTD3BldGNsaW5pYy5sb2NhbDCCASIwDQYJKoZIhvcNAQEB\nBQADggEPADCCAQoCggEBAKkPFcYWjZNKhn7Hs6emrnEOMQUdHQA1/DYjWET9HaYy\na9hx46RTBo2tTJgji5pAP5NvWDha0Ih4QTZ2AMOFbt+gawN+VyWcmnwAaIUPGPAy\nsmH+S49GDqQhYXzcCsXhkmiAqHESnMJ+2JsFb/HYcOk2nfAfcthLgSMxbg2La25M\nJtCZNPiYWpyrwDDoWKlF4POQCGE2aM5VaqeSjolIDh4hFY8QRv3oCa4w3bACYvam\nWpqMu9XspyFzJd8O2g/QSIbh1XMu+6N/nJGoESsqh06VLwad9V3h1QKl1Z5ixb/p\nI3NbuaSjDURt2qBbMoOIhxuIrZEBtI0ifa2CTHxpqt8CAwEAAaNxMG8wDgYDVR0P\nAQH/BAQDAgWgMBMGA1UdJQQMMAoGCCsGAQUFBwMBMAwGA1UdEwEB/wQCMAAwOgYD\nVR0RBDMwMYIJbG9jYWxob3N0gg9wZXRjbGluaWMubG9jYWyCEyouZWxiLmFtYXpv\nbmF3cy5jb20wDQYJKoZIhvcNAQELBQADggEBADKAxjfk90tooT1Fo95ad42knsMh\noR8OdVUQ+iT00BvBhLdDACKyY266hmImfJNSLNofWlqk5iMsHBerQoUW/zC0ENfQ\nZpPhruqGcrezgq5jGV1/kta4jLmo5gtYXO2eeOxxsElH/jwZyejWTROTnhD+OHyK\n6iDQahRKRjwCZzTO8M3F2MqyRiRQYYTeIk64YJWh1w5lDpZKM/S23dPtvEv2gaEQ\nm5mZyAZFcANA2gqNS9g5dgfp5j8gLnL3jng4Yv/4mv+hThpG1FBjo627xx8MnaNy\nIWdiVt8DHNfVVRzqinxL35yPJBJwywZYA7nIGkL2wkBm2TrPhGpOR/4Iyd0=\n-----END CERTIFICATE-----\n",
            "certificate_chain": null,
            "domain_name": "petclinic.local",
            "domain_validation_options": [],
            "early_renewal_duration": "",
            "id": "arn:aws:acm:us-east-1:878617118606:certificate/c8256c71-4a92-41d0-bbdb-9aba3bedb197",
            "key_algorithm": "RSA_2048",
            "not_after": "2027-07-23T13:41:29Z",
            "not_before": "2026-07-23T13:41:29Z",
            "options": [
              {
                "certificate_transparency_logging_preference": "DISABLED"
              }
            ],
            "pending_renewal": false,
            "private_key": "-----BEGIN RSA PRIVATE KEY-----\nMIIEowIBAAKCAQEAqQ8VxhaNk0qGfsezp6aucQ4xBR0dADX8NiNYRP0dpjJr2HHj\npFMGja1MmCOLmkA/k29YOFrQiHhBNnYAw4Vu36BrA35XJZyafABohQ8Y8DKyYf5L\nj0YOpCFhfNwKxeGSaICocRKcwn7YmwVv8dhw6Tad8B9y2EuBIzFuDYtrbkwm0Jk0\n+JhanKvAMOhYqUXg85AIYTZozlVqp5KOiUgOHiEVjxBG/egJrjDdsAJi9qZamoy7\n1eynIXMl3w7aD9BIhuHVcy77o3+ckagRKyqHTpUvBp31XeHVAqXVnmLFv+kjc1u5\npKMNRG3aoFsyg4iHG4itkQG0jSJ9rYJMfGmq3wIDAQABAoIBAEs9MnSRbvrBbTAZ\nUqRnczVPmpNrDJAedpvliRBTEhH4WLTgou5sIPuGyBLhpuzEcUb9g+a4zBwgYO2L\nAPYDeX+/FkFcxg4wLzTGvb2SJYgpF+iy0w/1nuh/DrMR/x1oMc+eitif7vJEn8QG\nXHbm3AF+1DWc2XDX0aZHBnKyvOI9+nkcvpun5aGdUZlRoz2/0RpSxrHMrn322Rmv\nW6KJ0aYaWCKZInp3Q+/WXuYebWqg82rub2dqlCkHE10qiYDJnRBP9/8IAGB8M4Cl\n+Nor4qn9d0widYZzriq8I5DSb7DTJLBERGMES6fh6MN+zPnQ7vqSJIyXPyFC6Q/E\nx0kQAmECgYEAw9YwU6KtgPOF/pCiIeDBDIwr2yr1kEkHgA/1MJJsiChhjay0QTHf\nMiFqlWooqcyJWH0wcZPKi7uIJ8/4mN0NUZJVJ9lirsuOfXgXX3i1X9diL3Xb9Rdl\nNH0vgORvVXH8h5+DFHTMSO54xIFnIobGX9/JsVmrpSKhwKUKOARC148CgYEA3P7t\njnNTJ3J5yS+wZwt6eV39/n7WDY4CGYb17LKM8xXqhMcT+uHCjUlUPFlt4AUdZx82\nuKzBw+B8vZSl5xTf7iKO+ZnnRLhx3P4Ugxt37dzsit6RhQmkfubQgy8AZdt/2Q11\ni/WLaz0LDLeXB8r+TdtSBGYRIvVCQHadEyC6z7ECgYBW0+NvYYQt1UsGmBfaj2zo\nZEmZjc18oHR72hdq5rDKGaVPDFCLS1JbRqecAYpv5mjK3A6bfNxj4cy3YiUlmXSr\nQwcQePig6U2O4azzPnCkQrmcs1PHsgzEHfDu49lc+AHwG9AhRLvCZkETVxBkJX9U\nyMMDJ+/LcrRm1oXWWkVMjwKBgGvjvSAtZyw78/7nXEyCSxGTdJvZWjEV4iqKO+eJ\np8xJJ8wY0MVLkEqfwRMRadXTSW59y55PIO2628tGFdSB2W0NzBVJMKHZFiWYmXUE\nZQFoOMb3L73uXjNiBev1d1FC3uCddISWpLD/BTT5MC+qx4pFB36EQdt6NxT3k2my\nMeGRAoGBAJ0PPCXIZkrLkgV3R+1OMYFwESY/hXmBSLiZ/HmJO2+amuty4PFT3F9X\n5TXWI8kMGz7sHVsRN0wzSlaHCMDClf8DJss+kp/XMKPY7mKObhIf/ab6jFvkfoir\nSqBSygg3+i6jZdzzjoxwo352xHTLXff92domwX2TIYOt1VfwGrtO\n-----END RSA PRIVATE KEY-----\n",
            "renewal_eligibility": "INELIGIBLE",
            "renewal_summary": [],
            "status": "ISSUED",
            "subject_alternative_names": [
              "*.elb.amazonaws.com",
              "localhost",
              "petclinic.local"
            ],
            "tags": {
              "Environment": "prod",
              "ManagedBy": "Terraform",
              "Name": "petclinic-prod-self-signed-cert",
              "Owner": "Binome-ISI",
              "Project": "petclinic"
            },
            "tags_all": {
              "Environment": "prod",
              "ManagedBy": "Terraform",
              "Name": "petclinic-prod-self-signed-cert",
              "Owner": "Binome-ISI",
              "Project": "petclinic"
            },
            "type": "IMPORTED",
            "validation_emails": [],
            "validation_method": "NONE",
            "validation_option": []
          },
          "sensitive_attributes": [
            [
              {
                "type": "get_attr",
                "value": "private_key"
              }
            ]
          ],
          "identity_schema_version": 0,
          "private": "bnVsbA==",
          "dependencies": [
            "tls_private_key.main",
            "tls_self_signed_cert.main"
          ]
        }
      ]
    },
    {
      "mode": "managed",
      "type": "aws_autoscaling_group",
      "name": "app",
      "provider": "provider[\"registry.terraform.io/hashicorp/aws\"]",
      "instances": [
        {
          "schema_version": 1,
          "attributes": {
            "arn": "arn:aws:autoscaling:us-east-1:878617118606:autoScalingGroup:17a66d6a-33cd-4d02-abcf-14481506683a:autoScalingGroupName/petclinic-prod-asg-2026072314531421360000000d",
            "availability_zone_distribution": [
              {
                "capacity_distribution_strategy": "balanced-best-effort"
              }
            ],
            "availability_zones": [
              "us-east-1a",
              "us-east-1b"
            ],
            "capacity_rebalance": false,
            "capacity_reservation_specification": [
              {
                "capacity_reservation_preference": "default",
                "capacity_reservation_target": []
              }
            ],
            "context": "",
            "default_cooldown": 300,
            "default_instance_warmup": 0,
            "desired_capacity": 2,
            "desired_capacity_type": "",
            "enabled_metrics": null,
            "force_delete": true,
            "force_delete_warm_pool": false,
            "health_check_grace_period": 300,
            "health_check_type": "ELB",
            "id": "petclinic-prod-asg-2026072314531421360000000d",
            "ignore_failed_scaling_activities": false,
            "initial_lifecycle_hook": [],
            "instance_maintenance_policy": [],
            "instance_refresh": [
              {
                "preferences": [
                  {
                    "alarm_specification": [],
                    "auto_rollback": false,
                    "checkpoint_delay": "",
                    "checkpoint_percentages": null,
                    "instance_warmup": "",
                    "max_healthy_percentage": 100,
                    "min_healthy_percentage": 50,
                    "scale_in_protected_instances": "Ignore",
                    "skip_matching": false,
                    "standby_instances": "Ignore"
                  }
                ],
                "strategy": "Rolling",
                "triggers": null
              }
            ],
            "launch_configuration": "",
            "launch_template": [
              {
                "id": "lt-0b1cf551663ac032a",
                "name": "petclinic-prod-template-2026072314530279140000000b",
                "version": "1"
              }
            ],
            "load_balancers": [],
            "max_instance_lifetime": 0,
            "max_size": 4,
            "metrics_granularity": "1Minute",
            "min_elb_capacity": null,
            "min_size": 2,
            "mixed_instances_policy": [],
            "name": "petclinic-prod-asg-2026072314531421360000000d",
            "name_prefix": "petclinic-prod-asg-",
            "placement_group": "",
            "predicted_capacity": 0,
            "protect_from_scale_in": false,
            "service_linked_role_arn": "arn:aws:iam::878617118606:role/aws-service-role/autoscaling.amazonaws.com/AWSServiceRoleForAutoScaling",
            "suspended_processes": null,
            "tag": [
              {
                "key": "Environment",
                "propagate_at_launch": true,
                "value": "prod"
              },
              {
                "key": "ManagedBy",
                "propagate_at_launch": true,
                "value": "Terraform"
              },
              {
                "key": "Owner",
                "propagate_at_launch": true,
                "value": "Binome-ISI"
              },
              {
                "key": "Project",
                "propagate_at_launch": true,
                "value": "petclinic"
              }
            ],
            "target_group_arns": [
              "arn:aws:elasticloadbalancing:us-east-1:878617118606:targetgroup/petclinic-prod-tg/ec9f14dca1b92d05"
            ],
            "termination_policies": null,
            "timeouts": null,
            "traffic_source": [
              {
                "identifier": "arn:aws:elasticloadbalancing:us-east-1:878617118606:targetgroup/petclinic-prod-tg/ec9f14dca1b92d05",
                "type": "elbv2"
              }
            ],
            "vpc_zone_identifier": [
              "subnet-0c2de34d6129db827",
              "subnet-0e1dfd5a53fbc0efc"
            ],
            "wait_for_capacity_timeout": "10m",
            "wait_for_elb_capacity": null,
            "warm_pool": [],
            "warm_pool_size": 0
          },
          "sensitive_attributes": [],
          "identity_schema_version": 0,
          "private": "eyJlMmJmYjczMC1lY2FhLTExZTYtOGY4OC0zNDM2M2JjN2M0YzAiOnsiZGVsZXRlIjo2MDAwMDAwMDAwMDAsInVwZGF0ZSI6NjAwMDAwMDAwMDAwfSwic2NoZW1hX3ZlcnNpb24iOiIxIn0=",
          "dependencies": [
            "aws_db_instance.db",
            "aws_db_subnet_group.db",
            "aws_iam_instance_profile.ec2_profile",
            "aws_iam_role.ec2_role",
            "aws_kms_key.main",
            "aws_launch_template.app",
            "aws_lb_target_group.app",
            "aws_s3_bucket.deploy",
            "aws_s3_bucket_server_side_encryption_configuration.deploy",
            "aws_s3_object.app_jar",
            "aws_secretsmanager_secret.db_secret",
            "aws_security_group.alb",
            "aws_security_group.app",
            "aws_security_group.rds_db",
            "aws_subnet.private_app",
            "aws_subnet.private_db",
            "aws_vpc.main",
            "data.aws_caller_identity.current",
            "random_password.db_password",
            "random_string.suffix"
          ]
        }
      ]
    },
    {
      "mode": "managed",
      "type": "aws_autoscaling_policy",
      "name": "cpu_scaling",
      "provider": "provider[\"registry.terraform.io/hashicorp/aws\"]",
      "instances": [
        {
          "schema_version": 0,
          "attributes": {
            "adjustment_type": "",
            "arn": "arn:aws:autoscaling:us-east-1:878617118606:scalingPolicy:60575795-ecc3-445f-9b98-71786d60cc71:autoScalingGroupName/petclinic-prod-asg-2026072314531421360000000d:policyName/petclinic-prod-cpu-scaling-policy",
            "autoscaling_group_name": "petclinic-prod-asg-2026072314531421360000000d",
            "cooldown": 0,
            "enabled": true,
            "estimated_instance_warmup": 0,
            "id": "petclinic-prod-cpu-scaling-policy",
            "metric_aggregation_type": "",
            "min_adjustment_magnitude": 0,
            "name": "petclinic-prod-cpu-scaling-policy",
            "policy_type": "TargetTrackingScaling",
            "predictive_scaling_configuration": [],
            "scaling_adjustment": 0,
            "step_adjustment": [],
            "target_tracking_configuration": [
              {
                "customized_metric_specification": [],
                "disable_scale_in": false,
                "predefined_metric_specification": [
                  {
                    "predefined_metric_type": "ASGAverageCPUUtilization",
                    "resource_label": ""
                  }
                ],
                "target_value": 70
              }
            ]
          },
          "sensitive_attributes": [],
          "identity_schema_version": 0,
          "private": "bnVsbA==",
          "dependencies": [
            "aws_autoscaling_group.app",
            "aws_db_instance.db",
            "aws_db_subnet_group.db",
            "aws_iam_instance_profile.ec2_profile",
            "aws_iam_role.ec2_role",
            "aws_kms_key.main",
            "aws_launch_template.app",
            "aws_lb_target_group.app",
            "aws_s3_bucket.deploy",
            "aws_s3_bucket_server_side_encryption_configuration.deploy",
            "aws_s3_object.app_jar",
            "aws_secretsmanager_secret.db_secret",
            "aws_security_group.alb",
            "aws_security_group.app",
            "aws_security_group.rds_db",
            "aws_subnet.private_app",
            "aws_subnet.private_db",
            "aws_vpc.main",
            "data.aws_caller_identity.current",
            "random_password.db_password",
            "random_string.suffix"
          ]
        }
      ]
    },
    {
      "mode": "managed",
      "type": "aws_db_instance",
      "name": "db",
      "provider": "provider[\"registry.terraform.io/hashicorp/aws\"]",
      "instances": [
        {
          "schema_version": 2,
          "attributes": {
            "address": "petclinic-prod-mysql-db.cipy4s8cydl1.us-east-1.rds.amazonaws.com",
            "allocated_storage": 20,
            "allow_major_version_upgrade": null,
            "apply_immediately": false,
            "arn": "arn:aws:rds:us-east-1:878617118606:db:petclinic-prod-mysql-db",
            "auto_minor_version_upgrade": true,
            "availability_zone": "us-east-1a",
            "backup_retention_period": 0,
            "backup_target": "region",
            "backup_window": "09:43-10:13",
            "blue_green_update": [],
            "ca_cert_identifier": "rds-ca-rsa2048-g1",
            "character_set_name": "",
            "copy_tags_to_snapshot": false,
            "custom_iam_instance_profile": "",
            "customer_owned_ip_enabled": false,
            "database_insights_mode": "standard",
            "db_name": "petclinic",
            "db_subnet_group_name": "petclinic-prod-db-subnet-group",
            "dedicated_log_volume": false,
            "delete_automated_backups": true,
            "deletion_protection": false,
            "domain": "",
            "domain_auth_secret_arn": "",
            "domain_dns_ips": null,
            "domain_fqdn": "",
            "domain_iam_role_name": "",
            "domain_ou": "",
            "enabled_cloudwatch_logs_exports": null,
            "endpoint": "petclinic-prod-mysql-db.cipy4s8cydl1.us-east-1.rds.amazonaws.com:3306",
            "engine": "mysql",
            "engine_lifecycle_support": "open-source-rds-extended-support",
            "engine_version": "8.0",
            "engine_version_actual": "8.0.46",
            "final_snapshot_identifier": null,
            "hosted_zone_id": "Z2R2ITUGPM61AM",
            "iam_database_authentication_enabled": false,
            "id": "db-W5YGR2GYXJXWMRU4JUD3ESGAEM",
            "identifier": "petclinic-prod-mysql-db",
            "identifier_prefix": "",
            "instance_class": "db.t3.micro",
            "iops": 3000,
            "kms_key_id": "arn:aws:kms:us-east-1:878617118606:key/5d12b820-4943-4dad-8bdb-ad86f3f5dd07",
            "latest_restorable_time": "",
            "license_model": "general-public-license",
            "listener_endpoint": [],
            "maintenance_window": "tue:04:34-tue:05:04",
            "manage_master_user_password": null,
            "master_user_secret": [],
            "master_user_secret_kms_key_id": null,
            "max_allocated_storage": 100,
            "monitoring_interval": 0,
            "monitoring_role_arn": "",
            "multi_az": true,
            "nchar_character_set_name": "",
            "network_type": "IPV4",
            "option_group_name": "default:mysql-8-0",
            "parameter_group_name": "default.mysql8.0",
            "password": "nA3E{j-qMwR\u0026Ov_V",
            "password_wo": null,
            "password_wo_version": null,
            "performance_insights_enabled": false,
            "performance_insights_kms_key_id": "",
            "performance_insights_retention_period": 0,
            "port": 3306,
            "publicly_accessible": false,
            "replica_mode": "",
            "replicas": [],
            "replicate_source_db": "",
            "resource_id": "db-W5YGR2GYXJXWMRU4JUD3ESGAEM",
            "restore_to_point_in_time": [],
            "s3_import": [],
            "skip_final_snapshot": true,
            "snapshot_identifier": null,
            "status": "available",
            "storage_encrypted": true,
            "storage_throughput": 125,
            "storage_type": "gp3",
            "tags": {
              "Environment": "prod",
              "ManagedBy": "Terraform",
              "Name": "petclinic-prod-mysql-db",
              "Owner": "Binome-ISI",
              "Project": "petclinic"
            },
            "tags_all": {
              "Environment": "prod",
              "ManagedBy": "Terraform",
              "Name": "petclinic-prod-mysql-db",
              "Owner": "Binome-ISI",
              "Project": "petclinic"
            },
            "timeouts": null,
            "timezone": "",
            "upgrade_storage_config": null,
            "username": "petclinic",
            "vpc_security_group_ids": [
              "sg-06a52e50212556608"
            ]
          },
          "sensitive_attributes": [
            [
              {
                "type": "get_attr",
                "value": "password"
              }
            ],
            [
              {
                "type": "get_attr",
                "value": "password_wo"
              }
            ]
          ],
          "identity_schema_version": 0,
          "private": "eyJlMmJmYjczMC1lY2FhLTExZTYtOGY4OC0zNDM2M2JjN2M0YzAiOnsiY3JlYXRlIjozMDAwMDAwMDAwMDAwLCJkZWxldGUiOjM2MDAwMDAwMDAwMDAsInVwZGF0ZSI6NDgwMDAwMDAwMDAwMH0sInNjaGVtYV92ZXJzaW9uIjoiMiJ9",
          "dependencies": [
            "aws_db_subnet_group.db",
            "aws_iam_role.ec2_role",
            "aws_kms_key.main",
            "aws_security_group.alb",
            "aws_security_group.app",
            "aws_security_group.rds_db",
            "aws_subnet.private_db",
            "aws_vpc.main",
            "data.aws_caller_identity.current",
            "random_password.db_password"
          ],
          "create_before_destroy": true
        }
      ]
    },
    {
      "mode": "managed",
      "type": "aws_db_subnet_group",
      "name": "db",
      "provider": "provider[\"registry.terraform.io/hashicorp/aws\"]",
      "instances": [
        {
          "schema_version": 0,
          "attributes": {
            "arn": "arn:aws:rds:us-east-1:878617118606:subgrp:petclinic-prod-db-subnet-group",
            "description": "Managed by Terraform",
            "id": "petclinic-prod-db-subnet-group",
            "name": "petclinic-prod-db-subnet-group",
            "name_prefix": "",
            "subnet_ids": [
              "subnet-0c8ed036c300d2427",
              "subnet-0f25187a27cc44d44"
            ],
            "supported_network_types": [
              "IPV4"
            ],
            "tags": {
              "Environment": "prod",
              "ManagedBy": "Terraform",
              "Name": "petclinic-prod-db-subnet-group",
              "Owner": "Binome-ISI",
              "Project": "petclinic"
            },
            "tags_all": {
              "Environment": "prod",
              "ManagedBy": "Terraform",
              "Name": "petclinic-prod-db-subnet-group",
              "Owner": "Binome-ISI",
              "Project": "petclinic"
            },
            "vpc_id": "vpc-027f5ce8327c52554"
          },
          "sensitive_attributes": [],
          "identity_schema_version": 0,
          "private": "bnVsbA==",
          "dependencies": [
            "aws_subnet.private_db",
            "aws_vpc.main"
          ],
          "create_before_destroy": true
        }
      ]
    },
    {
      "mode": "managed",
      "type": "aws_eip",
      "name": "nat",
      "provider": "provider[\"registry.terraform.io/hashicorp/aws\"]",
      "instances": [
        {
          "index_key": 0,
          "schema_version": 0,
          "attributes": {
            "address": null,
            "allocation_id": "eipalloc-057895726658a5ca7",
            "arn": "arn:aws:ec2:us-east-1:878617118606:elastic-ip/eipalloc-057895726658a5ca7",
            "associate_with_private_ip": null,
            "association_id": "",
            "carrier_ip": "",
            "customer_owned_ip": "",
            "customer_owned_ipv4_pool": "",
            "domain": "vpc",
            "id": "eipalloc-057895726658a5ca7",
            "instance": "",
            "ipam_pool_id": null,
            "network_border_group": "us-east-1",
            "network_interface": "",
            "private_dns": null,
            "private_ip": "",
            "ptr_record": "",
            "public_dns": "ec2-44-211-99-28.compute-1.amazonaws.com",
            "public_ip": "44.211.99.28",
            "public_ipv4_pool": "amazon",
            "tags": {
              "Environment": "prod",
              "ManagedBy": "Terraform",
              "Name": "petclinic-prod-nat-eip-us-east-1a",
              "Owner": "Binome-ISI",
              "Project": "petclinic"
            },
            "tags_all": {
              "Environment": "prod",
              "ManagedBy": "Terraform",
              "Name": "petclinic-prod-nat-eip-us-east-1a",
              "Owner": "Binome-ISI",
              "Project": "petclinic"
            },
            "timeouts": null,
            "vpc": true
          },
          "sensitive_attributes": [],
          "identity_schema_version": 0,
          "private": "eyJlMmJmYjczMC1lY2FhLTExZTYtOGY4OC0zNDM2M2JjN2M0YzAiOnsiZGVsZXRlIjoxODAwMDAwMDAwMDAsInJlYWQiOjkwMDAwMDAwMDAwMCwidXBkYXRlIjozMDAwMDAwMDAwMDB9fQ=="
        },
        {
          "index_key": 1,
          "schema_version": 0,
          "attributes": {
            "address": null,
            "allocation_id": "eipalloc-0f5b9e912c0bc012f",
            "arn": "arn:aws:ec2:us-east-1:878617118606:elastic-ip/eipalloc-0f5b9e912c0bc012f",
            "associate_with_private_ip": null,
            "association_id": "",
            "carrier_ip": "",
            "customer_owned_ip": "",
            "customer_owned_ipv4_pool": "",
            "domain": "vpc",
            "id": "eipalloc-0f5b9e912c0bc012f",
            "instance": "",
            "ipam_pool_id": null,
            "network_border_group": "us-east-1",
            "network_interface": "",
            "private_dns": null,
            "private_ip": "",
            "ptr_record": "",
            "public_dns": "ec2-52-6-79-74.compute-1.amazonaws.com",
            "public_ip": "52.6.79.74",
            "public_ipv4_pool": "amazon",
            "tags": {
              "Environment": "prod",
              "ManagedBy": "Terraform",
              "Name": "petclinic-prod-nat-eip-us-east-1b",
              "Owner": "Binome-ISI",
              "Project": "petclinic"
            },
            "tags_all": {
              "Environment": "prod",
              "ManagedBy": "Terraform",
              "Name": "petclinic-prod-nat-eip-us-east-1b",
              "Owner": "Binome-ISI",
              "Project": "petclinic"
            },
            "timeouts": null,
            "vpc": true
          },
          "sensitive_attributes": [],
          "identity_schema_version": 0,
          "private": "eyJlMmJmYjczMC1lY2FhLTExZTYtOGY4OC0zNDM2M2JjN2M0YzAiOnsiZGVsZXRlIjoxODAwMDAwMDAwMDAsInJlYWQiOjkwMDAwMDAwMDAwMCwidXBkYXRlIjozMDAwMDAwMDAwMDB9fQ=="
        }
      ]
    },
    {
      "mode": "managed",
      "type": "aws_iam_instance_profile",
      "name": "ec2_profile",
      "provider": "provider[\"registry.terraform.io/hashicorp/aws\"]",
      "instances": [
        {
          "schema_version": 0,
          "attributes": {
            "arn": "arn:aws:iam::878617118606:instance-profile/petclinic-prod-ec2-profile",
            "create_date": "2026-07-23T14:39:53Z",
            "id": "petclinic-prod-ec2-profile",
            "name": "petclinic-prod-ec2-profile",
            "name_prefix": "",
            "path": "/",
            "role": "petclinic-prod-ec2-role",
            "tags": {
              "Environment": "prod",
              "ManagedBy": "Terraform",
              "Owner": "Binome-ISI",
              "Project": "petclinic"
            },
            "tags_all": {
              "Environment": "prod",
              "ManagedBy": "Terraform",
              "Owner": "Binome-ISI",
              "Project": "petclinic"
            },
            "unique_id": "AIPA4ZENJI6HB2ON2OAW6"
          },
          "sensitive_attributes": [],
          "identity_schema_version": 0,
          "private": "bnVsbA==",
          "dependencies": [
            "aws_iam_role.ec2_role"
          ],
          "create_before_destroy": true
        }
      ]
    },
    {
      "mode": "managed",
      "type": "aws_iam_policy",
      "name": "ec2_custom_policy",
      "provider": "provider[\"registry.terraform.io/hashicorp/aws\"]",
      "instances": [
        {
          "schema_version": 0,
          "attributes": {
            "arn": "arn:aws:iam::878617118606:policy/petclinic-prod-ec2-custom-policy",
            "attachment_count": 0,
            "description": "Access policy for EC2 instances to retrieve JAR from S3 and read DB secrets",
            "id": "arn:aws:iam::878617118606:policy/petclinic-prod-ec2-custom-policy",
            "name": "petclinic-prod-ec2-custom-policy",
            "name_prefix": "",
            "path": "/",
            "policy": "{\"Statement\":[{\"Action\":[\"s3:GetObject\",\"s3:ListBucket\"],\"Effect\":\"Allow\",\"Resource\":[\"arn:aws:s3:::petclinic-prod-deploy-*\",\"arn:aws:s3:::petclinic-prod-deploy-*/*\"]},{\"Action\":[\"secretsmanager:GetSecretValue\",\"secretsmanager:DescribeSecret\"],\"Effect\":\"Allow\",\"Resource\":[\"arn:aws:secretsmanager:us-east-1:878617118606:secret:petclinic-prod-db-secret-tyn34b-SXLFPS\"]},{\"Action\":[\"kms:Decrypt\"],\"Effect\":\"Allow\",\"Resource\":[\"arn:aws:kms:us-east-1:878617118606:key/5d12b820-4943-4dad-8bdb-ad86f3f5dd07\"]}],\"Version\":\"2012-10-17\"}",
            "policy_id": "ANPA4ZENJI6HPJS2EQLDS",
            "tags": null,
            "tags_all": {}
          },
          "sensitive_attributes": [],
          "identity_schema_version": 0,
          "private": "bnVsbA==",
          "dependencies": [
            "aws_iam_role.ec2_role",
            "aws_kms_key.main",
            "aws_secretsmanager_secret.db_secret",
            "data.aws_caller_identity.current",
            "random_string.suffix"
          ]
        }
      ]
    },
    {
      "mode": "managed",
      "type": "aws_iam_role",
      "name": "ec2_role",
      "provider": "provider[\"registry.terraform.io/hashicorp/aws\"]",
      "instances": [
        {
          "schema_version": 0,
          "attributes": {
            "arn": "arn:aws:iam::878617118606:role/petclinic-prod-ec2-role",
            "assume_role_policy": "{\"Statement\":[{\"Action\":\"sts:AssumeRole\",\"Effect\":\"Allow\",\"Principal\":{\"Service\":\"ec2.amazonaws.com\"}}],\"Version\":\"2012-10-17\"}",
            "create_date": "2026-07-23T14:39:53Z",
            "description": "",
            "force_detach_policies": false,
            "id": "petclinic-prod-ec2-role",
            "inline_policy": [],
            "managed_policy_arns": [],
            "max_session_duration": 3600,
            "name": "petclinic-prod-ec2-role",
            "name_prefix": "",
            "path": "/",
            "permissions_boundary": "",
            "tags": {
              "Environment": "prod",
              "ManagedBy": "Terraform",
              "Owner": "Binome-ISI",
              "Project": "petclinic"
            },
            "tags_all": {
              "Environment": "prod",
              "ManagedBy": "Terraform",
              "Owner": "Binome-ISI",
              "Project": "petclinic"
            },
            "unique_id": "AROA4ZENJI6HPUQRIVLUT"
          },
          "sensitive_attributes": [],
          "identity_schema_version": 0,
          "private": "bnVsbA==",
          "create_before_destroy": true
        }
      ]
    },
    {
      "mode": "managed",
      "type": "aws_iam_role_policy_attachment",
      "name": "ec2_custom",
      "provider": "provider[\"registry.terraform.io/hashicorp/aws\"]",
      "instances": [
        {
          "schema_version": 0,
          "attributes": {
            "id": "petclinic-prod-ec2-role-20260723144016687700000004",
            "policy_arn": "arn:aws:iam::878617118606:policy/petclinic-prod-ec2-custom-policy",
            "role": "petclinic-prod-ec2-role"
          },
          "sensitive_attributes": [],
          "identity_schema_version": 0,
          "private": "bnVsbA==",
          "dependencies": [
            "aws_iam_policy.ec2_custom_policy",
            "aws_iam_role.ec2_role",
            "aws_kms_key.main",
            "aws_secretsmanager_secret.db_secret",
            "data.aws_caller_identity.current",
            "random_string.suffix"
          ]
        }
      ]
    },
    {
      "mode": "managed",
      "type": "aws_iam_role_policy_attachment",
      "name": "ssm",
      "provider": "provider[\"registry.terraform.io/hashicorp/aws\"]",
      "instances": [
        {
          "schema_version": 0,
          "attributes": {
            "id": "petclinic-prod-ec2-role-20260723143951748400000001",
            "policy_arn": "arn:aws:iam::aws:policy/AmazonSSMManagedInstanceCore",
            "role": "petclinic-prod-ec2-role"
          },
          "sensitive_attributes": [],
          "identity_schema_version": 0,
          "private": "bnVsbA==",
          "dependencies": [
            "aws_iam_role.ec2_role"
          ]
        }
      ]
    },
    {
      "mode": "managed",
      "type": "aws_internet_gateway",
      "name": "igw",
      "provider": "provider[\"registry.terraform.io/hashicorp/aws\"]",
      "instances": [
        {
          "schema_version": 0,
          "attributes": {
            "arn": "arn:aws:ec2:us-east-1:878617118606:internet-gateway/igw-0dd3eebd20cd693a7",
            "id": "igw-0dd3eebd20cd693a7",
            "owner_id": "878617118606",
            "tags": {
              "Environment": "prod",
              "ManagedBy": "Terraform",
              "Name": "petclinic-prod-igw",
              "Owner": "Binome-ISI",
              "Project": "petclinic"
            },
            "tags_all": {
              "Environment": "prod",
              "ManagedBy": "Terraform",
              "Name": "petclinic-prod-igw",
              "Owner": "Binome-ISI",
              "Project": "petclinic"
            },
            "timeouts": null,
            "vpc_id": "vpc-027f5ce8327c52554"
          },
          "sensitive_attributes": [],
          "identity_schema_version": 0,
          "private": "eyJlMmJmYjczMC1lY2FhLTExZTYtOGY4OC0zNDM2M2JjN2M0YzAiOnsiY3JlYXRlIjoxMjAwMDAwMDAwMDAwLCJkZWxldGUiOjEyMDAwMDAwMDAwMDAsInVwZGF0ZSI6MTIwMDAwMDAwMDAwMH19",
          "dependencies": [
            "aws_vpc.main"
          ]
        }
      ]
    },
    {
      "mode": "managed",
      "type": "aws_kms_alias",
      "name": "main",
      "provider": "provider[\"registry.terraform.io/hashicorp/aws\"]",
      "instances": [
        {
          "schema_version": 0,
          "attributes": {
            "arn": "arn:aws:kms:us-east-1:878617118606:alias/petclinic-prod-kms-key",
            "id": "alias/petclinic-prod-kms-key",
            "name": "alias/petclinic-prod-kms-key",
            "name_prefix": "",
            "target_key_arn": "arn:aws:kms:us-east-1:878617118606:key/5d12b820-4943-4dad-8bdb-ad86f3f5dd07",
            "target_key_id": "5d12b820-4943-4dad-8bdb-ad86f3f5dd07"
          },
          "sensitive_attributes": [],
          "identity_schema_version": 0,
          "private": "bnVsbA==",
          "dependencies": [
            "aws_iam_role.ec2_role",
            "aws_kms_key.main",
            "data.aws_caller_identity.current"
          ]
        }
      ]
    },
    {
      "mode": "managed",
      "type": "aws_kms_key",
      "name": "main",
      "provider": "provider[\"registry.terraform.io/hashicorp/aws\"]",
      "instances": [
        {
          "schema_version": 0,
          "attributes": {
            "arn": "arn:aws:kms:us-east-1:878617118606:key/5d12b820-4943-4dad-8bdb-ad86f3f5dd07",
            "bypass_policy_lockout_safety_check": false,
            "custom_key_store_id": "",
            "customer_master_key_spec": "SYMMETRIC_DEFAULT",
            "deletion_window_in_days": 7,
            "description": "Main KMS key for petclinic-prod",
            "enable_key_rotation": true,
            "id": "5d12b820-4943-4dad-8bdb-ad86f3f5dd07",
            "is_enabled": true,
            "key_id": "5d12b820-4943-4dad-8bdb-ad86f3f5dd07",
            "key_usage": "ENCRYPT_DECRYPT",
            "multi_region": false,
            "policy": "{\"Id\":\"key-default-1\",\"Statement\":[{\"Action\":\"kms:*\",\"Effect\":\"Allow\",\"Principal\":{\"AWS\":\"arn:aws:iam::878617118606:root\"},\"Resource\":\"*\",\"Sid\":\"Enable IAM User Permissions\"},{\"Action\":\"kms:*\",\"Effect\":\"Allow\",\"Principal\":{\"AWS\":\"arn:aws:iam::878617118606:user/github-actions-deploy\"},\"Resource\":\"*\",\"Sid\":\"Allow access for Key Administrators\"},{\"Action\":[\"kms:Encrypt\",\"kms:Decrypt\",\"kms:ReEncrypt*\",\"kms:GenerateDataKey*\",\"kms:DescribeKey\"],\"Effect\":\"Allow\",\"Principal\":{\"AWS\":[\"arn:aws:iam::878617118606:role/petclinic-prod-ec2-role\",\"arn:aws:iam::878617118606:role/aws-service-role/autoscaling.amazonaws.com/AWSServiceRoleForAutoScaling\"]},\"Resource\":\"*\",\"Sid\":\"Allow use of the key\"},{\"Action\":[\"kms:CreateGrant\"],\"Condition\":{\"Bool\":{\"kms:GrantIsForAWSResource\":true}},\"Effect\":\"Allow\",\"Principal\":{\"AWS\":[\"arn:aws:iam::878617118606:role/aws-service-role/autoscaling.amazonaws.com/AWSServiceRoleForAutoScaling\"]},\"Resource\":\"*\",\"Sid\":\"Allow ASG to attach persistent resources\"}],\"Version\":\"2012-10-17\"}",
            "rotation_period_in_days": 365,
            "tags": {
              "Environment": "prod",
              "ManagedBy": "Terraform",
              "Owner": "Binome-ISI",
              "Project": "petclinic"
            },
            "tags_all": {
              "Environment": "prod",
              "ManagedBy": "Terraform",
              "Owner": "Binome-ISI",
              "Project": "petclinic"
            },
            "timeouts": null,
            "xks_key_id": ""
          },
          "sensitive_attributes": [],
          "identity_schema_version": 0,
          "private": "eyJlMmJmYjczMC1lY2FhLTExZTYtOGY4OC0zNDM2M2JjN2M0YzAiOnsiY3JlYXRlIjoxMjAwMDAwMDAwMDB9fQ==",
          "dependencies": [
            "aws_iam_role.ec2_role",
            "data.aws_caller_identity.current"
          ],
          "create_before_destroy": true
        }
      ]
    },
    {
      "mode": "managed",
      "type": "aws_launch_template",
      "name": "app",
      "provider": "provider[\"registry.terraform.io/hashicorp/aws\"]",
      "instances": [
        {
          "schema_version": 0,
          "attributes": {
            "arn": "arn:aws:ec2:us-east-1:878617118606:launch-template/lt-0b1cf551663ac032a",
            "block_device_mappings": [
              {
                "device_name": "/dev/xvda",
                "ebs": [
                  {
                    "delete_on_termination": "true",
                    "encrypted": "true",
                    "iops": 0,
                    "kms_key_id": "arn:aws:kms:us-east-1:878617118606:key/5d12b820-4943-4dad-8bdb-ad86f3f5dd07",
                    "snapshot_id": "",
                    "throughput": 0,
                    "volume_initialization_rate": 0,
                    "volume_size": 20,
                    "volume_type": "gp3"
                  }
                ],
                "no_device": "",
                "virtual_name": ""
              }
            ],
            "capacity_reservation_specification": [],
            "cpu_options": [],
            "credit_specification": [],
            "default_version": 1,
            "description": "",
            "disable_api_stop": false,
            "disable_api_termination": false,
            "ebs_optimized": "",
            "elastic_gpu_specifications": [],
            "elastic_inference_accelerator": [],
            "enclave_options": [],
            "hibernation_options": [],
            "iam_instance_profile": [
              {
                "arn": "",
                "name": "petclinic-prod-ec2-profile"
              }
            ],
            "id": "lt-0b1cf551663ac032a",
            "image_id": "ami-0c7217cdde317cfec",
            "instance_initiated_shutdown_behavior": "",
            "instance_market_options": [],
            "instance_requirements": [],
            "instance_type": "t3.micro",
            "kernel_id": "",
            "key_name": "",
            "latest_version": 1,
            "license_specification": [],
            "maintenance_options": [],
            "metadata_options": [
              {
                "http_endpoint": "enabled",
                "http_protocol_ipv6": "",
                "http_put_response_hop_limit": 1,
                "http_tokens": "required",
                "instance_metadata_tags": ""
              }
            ],
            "monitoring": [],
            "name": "petclinic-prod-template-2026072314530279140000000b",
            "name_prefix": "petclinic-prod-template-",
            "network_interfaces": [
              {
                "associate_carrier_ip_address": "",
                "associate_public_ip_address": "false",
                "connection_tracking_specification": [],
                "delete_on_termination": "",
                "description": "",
                "device_index": 0,
                "ena_srd_specification": [],
                "interface_type": "",
                "ipv4_address_count": 0,
                "ipv4_addresses": null,
                "ipv4_prefix_count": 0,
                "ipv4_prefixes": null,
                "ipv6_address_count": 0,
                "ipv6_addresses": null,
                "ipv6_prefix_count": 0,
                "ipv6_prefixes": null,
                "network_card_index": 0,
                "network_interface_id": "",
                "primary_ipv6": "",
                "private_ip_address": "",
                "security_groups": [
                  "sg-05fd2d450bb032b7b"
                ],
                "subnet_id": ""
              }
            ],
            "placement": [],
            "private_dns_name_options": [],
            "ram_disk_id": "",
            "security_group_names": null,
            "tag_specifications": [
              {
                "resource_type": "instance",
                "tags": {
                  "Environment": "prod",
                  "ManagedBy": "Terraform",
                  "Name": "petclinic-prod-instance",
                  "Owner": "Binome-ISI",
                  "Project": "petclinic"
                }
              },
              {
                "resource_type": "volume",
                "tags": {
                  "Environment": "prod",
                  "ManagedBy": "Terraform",
                  "Name": "petclinic-prod-volume",
                  "Owner": "Binome-ISI",
                  "Project": "petclinic"
                }
              }
            ],
            "tags": {
              "Environment": "prod",
              "ManagedBy": "Terraform",
              "Owner": "Binome-ISI",
              "Project": "petclinic"
            },
            "tags_all": {
              "Environment": "prod",
              "ManagedBy": "Terraform",
              "Owner": "Binome-ISI",
              "Project": "petclinic"
            },
            "update_default_version": null,
            "user_data": "IyEvYmluL2Jhc2gKIyBMb2cgc3Rkb3V0IGFuZCBzdGRlcnIgdG8gYSBmaWxlIGZvciBkZWJ1Z2dpbmcKZXhlYyA+ID4odGVlIC92YXIvbG9nL3VzZXItZGF0YS5sb2d8bG9nZ2VyIC10IHVzZXItZGF0YSAtcyAyPi9kZXYvY29uc29sZSkgMj4mMQplY2hvICI9PT0gU3RhcnRpbmcgVXNlciBEYXRhIFNjcmlwdCA9PT0iCiMgMS4gVXBkYXRlIGFuZCBpbnN0YWxsIHBhY2thZ2VzCmVjaG8gIkluc3RhbGxpbmcgSmF2YSAxNywganEsIGF3c2NsaSwgYW5kIGRlcGVuZGVuY2llcy4uLiIKZXhwb3J0IERFQklBTl9GUk9OVEVORD1ub25pbnRlcmFjdGl2ZQphcHQtZ2V0IHVwZGF0ZSAteQphcHQtZ2V0IGluc3RhbGwgLXkgb3Blbmpkay0xNy1qcmUtaGVhZGxlc3MganEgYXdzY2xpCiMgMi4gQ3JlYXRlIGFwcGxpY2F0aW9uIGRpcmVjdG9yeSBhbmQgdXNlcgplY2hvICJDcmVhdGluZyBhcHBsaWNhdGlvbiB1c2VyIGFuZCBkaXJlY3Rvcmllcy4uLiIKdXNlcmFkZCAtciAtcyAvc2Jpbi9ub2xvZ2luIHBldGNsaW5pYwpta2RpciAtcCAvb3B0L3BldGNsaW5pYwojIDMuIFJldHJpZXZlIERCIFNlY3JldHMgZnJvbSBBV1MgU2VjcmV0cyBNYW5hZ2VyCmVjaG8gIlJldHJpZXZpbmcgZGF0YWJhc2UgY3JlZGVudGlhbHMgZnJvbSBTZWNyZXRzIE1hbmFnZXIuLi4iClNFQ1JFVF9WQUw9JChhd3Mgc2VjcmV0c21hbmFnZXIgZ2V0LXNlY3JldC12YWx1ZSAtLXNlY3JldC1pZCBwZXRjbGluaWMtcHJvZC1kYi1zZWNyZXQtdHluMzRiIC0tcmVnaW9uIHVzLWVhc3QtMSAtLXF1ZXJ5IFNlY3JldFN0cmluZyAtLW91dHB1dCB0ZXh0KQppZiBbICQ/IC1uZSAwIF07IHRoZW4KICBlY2hvICJFUlJPUjogRmFpbGVkIHRvIHJldHJpZXZlIHNlY3JldCBmcm9tIFNlY3JldHMgTWFuYWdlciIKICBleGl0IDEKZmkKREJfVVNFUj0kKGVjaG8gIiRTRUNSRVRfVkFMIiB8IGpxIC1yIC51c2VybmFtZSkKREJfUEFTUz0kKGVjaG8gIiRTRUNSRVRfVkFMIiB8IGpxIC1yIC5wYXNzd29yZCkKIyA0LiBEb3dubG9hZCBhcHBsaWNhdGlvbiBKQVIgZnJvbSBTMwplY2hvICJEb3dubG9hZGluZyBQZXRDbGluaWMgSkFSIGZyb20gUzMgYnVja2V0IHBldGNsaW5pYy1wcm9kLWRlcGxveS10eW4zNGIuLi4iCmF3cyBzMyBjcCBzMzovL3BldGNsaW5pYy1wcm9kLWRlcGxveS10eW4zNGIvcGV0Y2xpbmljLmphciAvb3B0L3BldGNsaW5pYy9wZXRjbGluaWMuamFyIC0tcmVnaW9uIHVzLWVhc3QtMQppZiBbICQ/IC1uZSAwIF07IHRoZW4KICBlY2hvICJFUlJPUjogRmFpbGVkIHRvIGRvd25sb2FkIEpBUiBmcm9tIFMzIgogIGV4aXQgMQpmaQpjaG93biAtUiBwZXRjbGluaWM6cGV0Y2xpbmljIC9vcHQvcGV0Y2xpbmljCmNobW9kIDUwMCAvb3B0L3BldGNsaW5pYy9wZXRjbGluaWMuamFyCiMgNS4gQ3JlYXRlIFN5c3RlbWQgc2VydmljZQplY2hvICJDcmVhdGluZyBTeXN0ZW1kIHNlcnZpY2UuLi4iCmNhdCA8PEVPRiA+IC9ldGMvc3lzdGVtZC9zeXN0ZW0vcGV0Y2xpbmljLnNlcnZpY2UKW1VuaXRdCkRlc2NyaXB0aW9uPVNwcmluZyBQZXRDbGluaWMgQXBwbGljYXRpb24KQWZ0ZXI9bmV0d29yay50YXJnZXQgbXlzcWwuc2VydmljZQpbU2VydmljZV0KVXNlcj1wZXRjbGluaWMKV29ya2luZ0RpcmVjdG9yeT0vb3B0L3BldGNsaW5pYwpFbnZpcm9ubWVudD0iTVlTUUxfVVJMPWpkYmM6bXlzcWw6Ly9wZXRjbGluaWMtcHJvZC1teXNxbC1kYi5jaXB5NHM4Y3lkbDEudXMtZWFzdC0xLnJkcy5hbWF6b25hd3MuY29tOjMzMDYvcGV0Y2xpbmljP3VzZVNTTD10cnVlJnJlcXVpcmVTU0w9dHJ1ZSIKRW52aXJvbm1lbnQ9Ik1ZU1FMX1VTRVI9JHtEQl9VU0VSfSIKRW52aXJvbm1lbnQ9Ik1ZU1FMX1BBU1M9JHtEQl9QQVNTfSIKRXhlY1N0YXJ0PS91c3IvYmluL2phdmEgLWphciAvb3B0L3BldGNsaW5pYy9wZXRjbGluaWMuamFyIC0tc3ByaW5nLnByb2ZpbGVzLmFjdGl2ZT1teXNxbApTdWNjZXNzRXhpdFN0YXR1cz0xNDMKVGltZW91dFN0b3BTZWM9MTAKUmVzdGFydD1vbi1mYWlsdXJlClJlc3RhcnRTZWM9NQpbSW5zdGFsbF0KV2FudGVkQnk9bXVsdGktdXNlci50YXJnZXQKRU9GCiMgNi4gU3RhcnQgYW5kIGVuYWJsZSBzZXJ2aWNlCmVjaG8gIlN0YXJ0aW5nIFNwcmluZyBQZXRDbGluaWMgc2VydmljZS4uLiIKc3lzdGVtY3RsIGRhZW1vbi1yZWxvYWQKc3lzdGVtY3RsIGVuYWJsZSBwZXRjbGluaWMKc3lzdGVtY3RsIHN0YXJ0IHBldGNsaW5pYwplY2hvICI9PT0gVXNlciBEYXRhIFNjcmlwdCBDb21wbGV0ZWQgPT09Ig==",
            "vpc_security_group_ids": null
          },
          "sensitive_attributes": [],
          "identity_schema_version": 0,
          "private": "bnVsbA==",
          "dependencies": [
            "aws_db_instance.db",
            "aws_db_subnet_group.db",
            "aws_iam_instance_profile.ec2_profile",
            "aws_iam_role.ec2_role",
            "aws_kms_key.main",
            "aws_s3_bucket.deploy",
            "aws_secretsmanager_secret.db_secret",
            "aws_security_group.alb",
            "aws_security_group.app",
            "aws_security_group.rds_db",
            "aws_subnet.private_db",
            "aws_vpc.main",
            "data.aws_caller_identity.current",
            "random_password.db_password",
            "random_string.suffix"
          ],
          "create_before_destroy": true
        }
      ]
    },
    {
      "mode": "managed",
      "type": "aws_lb",
      "name": "main",
      "provider": "provider[\"registry.terraform.io/hashicorp/aws\"]",
      "instances": [
        {
          "schema_version": 0,
          "attributes": {
            "access_logs": [
              {
                "bucket": "",
                "enabled": false,
                "prefix": ""
              }
            ],
            "arn": "arn:aws:elasticloadbalancing:us-east-1:878617118606:loadbalancer/app/petclinic-prod-alb/f84ea12f45e74aff",
            "arn_suffix": "app/petclinic-prod-alb/f84ea12f45e74aff",
            "client_keep_alive": 3600,
            "connection_logs": [
              {
                "bucket": "",
                "enabled": false,
                "prefix": ""
              }
            ],
            "customer_owned_ipv4_pool": "",
            "desync_mitigation_mode": "defensive",
            "dns_name": "petclinic-prod-alb-284502967.us-east-1.elb.amazonaws.com",
            "dns_record_client_routing_policy": null,
            "drop_invalid_header_fields": false,
            "enable_cross_zone_load_balancing": true,
            "enable_deletion_protection": false,
            "enable_http2": true,
            "enable_tls_version_and_cipher_suite_headers": false,
            "enable_waf_fail_open": false,
            "enable_xff_client_port": false,
            "enable_zonal_shift": false,
            "enforce_security_group_inbound_rules_on_private_link_traffic": "",
            "id": "arn:aws:elasticloadbalancing:us-east-1:878617118606:loadbalancer/app/petclinic-prod-alb/f84ea12f45e74aff",
            "idle_timeout": 60,
            "internal": false,
            "ip_address_type": "ipv4",
            "ipam_pools": [],
            "load_balancer_type": "application",
            "minimum_load_balancer_capacity": [],
            "name": "petclinic-prod-alb",
            "name_prefix": "",
            "preserve_host_header": false,
            "security_groups": [
              "sg-07221dde84d48e04b"
            ],
            "subnet_mapping": [
              {
                "allocation_id": "",
                "ipv6_address": "",
                "outpost_id": "",
                "private_ipv4_address": "",
                "subnet_id": "subnet-0739da1729cbc8b06"
              },
              {
                "allocation_id": "",
                "ipv6_address": "",
                "outpost_id": "",
                "private_ipv4_address": "",
                "subnet_id": "subnet-0abd36759ae70c5d4"
              }
            ],
            "subnets": [
              "subnet-0739da1729cbc8b06",
              "subnet-0abd36759ae70c5d4"
            ],
            "tags": {
              "Environment": "prod",
              "ManagedBy": "Terraform",
              "Name": "petclinic-prod-alb",
              "Owner": "Binome-ISI",
              "Project": "petclinic"
            },
            "tags_all": {
              "Environment": "prod",
              "ManagedBy": "Terraform",
              "Name": "petclinic-prod-alb",
              "Owner": "Binome-ISI",
              "Project": "petclinic"
            },
            "timeouts": null,
            "vpc_id": "vpc-027f5ce8327c52554",
            "xff_header_processing_mode": "append",
            "zone_id": "Z35SXDOTRQ7X7K"
          },
          "sensitive_attributes": [],
          "identity_schema_version": 0,
          "private": "eyJlMmJmYjczMC1lY2FhLTExZTYtOGY4OC0zNDM2M2JjN2M0YzAiOnsiY3JlYXRlIjo2MDAwMDAwMDAwMDAsImRlbGV0ZSI6NjAwMDAwMDAwMDAwLCJ1cGRhdGUiOjYwMDAwMDAwMDAwMH19",
          "dependencies": [
            "aws_security_group.alb",
            "aws_subnet.public",
            "aws_vpc.main"
          ]
        }
      ]
    },
    {
      "mode": "managed",
      "type": "aws_lb_listener",
      "name": "http",
      "provider": "provider[\"registry.terraform.io/hashicorp/aws\"]",
      "instances": [
        {
          "schema_version": 0,
          "attributes": {
            "alpn_policy": null,
            "arn": "arn:aws:elasticloadbalancing:us-east-1:878617118606:listener/app/petclinic-prod-alb/f84ea12f45e74aff/b6b36da4c37a3014",
            "certificate_arn": null,
            "default_action": [
              {
                "authenticate_cognito": [],
                "authenticate_oidc": [],
                "fixed_response": [],
                "forward": [],
                "order": 1,
                "redirect": [
                  {
                    "host": "#{host}",
                    "path": "/#{path}",
                    "port": "443",
                    "protocol": "HTTPS",
                    "query": "#{query}",
                    "status_code": "HTTP_301"
                  }
                ],
                "target_group_arn": "",
                "type": "redirect"
              }
            ],
            "id": "arn:aws:elasticloadbalancing:us-east-1:878617118606:listener/app/petclinic-prod-alb/f84ea12f45e74aff/b6b36da4c37a3014",
            "load_balancer_arn": "arn:aws:elasticloadbalancing:us-east-1:878617118606:loadbalancer/app/petclinic-prod-alb/f84ea12f45e74aff",
            "mutual_authentication": [],
            "port": 80,
            "protocol": "HTTP",
            "routing_http_request_x_amzn_mtls_clientcert_header_name": null,
            "routing_http_request_x_amzn_mtls_clientcert_issuer_header_name": null,
            "routing_http_request_x_amzn_mtls_clientcert_leaf_header_name": null,
            "routing_http_request_x_amzn_mtls_clientcert_serial_number_header_name": null,
            "routing_http_request_x_amzn_mtls_clientcert_subject_header_name": null,
            "routing_http_request_x_amzn_mtls_clientcert_validity_header_name": null,
            "routing_http_request_x_amzn_tls_cipher_suite_header_name": null,
            "routing_http_request_x_amzn_tls_version_header_name": null,
            "routing_http_response_access_control_allow_credentials_header_value": "",
            "routing_http_response_access_control_allow_headers_header_value": "",
            "routing_http_response_access_control_allow_methods_header_value": "",
            "routing_http_response_access_control_allow_origin_header_value": "",
            "routing_http_response_access_control_expose_headers_header_value": "",
            "routing_http_response_access_control_max_age_header_value": "",
            "routing_http_response_content_security_policy_header_value": "",
            "routing_http_response_server_enabled": true,
            "routing_http_response_strict_transport_security_header_value": "",
            "routing_http_response_x_content_type_options_header_value": "",
            "routing_http_response_x_frame_options_header_value": "",
            "ssl_policy": "",
            "tags": null,
            "tags_all": {},
            "tcp_idle_timeout_seconds": null,
            "timeouts": null
          },
          "sensitive_attributes": [],
          "identity_schema_version": 0,
          "private": "eyJlMmJmYjczMC1lY2FhLTExZTYtOGY4OC0zNDM2M2JjN2M0YzAiOnsiY3JlYXRlIjozMDAwMDAwMDAwMDAsInVwZGF0ZSI6MzAwMDAwMDAwMDAwfX0=",
          "dependencies": [
            "aws_lb.main",
            "aws_security_group.alb",
            "aws_subnet.public",
            "aws_vpc.main"
          ]
        }
      ]
    },
    {
      "mode": "managed",
      "type": "aws_lb_listener",
      "name": "https",
      "provider": "provider[\"registry.terraform.io/hashicorp/aws\"]",
      "instances": [
        {
          "schema_version": 0,
          "attributes": {
            "alpn_policy": null,
            "arn": "arn:aws:elasticloadbalancing:us-east-1:878617118606:listener/app/petclinic-prod-alb/f84ea12f45e74aff/b6234f2dde13b0db",
            "certificate_arn": "arn:aws:acm:us-east-1:878617118606:certificate/c8256c71-4a92-41d0-bbdb-9aba3bedb197",
            "default_action": [
              {
                "authenticate_cognito": [],
                "authenticate_oidc": [],
                "fixed_response": [],
                "forward": [],
                "order": 1,
                "redirect": [],
                "target_group_arn": "arn:aws:elasticloadbalancing:us-east-1:878617118606:targetgroup/petclinic-prod-tg/ec9f14dca1b92d05",
                "type": "forward"
              }
            ],
            "id": "arn:aws:elasticloadbalancing:us-east-1:878617118606:listener/app/petclinic-prod-alb/f84ea12f45e74aff/b6234f2dde13b0db",
            "load_balancer_arn": "arn:aws:elasticloadbalancing:us-east-1:878617118606:loadbalancer/app/petclinic-prod-alb/f84ea12f45e74aff",
            "mutual_authentication": [
              {
                "advertise_trust_store_ca_names": "",
                "ignore_client_certificate_expiry": false,
                "mode": "off",
                "trust_store_arn": ""
              }
            ],
            "port": 443,
            "protocol": "HTTPS",
            "routing_http_request_x_amzn_mtls_clientcert_header_name": "",
            "routing_http_request_x_amzn_mtls_clientcert_issuer_header_name": "",
            "routing_http_request_x_amzn_mtls_clientcert_leaf_header_name": "",
            "routing_http_request_x_amzn_mtls_clientcert_serial_number_header_name": "",
            "routing_http_request_x_amzn_mtls_clientcert_subject_header_name": "",
            "routing_http_request_x_amzn_mtls_clientcert_validity_header_name": "",
            "routing_http_request_x_amzn_tls_cipher_suite_header_name": "",
            "routing_http_request_x_amzn_tls_version_header_name": "",
            "routing_http_response_access_control_allow_credentials_header_value": "",
            "routing_http_response_access_control_allow_headers_header_value": "",
            "routing_http_response_access_control_allow_methods_header_value": "",
            "routing_http_response_access_control_allow_origin_header_value": "",
            "routing_http_response_access_control_expose_headers_header_value": "",
            "routing_http_response_access_control_max_age_header_value": "",
            "routing_http_response_content_security_policy_header_value": "",
            "routing_http_response_server_enabled": true,
            "routing_http_response_strict_transport_security_header_value": "",
            "routing_http_response_x_content_type_options_header_value": "",
            "routing_http_response_x_frame_options_header_value": "",
            "ssl_policy": "ELBSecurityPolicy-TLS13-1-2-2021-06",
            "tags": null,
            "tags_all": {},
            "tcp_idle_timeout_seconds": null,
            "timeouts": null
          },
          "sensitive_attributes": [],
          "identity_schema_version": 0,
          "private": "eyJlMmJmYjczMC1lY2FhLTExZTYtOGY4OC0zNDM2M2JjN2M0YzAiOnsiY3JlYXRlIjozMDAwMDAwMDAwMDAsInVwZGF0ZSI6MzAwMDAwMDAwMDAwfX0=",
          "dependencies": [
            "aws_acm_certificate.cert",
            "aws_lb.main",
            "aws_lb_target_group.app",
            "aws_security_group.alb",
            "aws_subnet.public",
            "aws_vpc.main",
            "tls_private_key.main",
            "tls_self_signed_cert.main"
          ]
        }
      ]
    },
    {
      "mode": "managed",
      "type": "aws_lb_target_group",
      "name": "app",
      "provider": "provider[\"registry.terraform.io/hashicorp/aws\"]",
      "instances": [
        {
          "schema_version": 0,
          "attributes": {
            "arn": "arn:aws:elasticloadbalancing:us-east-1:878617118606:targetgroup/petclinic-prod-tg/ec9f14dca1b92d05",
            "arn_suffix": "targetgroup/petclinic-prod-tg/ec9f14dca1b92d05",
            "connection_termination": null,
            "deregistration_delay": "300",
            "health_check": [
              {
                "enabled": true,
                "healthy_threshold": 2,
                "interval": 30,
                "matcher": "200",
                "path": "/actuator/health",
                "port": "8080",
                "protocol": "HTTP",
                "timeout": 5,
                "unhealthy_threshold": 3
              }
            ],
            "id": "arn:aws:elasticloadbalancing:us-east-1:878617118606:targetgroup/petclinic-prod-tg/ec9f14dca1b92d05",
            "ip_address_type": "ipv4",
            "lambda_multi_value_headers_enabled": false,
            "load_balancer_arns": [],
            "load_balancing_algorithm_type": "round_robin",
            "load_balancing_anomaly_mitigation": "off",
            "load_balancing_cross_zone_enabled": "use_load_balancer_configuration",
            "name": "petclinic-prod-tg",
            "name_prefix": "",
            "port": 8080,
            "preserve_client_ip": null,
            "protocol": "HTTP",
            "protocol_version": "HTTP1",
            "proxy_protocol_v2": false,
            "slow_start": 0,
            "stickiness": [
              {
                "cookie_duration": 86400,
                "cookie_name": "",
                "enabled": false,
                "type": "lb_cookie"
              }
            ],
            "tags": {
              "Environment": "prod",
              "ManagedBy": "Terraform",
              "Name": "petclinic-prod-tg",
              "Owner": "Binome-ISI",
              "Project": "petclinic"
            },
            "tags_all": {
              "Environment": "prod",
              "ManagedBy": "Terraform",
              "Name": "petclinic-prod-tg",
              "Owner": "Binome-ISI",
              "Project": "petclinic"
            },
            "target_failover": [
              {
                "on_deregistration": null,
                "on_unhealthy": null
              }
            ],
            "target_group_health": [
              {
                "dns_failover": [
                  {
                    "minimum_healthy_targets_count": "1",
                    "minimum_healthy_targets_percentage": "off"
                  }
                ],
                "unhealthy_state_routing": [
                  {
                    "minimum_healthy_targets_count": 1,
                    "minimum_healthy_targets_percentage": "off"
                  }
                ]
              }
            ],
            "target_health_state": [
              {
                "enable_unhealthy_connection_termination": null,
                "unhealthy_draining_interval": null
              }
            ],
            "target_type": "instance",
            "vpc_id": "vpc-027f5ce8327c52554"
          },
          "sensitive_attributes": [],
          "identity_schema_version": 0,
          "private": "bnVsbA==",
          "dependencies": [
            "aws_vpc.main"
          ]
        }
      ]
    },
    {
      "mode": "managed",
      "type": "aws_nat_gateway",
      "name": "nat",
      "provider": "provider[\"registry.terraform.io/hashicorp/aws\"]",
      "instances": [
        {
          "index_key": 0,
          "schema_version": 0,
          "attributes": {
            "allocation_id": "eipalloc-057895726658a5ca7",
            "association_id": "eipassoc-045bd79d72249821e",
            "connectivity_type": "public",
            "id": "nat-0506416754b7bee08",
            "network_interface_id": "eni-01e7557a437fc2014",
            "private_ip": "10.0.0.119",
            "public_ip": "44.211.99.28",
            "secondary_allocation_ids": null,
            "secondary_private_ip_address_count": 0,
            "secondary_private_ip_addresses": [],
            "subnet_id": "subnet-0abd36759ae70c5d4",
            "tags": {
              "Environment": "prod",
              "ManagedBy": "Terraform",
              "Name": "petclinic-prod-nat-gw-us-east-1a",
              "Owner": "Binome-ISI",
              "Project": "petclinic"
            },
            "tags_all": {
              "Environment": "prod",
              "ManagedBy": "Terraform",
              "Name": "petclinic-prod-nat-gw-us-east-1a",
              "Owner": "Binome-ISI",
              "Project": "petclinic"
            },
            "timeouts": null
          },
          "sensitive_attributes": [],
          "identity_schema_version": 0,
          "private": "eyJlMmJmYjczMC1lY2FhLTExZTYtOGY4OC0zNDM2M2JjN2M0YzAiOnsiY3JlYXRlIjo2MDAwMDAwMDAwMDAsImRlbGV0ZSI6MTgwMDAwMDAwMDAwMCwidXBkYXRlIjo2MDAwMDAwMDAwMDB9fQ==",
          "dependencies": [
            "aws_eip.nat",
            "aws_internet_gateway.igw",
            "aws_subnet.public",
            "aws_vpc.main"
          ]
        },
        {
          "index_key": 1,
          "schema_version": 0,
          "attributes": {
            "allocation_id": "eipalloc-0f5b9e912c0bc012f",
            "association_id": "eipassoc-091dd877c3957f533",
            "connectivity_type": "public",
            "id": "nat-0b638ab6e3ab1c916",
            "network_interface_id": "eni-01333a7a0b17722ee",
            "private_ip": "10.0.1.11",
            "public_ip": "52.6.79.74",
            "secondary_allocation_ids": null,
            "secondary_private_ip_address_count": 0,
            "secondary_private_ip_addresses": [],
            "subnet_id": "subnet-0739da1729cbc8b06",
            "tags": {
              "Environment": "prod",
              "ManagedBy": "Terraform",
              "Name": "petclinic-prod-nat-gw-us-east-1b",
              "Owner": "Binome-ISI",
              "Project": "petclinic"
            },
            "tags_all": {
              "Environment": "prod",
              "ManagedBy": "Terraform",
              "Name": "petclinic-prod-nat-gw-us-east-1b",
              "Owner": "Binome-ISI",
              "Project": "petclinic"
            },
            "timeouts": null
          },
          "sensitive_attributes": [],
          "identity_schema_version": 0,
          "private": "eyJlMmJmYjczMC1lY2FhLTExZTYtOGY4OC0zNDM2M2JjN2M0YzAiOnsiY3JlYXRlIjo2MDAwMDAwMDAwMDAsImRlbGV0ZSI6MTgwMDAwMDAwMDAwMCwidXBkYXRlIjo2MDAwMDAwMDAwMDB9fQ==",
          "dependencies": [
            "aws_eip.nat",
            "aws_internet_gateway.igw",
            "aws_subnet.public",
            "aws_vpc.main"
          ]
        }
      ]
    },
    {
      "mode": "managed",
      "type": "aws_route_table",
      "name": "private",
      "provider": "provider[\"registry.terraform.io/hashicorp/aws\"]",
      "instances": [
        {
          "index_key": 0,
          "schema_version": 0,
          "attributes": {
            "arn": "arn:aws:ec2:us-east-1:878617118606:route-table/rtb-0885b85772bc3bd1f",
            "id": "rtb-0885b85772bc3bd1f",
            "owner_id": "878617118606",
            "propagating_vgws": [],
            "route": [
              {
                "carrier_gateway_id": "",
                "cidr_block": "0.0.0.0/0",
                "core_network_arn": "",
                "destination_prefix_list_id": "",
                "egress_only_gateway_id": "",
                "gateway_id": "",
                "ipv6_cidr_block": "",
                "local_gateway_id": "",
                "nat_gateway_id": "nat-0506416754b7bee08",
                "network_interface_id": "",
                "transit_gateway_id": "",
                "vpc_endpoint_id": "",
                "vpc_peering_connection_id": ""
              }
            ],
            "tags": {
              "Environment": "prod",
              "ManagedBy": "Terraform",
              "Name": "petclinic-prod-private-rt-us-east-1a",
              "Owner": "Binome-ISI",
              "Project": "petclinic"
            },
            "tags_all": {
              "Environment": "prod",
              "ManagedBy": "Terraform",
              "Name": "petclinic-prod-private-rt-us-east-1a",
              "Owner": "Binome-ISI",
              "Project": "petclinic"
            },
            "timeouts": null,
            "vpc_id": "vpc-027f5ce8327c52554"
          },
          "sensitive_attributes": [],
          "identity_schema_version": 0,
          "private": "eyJlMmJmYjczMC1lY2FhLTExZTYtOGY4OC0zNDM2M2JjN2M0YzAiOnsiY3JlYXRlIjozMDAwMDAwMDAwMDAsImRlbGV0ZSI6MzAwMDAwMDAwMDAwLCJ1cGRhdGUiOjEyMDAwMDAwMDAwMH19",
          "dependencies": [
            "aws_eip.nat",
            "aws_internet_gateway.igw",
            "aws_nat_gateway.nat",
            "aws_subnet.public",
            "aws_vpc.main"
          ]
        },
        {
          "index_key": 1,
          "schema_version": 0,
          "attributes": {
            "arn": "arn:aws:ec2:us-east-1:878617118606:route-table/rtb-050267c81e895be93",
            "id": "rtb-050267c81e895be93",
            "owner_id": "878617118606",
            "propagating_vgws": [],
            "route": [
              {
                "carrier_gateway_id": "",
                "cidr_block": "0.0.0.0/0",
                "core_network_arn": "",
                "destination_prefix_list_id": "",
                "egress_only_gateway_id": "",
                "gateway_id": "",
                "ipv6_cidr_block": "",
                "local_gateway_id": "",
                "nat_gateway_id": "nat-0b638ab6e3ab1c916",
                "network_interface_id": "",
                "transit_gateway_id": "",
                "vpc_endpoint_id": "",
                "vpc_peering_connection_id": ""
              }
            ],
            "tags": {
              "Environment": "prod",
              "ManagedBy": "Terraform",
              "Name": "petclinic-prod-private-rt-us-east-1b",
              "Owner": "Binome-ISI",
              "Project": "petclinic"
            },
            "tags_all": {
              "Environment": "prod",
              "ManagedBy": "Terraform",
              "Name": "petclinic-prod-private-rt-us-east-1b",
              "Owner": "Binome-ISI",
              "Project": "petclinic"
            },
            "timeouts": null,
            "vpc_id": "vpc-027f5ce8327c52554"
          },
          "sensitive_attributes": [],
          "identity_schema_version": 0,
          "private": "eyJlMmJmYjczMC1lY2FhLTExZTYtOGY4OC0zNDM2M2JjN2M0YzAiOnsiY3JlYXRlIjozMDAwMDAwMDAwMDAsImRlbGV0ZSI6MzAwMDAwMDAwMDAwLCJ1cGRhdGUiOjEyMDAwMDAwMDAwMH19",
          "dependencies": [
            "aws_eip.nat",
            "aws_internet_gateway.igw",
            "aws_nat_gateway.nat",
            "aws_subnet.public",
            "aws_vpc.main"
          ]
        }
      ]
    },
    {
      "mode": "managed",
      "type": "aws_route_table",
      "name": "public",
      "provider": "provider[\"registry.terraform.io/hashicorp/aws\"]",
      "instances": [
        {
          "schema_version": 0,
          "attributes": {
            "arn": "arn:aws:ec2:us-east-1:878617118606:route-table/rtb-0983229ab836242ca",
            "id": "rtb-0983229ab836242ca",
            "owner_id": "878617118606",
            "propagating_vgws": [],
            "route": [
              {
                "carrier_gateway_id": "",
                "cidr_block": "0.0.0.0/0",
                "core_network_arn": "",
                "destination_prefix_list_id": "",
                "egress_only_gateway_id": "",
                "gateway_id": "igw-0dd3eebd20cd693a7",
                "ipv6_cidr_block": "",
                "local_gateway_id": "",
                "nat_gateway_id": "",
                "network_interface_id": "",
                "transit_gateway_id": "",
                "vpc_endpoint_id": "",
                "vpc_peering_connection_id": ""
              }
            ],
            "tags": {
              "Environment": "prod",
              "ManagedBy": "Terraform",
              "Name": "petclinic-prod-public-rt",
              "Owner": "Binome-ISI",
              "Project": "petclinic"
            },
            "tags_all": {
              "Environment": "prod",
              "ManagedBy": "Terraform",
              "Name": "petclinic-prod-public-rt",
              "Owner": "Binome-ISI",
              "Project": "petclinic"
            },
            "timeouts": null,
            "vpc_id": "vpc-027f5ce8327c52554"
          },
          "sensitive_attributes": [],
          "identity_schema_version": 0,
          "private": "eyJlMmJmYjczMC1lY2FhLTExZTYtOGY4OC0zNDM2M2JjN2M0YzAiOnsiY3JlYXRlIjozMDAwMDAwMDAwMDAsImRlbGV0ZSI6MzAwMDAwMDAwMDAwLCJ1cGRhdGUiOjEyMDAwMDAwMDAwMH19",
          "dependencies": [
            "aws_internet_gateway.igw",
            "aws_vpc.main"
          ]
        }
      ]
    },
    {
      "mode": "managed",
      "type": "aws_route_table_association",
      "name": "private_app",
      "provider": "provider[\"registry.terraform.io/hashicorp/aws\"]",
      "instances": [
        {
          "index_key": 0,
          "schema_version": 0,
          "attributes": {
            "gateway_id": "",
            "id": "rtbassoc-090bd4cad87aa4180",
            "route_table_id": "rtb-0885b85772bc3bd1f",
            "subnet_id": "subnet-0e1dfd5a53fbc0efc",
            "timeouts": null
          },
          "sensitive_attributes": [],
          "identity_schema_version": 0,
          "private": "eyJlMmJmYjczMC1lY2FhLTExZTYtOGY4OC0zNDM2M2JjN2M0YzAiOnsiY3JlYXRlIjozMDAwMDAwMDAwMDAsImRlbGV0ZSI6MzAwMDAwMDAwMDAwLCJ1cGRhdGUiOjEyMDAwMDAwMDAwMH19",
          "dependencies": [
            "aws_eip.nat",
            "aws_internet_gateway.igw",
            "aws_nat_gateway.nat",
            "aws_route_table.private",
            "aws_subnet.private_app",
            "aws_subnet.public",
            "aws_vpc.main"
          ]
        },
        {
          "index_key": 1,
          "schema_version": 0,
          "attributes": {
            "gateway_id": "",
            "id": "rtbassoc-0af4a0f155f168bb1",
            "route_table_id": "rtb-050267c81e895be93",
            "subnet_id": "subnet-0c2de34d6129db827",
            "timeouts": null
          },
          "sensitive_attributes": [],
          "identity_schema_version": 0,
          "private": "eyJlMmJmYjczMC1lY2FhLTExZTYtOGY4OC0zNDM2M2JjN2M0YzAiOnsiY3JlYXRlIjozMDAwMDAwMDAwMDAsImRlbGV0ZSI6MzAwMDAwMDAwMDAwLCJ1cGRhdGUiOjEyMDAwMDAwMDAwMH19",
          "dependencies": [
            "aws_eip.nat",
            "aws_internet_gateway.igw",
            "aws_nat_gateway.nat",
            "aws_route_table.private",
            "aws_subnet.private_app",
            "aws_subnet.public",
            "aws_vpc.main"
          ]
        }
      ]
    },
    {
      "mode": "managed",
      "type": "aws_route_table_association",
      "name": "private_db",
      "provider": "provider[\"registry.terraform.io/hashicorp/aws\"]",
      "instances": [
        {
          "index_key": 0,
          "schema_version": 0,
          "attributes": {
            "gateway_id": "",
            "id": "rtbassoc-014baac3d8bf71b86",
            "route_table_id": "rtb-0885b85772bc3bd1f",
            "subnet_id": "subnet-0f25187a27cc44d44",
            "timeouts": null
          },
          "sensitive_attributes": [],
          "identity_schema_version": 0,
          "private": "eyJlMmJmYjczMC1lY2FhLTExZTYtOGY4OC0zNDM2M2JjN2M0YzAiOnsiY3JlYXRlIjozMDAwMDAwMDAwMDAsImRlbGV0ZSI6MzAwMDAwMDAwMDAwLCJ1cGRhdGUiOjEyMDAwMDAwMDAwMH19",
          "dependencies": [
            "aws_eip.nat",
            "aws_internet_gateway.igw",
            "aws_nat_gateway.nat",
            "aws_route_table.private",
            "aws_subnet.private_db",
            "aws_subnet.public",
            "aws_vpc.main"
          ]
        },
        {
          "index_key": 1,
          "schema_version": 0,
          "attributes": {
            "gateway_id": "",
            "id": "rtbassoc-0b85ff7aab11a0d2b",
            "route_table_id": "rtb-050267c81e895be93",
            "subnet_id": "subnet-0c8ed036c300d2427",
            "timeouts": null
          },
          "sensitive_attributes": [],
          "identity_schema_version": 0,
          "private": "eyJlMmJmYjczMC1lY2FhLTExZTYtOGY4OC0zNDM2M2JjN2M0YzAiOnsiY3JlYXRlIjozMDAwMDAwMDAwMDAsImRlbGV0ZSI6MzAwMDAwMDAwMDAwLCJ1cGRhdGUiOjEyMDAwMDAwMDAwMH19",
          "dependencies": [
            "aws_eip.nat",
            "aws_internet_gateway.igw",
            "aws_nat_gateway.nat",
            "aws_route_table.private",
            "aws_subnet.private_db",
            "aws_subnet.public",
            "aws_vpc.main"
          ]
        }
      ]
    },
    {
      "mode": "managed",
      "type": "aws_route_table_association",
      "name": "public",
      "provider": "provider[\"registry.terraform.io/hashicorp/aws\"]",
      "instances": [
        {
          "index_key": 0,
          "schema_version": 0,
          "attributes": {
            "gateway_id": "",
            "id": "rtbassoc-0e55c1aebc92bd938",
            "route_table_id": "rtb-0983229ab836242ca",
            "subnet_id": "subnet-0abd36759ae70c5d4",
            "timeouts": null
          },
          "sensitive_attributes": [],
          "identity_schema_version": 0,
          "private": "eyJlMmJmYjczMC1lY2FhLTExZTYtOGY4OC0zNDM2M2JjN2M0YzAiOnsiY3JlYXRlIjozMDAwMDAwMDAwMDAsImRlbGV0ZSI6MzAwMDAwMDAwMDAwLCJ1cGRhdGUiOjEyMDAwMDAwMDAwMH19",
          "dependencies": [
            "aws_internet_gateway.igw",
            "aws_route_table.public",
            "aws_subnet.public",
            "aws_vpc.main"
          ]
        },
        {
          "index_key": 1,
          "schema_version": 0,
          "attributes": {
            "gateway_id": "",
            "id": "rtbassoc-02415682379d011be",
            "route_table_id": "rtb-0983229ab836242ca",
            "subnet_id": "subnet-0739da1729cbc8b06",
            "timeouts": null
          },
          "sensitive_attributes": [],
          "identity_schema_version": 0,
          "private": "eyJlMmJmYjczMC1lY2FhLTExZTYtOGY4OC0zNDM2M2JjN2M0YzAiOnsiY3JlYXRlIjozMDAwMDAwMDAwMDAsImRlbGV0ZSI6MzAwMDAwMDAwMDAwLCJ1cGRhdGUiOjEyMDAwMDAwMDAwMH19",
          "dependencies": [
            "aws_internet_gateway.igw",
            "aws_route_table.public",
            "aws_subnet.public",
            "aws_vpc.main"
          ]
        }
      ]
    },
    {
      "mode": "managed",
      "type": "aws_s3_bucket",
      "name": "deploy",
      "provider": "provider[\"registry.terraform.io/hashicorp/aws\"]",
      "instances": [
        {
          "schema_version": 0,
          "attributes": {
            "acceleration_status": "",
            "acl": null,
            "arn": "arn:aws:s3:::petclinic-prod-deploy-tyn34b",
            "bucket": "petclinic-prod-deploy-tyn34b",
            "bucket_domain_name": "petclinic-prod-deploy-tyn34b.s3.amazonaws.com",
            "bucket_prefix": "",
            "bucket_regional_domain_name": "petclinic-prod-deploy-tyn34b.s3.us-east-1.amazonaws.com",
            "cors_rule": [],
            "force_destroy": true,
            "grant": [
              {
                "id": "b103077a279c0c291e9d5e745f20cde53cfec8445331d256903f69a130c9021d",
                "permissions": [
                  "FULL_CONTROL"
                ],
                "type": "CanonicalUser",
                "uri": ""
              }
            ],
            "hosted_zone_id": "Z3AQBSTGFYJSTF",
            "id": "petclinic-prod-deploy-tyn34b",
            "lifecycle_rule": [],
            "logging": [],
            "object_lock_configuration": [],
            "object_lock_enabled": false,
            "policy": "",
            "region": "us-east-1",
            "replication_configuration": [],
            "request_payer": "BucketOwner",
            "server_side_encryption_configuration": [
              {
                "rule": [
                  {
                    "apply_server_side_encryption_by_default": [
                      {
                        "kms_master_key_id": "",
                        "sse_algorithm": "AES256"
                      }
                    ],
                    "bucket_key_enabled": false
                  }
                ]
              }
            ],
            "tags": {
              "Environment": "prod",
              "ManagedBy": "Terraform",
              "Owner": "Binome-ISI",
              "Project": "petclinic"
            },
            "tags_all": {
              "Environment": "prod",
              "ManagedBy": "Terraform",
              "Owner": "Binome-ISI",
              "Project": "petclinic"
            },
            "timeouts": null,
            "versioning": [
              {
                "enabled": false,
                "mfa_delete": false
              }
            ],
            "website": [],
            "website_domain": null,
            "website_endpoint": null
          },
          "sensitive_attributes": [],
          "identity_schema_version": 0,
          "private": "eyJlMmJmYjczMC1lY2FhLTExZTYtOGY4OC0zNDM2M2JjN2M0YzAiOnsiY3JlYXRlIjoxMjAwMDAwMDAwMDAwLCJkZWxldGUiOjM2MDAwMDAwMDAwMDAsInJlYWQiOjEyMDAwMDAwMDAwMDAsInVwZGF0ZSI6MTIwMDAwMDAwMDAwMH19",
          "dependencies": [
            "random_string.suffix"
          ],
          "create_before_destroy": true
        }
      ]
    },
    {
      "mode": "managed",
      "type": "aws_s3_bucket_public_access_block",
      "name": "deploy",
      "provider": "provider[\"registry.terraform.io/hashicorp/aws\"]",
      "instances": [
        {
          "schema_version": 0,
          "attributes": {
            "block_public_acls": true,
            "block_public_policy": true,
            "bucket": "petclinic-prod-deploy-tyn34b",
            "id": "petclinic-prod-deploy-tyn34b",
            "ignore_public_acls": true,
            "restrict_public_buckets": true
          },
          "sensitive_attributes": [],
          "identity_schema_version": 0,
          "private": "bnVsbA==",
          "dependencies": [
            "aws_s3_bucket.deploy",
            "random_string.suffix"
          ]
        }
      ]
    },
    {
      "mode": "managed",
      "type": "aws_s3_bucket_server_side_encryption_configuration",
      "name": "deploy",
      "provider": "provider[\"registry.terraform.io/hashicorp/aws\"]",
      "instances": [
        {
          "schema_version": 0,
          "attributes": {
            "bucket": "petclinic-prod-deploy-tyn34b",
            "expected_bucket_owner": "",
            "id": "petclinic-prod-deploy-tyn34b",
            "rule": [
              {
                "apply_server_side_encryption_by_default": [
                  {
                    "kms_master_key_id": "arn:aws:kms:us-east-1:878617118606:key/5d12b820-4943-4dad-8bdb-ad86f3f5dd07",
                    "sse_algorithm": "aws:kms"
                  }
                ],
                "bucket_key_enabled": null
              }
            ]
          },
          "sensitive_attributes": [],
          "identity_schema_version": 0,
          "private": "bnVsbA==",
          "dependencies": [
            "aws_iam_role.ec2_role",
            "aws_kms_key.main",
            "aws_s3_bucket.deploy",
            "data.aws_caller_identity.current",
            "random_string.suffix"
          ]
        }
      ]
    },
    {
      "mode": "managed",
      "type": "aws_s3_object",
      "name": "app_jar",
      "provider": "provider[\"registry.terraform.io/hashicorp/aws\"]",
      "instances": [
        {
          "schema_version": 0,
          "attributes": {
            "acl": null,
            "arn": "arn:aws:s3:::petclinic-prod-deploy-tyn34b/petclinic.jar",
            "bucket": "petclinic-prod-deploy-tyn34b",
            "bucket_key_enabled": false,
            "cache_control": "",
            "checksum_algorithm": null,
            "checksum_crc32": "",
            "checksum_crc32c": "",
            "checksum_crc64nvme": "",
            "checksum_sha1": "",
            "checksum_sha256": "",
            "content": null,
            "content_base64": null,
            "content_disposition": "",
            "content_encoding": "",
            "content_language": "",
            "content_type": "binary/octet-stream",
            "etag": "33d44692e0382d70897857c926fc400a-13",
            "force_destroy": false,
            "id": "petclinic.jar",
            "key": "petclinic.jar",
            "kms_key_id": "arn:aws:kms:us-east-1:878617118606:key/5d12b820-4943-4dad-8bdb-ad86f3f5dd07",
            "metadata": null,
            "object_lock_legal_hold_status": "",
            "object_lock_mode": "",
            "object_lock_retain_until_date": "",
            "override_provider": [],
            "server_side_encryption": "aws:kms",
            "source": "./../target/spring-petclinic-4.0.0-SNAPSHOT.jar",
            "source_hash": "5fbb081abc0bd529cb4473fac54190da",
            "storage_class": "STANDARD",
            "tags": null,
            "tags_all": {},
            "version_id": "",
            "website_redirect": ""
          },
          "sensitive_attributes": [],
          "identity_schema_version": 0,
          "private": "bnVsbA==",
          "dependencies": [
            "aws_iam_role.ec2_role",
            "aws_kms_key.main",
            "aws_s3_bucket.deploy",
            "aws_s3_bucket_server_side_encryption_configuration.deploy",
            "data.aws_caller_identity.current",
            "random_string.suffix"
          ]
        }
      ]
    },
    {
      "mode": "managed",
      "type": "aws_secretsmanager_secret",
      "name": "db_secret",
      "provider": "provider[\"registry.terraform.io/hashicorp/aws\"]",
      "instances": [
        {
          "schema_version": 0,
          "attributes": {
            "arn": "arn:aws:secretsmanager:us-east-1:878617118606:secret:petclinic-prod-db-secret-tyn34b-SXLFPS",
            "description": "",
            "force_overwrite_replica_secret": false,
            "id": "arn:aws:secretsmanager:us-east-1:878617118606:secret:petclinic-prod-db-secret-tyn34b-SXLFPS",
            "kms_key_id": "5d12b820-4943-4dad-8bdb-ad86f3f5dd07",
            "name": "petclinic-prod-db-secret-tyn34b",
            "name_prefix": "",
            "policy": "",
            "recovery_window_in_days": 0,
            "replica": [],
            "tags": {
              "Environment": "prod",
              "ManagedBy": "Terraform",
              "Owner": "Binome-ISI",
              "Project": "petclinic"
            },
            "tags_all": {
              "Environment": "prod",
              "ManagedBy": "Terraform",
              "Owner": "Binome-ISI",
              "Project": "petclinic"
            }
          },
          "sensitive_attributes": [],
          "identity_schema_version": 0,
          "private": "bnVsbA==",
          "dependencies": [
            "aws_iam_role.ec2_role",
            "aws_kms_key.main",
            "data.aws_caller_identity.current",
            "random_string.suffix"
          ],
          "create_before_destroy": true
        }
      ]
    },
    {
      "mode": "managed",
      "type": "aws_secretsmanager_secret_version",
      "name": "db_secret_val",
      "provider": "provider[\"registry.terraform.io/hashicorp/aws\"]",
      "instances": [
        {
          "schema_version": 0,
          "attributes": {
            "arn": "arn:aws:secretsmanager:us-east-1:878617118606:secret:petclinic-prod-db-secret-tyn34b-SXLFPS",
            "has_secret_string_wo": null,
            "id": "arn:aws:secretsmanager:us-east-1:878617118606:secret:petclinic-prod-db-secret-tyn34b-SXLFPS|terraform-2026072314530276930000000a",
            "secret_binary": "",
            "secret_id": "arn:aws:secretsmanager:us-east-1:878617118606:secret:petclinic-prod-db-secret-tyn34b-SXLFPS",
            "secret_string": "{\"dbInstanceIdentifier\":\"petclinic-prod-mysql-db\",\"engine\":\"mysql\",\"host\":\"petclinic-prod-mysql-db.cipy4s8cydl1.us-east-1.rds.amazonaws.com\",\"password\":\"nA3E{j-qMwR\\u0026Ov_V\",\"port\":3306,\"username\":\"petclinic\"}",
            "secret_string_wo": null,
            "secret_string_wo_version": null,
            "version_id": "terraform-2026072314530276930000000a",
            "version_stages": [
              "AWSCURRENT"
            ]
          },
          "sensitive_attributes": [
            [
              {
                "type": "get_attr",
                "value": "secret_binary"
              }
            ],
            [
              {
                "type": "get_attr",
                "value": "secret_string"
              }
            ],
            [
              {
                "type": "get_attr",
                "value": "secret_string_wo"
              }
            ]
          ],
          "identity_schema_version": 0,
          "private": "bnVsbA==",
          "dependencies": [
            "aws_db_instance.db",
            "aws_db_subnet_group.db",
            "aws_iam_role.ec2_role",
            "aws_kms_key.main",
            "aws_secretsmanager_secret.db_secret",
            "aws_security_group.alb",
            "aws_security_group.app",
            "aws_security_group.rds_db",
            "aws_subnet.private_db",
            "aws_vpc.main",
            "data.aws_caller_identity.current",
            "random_password.db_password",
            "random_string.suffix"
          ]
        }
      ]
    },
    {
      "mode": "managed",
      "type": "aws_security_group",
      "name": "alb",
      "provider": "provider[\"registry.terraform.io/hashicorp/aws\"]",
      "instances": [
        {
          "schema_version": 1,
          "attributes": {
            "arn": "arn:aws:ec2:us-east-1:878617118606:security-group/sg-07221dde84d48e04b",
            "description": "Security group for ALB allowing HTTP and HTTPS",
            "egress": [
              {
                "cidr_blocks": [
                  "0.0.0.0/0"
                ],
                "description": "Allow all outbound traffic",
                "from_port": 0,
                "ipv6_cidr_blocks": [],
                "prefix_list_ids": [],
                "protocol": "-1",
                "security_groups": [],
                "self": false,
                "to_port": 0
              }
            ],
            "id": "sg-07221dde84d48e04b",
            "ingress": [
              {
                "cidr_blocks": [
                  "0.0.0.0/0"
                ],
                "description": "Allow HTTP",
                "from_port": 80,
                "ipv6_cidr_blocks": [],
                "prefix_list_ids": [],
                "protocol": "tcp",
                "security_groups": [],
                "self": false,
                "to_port": 80
              },
              {
                "cidr_blocks": [
                  "0.0.0.0/0"
                ],
                "description": "Allow HTTPS",
                "from_port": 443,
                "ipv6_cidr_blocks": [],
                "prefix_list_ids": [],
                "protocol": "tcp",
                "security_groups": [],
                "self": false,
                "to_port": 443
              }
            ],
            "name": "petclinic-prod-alb-sg",
            "name_prefix": "",
            "owner_id": "878617118606",
            "revoke_rules_on_delete": false,
            "tags": {
              "Environment": "prod",
              "ManagedBy": "Terraform",
              "Name": "petclinic-prod-alb-sg",
              "Owner": "Binome-ISI",
              "Project": "petclinic"
            },
            "tags_all": {
              "Environment": "prod",
              "ManagedBy": "Terraform",
              "Name": "petclinic-prod-alb-sg",
              "Owner": "Binome-ISI",
              "Project": "petclinic"
            },
            "timeouts": null,
            "vpc_id": "vpc-027f5ce8327c52554"
          },
          "sensitive_attributes": [],
          "identity_schema_version": 0,
          "private": "eyJlMmJmYjczMC1lY2FhLTExZTYtOGY4OC0zNDM2M2JjN2M0YzAiOnsiY3JlYXRlIjo2MDAwMDAwMDAwMDAsImRlbGV0ZSI6OTAwMDAwMDAwMDAwfSwic2NoZW1hX3ZlcnNpb24iOiIxIn0=",
          "dependencies": [
            "aws_vpc.main"
          ],
          "create_before_destroy": true
        }
      ]
    },
    {
      "mode": "managed",
      "type": "aws_security_group",
      "name": "app",
      "provider": "provider[\"registry.terraform.io/hashicorp/aws\"]",
      "instances": [
        {
          "schema_version": 1,
          "attributes": {
            "arn": "arn:aws:ec2:us-east-1:878617118606:security-group/sg-05fd2d450bb032b7b",
            "description": "Security group for App EC2 instances",
            "egress": [
              {
                "cidr_blocks": [
                  "0.0.0.0/0"
                ],
                "description": "Allow all outbound traffic",
                "from_port": 0,
                "ipv6_cidr_blocks": [],
                "prefix_list_ids": [],
                "protocol": "-1",
                "security_groups": [],
                "self": false,
                "to_port": 0
              }
            ],
            "id": "sg-05fd2d450bb032b7b",
            "ingress": [
              {
                "cidr_blocks": [],
                "description": "Allow port 8080 from ALB",
                "from_port": 8080,
                "ipv6_cidr_blocks": [],
                "prefix_list_ids": [],
                "protocol": "tcp",
                "security_groups": [
                  "sg-07221dde84d48e04b"
                ],
                "self": false,
                "to_port": 8080
              }
            ],
            "name": "petclinic-prod-app-sg",
            "name_prefix": "",
            "owner_id": "878617118606",
            "revoke_rules_on_delete": false,
            "tags": {
              "Environment": "prod",
              "ManagedBy": "Terraform",
              "Name": "petclinic-prod-app-sg",
              "Owner": "Binome-ISI",
              "Project": "petclinic"
            },
            "tags_all": {
              "Environment": "prod",
              "ManagedBy": "Terraform",
              "Name": "petclinic-prod-app-sg",
              "Owner": "Binome-ISI",
              "Project": "petclinic"
            },
            "timeouts": null,
            "vpc_id": "vpc-027f5ce8327c52554"
          },
          "sensitive_attributes": [],
          "identity_schema_version": 0,
          "private": "eyJlMmJmYjczMC1lY2FhLTExZTYtOGY4OC0zNDM2M2JjN2M0YzAiOnsiY3JlYXRlIjo2MDAwMDAwMDAwMDAsImRlbGV0ZSI6OTAwMDAwMDAwMDAwfSwic2NoZW1hX3ZlcnNpb24iOiIxIn0=",
          "dependencies": [
            "aws_security_group.alb",
            "aws_vpc.main"
          ],
          "create_before_destroy": true
        }
      ]
    },
    {
      "mode": "managed",
      "type": "aws_security_group",
      "name": "rds_db",
      "provider": "provider[\"registry.terraform.io/hashicorp/aws\"]",
      "instances": [
        {
          "schema_version": 1,
          "attributes": {
            "arn": "arn:aws:ec2:us-east-1:878617118606:security-group/sg-06a52e50212556608",
            "description": "Security group for RDS MySQL",
            "egress": [
              {
                "cidr_blocks": [
                  "0.0.0.0/0"
                ],
                "description": "Allow all outbound traffic",
                "from_port": 0,
                "ipv6_cidr_blocks": [],
                "prefix_list_ids": [],
                "protocol": "-1",
                "security_groups": [],
                "self": false,
                "to_port": 0
              }
            ],
            "id": "sg-06a52e50212556608",
            "ingress": [
              {
                "cidr_blocks": [],
                "description": "Allow MySQL traffic directly from EC2 instances",
                "from_port": 3306,
                "ipv6_cidr_blocks": [],
                "prefix_list_ids": [],
                "protocol": "tcp",
                "security_groups": [
                  "sg-05fd2d450bb032b7b"
                ],
                "self": false,
                "to_port": 3306
              }
            ],
            "name": "petclinic-prod-rds-db-sg",
            "name_prefix": "",
            "owner_id": "878617118606",
            "revoke_rules_on_delete": false,
            "tags": {
              "Environment": "prod",
              "ManagedBy": "Terraform",
              "Name": "petclinic-prod-rds-db-sg",
              "Owner": "Binome-ISI",
              "Project": "petclinic"
            },
            "tags_all": {
              "Environment": "prod",
              "ManagedBy": "Terraform",
              "Name": "petclinic-prod-rds-db-sg",
              "Owner": "Binome-ISI",
              "Project": "petclinic"
            },
            "timeouts": null,
            "vpc_id": "vpc-027f5ce8327c52554"
          },
          "sensitive_attributes": [],
          "identity_schema_version": 0,
          "private": "eyJlMmJmYjczMC1lY2FhLTExZTYtOGY4OC0zNDM2M2JjN2M0YzAiOnsiY3JlYXRlIjo2MDAwMDAwMDAwMDAsImRlbGV0ZSI6OTAwMDAwMDAwMDAwfSwic2NoZW1hX3ZlcnNpb24iOiIxIn0=",
          "dependencies": [
            "aws_security_group.alb",
            "aws_security_group.app",
            "aws_vpc.main"
          ],
          "create_before_destroy": true
        }
      ]
    },
    {
      "mode": "managed",
      "type": "aws_subnet",
      "name": "private_app",
      "provider": "provider[\"registry.terraform.io/hashicorp/aws\"]",
      "instances": [
        {
          "index_key": 0,
          "schema_version": 1,
          "attributes": {
            "arn": "arn:aws:ec2:us-east-1:878617118606:subnet/subnet-0e1dfd5a53fbc0efc",
            "assign_ipv6_address_on_creation": false,
            "availability_zone": "us-east-1a",
            "availability_zone_id": "use1-az1",
            "cidr_block": "10.0.10.0/24",
            "customer_owned_ipv4_pool": "",
            "enable_dns64": false,
            "enable_lni_at_device_index": 0,
            "enable_resource_name_dns_a_record_on_launch": false,
            "enable_resource_name_dns_aaaa_record_on_launch": false,
            "id": "subnet-0e1dfd5a53fbc0efc",
            "ipv6_cidr_block": "",
            "ipv6_cidr_block_association_id": "",
            "ipv6_native": false,
            "map_customer_owned_ip_on_launch": false,
            "map_public_ip_on_launch": false,
            "outpost_arn": "",
            "owner_id": "878617118606",
            "private_dns_hostname_type_on_launch": "ip-name",
            "tags": {
              "Environment": "prod",
              "ManagedBy": "Terraform",
              "Name": "petclinic-prod-private-app-us-east-1a",
              "Owner": "Binome-ISI",
              "Project": "petclinic"
            },
            "tags_all": {
              "Environment": "prod",
              "ManagedBy": "Terraform",
              "Name": "petclinic-prod-private-app-us-east-1a",
              "Owner": "Binome-ISI",
              "Project": "petclinic"
            },
            "timeouts": null,
            "vpc_id": "vpc-027f5ce8327c52554"
          },
          "sensitive_attributes": [],
          "identity_schema_version": 0,
          "private": "eyJlMmJmYjczMC1lY2FhLTExZTYtOGY4OC0zNDM2M2JjN2M0YzAiOnsiY3JlYXRlIjo2MDAwMDAwMDAwMDAsImRlbGV0ZSI6MTIwMDAwMDAwMDAwMH0sInNjaGVtYV92ZXJzaW9uIjoiMSJ9",
          "dependencies": [
            "aws_vpc.main"
          ]
        },
        {
          "index_key": 1,
          "schema_version": 1,
          "attributes": {
            "arn": "arn:aws:ec2:us-east-1:878617118606:subnet/subnet-0c2de34d6129db827",
            "assign_ipv6_address_on_creation": false,
            "availability_zone": "us-east-1b",
            "availability_zone_id": "use1-az2",
            "cidr_block": "10.0.11.0/24",
            "customer_owned_ipv4_pool": "",
            "enable_dns64": false,
            "enable_lni_at_device_index": 0,
            "enable_resource_name_dns_a_record_on_launch": false,
            "enable_resource_name_dns_aaaa_record_on_launch": false,
            "id": "subnet-0c2de34d6129db827",
            "ipv6_cidr_block": "",
            "ipv6_cidr_block_association_id": "",
            "ipv6_native": false,
            "map_customer_owned_ip_on_launch": false,
            "map_public_ip_on_launch": false,
            "outpost_arn": "",
            "owner_id": "878617118606",
            "private_dns_hostname_type_on_launch": "ip-name",
            "tags": {
              "Environment": "prod",
              "ManagedBy": "Terraform",
              "Name": "petclinic-prod-private-app-us-east-1b",
              "Owner": "Binome-ISI",
              "Project": "petclinic"
            },
            "tags_all": {
              "Environment": "prod",
              "ManagedBy": "Terraform",
              "Name": "petclinic-prod-private-app-us-east-1b",
              "Owner": "Binome-ISI",
              "Project": "petclinic"
            },
            "timeouts": null,
            "vpc_id": "vpc-027f5ce8327c52554"
          },
          "sensitive_attributes": [],
          "identity_schema_version": 0,
          "private": "eyJlMmJmYjczMC1lY2FhLTExZTYtOGY4OC0zNDM2M2JjN2M0YzAiOnsiY3JlYXRlIjo2MDAwMDAwMDAwMDAsImRlbGV0ZSI6MTIwMDAwMDAwMDAwMH0sInNjaGVtYV92ZXJzaW9uIjoiMSJ9",
          "dependencies": [
            "aws_vpc.main"
          ]
        }
      ]
    },
    {
      "mode": "managed",
      "type": "aws_subnet",
      "name": "private_db",
      "provider": "provider[\"registry.terraform.io/hashicorp/aws\"]",
      "instances": [
        {
          "index_key": 0,
          "schema_version": 1,
          "attributes": {
            "arn": "arn:aws:ec2:us-east-1:878617118606:subnet/subnet-0f25187a27cc44d44",
            "assign_ipv6_address_on_creation": false,
            "availability_zone": "us-east-1a",
            "availability_zone_id": "use1-az1",
            "cidr_block": "10.0.20.0/24",
            "customer_owned_ipv4_pool": "",
            "enable_dns64": false,
            "enable_lni_at_device_index": 0,
            "enable_resource_name_dns_a_record_on_launch": false,
            "enable_resource_name_dns_aaaa_record_on_launch": false,
            "id": "subnet-0f25187a27cc44d44",
            "ipv6_cidr_block": "",
            "ipv6_cidr_block_association_id": "",
            "ipv6_native": false,
            "map_customer_owned_ip_on_launch": false,
            "map_public_ip_on_launch": false,
            "outpost_arn": "",
            "owner_id": "878617118606",
            "private_dns_hostname_type_on_launch": "ip-name",
            "tags": {
              "Environment": "prod",
              "ManagedBy": "Terraform",
              "Name": "petclinic-prod-private-db-us-east-1a",
              "Owner": "Binome-ISI",
              "Project": "petclinic"
            },
            "tags_all": {
              "Environment": "prod",
              "ManagedBy": "Terraform",
              "Name": "petclinic-prod-private-db-us-east-1a",
              "Owner": "Binome-ISI",
              "Project": "petclinic"
            },
            "timeouts": null,
            "vpc_id": "vpc-027f5ce8327c52554"
          },
          "sensitive_attributes": [],
          "identity_schema_version": 0,
          "private": "eyJlMmJmYjczMC1lY2FhLTExZTYtOGY4OC0zNDM2M2JjN2M0YzAiOnsiY3JlYXRlIjo2MDAwMDAwMDAwMDAsImRlbGV0ZSI6MTIwMDAwMDAwMDAwMH0sInNjaGVtYV92ZXJzaW9uIjoiMSJ9",
          "dependencies": [
            "aws_vpc.main"
          ],
          "create_before_destroy": true
        },
        {
          "index_key": 1,
          "schema_version": 1,
          "attributes": {
            "arn": "arn:aws:ec2:us-east-1:878617118606:subnet/subnet-0c8ed036c300d2427",
            "assign_ipv6_address_on_creation": false,
            "availability_zone": "us-east-1b",
            "availability_zone_id": "use1-az2",
            "cidr_block": "10.0.21.0/24",
            "customer_owned_ipv4_pool": "",
            "enable_dns64": false,
            "enable_lni_at_device_index": 0,
            "enable_resource_name_dns_a_record_on_launch": false,
            "enable_resource_name_dns_aaaa_record_on_launch": false,
            "id": "subnet-0c8ed036c300d2427",
            "ipv6_cidr_block": "",
            "ipv6_cidr_block_association_id": "",
            "ipv6_native": false,
            "map_customer_owned_ip_on_launch": false,
            "map_public_ip_on_launch": false,
            "outpost_arn": "",
            "owner_id": "878617118606",
            "private_dns_hostname_type_on_launch": "ip-name",
            "tags": {
              "Environment": "prod",
              "ManagedBy": "Terraform",
              "Name": "petclinic-prod-private-db-us-east-1b",
              "Owner": "Binome-ISI",
              "Project": "petclinic"
            },
            "tags_all": {
              "Environment": "prod",
              "ManagedBy": "Terraform",
              "Name": "petclinic-prod-private-db-us-east-1b",
              "Owner": "Binome-ISI",
              "Project": "petclinic"
            },
            "timeouts": null,
            "vpc_id": "vpc-027f5ce8327c52554"
          },
          "sensitive_attributes": [],
          "identity_schema_version": 0,
          "private": "eyJlMmJmYjczMC1lY2FhLTExZTYtOGY4OC0zNDM2M2JjN2M0YzAiOnsiY3JlYXRlIjo2MDAwMDAwMDAwMDAsImRlbGV0ZSI6MTIwMDAwMDAwMDAwMH0sInNjaGVtYV92ZXJzaW9uIjoiMSJ9",
          "dependencies": [
            "aws_vpc.main"
          ],
          "create_before_destroy": true
        }
      ]
    },
    {
      "mode": "managed",
      "type": "aws_subnet",
      "name": "public",
      "provider": "provider[\"registry.terraform.io/hashicorp/aws\"]",
      "instances": [
        {
          "index_key": 0,
          "schema_version": 1,
          "attributes": {
            "arn": "arn:aws:ec2:us-east-1:878617118606:subnet/subnet-0abd36759ae70c5d4",
            "assign_ipv6_address_on_creation": false,
            "availability_zone": "us-east-1a",
            "availability_zone_id": "use1-az1",
            "cidr_block": "10.0.0.0/24",
            "customer_owned_ipv4_pool": "",
            "enable_dns64": false,
            "enable_lni_at_device_index": 0,
            "enable_resource_name_dns_a_record_on_launch": false,
            "enable_resource_name_dns_aaaa_record_on_launch": false,
            "id": "subnet-0abd36759ae70c5d4",
            "ipv6_cidr_block": "",
            "ipv6_cidr_block_association_id": "",
            "ipv6_native": false,
            "map_customer_owned_ip_on_launch": false,
            "map_public_ip_on_launch": true,
            "outpost_arn": "",
            "owner_id": "878617118606",
            "private_dns_hostname_type_on_launch": "ip-name",
            "tags": {
              "Environment": "prod",
              "ManagedBy": "Terraform",
              "Name": "petclinic-prod-public-us-east-1a",
              "Owner": "Binome-ISI",
              "Project": "petclinic"
            },
            "tags_all": {
              "Environment": "prod",
              "ManagedBy": "Terraform",
              "Name": "petclinic-prod-public-us-east-1a",
              "Owner": "Binome-ISI",
              "Project": "petclinic"
            },
            "timeouts": null,
            "vpc_id": "vpc-027f5ce8327c52554"
          },
          "sensitive_attributes": [],
          "identity_schema_version": 0,
          "private": "eyJlMmJmYjczMC1lY2FhLTExZTYtOGY4OC0zNDM2M2JjN2M0YzAiOnsiY3JlYXRlIjo2MDAwMDAwMDAwMDAsImRlbGV0ZSI6MTIwMDAwMDAwMDAwMH0sInNjaGVtYV92ZXJzaW9uIjoiMSJ9",
          "dependencies": [
            "aws_vpc.main"
          ]
        },
        {
          "index_key": 1,
          "schema_version": 1,
          "attributes": {
            "arn": "arn:aws:ec2:us-east-1:878617118606:subnet/subnet-0739da1729cbc8b06",
            "assign_ipv6_address_on_creation": false,
            "availability_zone": "us-east-1b",
            "availability_zone_id": "use1-az2",
            "cidr_block": "10.0.1.0/24",
            "customer_owned_ipv4_pool": "",
            "enable_dns64": false,
            "enable_lni_at_device_index": 0,
            "enable_resource_name_dns_a_record_on_launch": false,
            "enable_resource_name_dns_aaaa_record_on_launch": false,
            "id": "subnet-0739da1729cbc8b06",
            "ipv6_cidr_block": "",
            "ipv6_cidr_block_association_id": "",
            "ipv6_native": false,
            "map_customer_owned_ip_on_launch": false,
            "map_public_ip_on_launch": true,
            "outpost_arn": "",
            "owner_id": "878617118606",
            "private_dns_hostname_type_on_launch": "ip-name",
            "tags": {
              "Environment": "prod",
              "ManagedBy": "Terraform",
              "Name": "petclinic-prod-public-us-east-1b",
              "Owner": "Binome-ISI",
              "Project": "petclinic"
            },
            "tags_all": {
              "Environment": "prod",
              "ManagedBy": "Terraform",
              "Name": "petclinic-prod-public-us-east-1b",
              "Owner": "Binome-ISI",
              "Project": "petclinic"
            },
            "timeouts": null,
            "vpc_id": "vpc-027f5ce8327c52554"
          },
          "sensitive_attributes": [],
          "identity_schema_version": 0,
          "private": "eyJlMmJmYjczMC1lY2FhLTExZTYtOGY4OC0zNDM2M2JjN2M0YzAiOnsiY3JlYXRlIjo2MDAwMDAwMDAwMDAsImRlbGV0ZSI6MTIwMDAwMDAwMDAwMH0sInNjaGVtYV92ZXJzaW9uIjoiMSJ9",
          "dependencies": [
            "aws_vpc.main"
          ]
        }
      ]
    },
    {
      "mode": "managed",
      "type": "aws_vpc",
      "name": "main",
      "provider": "provider[\"registry.terraform.io/hashicorp/aws\"]",
      "instances": [
        {
          "schema_version": 1,
          "attributes": {
            "arn": "arn:aws:ec2:us-east-1:878617118606:vpc/vpc-027f5ce8327c52554",
            "assign_generated_ipv6_cidr_block": false,
            "cidr_block": "10.0.0.0/16",
            "default_network_acl_id": "acl-0a7eef622d5576f8e",
            "default_route_table_id": "rtb-0a3058c2c7ea354a3",
            "default_security_group_id": "sg-026bcd495b13a764b",
            "dhcp_options_id": "dopt-036ae36ebe171eb79",
            "enable_dns_hostnames": true,
            "enable_dns_support": true,
            "enable_network_address_usage_metrics": false,
            "id": "vpc-027f5ce8327c52554",
            "instance_tenancy": "default",
            "ipv4_ipam_pool_id": null,
            "ipv4_netmask_length": null,
            "ipv6_association_id": "",
            "ipv6_cidr_block": "",
            "ipv6_cidr_block_network_border_group": "",
            "ipv6_ipam_pool_id": "",
            "ipv6_netmask_length": 0,
            "main_route_table_id": "rtb-0a3058c2c7ea354a3",
            "owner_id": "878617118606",
            "tags": {
              "Environment": "prod",
              "ManagedBy": "Terraform",
              "Name": "petclinic-prod-vpc",
              "Owner": "Binome-ISI",
              "Project": "petclinic"
            },
            "tags_all": {
              "Environment": "prod",
              "ManagedBy": "Terraform",
              "Name": "petclinic-prod-vpc",
              "Owner": "Binome-ISI",
              "Project": "petclinic"
            }
          },
          "sensitive_attributes": [],
          "identity_schema_version": 0,
          "private": "eyJzY2hlbWFfdmVyc2lvbiI6IjEifQ==",
          "create_before_destroy": true
        }
      ]
    },
    {
      "mode": "managed",
      "type": "aws_vpc_endpoint",
      "name": "s3",
      "provider": "provider[\"registry.terraform.io/hashicorp/aws\"]",
      "instances": [
        {
          "schema_version": 0,
          "attributes": {
            "arn": "arn:aws:ec2:us-east-1:878617118606:vpc-endpoint/vpce-0887a14a5bf790d38",
            "auto_accept": null,
            "cidr_blocks": [
              "16.15.176.0/20",
              "16.182.0.0/16",
              "18.34.0.0/19",
              "52.216.0.0/15",
              "54.231.0.0/16",
              "3.5.0.0/19",
              "18.34.232.0/21",
              "16.15.192.0/18"
            ],
            "dns_entry": [],
            "dns_options": [
              {
                "dns_record_ip_type": "service-defined",
                "private_dns_only_for_inbound_resolver_endpoint": false
              }
            ],
            "id": "vpce-0887a14a5bf790d38",
            "ip_address_type": "ipv4",
            "network_interface_ids": [],
            "owner_id": "878617118606",
            "policy": "{\"Statement\":[{\"Action\":\"*\",\"Effect\":\"Allow\",\"Principal\":\"*\",\"Resource\":\"*\"}],\"Version\":\"2008-10-17\"}",
            "prefix_list_id": "pl-63a5400a",
            "private_dns_enabled": false,
            "requester_managed": false,
            "resource_configuration_arn": "",
            "route_table_ids": [
              "rtb-050267c81e895be93",
              "rtb-0885b85772bc3bd1f",
              "rtb-0983229ab836242ca"
            ],
            "security_group_ids": [],
            "service_name": "com.amazonaws.us-east-1.s3",
            "service_network_arn": "",
            "service_region": "us-east-1",
            "state": "available",
            "subnet_configuration": [],
            "subnet_ids": [],
            "tags": {
              "Environment": "prod",
              "ManagedBy": "Terraform",
              "Name": "petclinic-prod-s3-vpce",
              "Owner": "Binome-ISI",
              "Project": "petclinic"
            },
            "tags_all": {
              "Environment": "prod",
              "ManagedBy": "Terraform",
              "Name": "petclinic-prod-s3-vpce",
              "Owner": "Binome-ISI",
              "Project": "petclinic"
            },
            "timeouts": null,
            "vpc_endpoint_type": "Gateway",
            "vpc_id": "vpc-027f5ce8327c52554"
          },
          "sensitive_attributes": [],
          "identity_schema_version": 0,
          "private": "eyJlMmJmYjczMC1lY2FhLTExZTYtOGY4OC0zNDM2M2JjN2M0YzAiOnsiY3JlYXRlIjo2MDAwMDAwMDAwMDAsImRlbGV0ZSI6NjAwMDAwMDAwMDAwLCJ1cGRhdGUiOjYwMDAwMDAwMDAwMH19",
          "dependencies": [
            "aws_eip.nat",
            "aws_internet_gateway.igw",
            "aws_nat_gateway.nat",
            "aws_route_table.private",
            "aws_route_table.public",
            "aws_subnet.public",
            "aws_vpc.main"
          ]
        }
      ]
    },
    {
      "mode": "managed",
      "type": "random_password",
      "name": "db_password",
      "provider": "provider[\"registry.terraform.io/hashicorp/random\"]",
      "instances": [
        {
          "schema_version": 3,
          "attributes": {
            "bcrypt_hash": "$2a$10$Htkie0zQOsK6DL4wdxQSeu3MbeZvkvr4N3V.NgqzUTAOcvCnUpfGG",
            "id": "none",
            "keepers": null,
            "length": 16,
            "lower": true,
            "min_lower": 0,
            "min_numeric": 0,
            "min_special": 0,
            "min_upper": 0,
            "number": true,
            "numeric": true,
            "override_special": "!#$%\u0026*()-_=+[]{}\u003c\u003e:?",
            "result": "nA3E{j-qMwR\u0026Ov_V",
            "special": true,
            "upper": true
          },
          "sensitive_attributes": [
            [
              {
                "type": "get_attr",
                "value": "bcrypt_hash"
              }
            ],
            [
              {
                "type": "get_attr",
                "value": "result"
              }
            ]
          ],
          "identity_schema_version": 0,
          "create_before_destroy": true
        }
      ]
    },
    {
      "mode": "managed",
      "type": "random_string",
      "name": "suffix",
      "provider": "provider[\"registry.terraform.io/hashicorp/random\"]",
      "instances": [
        {
          "schema_version": 2,
          "attributes": {
            "id": "tyn34b",
            "keepers": null,
            "length": 6,
            "lower": true,
            "min_lower": 0,
            "min_numeric": 0,
            "min_special": 0,
            "min_upper": 0,
            "number": true,
            "numeric": true,
            "override_special": null,
            "result": "tyn34b",
            "special": false,
            "upper": false
          },
          "sensitive_attributes": [],
          "identity_schema_version": 0,
          "create_before_destroy": true
        }
      ]
    },
    {
      "mode": "managed",
      "type": "tls_private_key",
      "name": "main",
      "provider": "provider[\"registry.terraform.io/hashicorp/tls\"]",
      "instances": [
        {
          "schema_version": 1,
          "attributes": {
            "algorithm": "RSA",
            "ecdsa_curve": "P224",
            "id": "3c1d336815b72fb06a14513fc0a184b51f939ae8",
            "private_key_openssh": "-----BEGIN OPENSSH PRIVATE KEY-----\nb3BlbnNzaC1rZXktdjEAAAAABG5vbmUAAAAEbm9uZQAAAAAAAAABAAABFwAAAAdz\nc2gtcnNhAAAAAwEAAQAAAQEAqQ8VxhaNk0qGfsezp6aucQ4xBR0dADX8NiNYRP0d\npjJr2HHjpFMGja1MmCOLmkA/k29YOFrQiHhBNnYAw4Vu36BrA35XJZyafABohQ8Y\n8DKyYf5Lj0YOpCFhfNwKxeGSaICocRKcwn7YmwVv8dhw6Tad8B9y2EuBIzFuDYtr\nbkwm0Jk0+JhanKvAMOhYqUXg85AIYTZozlVqp5KOiUgOHiEVjxBG/egJrjDdsAJi\n9qZamoy71eynIXMl3w7aD9BIhuHVcy77o3+ckagRKyqHTpUvBp31XeHVAqXVnmLF\nv+kjc1u5pKMNRG3aoFsyg4iHG4itkQG0jSJ9rYJMfGmq3wAAA7jJdX4YyXV+GAAA\nAAdzc2gtcnNhAAABAQCpDxXGFo2TSoZ+x7Onpq5xDjEFHR0ANfw2I1hE/R2mMmvY\nceOkUwaNrUyYI4uaQD+Tb1g4WtCIeEE2dgDDhW7foGsDflclnJp8AGiFDxjwMrJh\n/kuPRg6kIWF83ArF4ZJogKhxEpzCftibBW/x2HDpNp3wH3LYS4EjMW4Ni2tuTCbQ\nmTT4mFqcq8Aw6FipReDzkAhhNmjOVWqnko6JSA4eIRWPEEb96AmuMN2wAmL2plqa\njLvV7KchcyXfDtoP0EiG4dVzLvujf5yRqBErKodOlS8GnfVd4dUCpdWeYsW/6SNz\nW7mkow1EbdqgWzKDiIcbiK2RAbSNIn2tgkx8aarfAAAAAwEAAQAAAQBLPTJ0kW76\nwW0wGVKkZ3M1T5qTawyQHnab5YkQUxIR+Fi04KLubCD7hsgS4absxHFG/YPmuMwc\nIGDtiwD2A3l/vxZBXMYOMC80xr29kiWIKRfostMP9Z7ofw6zEf8daDHPnorYn+7y\nRJ/EBlx25twBftQ1nNlw19GmRwZysrziPfp5HL6bp+WhnVGZUaM9v9EaUsaxzK59\n9tkZr1uiidGmGlgimSJ6d0Pv1l7mHm1qoPNq7m9napQpBxNdKomAyZ0QT/f/CABg\nfDOApfjaK+Kp/XdMInWGc64qvCOQ0m+w0ySwRERjBEun4ejDfsz50O76kiSMlz8h\nQukPxMdJEAJhAAAAgQCdDzwlyGZKy5IFd0ftTjGBcBEmP4V5gUi4mfx5iTtvmprr\ncuDxU9xfV+U11iPJDBs+7B1bETdMM0pWhwjAwpX/AybLPpKf1zCj2O5ijm4SH/2m\n+oxb5H6Iq0qgUsoIN/ouo2Xc846McKN+dsR0y133/dnaJsF9kyGDrdVX8Bq7TgAA\nAIEAw9YwU6KtgPOF/pCiIeDBDIwr2yr1kEkHgA/1MJJsiChhjay0QTHfMiFqlWoo\nqcyJWH0wcZPKi7uIJ8/4mN0NUZJVJ9lirsuOfXgXX3i1X9diL3Xb9RdlNH0vgORv\nVXH8h5+DFHTMSO54xIFnIobGX9/JsVmrpSKhwKUKOARC148AAACBANz+7Y5zUydy\neckvsGcLenld/f5+1g2OAhmG9eyyjPMV6oTHE/rhwo1JVDxZbeAFHWcfNriswcPg\nfL2UpecU3+4ijvmZ50S4cdz+FIMbd+3c7IrekYUJpH7m0IMvAGXbf9kNdYv1i2s9\nCwy3lwfK/k3bUgRmESL1QkB2nRMgus+xAAAAAAEC\n-----END OPENSSH PRIVATE KEY-----\n",
            "private_key_pem": "-----BEGIN RSA PRIVATE KEY-----\nMIIEowIBAAKCAQEAqQ8VxhaNk0qGfsezp6aucQ4xBR0dADX8NiNYRP0dpjJr2HHj\npFMGja1MmCOLmkA/k29YOFrQiHhBNnYAw4Vu36BrA35XJZyafABohQ8Y8DKyYf5L\nj0YOpCFhfNwKxeGSaICocRKcwn7YmwVv8dhw6Tad8B9y2EuBIzFuDYtrbkwm0Jk0\n+JhanKvAMOhYqUXg85AIYTZozlVqp5KOiUgOHiEVjxBG/egJrjDdsAJi9qZamoy7\n1eynIXMl3w7aD9BIhuHVcy77o3+ckagRKyqHTpUvBp31XeHVAqXVnmLFv+kjc1u5\npKMNRG3aoFsyg4iHG4itkQG0jSJ9rYJMfGmq3wIDAQABAoIBAEs9MnSRbvrBbTAZ\nUqRnczVPmpNrDJAedpvliRBTEhH4WLTgou5sIPuGyBLhpuzEcUb9g+a4zBwgYO2L\nAPYDeX+/FkFcxg4wLzTGvb2SJYgpF+iy0w/1nuh/DrMR/x1oMc+eitif7vJEn8QG\nXHbm3AF+1DWc2XDX0aZHBnKyvOI9+nkcvpun5aGdUZlRoz2/0RpSxrHMrn322Rmv\nW6KJ0aYaWCKZInp3Q+/WXuYebWqg82rub2dqlCkHE10qiYDJnRBP9/8IAGB8M4Cl\n+Nor4qn9d0widYZzriq8I5DSb7DTJLBERGMES6fh6MN+zPnQ7vqSJIyXPyFC6Q/E\nx0kQAmECgYEAw9YwU6KtgPOF/pCiIeDBDIwr2yr1kEkHgA/1MJJsiChhjay0QTHf\nMiFqlWooqcyJWH0wcZPKi7uIJ8/4mN0NUZJVJ9lirsuOfXgXX3i1X9diL3Xb9Rdl\nNH0vgORvVXH8h5+DFHTMSO54xIFnIobGX9/JsVmrpSKhwKUKOARC148CgYEA3P7t\njnNTJ3J5yS+wZwt6eV39/n7WDY4CGYb17LKM8xXqhMcT+uHCjUlUPFlt4AUdZx82\nuKzBw+B8vZSl5xTf7iKO+ZnnRLhx3P4Ugxt37dzsit6RhQmkfubQgy8AZdt/2Q11\ni/WLaz0LDLeXB8r+TdtSBGYRIvVCQHadEyC6z7ECgYBW0+NvYYQt1UsGmBfaj2zo\nZEmZjc18oHR72hdq5rDKGaVPDFCLS1JbRqecAYpv5mjK3A6bfNxj4cy3YiUlmXSr\nQwcQePig6U2O4azzPnCkQrmcs1PHsgzEHfDu49lc+AHwG9AhRLvCZkETVxBkJX9U\nyMMDJ+/LcrRm1oXWWkVMjwKBgGvjvSAtZyw78/7nXEyCSxGTdJvZWjEV4iqKO+eJ\np8xJJ8wY0MVLkEqfwRMRadXTSW59y55PIO2628tGFdSB2W0NzBVJMKHZFiWYmXUE\nZQFoOMb3L73uXjNiBev1d1FC3uCddISWpLD/BTT5MC+qx4pFB36EQdt6NxT3k2my\nMeGRAoGBAJ0PPCXIZkrLkgV3R+1OMYFwESY/hXmBSLiZ/HmJO2+amuty4PFT3F9X\n5TXWI8kMGz7sHVsRN0wzSlaHCMDClf8DJss+kp/XMKPY7mKObhIf/ab6jFvkfoir\nSqBSygg3+i6jZdzzjoxwo352xHTLXff92domwX2TIYOt1VfwGrtO\n-----END RSA PRIVATE KEY-----\n",
            "private_key_pem_pkcs8": "-----BEGIN PRIVATE KEY-----\nMIIEvQIBADANBgkqhkiG9w0BAQEFAASCBKcwggSjAgEAAoIBAQCpDxXGFo2TSoZ+\nx7Onpq5xDjEFHR0ANfw2I1hE/R2mMmvYceOkUwaNrUyYI4uaQD+Tb1g4WtCIeEE2\ndgDDhW7foGsDflclnJp8AGiFDxjwMrJh/kuPRg6kIWF83ArF4ZJogKhxEpzCftib\nBW/x2HDpNp3wH3LYS4EjMW4Ni2tuTCbQmTT4mFqcq8Aw6FipReDzkAhhNmjOVWqn\nko6JSA4eIRWPEEb96AmuMN2wAmL2plqajLvV7KchcyXfDtoP0EiG4dVzLvujf5yR\nqBErKodOlS8GnfVd4dUCpdWeYsW/6SNzW7mkow1EbdqgWzKDiIcbiK2RAbSNIn2t\ngkx8aarfAgMBAAECggEASz0ydJFu+sFtMBlSpGdzNU+ak2sMkB52m+WJEFMSEfhY\ntOCi7mwg+4bIEuGm7MRxRv2D5rjMHCBg7YsA9gN5f78WQVzGDjAvNMa9vZIliCkX\n6LLTD/We6H8OsxH/HWgxz56K2J/u8kSfxAZcdubcAX7UNZzZcNfRpkcGcrK84j36\neRy+m6floZ1RmVGjPb/RGlLGscyuffbZGa9boonRphpYIpkiendD79Ze5h5taqDz\nau5vZ2qUKQcTXSqJgMmdEE/3/wgAYHwzgKX42iviqf13TCJ1hnOuKrwjkNJvsNMk\nsEREYwRLp+How37M+dDu+pIkjJc/IULpD8THSRACYQKBgQDD1jBToq2A84X+kKIh\n4MEMjCvbKvWQSQeAD/UwkmyIKGGNrLRBMd8yIWqVaiipzIlYfTBxk8qLu4gnz/iY\n3Q1RklUn2WKuy459eBdfeLVf12Ivddv1F2U0fS+A5G9VcfyHn4MUdMxI7njEgWci\nhsZf38mxWaulIqHApQo4BELXjwKBgQDc/u2Oc1MncnnJL7BnC3p5Xf3+ftYNjgIZ\nhvXssozzFeqExxP64cKNSVQ8WW3gBR1nHza4rMHD4Hy9lKXnFN/uIo75medEuHHc\n/hSDG3ft3OyK3pGFCaR+5tCDLwBl23/ZDXWL9YtrPQsMt5cHyv5N21IEZhEi9UJA\ndp0TILrPsQKBgFbT429hhC3VSwaYF9qPbOhkSZmNzXygdHvaF2rmsMoZpU8MUItL\nUltGp5wBim/maMrcDpt83GPhzLdiJSWZdKtDBxB4+KDpTY7hrPM+cKRCuZyzU8ey\nDMQd8O7j2Vz4AfAb0CFEu8JmQRNXEGQlf1TIwwMn78tytGbWhdZaRUyPAoGAa+O9\nIC1nLDvz/udcTIJLEZN0m9laMRXiKoo754mnzEknzBjQxUuQSp/BExFp1dNJbn3L\nnk8g7brby0YV1IHZbQ3MFUkwodkWJZiZdQRlAWg4xvcvve5eM2IF6/V3UULe4J10\nhJaksP8FNPkwL6rHikUHfoRB23o3FPeTabIx4ZECgYEAnQ88JchmSsuSBXdH7U4x\ngXARJj+FeYFIuJn8eYk7b5qa63Lg8VPcX1flNdYjyQwbPuwdWxE3TDNKVocIwMKV\n/wMmyz6Sn9cwo9juYo5uEh/9pvqMW+R+iKtKoFLKCDf6LqNl3POOjHCjfnbEdMtd\n9/3Z2ibBfZMhg63VV/Aau04=\n-----END PRIVATE KEY-----\n",
            "public_key_fingerprint_md5": "6d:a1:59:65:a8:ae:84:51:95:18:08:77:a4:ff:ae:d7",
            "public_key_fingerprint_sha256": "SHA256:hjtUCCJcrqu9dS22EcfUNjF3DTJNWg1kpP9NfKrG+ww",
            "public_key_openssh": "ssh-rsa AAAAB3NzaC1yc2EAAAADAQABAAABAQCpDxXGFo2TSoZ+x7Onpq5xDjEFHR0ANfw2I1hE/R2mMmvYceOkUwaNrUyYI4uaQD+Tb1g4WtCIeEE2dgDDhW7foGsDflclnJp8AGiFDxjwMrJh/kuPRg6kIWF83ArF4ZJogKhxEpzCftibBW/x2HDpNp3wH3LYS4EjMW4Ni2tuTCbQmTT4mFqcq8Aw6FipReDzkAhhNmjOVWqnko6JSA4eIRWPEEb96AmuMN2wAmL2plqajLvV7KchcyXfDtoP0EiG4dVzLvujf5yRqBErKodOlS8GnfVd4dUCpdWeYsW/6SNzW7mkow1EbdqgWzKDiIcbiK2RAbSNIn2tgkx8aarf\n",
            "public_key_pem": "-----BEGIN PUBLIC KEY-----\nMIIBIjANBgkqhkiG9w0BAQEFAAOCAQ8AMIIBCgKCAQEAqQ8VxhaNk0qGfsezp6au\ncQ4xBR0dADX8NiNYRP0dpjJr2HHjpFMGja1MmCOLmkA/k29YOFrQiHhBNnYAw4Vu\n36BrA35XJZyafABohQ8Y8DKyYf5Lj0YOpCFhfNwKxeGSaICocRKcwn7YmwVv8dhw\n6Tad8B9y2EuBIzFuDYtrbkwm0Jk0+JhanKvAMOhYqUXg85AIYTZozlVqp5KOiUgO\nHiEVjxBG/egJrjDdsAJi9qZamoy71eynIXMl3w7aD9BIhuHVcy77o3+ckagRKyqH\nTpUvBp31XeHVAqXVnmLFv+kjc1u5pKMNRG3aoFsyg4iHG4itkQG0jSJ9rYJMfGmq\n3wIDAQAB\n-----END PUBLIC KEY-----\n",
            "rsa_bits": 2048
          },
          "sensitive_attributes": [
            [
              {
                "type": "get_attr",
                "value": "private_key_openssh"
              }
            ],
            [
              {
                "type": "get_attr",
                "value": "private_key_pem"
              }
            ],
            [
              {
                "type": "get_attr",
                "value": "private_key_pem_pkcs8"
              }
            ]
          ],
          "identity_schema_version": 0
        }
      ]
    },
    {
      "mode": "managed",
      "type": "tls_self_signed_cert",
      "name": "main",
      "provider": "provider[\"registry.terraform.io/hashicorp/tls\"]",
      "instances": [
        {
          "schema_version": 0,
          "attributes": {
            "allowed_uses": [
              "key_encipherment",
              "digital_signature",
              "server_auth"
            ],
            "cert_pem": "-----BEGIN CERTIFICATE-----\nMIIDWDCCAkCgAwIBAgIRAMqwA1TInWCQ9qUn38uq1wUwDQYJKoZIhvcNAQELBQAw\nLjESMBAGA1UEChMJSVNJIERha2FyMRgwFgYDVQQDEw9wZXRjbGluaWMubG9jYWww\nHhcNMjYwNzIzMTM0MTI5WhcNMjcwNzIzMTM0MTI5WjAuMRIwEAYDVQQKEwlJU0kg\nRGFrYXIxGDAWBgNVBAMTD3BldGNsaW5pYy5sb2NhbDCCASIwDQYJKoZIhvcNAQEB\nBQADggEPADCCAQoCggEBAKkPFcYWjZNKhn7Hs6emrnEOMQUdHQA1/DYjWET9HaYy\na9hx46RTBo2tTJgji5pAP5NvWDha0Ih4QTZ2AMOFbt+gawN+VyWcmnwAaIUPGPAy\nsmH+S49GDqQhYXzcCsXhkmiAqHESnMJ+2JsFb/HYcOk2nfAfcthLgSMxbg2La25M\nJtCZNPiYWpyrwDDoWKlF4POQCGE2aM5VaqeSjolIDh4hFY8QRv3oCa4w3bACYvam\nWpqMu9XspyFzJd8O2g/QSIbh1XMu+6N/nJGoESsqh06VLwad9V3h1QKl1Z5ixb/p\nI3NbuaSjDURt2qBbMoOIhxuIrZEBtI0ifa2CTHxpqt8CAwEAAaNxMG8wDgYDVR0P\nAQH/BAQDAgWgMBMGA1UdJQQMMAoGCCsGAQUFBwMBMAwGA1UdEwEB/wQCMAAwOgYD\nVR0RBDMwMYIJbG9jYWxob3N0gg9wZXRjbGluaWMubG9jYWyCEyouZWxiLmFtYXpv\nbmF3cy5jb20wDQYJKoZIhvcNAQELBQADggEBADKAxjfk90tooT1Fo95ad42knsMh\noR8OdVUQ+iT00BvBhLdDACKyY266hmImfJNSLNofWlqk5iMsHBerQoUW/zC0ENfQ\nZpPhruqGcrezgq5jGV1/kta4jLmo5gtYXO2eeOxxsElH/jwZyejWTROTnhD+OHyK\n6iDQahRKRjwCZzTO8M3F2MqyRiRQYYTeIk64YJWh1w5lDpZKM/S23dPtvEv2gaEQ\nm5mZyAZFcANA2gqNS9g5dgfp5j8gLnL3jng4Yv/4mv+hThpG1FBjo627xx8MnaNy\nIWdiVt8DHNfVVRzqinxL35yPJBJwywZYA7nIGkL2wkBm2TrPhGpOR/4Iyd0=\n-----END CERTIFICATE-----\n",
            "dns_names": [
              "localhost",
              "petclinic.local",
              "*.elb.amazonaws.com"
            ],
            "early_renewal_hours": 0,
            "id": "269417966960136857481640691202154747653",
            "ip_addresses": null,
            "is_ca_certificate": false,
            "key_algorithm": "RSA",
            "max_path_length": null,
            "private_key_pem": "-----BEGIN RSA PRIVATE KEY-----\nMIIEowIBAAKCAQEAqQ8VxhaNk0qGfsezp6aucQ4xBR0dADX8NiNYRP0dpjJr2HHj\npFMGja1MmCOLmkA/k29YOFrQiHhBNnYAw4Vu36BrA35XJZyafABohQ8Y8DKyYf5L\nj0YOpCFhfNwKxeGSaICocRKcwn7YmwVv8dhw6Tad8B9y2EuBIzFuDYtrbkwm0Jk0\n+JhanKvAMOhYqUXg85AIYTZozlVqp5KOiUgOHiEVjxBG/egJrjDdsAJi9qZamoy7\n1eynIXMl3w7aD9BIhuHVcy77o3+ckagRKyqHTpUvBp31XeHVAqXVnmLFv+kjc1u5\npKMNRG3aoFsyg4iHG4itkQG0jSJ9rYJMfGmq3wIDAQABAoIBAEs9MnSRbvrBbTAZ\nUqRnczVPmpNrDJAedpvliRBTEhH4WLTgou5sIPuGyBLhpuzEcUb9g+a4zBwgYO2L\nAPYDeX+/FkFcxg4wLzTGvb2SJYgpF+iy0w/1nuh/DrMR/x1oMc+eitif7vJEn8QG\nXHbm3AF+1DWc2XDX0aZHBnKyvOI9+nkcvpun5aGdUZlRoz2/0RpSxrHMrn322Rmv\nW6KJ0aYaWCKZInp3Q+/WXuYebWqg82rub2dqlCkHE10qiYDJnRBP9/8IAGB8M4Cl\n+Nor4qn9d0widYZzriq8I5DSb7DTJLBERGMES6fh6MN+zPnQ7vqSJIyXPyFC6Q/E\nx0kQAmECgYEAw9YwU6KtgPOF/pCiIeDBDIwr2yr1kEkHgA/1MJJsiChhjay0QTHf\nMiFqlWooqcyJWH0wcZPKi7uIJ8/4mN0NUZJVJ9lirsuOfXgXX3i1X9diL3Xb9Rdl\nNH0vgORvVXH8h5+DFHTMSO54xIFnIobGX9/JsVmrpSKhwKUKOARC148CgYEA3P7t\njnNTJ3J5yS+wZwt6eV39/n7WDY4CGYb17LKM8xXqhMcT+uHCjUlUPFlt4AUdZx82\nuKzBw+B8vZSl5xTf7iKO+ZnnRLhx3P4Ugxt37dzsit6RhQmkfubQgy8AZdt/2Q11\ni/WLaz0LDLeXB8r+TdtSBGYRIvVCQHadEyC6z7ECgYBW0+NvYYQt1UsGmBfaj2zo\nZEmZjc18oHR72hdq5rDKGaVPDFCLS1JbRqecAYpv5mjK3A6bfNxj4cy3YiUlmXSr\nQwcQePig6U2O4azzPnCkQrmcs1PHsgzEHfDu49lc+AHwG9AhRLvCZkETVxBkJX9U\nyMMDJ+/LcrRm1oXWWkVMjwKBgGvjvSAtZyw78/7nXEyCSxGTdJvZWjEV4iqKO+eJ\np8xJJ8wY0MVLkEqfwRMRadXTSW59y55PIO2628tGFdSB2W0NzBVJMKHZFiWYmXUE\nZQFoOMb3L73uXjNiBev1d1FC3uCddISWpLD/BTT5MC+qx4pFB36EQdt6NxT3k2my\nMeGRAoGBAJ0PPCXIZkrLkgV3R+1OMYFwESY/hXmBSLiZ/HmJO2+amuty4PFT3F9X\n5TXWI8kMGz7sHVsRN0wzSlaHCMDClf8DJss+kp/XMKPY7mKObhIf/ab6jFvkfoir\nSqBSygg3+i6jZdzzjoxwo352xHTLXff92domwX2TIYOt1VfwGrtO\n-----END RSA PRIVATE KEY-----\n",
            "ready_for_renewal": false,
            "set_authority_key_id": false,
            "set_subject_key_id": false,
            "subject": [
              {
                "common_name": "petclinic.local",
                "country": null,
                "email_address": null,
                "locality": null,
                "organization": "ISI Dakar",
                "organizational_unit": null,
                "postal_code": null,
                "province": null,
                "serial_number": null,
                "street_address": null
              }
            ],
            "uris": null,
            "validity_end_time": "2027-07-23T13:41:29.706642Z",
            "validity_period_hours": 8760,
            "validity_start_time": "2026-07-23T13:41:29.706642Z"
          },
          "sensitive_attributes": [
            [
              {
                "type": "get_attr",
                "value": "private_key_pem"
              }
            ]
          ],
          "identity_schema_version": 0,
          "dependencies": [
            "tls_private_key.main"
          ]
        }
      ]
    }
  ],
  "check_results": null
}
